{
  "version": 4,
  "terraform_version": "1.13.3",
  "serial": 648,
  "lineage": "5c7ec528-6e13-aae8-2d88-a841454e49b0",
  "outputs": {},
  "resources": [
    {
      "mode": "managed",
      "type": "cloudstack_affinity_group",
      "name": "dns",
      "provider": "provider[\"registry.terraform.io/cloudstack/cloudstack\"]",
      "instances": [
        {
          "schema_version": 0,
          "attributes": {
            "description": "dns",
            "id": "12a4817d-6657-49ae-90fb-da26fe56fe16",
            "name": "dns",
            "project": "infra",
            "type": "non-strict host anti-affinity"
          },
          "sensitive_attributes": [],
          "identity_schema_version": 0
        }
      ]
    },
    {
      "mode": "managed",
      "type": "cloudstack_affinity_group",
      "name": "ipa",
      "provider": "provider[\"registry.terraform.io/cloudstack/cloudstack\"]",
      "instances": [
        {
          "schema_version": 0,
          "attributes": {
            "description": "ipa",
            "id": "b4f655a7-6744-4fcb-a6ba-2a20b39da203",
            "name": "ipa",
            "project": "infra",
            "type": "non-strict host anti-affinity"
          },
          "sensitive_attributes": [],
          "identity_schema_version": 0
        }
      ]
    },
    {
      "mode": "managed",
      "type": "cloudstack_affinity_group",
      "name": "nfs",
      "provider": "provider[\"registry.terraform.io/cloudstack/cloudstack\"]",
      "instances": [
        {
          "schema_version": 0,
          "attributes": {
            "description": "nfs",
            "id": "83c7c2d4-6a70-4968-ba28-ddcbfeef55d2",
            "name": "nfs",
            "project": "infra",
            "type": "non-strict host anti-affinity"
          },
          "sensitive_attributes": [],
          "identity_schema_version": 0
        }
      ]
    },
    {
      "mode": "managed",
      "type": "cloudstack_affinity_group",
      "name": "ntp",
      "provider": "provider[\"registry.terraform.io/cloudstack/cloudstack\"]",
      "instances": [
        {
          "schema_version": 0,
          "attributes": {
            "description": "ntp",
            "id": "59a28539-0da0-48dd-b95b-3ea497d1460f",
            "name": "ntp",
            "project": "infra",
            "type": "non-strict host anti-affinity"
          },
          "sensitive_attributes": [],
          "identity_schema_version": 0
        }
      ]
    },
    {
      "mode": "managed",
      "type": "cloudstack_disk",
      "name": "mirror_data_disk",
      "provider": "provider[\"registry.terraform.io/cloudstack/cloudstack\"]",
      "instances": [
        {
          "schema_version": 0,
          "attributes": {
            "attach": true,
            "device_id": 1,
            "disk_offering": "Custom - WriteBack",
            "id": "a519bdf9-bae3-46b5-8d10-d16193e2db82",
            "name": "mirror_data_disk",
            "project": "infra",
            "reattach_on_change": false,
            "shrink_ok": false,
            "size": 8192,
            "tags": {},
            "virtual_machine_id": "e4df9278-c24b-4533-aee2-8a096e75ff3c",
            "zone": "testlab"
          },
          "sensitive_attributes": [],
          "identity_schema_version": 0,
          "dependencies": [
            "cloudstack_network.mirror",
            "cloudstack_network_acl.mirror",
            "cloudstack_template.rocky10",
            "cloudstack_vpc.infra_vpc",
            "module.instance_mirror.cloudstack_instance.this"
          ]
        }
      ]
    },
    {
      "mode": "managed",
      "type": "cloudstack_ipaddress",
      "name": "bastion",
      "provider": "provider[\"registry.terraform.io/cloudstack/cloudstack\"]",
      "instances": [
        {
          "schema_version": 0,
          "attributes": {
            "id": "02aae2fe-ae43-4030-8123-8967931fd7e1",
            "ip_address": "192.168.1.93",
            "is_portable": false,
            "is_source_nat": false,
            "network_id": null,
            "project": "infra",
            "tags": {},
            "vpc_id": "62940001-aa31-4da1-abf4-5a8c4f7a7f76",
            "zone": "testlab"
          },
          "sensitive_attributes": [],
          "identity_schema_version": 0,
          "dependencies": [
            "cloudstack_vpc.infra_vpc"
          ]
        }
      ]
    },
    {
      "mode": "managed",
      "type": "cloudstack_network",
      "name": "dns",
      "provider": "provider[\"registry.terraform.io/cloudstack/cloudstack\"]",
      "instances": [
        {
          "schema_version": 0,
          "attributes": {
            "acl_id": "a6237028-b622-4df6-b296-81d007fa6288",
            "cidr": "10.252.1.0/24",
            "display_text": "dns",
            "endip": null,
            "gateway": "10.252.1.1",
            "id": "b0f8295b-02cf-4872-98b0-355599d75f19",
            "name": "dns",
            "network_domain": "pc.testenv.bradhouse.dev",
            "network_offering": "ConfigDriveIsolatedNetworkOfferingForVpcNetworks",
            "project": "infra",
            "source_nat_ip": null,
            "source_nat_ip_address": null,
            "source_nat_ip_id": null,
            "startip": null,
            "tags": {},
            "vlan": null,
            "vpc_id": "62940001-aa31-4da1-abf4-5a8c4f7a7f76",
            "zone": "testlab"
          },
          "sensitive_attributes": [],
          "identity_schema_version": 0,
          "dependencies": [
            "cloudstack_network_acl.dns",
            "cloudstack_vpc.infra_vpc"
          ]
        }
      ]
    },
    {
      "mode": "managed",
      "type": "cloudstack_network",
      "name": "ipa",
      "provider": "provider[\"registry.terraform.io/cloudstack/cloudstack\"]",
      "instances": [
        {
          "schema_version": 0,
          "attributes": {
            "acl_id": "ce14cb8c-c957-42ed-b91c-e6017d4d0d10",
            "cidr": "10.252.3.0/24",
            "display_text": "ipa",
            "endip": null,
            "gateway": "10.252.3.1",
            "id": "3de09a1c-3c25-4761-9da7-f8447c8055ef",
            "name": "ipa",
            "network_domain": "pc.testenv.bradhouse.dev",
            "network_offering": "ConfigDriveIsolatedNetworkOfferingForVpcNetworks",
            "project": "infra",
            "source_nat_ip": null,
            "source_nat_ip_address": null,
            "source_nat_ip_id": null,
            "startip": null,
            "tags": {},
            "vlan": null,
            "vpc_id": "62940001-aa31-4da1-abf4-5a8c4f7a7f76",
            "zone": "testlab"
          },
          "sensitive_attributes": [],
          "identity_schema_version": 0,
          "dependencies": [
            "cloudstack_network_acl.ipa",
            "cloudstack_vpc.infra_vpc"
          ]
        }
      ]
    },
    {
      "mode": "managed",
      "type": "cloudstack_network",
      "name": "ldapproxy",
      "provider": "provider[\"registry.terraform.io/cloudstack/cloudstack\"]",
      "instances": [
        {
          "schema_version": 0,
          "attributes": {
            "acl_id": "054a61e8-f0ab-4151-a933-971759afc9e9",
            "cidr": "10.252.6.0/24",
            "display_text": "ldapproxy",
            "endip": null,
            "gateway": "10.252.6.1",
            "id": "401a1f92-c560-498f-a359-c7dc637d5281",
            "name": "ldapproxy",
            "network_domain": "pc.testenv.bradhouse.dev",
            "network_offering": "ConfigDriveIsolatedNetworkOfferingForVpcNetworks",
            "project": "infra",
            "source_nat_ip": null,
            "source_nat_ip_address": null,
            "source_nat_ip_id": null,
            "startip": null,
            "tags": {},
            "vlan": null,
            "vpc_id": "62940001-aa31-4da1-abf4-5a8c4f7a7f76",
            "zone": "testlab"
          },
          "sensitive_attributes": [],
          "identity_schema_version": 0,
          "dependencies": [
            "cloudstack_network_acl.ldapproxy",
            "cloudstack_vpc.infra_vpc"
          ]
        }
      ]
    },
    {
      "mode": "managed",
      "type": "cloudstack_network",
      "name": "mirror",
      "provider": "provider[\"registry.terraform.io/cloudstack/cloudstack\"]",
      "instances": [
        {
          "schema_version": 0,
          "attributes": {
            "acl_id": "14db294d-3ca0-45e9-8f1c-a16ddbb008f5",
            "cidr": "10.252.2.0/24",
            "display_text": "mirror",
            "endip": null,
            "gateway": "10.252.2.1",
            "id": "8bd5d3ff-8d02-4a63-af36-f3c6de56fbd8",
            "name": "mirror",
            "network_domain": "pc.testenv.bradhouse.dev",
            "network_offering": "ConfigDriveIsolatedNetworkOfferingForVpcNetworks",
            "project": "infra",
            "source_nat_ip": null,
            "source_nat_ip_address": null,
            "source_nat_ip_id": null,
            "startip": null,
            "tags": {},
            "vlan": null,
            "vpc_id": "62940001-aa31-4da1-abf4-5a8c4f7a7f76",
            "zone": "testlab"
          },
          "sensitive_attributes": [],
          "identity_schema_version": 0,
          "dependencies": [
            "cloudstack_network_acl.mirror",
            "cloudstack_vpc.infra_vpc"
          ]
        }
      ]
    },
    {
      "mode": "managed",
      "type": "cloudstack_network",
      "name": "nfs",
      "provider": "provider[\"registry.terraform.io/cloudstack/cloudstack\"]",
      "instances": [
        {
          "schema_version": 0,
          "attributes": {
            "acl_id": "6b79979d-48a0-4c07-9573-26d4ce7fe497",
            "cidr": "10.252.7.0/24",
            "display_text": "nfs",
            "endip": null,
            "gateway": "10.252.7.1",
            "id": "abe2e68d-405e-48a3-8630-61e4721b0bf6",
            "name": "nfs",
            "network_domain": "pc.testenv.bradhouse.dev",
            "network_offering": "ConfigDriveIsolatedNetworkOfferingForVpcNetworks",
            "project": "infra",
            "source_nat_ip": null,
            "source_nat_ip_address": null,
            "source_nat_ip_id": null,
            "startip": null,
            "tags": {},
            "vlan": null,
            "vpc_id": "62940001-aa31-4da1-abf4-5a8c4f7a7f76",
            "zone": "testlab"
          },
          "sensitive_attributes": [],
          "identity_schema_version": 0,
          "dependencies": [
            "cloudstack_network_acl.nfs",
            "cloudstack_vpc.infra_vpc"
          ]
        }
      ]
    },
    {
      "mode": "managed",
      "type": "cloudstack_network",
      "name": "ntp",
      "provider": "provider[\"registry.terraform.io/cloudstack/cloudstack\"]",
      "instances": [
        {
          "schema_version": 0,
          "attributes": {
            "acl_id": "55c4e7fe-626f-435d-85d5-1f80a773cf03",
            "cidr": "10.252.4.0/24",
            "display_text": "ntp",
            "endip": null,
            "gateway": "10.252.4.1",
            "id": "fd888f85-038c-480d-98dc-a862bf85004b",
            "name": "ntp",
            "network_domain": "pc.testenv.bradhouse.dev",
            "network_offering": "ConfigDriveIsolatedNetworkOfferingForVpcNetworks",
            "project": "infra",
            "source_nat_ip": null,
            "source_nat_ip_address": null,
            "source_nat_ip_id": null,
            "startip": null,
            "tags": {},
            "vlan": null,
            "vpc_id": "62940001-aa31-4da1-abf4-5a8c4f7a7f76",
            "zone": "testlab"
          },
          "sensitive_attributes": [],
          "identity_schema_version": 0,
          "dependencies": [
            "cloudstack_network_acl.ntp",
            "cloudstack_vpc.infra_vpc"
          ]
        }
      ]
    },
    {
      "mode": "managed",
      "type": "cloudstack_network",
      "name": "proxy",
      "provider": "provider[\"registry.terraform.io/cloudstack/cloudstack\"]",
      "instances": [
        {
          "schema_version": 0,
          "attributes": {
            "acl_id": "d6e47ee5-0815-4adf-9255-1bf84479d416",
            "cidr": "10.252.5.0/24",
            "display_text": "proxy",
            "endip": null,
            "gateway": "10.252.5.1",
            "id": "7299faa2-6e9b-4da3-b382-a0f18cd8d8df",
            "name": "proxy",
            "network_domain": "pc.testenv.bradhouse.dev",
            "network_offering": "ConfigDriveIsolatedNetworkOfferingForVpcNetworks",
            "project": "infra",
            "source_nat_ip": null,
            "source_nat_ip_address": null,
            "source_nat_ip_id": null,
            "startip": null,
            "tags": {},
            "vlan": null,
            "vpc_id": "62940001-aa31-4da1-abf4-5a8c4f7a7f76",
            "zone": "testlab"
          },
          "sensitive_attributes": [],
          "identity_schema_version": 0,
          "dependencies": [
            "cloudstack_network_acl.proxy",
            "cloudstack_vpc.infra_vpc"
          ]
        }
      ]
    },
    {
      "mode": "managed",
      "type": "cloudstack_network",
      "name": "su",
      "provider": "provider[\"registry.terraform.io/cloudstack/cloudstack\"]",
      "instances": [
        {
          "schema_version": 0,
          "attributes": {
            "acl_id": "4185ff3d-3df8-43e6-ae6c-57597ec9a177",
            "cidr": "10.252.0.0/24",
            "display_text": "su",
            "endip": null,
            "gateway": "10.252.0.1",
            "id": "74a82486-2419-4902-92ec-3604f4f1ebf1",
            "name": "su",
            "network_domain": "pc.testenv.bradhouse.dev",
            "network_offering": "ConfigDriveIsolatedNetworkOfferingForVpcNetworks",
            "project": "infra",
            "source_nat_ip": null,
            "source_nat_ip_address": null,
            "source_nat_ip_id": null,
            "startip": null,
            "tags": {},
            "vlan": null,
            "vpc_id": "62940001-aa31-4da1-abf4-5a8c4f7a7f76",
            "zone": "testlab"
          },
          "sensitive_attributes": [],
          "identity_schema_version": 0,
          "dependencies": [
            "cloudstack_network_acl.su",
            "cloudstack_vpc.infra_vpc"
          ]
        }
      ]
    },
    {
      "mode": "managed",
      "type": "cloudstack_network_acl",
      "name": "dns",
      "provider": "provider[\"registry.terraform.io/cloudstack/cloudstack\"]",
      "instances": [
        {
          "schema_version": 0,
          "attributes": {
            "description": "dns",
            "id": "a6237028-b622-4df6-b296-81d007fa6288",
            "name": "dns",
            "project": null,
            "vpc_id": "62940001-aa31-4da1-abf4-5a8c4f7a7f76"
          },
          "sensitive_attributes": [],
          "identity_schema_version": 0,
          "dependencies": [
            "cloudstack_vpc.infra_vpc"
          ]
        }
      ]
    },
    {
      "mode": "managed",
      "type": "cloudstack_network_acl",
      "name": "ipa",
      "provider": "provider[\"registry.terraform.io/cloudstack/cloudstack\"]",
      "instances": [
        {
          "schema_version": 0,
          "attributes": {
            "description": "ipa",
            "id": "ce14cb8c-c957-42ed-b91c-e6017d4d0d10",
            "name": "ipa",
            "project": null,
            "vpc_id": "62940001-aa31-4da1-abf4-5a8c4f7a7f76"
          },
          "sensitive_attributes": [],
          "identity_schema_version": 0,
          "dependencies": [
            "cloudstack_vpc.infra_vpc"
          ]
        }
      ]
    },
    {
      "mode": "managed",
      "type": "cloudstack_network_acl",
      "name": "ldapproxy",
      "provider": "provider[\"registry.terraform.io/cloudstack/cloudstack\"]",
      "instances": [
        {
          "schema_version": 0,
          "attributes": {
            "description": "ldapproxy",
            "id": "054a61e8-f0ab-4151-a933-971759afc9e9",
            "name": "ldapproxy",
            "project": null,
            "vpc_id": "62940001-aa31-4da1-abf4-5a8c4f7a7f76"
          },
          "sensitive_attributes": [],
          "identity_schema_version": 0,
          "dependencies": [
            "cloudstack_vpc.infra_vpc"
          ]
        }
      ]
    },
    {
      "mode": "managed",
      "type": "cloudstack_network_acl",
      "name": "mirror",
      "provider": "provider[\"registry.terraform.io/cloudstack/cloudstack\"]",
      "instances": [
        {
          "schema_version": 0,
          "attributes": {
            "description": "mirror",
            "id": "14db294d-3ca0-45e9-8f1c-a16ddbb008f5",
            "name": "mirror",
            "project": null,
            "vpc_id": "62940001-aa31-4da1-abf4-5a8c4f7a7f76"
          },
          "sensitive_attributes": [],
          "identity_schema_version": 0,
          "dependencies": [
            "cloudstack_vpc.infra_vpc"
          ]
        }
      ]
    },
    {
      "mode": "managed",
      "type": "cloudstack_network_acl",
      "name": "nfs",
      "provider": "provider[\"registry.terraform.io/cloudstack/cloudstack\"]",
      "instances": [
        {
          "schema_version": 0,
          "attributes": {
            "description": "nfs",
            "id": "6b79979d-48a0-4c07-9573-26d4ce7fe497",
            "name": "nfs",
            "project": null,
            "vpc_id": "62940001-aa31-4da1-abf4-5a8c4f7a7f76"
          },
          "sensitive_attributes": [],
          "identity_schema_version": 0,
          "dependencies": [
            "cloudstack_vpc.infra_vpc"
          ]
        }
      ]
    },
    {
      "mode": "managed",
      "type": "cloudstack_network_acl",
      "name": "ntp",
      "provider": "provider[\"registry.terraform.io/cloudstack/cloudstack\"]",
      "instances": [
        {
          "schema_version": 0,
          "attributes": {
            "description": "ntp",
            "id": "55c4e7fe-626f-435d-85d5-1f80a773cf03",
            "name": "ntp",
            "project": null,
            "vpc_id": "62940001-aa31-4da1-abf4-5a8c4f7a7f76"
          },
          "sensitive_attributes": [],
          "identity_schema_version": 0,
          "dependencies": [
            "cloudstack_vpc.infra_vpc"
          ]
        }
      ]
    },
    {
      "mode": "managed",
      "type": "cloudstack_network_acl",
      "name": "proxy",
      "provider": "provider[\"registry.terraform.io/cloudstack/cloudstack\"]",
      "instances": [
        {
          "schema_version": 0,
          "attributes": {
            "description": "proxy",
            "id": "d6e47ee5-0815-4adf-9255-1bf84479d416",
            "name": "proxy",
            "project": null,
            "vpc_id": "62940001-aa31-4da1-abf4-5a8c4f7a7f76"
          },
          "sensitive_attributes": [],
          "identity_schema_version": 0,
          "dependencies": [
            "cloudstack_vpc.infra_vpc"
          ]
        }
      ]
    },
    {
      "mode": "managed",
      "type": "cloudstack_network_acl",
      "name": "su",
      "provider": "provider[\"registry.terraform.io/cloudstack/cloudstack\"]",
      "instances": [
        {
          "schema_version": 0,
          "attributes": {
            "description": "su",
            "id": "4185ff3d-3df8-43e6-ae6c-57597ec9a177",
            "name": "su",
            "project": null,
            "vpc_id": "62940001-aa31-4da1-abf4-5a8c4f7a7f76"
          },
          "sensitive_attributes": [],
          "identity_schema_version": 0,
          "dependencies": [
            "cloudstack_vpc.infra_vpc"
          ]
        }
      ]
    },
    {
      "mode": "managed",
      "type": "cloudstack_network_acl_rule",
      "name": "dns",
      "provider": "provider[\"registry.terraform.io/cloudstack/cloudstack\"]",
      "instances": [
        {
          "schema_version": 0,
          "attributes": {
            "acl_id": "a6237028-b622-4df6-b296-81d007fa6288",
            "id": "a6237028-b622-4df6-b296-81d007fa6288",
            "managed": true,
            "parallelism": 2,
            "project": null,
            "rule": [
              {
                "action": "allow",
                "cidr_list": [
                  "0.0.0.0/0"
                ],
                "icmp_code": 0,
                "icmp_type": 0,
                "ports": [
                  "53"
                ],
                "protocol": "tcp",
                "traffic_type": "egress",
                "uuids": {
                  "53": "c4a19e07-db44-4339-bac9-982e1a77bed2"
                }
              },
              {
                "action": "allow",
                "cidr_list": [
                  "0.0.0.0/0"
                ],
                "icmp_code": 0,
                "icmp_type": 0,
                "ports": [
                  "53"
                ],
                "protocol": "tcp",
                "traffic_type": "ingress",
                "uuids": {
                  "53": "c61606f2-5a47-402a-a990-446ca6fa2330"
                }
              },
              {
                "action": "allow",
                "cidr_list": [
                  "0.0.0.0/0"
                ],
                "icmp_code": 0,
                "icmp_type": 0,
                "ports": [
                  "53"
                ],
                "protocol": "udp",
                "traffic_type": "egress",
                "uuids": {
                  "53": "f3fe430e-279b-4f71-9f91-3034f8c1ffb3"
                }
              },
              {
                "action": "allow",
                "cidr_list": [
                  "0.0.0.0/0"
                ],
                "icmp_code": 0,
                "icmp_type": 0,
                "ports": [
                  "53"
                ],
                "protocol": "udp",
                "traffic_type": "ingress",
                "uuids": {
                  "53": "68ec0689-1a3d-4f54-80ae-3b4f5feb84c2"
                }
              },
              {
                "action": "allow",
                "cidr_list": [
                  "10.252.0.0/24"
                ],
                "icmp_code": 0,
                "icmp_type": 0,
                "ports": [
                  "22"
                ],
                "protocol": "tcp",
                "traffic_type": "ingress",
                "uuids": {
                  "22": "78d70520-839b-4ea0-9cae-f747cadaf994"
                }
              },
              {
                "action": "allow",
                "cidr_list": [
                  "10.252.1.0/24"
                ],
                "icmp_code": 0,
                "icmp_type": 0,
                "ports": [
                  "53"
                ],
                "protocol": "tcp",
                "traffic_type": "egress",
                "uuids": {
                  "53": "7fe86b61-d373-4aad-9e7e-1968585cc4a3"
                }
              },
              {
                "action": "allow",
                "cidr_list": [
                  "10.252.1.0/24"
                ],
                "icmp_code": 0,
                "icmp_type": 0,
                "ports": [
                  "53"
                ],
                "protocol": "udp",
                "traffic_type": "egress",
                "uuids": {
                  "53": "de353cdf-ccfb-4579-a71a-0602b7db5314"
                }
              },
              {
                "action": "allow",
                "cidr_list": [
                  "10.252.2.0/24"
                ],
                "icmp_code": 0,
                "icmp_type": 0,
                "ports": [
                  "443",
                  "80"
                ],
                "protocol": "tcp",
                "traffic_type": "egress",
                "uuids": {
                  "443": "90b559c5-1345-4f24-a83a-e9b437a056bf",
                  "80": "a638fcd9-d0ea-4ff1-9fb1-c357e470f1aa"
                }
              },
              {
                "action": "allow",
                "cidr_list": [
                  "10.252.3.0/24"
                ],
                "icmp_code": 0,
                "icmp_type": 0,
                "ports": [
                  "389",
                  "636"
                ],
                "protocol": "tcp",
                "traffic_type": "egress",
                "uuids": {
                  "389": "ec576d3d-cf21-4c3c-801f-64f6afe5cf1d",
                  "636": "aeb1a28b-f37f-472a-a72f-9a89fde521ba"
                }
              },
              {
                "action": "allow",
                "cidr_list": [
                  "10.252.3.0/24"
                ],
                "icmp_code": 0,
                "icmp_type": 0,
                "ports": [
                  "443",
                  "80"
                ],
                "protocol": "tcp",
                "traffic_type": "egress",
                "uuids": {
                  "443": "448f71be-f199-43ad-b929-9deb4d3fa446",
                  "80": "2db5524b-32c2-4bfa-9f0c-b3224ea0d76c"
                }
              },
              {
                "action": "allow",
                "cidr_list": [
                  "10.252.3.0/24"
                ],
                "icmp_code": 0,
                "icmp_type": 0,
                "ports": [
                  "464",
                  "88"
                ],
                "protocol": "tcp",
                "traffic_type": "egress",
                "uuids": {
                  "464": "3451a330-5253-4db8-8465-ee360c8db248",
                  "88": "488ffff2-8a1e-4504-902d-d1c0ea644a14"
                }
              },
              {
                "action": "allow",
                "cidr_list": [
                  "10.252.3.0/24"
                ],
                "icmp_code": 0,
                "icmp_type": 0,
                "ports": [
                  "464",
                  "88"
                ],
                "protocol": "udp",
                "traffic_type": "egress",
                "uuids": {
                  "464": "42fa6302-aac1-477d-9ad5-f4b0a26d5d42",
                  "88": "0dabd53b-27bf-484b-8d2e-c1c87f0884d3"
                }
              },
              {
                "action": "allow",
                "cidr_list": [
                  "10.252.4.0/24"
                ],
                "icmp_code": 0,
                "icmp_type": 0,
                "ports": [
                  "123"
                ],
                "protocol": "udp",
                "traffic_type": "egress",
                "uuids": {
                  "123": "3741c587-798f-4cca-8c3f-feac5ad8026d"
                }
              },
              {
                "action": "deny",
                "cidr_list": [
                  "0.0.0.0/0"
                ],
                "icmp_code": 0,
                "icmp_type": 0,
                "ports": [],
                "protocol": "all",
                "traffic_type": "egress",
                "uuids": {
                  "all": "64be5a3d-9348-4c15-aac4-8525e7100290"
                }
              }
            ]
          },
          "sensitive_attributes": [],
          "identity_schema_version": 0,
          "private": "bnVsbA==",
          "dependencies": [
            "cloudstack_network_acl.dns",
            "cloudstack_vpc.infra_vpc"
          ]
        }
      ]
    },
    {
      "mode": "managed",
      "type": "cloudstack_network_acl_rule",
      "name": "ipa",
      "provider": "provider[\"registry.terraform.io/cloudstack/cloudstack\"]",
      "instances": [
        {
          "schema_version": 0,
          "attributes": {
            "acl_id": "ce14cb8c-c957-42ed-b91c-e6017d4d0d10",
            "id": "ce14cb8c-c957-42ed-b91c-e6017d4d0d10",
            "managed": true,
            "parallelism": 2,
            "project": null,
            "rule": [
              {
                "action": "allow",
                "cidr_list": [
                  "0.0.0.0/0"
                ],
                "icmp_code": 0,
                "icmp_type": 0,
                "ports": [
                  "389",
                  "636"
                ],
                "protocol": "tcp",
                "traffic_type": "ingress",
                "uuids": {
                  "389": "a7692076-841f-4e07-a39b-c85f36298b1c",
                  "636": "3e4c53dc-4b74-425b-8eb8-d1e867921eb2"
                }
              },
              {
                "action": "allow",
                "cidr_list": [
                  "0.0.0.0/0"
                ],
                "icmp_code": 0,
                "icmp_type": 0,
                "ports": [
                  "443",
                  "80"
                ],
                "protocol": "tcp",
                "traffic_type": "ingress",
                "uuids": {
                  "443": "63b3a8fd-367d-48c4-818f-4cec299b2122",
                  "80": "70a38ba6-7ff8-4897-9718-c4202da6d58a"
                }
              },
              {
                "action": "allow",
                "cidr_list": [
                  "0.0.0.0/0"
                ],
                "icmp_code": 0,
                "icmp_type": 0,
                "ports": [
                  "464",
                  "88"
                ],
                "protocol": "tcp",
                "traffic_type": "ingress",
                "uuids": {
                  "464": "1dec4dbe-46ca-4c72-84d1-b58dd668089a",
                  "88": "5b1d2b59-f7ed-467b-8c3f-7a8741ffedfb"
                }
              },
              {
                "action": "allow",
                "cidr_list": [
                  "0.0.0.0/0"
                ],
                "icmp_code": 0,
                "icmp_type": 0,
                "ports": [
                  "464",
                  "88"
                ],
                "protocol": "udp",
                "traffic_type": "ingress",
                "uuids": {
                  "464": "c41a6c5e-3169-476a-9450-c539bfc3186a",
                  "88": "cdca442d-90c0-47ee-9729-bcea3e4ee7a1"
                }
              },
              {
                "action": "allow",
                "cidr_list": [
                  "10.252.0.0/24"
                ],
                "icmp_code": 0,
                "icmp_type": 0,
                "ports": [
                  "22"
                ],
                "protocol": "tcp",
                "traffic_type": "ingress",
                "uuids": {
                  "22": "1c2f3e78-ed71-4293-a570-fe5f757c0e8e"
                }
              },
              {
                "action": "allow",
                "cidr_list": [
                  "10.252.1.0/24"
                ],
                "icmp_code": 0,
                "icmp_type": 0,
                "ports": [
                  "53"
                ],
                "protocol": "tcp",
                "traffic_type": "egress",
                "uuids": {
                  "53": "d42856b3-9898-4ab1-bcef-e4bc14780fc8"
                }
              },
              {
                "action": "allow",
                "cidr_list": [
                  "10.252.1.0/24"
                ],
                "icmp_code": 0,
                "icmp_type": 0,
                "ports": [
                  "53"
                ],
                "protocol": "udp",
                "traffic_type": "egress",
                "uuids": {
                  "53": "d7042e29-424c-4d0d-8dfc-4b9e80f56f4f"
                }
              },
              {
                "action": "allow",
                "cidr_list": [
                  "10.252.2.0/24"
                ],
                "icmp_code": 0,
                "icmp_type": 0,
                "ports": [
                  "443",
                  "80"
                ],
                "protocol": "tcp",
                "traffic_type": "egress",
                "uuids": {
                  "443": "28d1f538-508f-45a0-a0c6-595dae833394",
                  "80": "5375a91c-8549-417d-90ba-0f1334a7e71c"
                }
              },
              {
                "action": "allow",
                "cidr_list": [
                  "10.252.3.0/24"
                ],
                "icmp_code": 0,
                "icmp_type": 0,
                "ports": [
                  "389",
                  "636"
                ],
                "protocol": "tcp",
                "traffic_type": "egress",
                "uuids": {
                  "389": "0d79eea7-bf27-4e34-8950-182bfa604ee1",
                  "636": "28af5137-90a8-40f1-a948-149b118416b7"
                }
              },
              {
                "action": "allow",
                "cidr_list": [
                  "10.252.3.0/24"
                ],
                "icmp_code": 0,
                "icmp_type": 0,
                "ports": [
                  "443",
                  "80"
                ],
                "protocol": "tcp",
                "traffic_type": "egress",
                "uuids": {
                  "443": "2b2fc708-b617-4811-8b32-119921e72269",
                  "80": "1c0f5225-cc3b-4978-8b25-9db2ad32cb39"
                }
              },
              {
                "action": "allow",
                "cidr_list": [
                  "10.252.3.0/24"
                ],
                "icmp_code": 0,
                "icmp_type": 0,
                "ports": [
                  "464",
                  "88"
                ],
                "protocol": "tcp",
                "traffic_type": "egress",
                "uuids": {
                  "464": "0eb19196-1921-419f-86c6-234e7cfd8cb8",
                  "88": "80c94b47-503e-4030-9989-60df7aae8bb0"
                }
              },
              {
                "action": "allow",
                "cidr_list": [
                  "10.252.3.0/24"
                ],
                "icmp_code": 0,
                "icmp_type": 0,
                "ports": [
                  "464",
                  "88"
                ],
                "protocol": "udp",
                "traffic_type": "egress",
                "uuids": {
                  "464": "c22daa24-1aa0-4277-b4fc-87e6341d074a",
                  "88": "90aced46-58ae-4470-9589-a0c764a69f3d"
                }
              },
              {
                "action": "allow",
                "cidr_list": [
                  "10.252.4.0/24"
                ],
                "icmp_code": 0,
                "icmp_type": 0,
                "ports": [
                  "123"
                ],
                "protocol": "udp",
                "traffic_type": "egress",
                "uuids": {
                  "123": "169e157e-6066-42ad-8a69-89c066280c23"
                }
              },
              {
                "action": "allow",
                "cidr_list": [
                  "10.252.5.11/24"
                ],
                "icmp_code": 0,
                "icmp_type": 0,
                "ports": [
                  "8080"
                ],
                "protocol": "tcp",
                "traffic_type": "egress",
                "uuids": {
                  "8080": "4d9c3392-2f06-4fa4-b23c-4b15957f9be3"
                }
              },
              {
                "action": "allow",
                "cidr_list": [
                  "10.252.6.0/24"
                ],
                "icmp_code": 0,
                "icmp_type": 0,
                "ports": [
                  "389",
                  "636"
                ],
                "protocol": "tcp",
                "traffic_type": "egress",
                "uuids": {
                  "389": "dfb97d83-96de-451b-96fd-9114edfe5151",
                  "636": "63e9c432-f712-442f-8831-983e15a1f398"
                }
              },
              {
                "action": "deny",
                "cidr_list": [
                  "0.0.0.0/0"
                ],
                "icmp_code": 0,
                "icmp_type": 0,
                "ports": [],
                "protocol": "all",
                "traffic_type": "egress",
                "uuids": {
                  "all": "340ac3d2-4ee4-4d76-b539-973edff7b5fb"
                }
              }
            ]
          },
          "sensitive_attributes": [],
          "identity_schema_version": 0,
          "private": "bnVsbA==",
          "dependencies": [
            "cloudstack_network_acl.ipa",
            "cloudstack_vpc.infra_vpc"
          ]
        }
      ]
    },
    {
      "mode": "managed",
      "type": "cloudstack_network_acl_rule",
      "name": "ldapproxy",
      "provider": "provider[\"registry.terraform.io/cloudstack/cloudstack\"]",
      "instances": [
        {
          "schema_version": 0,
          "attributes": {
            "acl_id": "054a61e8-f0ab-4151-a933-971759afc9e9",
            "id": "054a61e8-f0ab-4151-a933-971759afc9e9",
            "managed": true,
            "parallelism": 2,
            "project": null,
            "rule": [
              {
                "action": "allow",
                "cidr_list": [
                  "0.0.0.0/0"
                ],
                "icmp_code": 0,
                "icmp_type": 0,
                "ports": [
                  "389",
                  "636"
                ],
                "protocol": "tcp",
                "traffic_type": "ingress",
                "uuids": {
                  "389": "f91bf59e-b38c-49e4-b90f-fe238da3d163",
                  "636": "394b76b9-8339-49f6-93e4-ca893ed56d65"
                }
              },
              {
                "action": "allow",
                "cidr_list": [
                  "10.252.0.0/24"
                ],
                "icmp_code": 0,
                "icmp_type": 0,
                "ports": [
                  "22"
                ],
                "protocol": "tcp",
                "traffic_type": "ingress",
                "uuids": {
                  "22": "053ed53e-ef9a-41c7-85e4-0e65ffb44933"
                }
              },
              {
                "action": "allow",
                "cidr_list": [
                  "10.252.1.0/24"
                ],
                "icmp_code": 0,
                "icmp_type": 0,
                "ports": [
                  "53"
                ],
                "protocol": "tcp",
                "traffic_type": "egress",
                "uuids": {
                  "53": "d5ac5e94-b251-4fd2-a2e9-592c0c4ed697"
                }
              },
              {
                "action": "allow",
                "cidr_list": [
                  "10.252.1.0/24"
                ],
                "icmp_code": 0,
                "icmp_type": 0,
                "ports": [
                  "53"
                ],
                "protocol": "udp",
                "traffic_type": "egress",
                "uuids": {
                  "53": "2c655387-9ec2-4342-b0f8-18ce3ff10f58"
                }
              },
              {
                "action": "allow",
                "cidr_list": [
                  "10.252.2.0/24"
                ],
                "icmp_code": 0,
                "icmp_type": 0,
                "ports": [
                  "443",
                  "80"
                ],
                "protocol": "tcp",
                "traffic_type": "egress",
                "uuids": {
                  "443": "c9e8c5ca-54c0-4d77-8664-a0cb36cc5741",
                  "80": "5d8a2a40-1b09-4d11-ad67-0b632f9267f2"
                }
              },
              {
                "action": "allow",
                "cidr_list": [
                  "10.252.3.0/24"
                ],
                "icmp_code": 0,
                "icmp_type": 0,
                "ports": [
                  "389",
                  "636"
                ],
                "protocol": "tcp",
                "traffic_type": "egress",
                "uuids": {
                  "389": "41bac250-2c08-4698-ba9d-b88af80999bc",
                  "636": "ce8f5f61-e7e0-43ba-b3b6-193376699311"
                }
              },
              {
                "action": "allow",
                "cidr_list": [
                  "10.252.3.0/24"
                ],
                "icmp_code": 0,
                "icmp_type": 0,
                "ports": [
                  "443",
                  "80"
                ],
                "protocol": "tcp",
                "traffic_type": "egress",
                "uuids": {
                  "443": "29ce025a-5cfa-4022-982a-6d03222838d0",
                  "80": "2a82682a-4b26-4ce4-a8a9-f0c0be7d3ab1"
                }
              },
              {
                "action": "allow",
                "cidr_list": [
                  "10.252.3.0/24"
                ],
                "icmp_code": 0,
                "icmp_type": 0,
                "ports": [
                  "464",
                  "88"
                ],
                "protocol": "tcp",
                "traffic_type": "egress",
                "uuids": {
                  "464": "5952b5dc-17c2-47f2-8320-d865523c0115",
                  "88": "9f9feec8-a606-448f-ba79-31d09c2a2c63"
                }
              },
              {
                "action": "allow",
                "cidr_list": [
                  "10.252.3.0/24"
                ],
                "icmp_code": 0,
                "icmp_type": 0,
                "ports": [
                  "464",
                  "88"
                ],
                "protocol": "udp",
                "traffic_type": "egress",
                "uuids": {
                  "464": "e2c0b7d5-909b-4966-a6d9-4f60501dad80",
                  "88": "2b64d61d-f0b5-4e17-b263-ce15ff83d621"
                }
              },
              {
                "action": "allow",
                "cidr_list": [
                  "10.252.4.0/24"
                ],
                "icmp_code": 0,
                "icmp_type": 0,
                "ports": [
                  "123"
                ],
                "protocol": "udp",
                "traffic_type": "egress",
                "uuids": {
                  "123": "ba1f4f8c-fed0-401e-8673-88aa431a6a7a"
                }
              },
              {
                "action": "allow",
                "cidr_list": [
                  "10.252.5.11/24"
                ],
                "icmp_code": 0,
                "icmp_type": 0,
                "ports": [
                  "8080"
                ],
                "protocol": "tcp",
                "traffic_type": "egress",
                "uuids": {
                  "8080": "3635a0a6-d369-49fa-924b-02814330f860"
                }
              },
              {
                "action": "deny",
                "cidr_list": [
                  "0.0.0.0/0"
                ],
                "icmp_code": 0,
                "icmp_type": 0,
                "ports": [],
                "protocol": "all",
                "traffic_type": "egress",
                "uuids": {
                  "all": "25c52f21-d257-4bd0-92e4-dec3f832f10c"
                }
              }
            ]
          },
          "sensitive_attributes": [],
          "identity_schema_version": 0,
          "private": "bnVsbA==",
          "dependencies": [
            "cloudstack_network_acl.ldapproxy",
            "cloudstack_vpc.infra_vpc"
          ]
        }
      ]
    },
    {
      "mode": "managed",
      "type": "cloudstack_network_acl_rule",
      "name": "mirror",
      "provider": "provider[\"registry.terraform.io/cloudstack/cloudstack\"]",
      "instances": [
        {
          "schema_version": 0,
          "attributes": {
            "acl_id": "14db294d-3ca0-45e9-8f1c-a16ddbb008f5",
            "id": "14db294d-3ca0-45e9-8f1c-a16ddbb008f5",
            "managed": true,
            "parallelism": 2,
            "project": null,
            "rule": [
              {
                "action": "allow",
                "cidr_list": [
                  "0.0.0.0/0"
                ],
                "icmp_code": 0,
                "icmp_type": 0,
                "ports": [
                  "443",
                  "80",
                  "873"
                ],
                "protocol": "tcp",
                "traffic_type": "egress",
                "uuids": {
                  "443": "6f624bfd-78eb-4597-8a09-cfa05ae49fb5",
                  "80": "53740cf3-a329-4aed-a6e0-4ab2b721e66c",
                  "873": "c58bc84a-044e-4a09-a2f1-09f9d3dee9f4"
                }
              },
              {
                "action": "allow",
                "cidr_list": [
                  "0.0.0.0/0"
                ],
                "icmp_code": 0,
                "icmp_type": 0,
                "ports": [
                  "443",
                  "80"
                ],
                "protocol": "tcp",
                "traffic_type": "ingress",
                "uuids": {
                  "443": "3078d42c-f741-49d4-aedf-74019cc708e5",
                  "80": "2c7f55e5-d633-496f-95aa-2786a9f37dc1"
                }
              },
              {
                "action": "allow",
                "cidr_list": [
                  "10.252.0.0/24"
                ],
                "icmp_code": 0,
                "icmp_type": 0,
                "ports": [
                  "22"
                ],
                "protocol": "tcp",
                "traffic_type": "ingress",
                "uuids": {
                  "22": "911f69cf-5744-432a-bf20-6ed8a7e7ebf7"
                }
              },
              {
                "action": "allow",
                "cidr_list": [
                  "10.252.1.0/24"
                ],
                "icmp_code": 0,
                "icmp_type": 0,
                "ports": [
                  "53"
                ],
                "protocol": "tcp",
                "traffic_type": "egress",
                "uuids": {
                  "53": "f46f609c-da9c-4281-8334-eb32223b5e28"
                }
              },
              {
                "action": "allow",
                "cidr_list": [
                  "10.252.1.0/24"
                ],
                "icmp_code": 0,
                "icmp_type": 0,
                "ports": [
                  "53"
                ],
                "protocol": "udp",
                "traffic_type": "egress",
                "uuids": {
                  "53": "0f077dd9-364f-4bda-b781-b5cb83041822"
                }
              },
              {
                "action": "allow",
                "cidr_list": [
                  "10.252.2.0/24"
                ],
                "icmp_code": 0,
                "icmp_type": 0,
                "ports": [
                  "443",
                  "80"
                ],
                "protocol": "tcp",
                "traffic_type": "egress",
                "uuids": {
                  "443": "fc858a98-2954-4775-acfe-1a7e10d5b411",
                  "80": "d2303be8-08aa-44a0-b769-e4a28c4e9d79"
                }
              },
              {
                "action": "allow",
                "cidr_list": [
                  "10.252.3.0/24"
                ],
                "icmp_code": 0,
                "icmp_type": 0,
                "ports": [
                  "389",
                  "636"
                ],
                "protocol": "tcp",
                "traffic_type": "egress",
                "uuids": {
                  "389": "ffacbf99-c879-49f0-b274-5cad7a355031",
                  "636": "290131f7-3496-4f32-8bd7-0949938693b2"
                }
              },
              {
                "action": "allow",
                "cidr_list": [
                  "10.252.3.0/24"
                ],
                "icmp_code": 0,
                "icmp_type": 0,
                "ports": [
                  "443",
                  "80"
                ],
                "protocol": "tcp",
                "traffic_type": "egress",
                "uuids": {
                  "443": "caee4b9c-35f0-46a2-a1fe-5b99c22e2a64",
                  "80": "f426522f-e2b0-47d0-9a9f-d85958d23b87"
                }
              },
              {
                "action": "allow",
                "cidr_list": [
                  "10.252.3.0/24"
                ],
                "icmp_code": 0,
                "icmp_type": 0,
                "ports": [
                  "464",
                  "88"
                ],
                "protocol": "tcp",
                "traffic_type": "egress",
                "uuids": {
                  "464": "366966f5-cf39-4202-9852-9105e2791548",
                  "88": "d3be20b9-8658-4f23-8c8d-fd9c46afd64d"
                }
              },
              {
                "action": "allow",
                "cidr_list": [
                  "10.252.3.0/24"
                ],
                "icmp_code": 0,
                "icmp_type": 0,
                "ports": [
                  "464",
                  "88"
                ],
                "protocol": "udp",
                "traffic_type": "egress",
                "uuids": {
                  "464": "84b41cdc-de4e-4950-8d65-98f26d90336d",
                  "88": "8d472d75-0957-465b-be10-72be05e594a5"
                }
              },
              {
                "action": "allow",
                "cidr_list": [
                  "10.252.4.0/24"
                ],
                "icmp_code": 0,
                "icmp_type": 0,
                "ports": [
                  "123"
                ],
                "protocol": "udp",
                "traffic_type": "egress",
                "uuids": {
                  "123": "189fe72f-4835-45f8-8060-2bed72a86667"
                }
              },
              {
                "action": "allow",
                "cidr_list": [
                  "10.252.5.11/24"
                ],
                "icmp_code": 0,
                "icmp_type": 0,
                "ports": [
                  "8080"
                ],
                "protocol": "tcp",
                "traffic_type": "egress",
                "uuids": {
                  "8080": "48273a68-aa6a-4058-9ce6-6878fdb80c24"
                }
              },
              {
                "action": "deny",
                "cidr_list": [
                  "0.0.0.0/0"
                ],
                "icmp_code": 0,
                "icmp_type": 0,
                "ports": [],
                "protocol": "all",
                "traffic_type": "egress",
                "uuids": {
                  "all": "7b173852-2407-4f01-a411-69a7841e8e2f"
                }
              }
            ]
          },
          "sensitive_attributes": [],
          "identity_schema_version": 0,
          "private": "bnVsbA==",
          "dependencies": [
            "cloudstack_network_acl.mirror",
            "cloudstack_vpc.infra_vpc"
          ]
        }
      ]
    },
    {
      "mode": "managed",
      "type": "cloudstack_network_acl_rule",
      "name": "nfs",
      "provider": "provider[\"registry.terraform.io/cloudstack/cloudstack\"]",
      "instances": [
        {
          "schema_version": 0,
          "attributes": {
            "acl_id": "6b79979d-48a0-4c07-9573-26d4ce7fe497",
            "id": "6b79979d-48a0-4c07-9573-26d4ce7fe497",
            "managed": true,
            "parallelism": 2,
            "project": null,
            "rule": [
              {
                "action": "allow",
                "cidr_list": [
                  "0.0.0.0/0"
                ],
                "icmp_code": 0,
                "icmp_type": 0,
                "ports": [
                  "2049"
                ],
                "protocol": "tcp",
                "traffic_type": "ingress",
                "uuids": {
                  "2049": "ad2226d0-b650-484f-91ce-7f69334569a3"
                }
              },
              {
                "action": "allow",
                "cidr_list": [
                  "10.252.0.0/24"
                ],
                "icmp_code": 0,
                "icmp_type": 0,
                "ports": [
                  "22"
                ],
                "protocol": "tcp",
                "traffic_type": "ingress",
                "uuids": {
                  "22": "b4dbc8b4-269d-4f28-af47-405d9fe284a9"
                }
              },
              {
                "action": "allow",
                "cidr_list": [
                  "10.252.1.0/24"
                ],
                "icmp_code": 0,
                "icmp_type": 0,
                "ports": [
                  "53"
                ],
                "protocol": "tcp",
                "traffic_type": "egress",
                "uuids": {
                  "53": "c98a098d-fe49-470f-be45-2caaaceba8de"
                }
              },
              {
                "action": "allow",
                "cidr_list": [
                  "10.252.1.0/24"
                ],
                "icmp_code": 0,
                "icmp_type": 0,
                "ports": [
                  "53"
                ],
                "protocol": "udp",
                "traffic_type": "egress",
                "uuids": {
                  "53": "8f0a9951-e4f8-4bda-aa3a-4edc9439f5b1"
                }
              },
              {
                "action": "allow",
                "cidr_list": [
                  "10.252.2.0/24"
                ],
                "icmp_code": 0,
                "icmp_type": 0,
                "ports": [
                  "443",
                  "80"
                ],
                "protocol": "tcp",
                "traffic_type": "egress",
                "uuids": {
                  "443": "96af19a0-3012-4864-bae3-53408642c78d",
                  "80": "2548b132-20c2-45ef-9167-19dfbec98bab"
                }
              },
              {
                "action": "allow",
                "cidr_list": [
                  "10.252.3.0/24"
                ],
                "icmp_code": 0,
                "icmp_type": 0,
                "ports": [
                  "389",
                  "636"
                ],
                "protocol": "tcp",
                "traffic_type": "egress",
                "uuids": {
                  "389": "a7e0b8e3-3622-4872-aded-0c3555d1158c",
                  "636": "c3bf056a-c331-40f5-8363-3afcde4c6c26"
                }
              },
              {
                "action": "allow",
                "cidr_list": [
                  "10.252.3.0/24"
                ],
                "icmp_code": 0,
                "icmp_type": 0,
                "ports": [
                  "443",
                  "80"
                ],
                "protocol": "tcp",
                "traffic_type": "egress",
                "uuids": {
                  "443": "4705b2d1-49b9-43a6-8e60-a1f055221387",
                  "80": "6ce3e578-5228-4afd-877a-c865184ba329"
                }
              },
              {
                "action": "allow",
                "cidr_list": [
                  "10.252.3.0/24"
                ],
                "icmp_code": 0,
                "icmp_type": 0,
                "ports": [
                  "464",
                  "88"
                ],
                "protocol": "tcp",
                "traffic_type": "egress",
                "uuids": {
                  "464": "4faf8d55-e9d8-421b-8019-390298490ef6",
                  "88": "e3e79b50-7c7e-4d79-9fbd-12a1ad243161"
                }
              },
              {
                "action": "allow",
                "cidr_list": [
                  "10.252.3.0/24"
                ],
                "icmp_code": 0,
                "icmp_type": 0,
                "ports": [
                  "464",
                  "88"
                ],
                "protocol": "udp",
                "traffic_type": "egress",
                "uuids": {
                  "464": "801bae95-5359-4d80-b8f8-117c8661d56b",
                  "88": "c93f76d3-6753-432c-88a5-ef151d537b14"
                }
              },
              {
                "action": "allow",
                "cidr_list": [
                  "10.252.4.0/24"
                ],
                "icmp_code": 0,
                "icmp_type": 0,
                "ports": [
                  "123"
                ],
                "protocol": "udp",
                "traffic_type": "egress",
                "uuids": {
                  "123": "ef24069b-e30c-4385-85bd-c1da4b07ba77"
                }
              },
              {
                "action": "deny",
                "cidr_list": [
                  "0.0.0.0/0"
                ],
                "icmp_code": 0,
                "icmp_type": 0,
                "ports": [],
                "protocol": "all",
                "traffic_type": "egress",
                "uuids": {
                  "all": "1fca8a45-5920-4d6f-afbb-0b83ade43969"
                }
              }
            ]
          },
          "sensitive_attributes": [],
          "identity_schema_version": 0,
          "private": "bnVsbA==",
          "dependencies": [
            "cloudstack_network_acl.nfs",
            "cloudstack_vpc.infra_vpc"
          ]
        }
      ]
    },
    {
      "mode": "managed",
      "type": "cloudstack_network_acl_rule",
      "name": "ntp",
      "provider": "provider[\"registry.terraform.io/cloudstack/cloudstack\"]",
      "instances": [
        {
          "schema_version": 0,
          "attributes": {
            "acl_id": "55c4e7fe-626f-435d-85d5-1f80a773cf03",
            "id": "55c4e7fe-626f-435d-85d5-1f80a773cf03",
            "managed": true,
            "parallelism": 2,
            "project": null,
            "rule": [
              {
                "action": "allow",
                "cidr_list": [
                  "0.0.0.0/0"
                ],
                "icmp_code": 0,
                "icmp_type": 0,
                "ports": [
                  "123"
                ],
                "protocol": "udp",
                "traffic_type": "egress",
                "uuids": {
                  "123": "83a39d90-a1c4-45e0-a2e1-b6555d3ad170"
                }
              },
              {
                "action": "allow",
                "cidr_list": [
                  "0.0.0.0/0"
                ],
                "icmp_code": 0,
                "icmp_type": 0,
                "ports": [
                  "123"
                ],
                "protocol": "udp",
                "traffic_type": "ingress",
                "uuids": {
                  "123": "f891aedc-3ee1-41d4-afaa-bd621abb3a02"
                }
              },
              {
                "action": "allow",
                "cidr_list": [
                  "10.252.0.0/24"
                ],
                "icmp_code": 0,
                "icmp_type": 0,
                "ports": [
                  "22"
                ],
                "protocol": "tcp",
                "traffic_type": "ingress",
                "uuids": {
                  "22": "144713fa-ee9b-4981-8ee0-121c42dae94b"
                }
              },
              {
                "action": "allow",
                "cidr_list": [
                  "10.252.1.0/24"
                ],
                "icmp_code": 0,
                "icmp_type": 0,
                "ports": [
                  "53"
                ],
                "protocol": "tcp",
                "traffic_type": "egress",
                "uuids": {
                  "53": "a410c706-ce92-4283-bb79-c5e039d0a6ae"
                }
              },
              {
                "action": "allow",
                "cidr_list": [
                  "10.252.1.0/24"
                ],
                "icmp_code": 0,
                "icmp_type": 0,
                "ports": [
                  "53"
                ],
                "protocol": "udp",
                "traffic_type": "egress",
                "uuids": {
                  "53": "557e7444-c2f7-4ab2-9dac-3d395c0668d8"
                }
              },
              {
                "action": "allow",
                "cidr_list": [
                  "10.252.2.0/24"
                ],
                "icmp_code": 0,
                "icmp_type": 0,
                "ports": [
                  "443",
                  "80"
                ],
                "protocol": "tcp",
                "traffic_type": "egress",
                "uuids": {
                  "443": "594a5729-a1a7-485f-a2c7-2e466da17217",
                  "80": "0bf8bb57-d4bb-489f-b2b6-21788b214986"
                }
              },
              {
                "action": "allow",
                "cidr_list": [
                  "10.252.3.0/24"
                ],
                "icmp_code": 0,
                "icmp_type": 0,
                "ports": [
                  "389",
                  "636"
                ],
                "protocol": "tcp",
                "traffic_type": "egress",
                "uuids": {
                  "389": "96724433-c2b0-4a37-947b-1c867a3963a0",
                  "636": "3026a5c5-ed49-4aba-a8c3-12defaad8477"
                }
              },
              {
                "action": "allow",
                "cidr_list": [
                  "10.252.3.0/24"
                ],
                "icmp_code": 0,
                "icmp_type": 0,
                "ports": [
                  "443",
                  "80"
                ],
                "protocol": "tcp",
                "traffic_type": "egress",
                "uuids": {
                  "443": "f22ee6ba-04b1-4799-b832-a9bb0a0f10cc",
                  "80": "0cb3c561-8267-4fa7-b282-0f4cd748d83e"
                }
              },
              {
                "action": "allow",
                "cidr_list": [
                  "10.252.3.0/24"
                ],
                "icmp_code": 0,
                "icmp_type": 0,
                "ports": [
                  "464",
                  "88"
                ],
                "protocol": "tcp",
                "traffic_type": "egress",
                "uuids": {
                  "464": "44056c75-9eeb-45b8-a05d-27b02d1673da",
                  "88": "dcf3df71-fe7e-4e9d-b60d-bc0b11d98a73"
                }
              },
              {
                "action": "allow",
                "cidr_list": [
                  "10.252.3.0/24"
                ],
                "icmp_code": 0,
                "icmp_type": 0,
                "ports": [
                  "464",
                  "88"
                ],
                "protocol": "udp",
                "traffic_type": "egress",
                "uuids": {
                  "464": "3b2d7364-a322-44b9-8206-231158c7768e",
                  "88": "21c4a245-8121-49bb-b168-b33c67032a64"
                }
              },
              {
                "action": "allow",
                "cidr_list": [
                  "10.252.4.0/24"
                ],
                "icmp_code": 0,
                "icmp_type": 0,
                "ports": [
                  "123"
                ],
                "protocol": "udp",
                "traffic_type": "egress",
                "uuids": {
                  "123": "a5513284-0ae1-4c0e-9add-7bc07bb34647"
                }
              },
              {
                "action": "deny",
                "cidr_list": [
                  "0.0.0.0/0"
                ],
                "icmp_code": 0,
                "icmp_type": 0,
                "ports": [],
                "protocol": "all",
                "traffic_type": "egress",
                "uuids": {
                  "all": "1a221aba-c3be-4faf-ad07-3ae41b02c4ed"
                }
              }
            ]
          },
          "sensitive_attributes": [],
          "identity_schema_version": 0,
          "private": "bnVsbA==",
          "dependencies": [
            "cloudstack_network_acl.ntp",
            "cloudstack_vpc.infra_vpc"
          ]
        }
      ]
    },
    {
      "mode": "managed",
      "type": "cloudstack_network_acl_rule",
      "name": "proxy",
      "provider": "provider[\"registry.terraform.io/cloudstack/cloudstack\"]",
      "instances": [
        {
          "schema_version": 0,
          "attributes": {
            "acl_id": "d6e47ee5-0815-4adf-9255-1bf84479d416",
            "id": "d6e47ee5-0815-4adf-9255-1bf84479d416",
            "managed": true,
            "parallelism": 2,
            "project": null,
            "rule": [
              {
                "action": "allow",
                "cidr_list": [
                  "0.0.0.0/0"
                ],
                "icmp_code": 0,
                "icmp_type": 0,
                "ports": [
                  "8080"
                ],
                "protocol": "tcp",
                "traffic_type": "ingress",
                "uuids": {
                  "8080": "6e6b1deb-030c-42a4-be83-f524bc1ca425"
                }
              },
              {
                "action": "allow",
                "cidr_list": [
                  "10.252.0.0/24"
                ],
                "icmp_code": 0,
                "icmp_type": 0,
                "ports": [
                  "22"
                ],
                "protocol": "tcp",
                "traffic_type": "ingress",
                "uuids": {
                  "22": "2aa3bb76-4694-4d12-b764-71943ea0a048"
                }
              },
              {
                "action": "allow",
                "cidr_list": [
                  "10.252.1.0/24"
                ],
                "icmp_code": 0,
                "icmp_type": 0,
                "ports": [
                  "53"
                ],
                "protocol": "tcp",
                "traffic_type": "egress",
                "uuids": {
                  "53": "65405389-fa72-417d-bf82-fdc01178e845"
                }
              },
              {
                "action": "allow",
                "cidr_list": [
                  "10.252.1.0/24"
                ],
                "icmp_code": 0,
                "icmp_type": 0,
                "ports": [
                  "53"
                ],
                "protocol": "udp",
                "traffic_type": "egress",
                "uuids": {
                  "53": "a7ba32ee-0d9d-4c0b-be9b-57bc2d8af06c"
                }
              },
              {
                "action": "allow",
                "cidr_list": [
                  "10.252.2.0/24"
                ],
                "icmp_code": 0,
                "icmp_type": 0,
                "ports": [
                  "443",
                  "80"
                ],
                "protocol": "tcp",
                "traffic_type": "egress",
                "uuids": {
                  "443": "6bd446b9-123e-4b15-bd5e-2bd8ef47253d",
                  "80": "8e8ef0d8-fbcd-419f-b0f7-e0924176d4d4"
                }
              },
              {
                "action": "allow",
                "cidr_list": [
                  "10.252.3.0/24"
                ],
                "icmp_code": 0,
                "icmp_type": 0,
                "ports": [
                  "389",
                  "636"
                ],
                "protocol": "tcp",
                "traffic_type": "egress",
                "uuids": {
                  "389": "c34749e8-b865-4ef0-8770-d65abbca68e9",
                  "636": "838b053b-b24b-4fdf-aac9-98e6da548b70"
                }
              },
              {
                "action": "allow",
                "cidr_list": [
                  "10.252.3.0/24"
                ],
                "icmp_code": 0,
                "icmp_type": 0,
                "ports": [
                  "443",
                  "80"
                ],
                "protocol": "tcp",
                "traffic_type": "egress",
                "uuids": {
                  "443": "d4939a75-a768-4a6f-9731-9ce67d36cbcb",
                  "80": "910b050f-adae-4f02-8826-2fc4d8eaced4"
                }
              },
              {
                "action": "allow",
                "cidr_list": [
                  "10.252.3.0/24"
                ],
                "icmp_code": 0,
                "icmp_type": 0,
                "ports": [
                  "464",
                  "88"
                ],
                "protocol": "tcp",
                "traffic_type": "egress",
                "uuids": {
                  "464": "866b55ab-dc37-4707-84d1-7f6e65a45993",
                  "88": "e7b64dcb-8cbc-465e-a7cb-b31e9358fba7"
                }
              },
              {
                "action": "allow",
                "cidr_list": [
                  "10.252.3.0/24"
                ],
                "icmp_code": 0,
                "icmp_type": 0,
                "ports": [
                  "464",
                  "88"
                ],
                "protocol": "udp",
                "traffic_type": "egress",
                "uuids": {
                  "464": "4b86392d-f69f-4fff-88a2-9d97d6178974",
                  "88": "a50c31cd-1e6b-4a3f-a884-55ce1c65d418"
                }
              },
              {
                "action": "allow",
                "cidr_list": [
                  "10.252.4.0/24"
                ],
                "icmp_code": 0,
                "icmp_type": 0,
                "ports": [
                  "123"
                ],
                "protocol": "udp",
                "traffic_type": "egress",
                "uuids": {
                  "123": "5707b172-49e1-4f94-9ced-83851798f2b3"
                }
              },
              {
                "action": "deny",
                "cidr_list": [
                  "0.0.0.0/0"
                ],
                "icmp_code": 0,
                "icmp_type": 0,
                "ports": [],
                "protocol": "all",
                "traffic_type": "egress",
                "uuids": {
                  "all": "c1d3c857-f508-4976-b3c9-c797c693c22b"
                }
              }
            ]
          },
          "sensitive_attributes": [],
          "identity_schema_version": 0,
          "private": "bnVsbA==",
          "dependencies": [
            "cloudstack_network_acl.proxy",
            "cloudstack_vpc.infra_vpc"
          ]
        }
      ]
    },
    {
      "mode": "managed",
      "type": "cloudstack_network_acl_rule",
      "name": "su",
      "provider": "provider[\"registry.terraform.io/cloudstack/cloudstack\"]",
      "instances": [
        {
          "schema_version": 0,
          "attributes": {
            "acl_id": "4185ff3d-3df8-43e6-ae6c-57597ec9a177",
            "id": "4185ff3d-3df8-43e6-ae6c-57597ec9a177",
            "managed": true,
            "parallelism": 2,
            "project": null,
            "rule": [
              {
                "action": "allow",
                "cidr_list": [
                  "0.0.0.0/0"
                ],
                "icmp_code": 0,
                "icmp_type": 0,
                "ports": [
                  "22"
                ],
                "protocol": "tcp",
                "traffic_type": "ingress",
                "uuids": {
                  "22": "883c9687-68df-4c7d-a61f-d21e5c5b6d13"
                }
              },
              {
                "action": "allow",
                "cidr_list": [
                  "10.252.0.0/16"
                ],
                "icmp_code": 0,
                "icmp_type": 0,
                "ports": [
                  "22"
                ],
                "protocol": "tcp",
                "traffic_type": "egress",
                "uuids": {
                  "22": "dca12e57-091d-41b5-9f70-3e2877c9ca8a"
                }
              },
              {
                "action": "allow",
                "cidr_list": [
                  "10.252.0.0/24"
                ],
                "icmp_code": 0,
                "icmp_type": 0,
                "ports": [
                  "22"
                ],
                "protocol": "tcp",
                "traffic_type": "ingress",
                "uuids": {
                  "22": "398c09a4-289e-4d14-a0cc-d17efc40c0c7"
                }
              },
              {
                "action": "allow",
                "cidr_list": [
                  "10.252.1.0/24"
                ],
                "icmp_code": 0,
                "icmp_type": 0,
                "ports": [
                  "53"
                ],
                "protocol": "tcp",
                "traffic_type": "egress",
                "uuids": {
                  "53": "641ca63f-e36c-4f4a-b95d-14fef6a268b9"
                }
              },
              {
                "action": "allow",
                "cidr_list": [
                  "10.252.1.0/24"
                ],
                "icmp_code": 0,
                "icmp_type": 0,
                "ports": [
                  "53"
                ],
                "protocol": "udp",
                "traffic_type": "egress",
                "uuids": {
                  "53": "772975c0-4908-4342-8647-de9bcb6a4889"
                }
              },
              {
                "action": "allow",
                "cidr_list": [
                  "10.252.2.0/24"
                ],
                "icmp_code": 0,
                "icmp_type": 0,
                "ports": [
                  "443",
                  "80"
                ],
                "protocol": "tcp",
                "traffic_type": "egress",
                "uuids": {
                  "443": "23154cb9-80f1-4cce-83b4-0972895cc466",
                  "80": "46f5c3f6-47d4-4fb6-8263-eb4232880848"
                }
              },
              {
                "action": "allow",
                "cidr_list": [
                  "10.252.3.0/24"
                ],
                "icmp_code": 0,
                "icmp_type": 0,
                "ports": [
                  "389",
                  "636"
                ],
                "protocol": "tcp",
                "traffic_type": "egress",
                "uuids": {
                  "389": "c8dfb482-1b6e-4d4b-9f00-b5435efb66b5",
                  "636": "ba59dd01-0803-4983-a7e9-61c4c58cb6fa"
                }
              },
              {
                "action": "allow",
                "cidr_list": [
                  "10.252.3.0/24"
                ],
                "icmp_code": 0,
                "icmp_type": 0,
                "ports": [
                  "443",
                  "80"
                ],
                "protocol": "tcp",
                "traffic_type": "egress",
                "uuids": {
                  "443": "77e9a62d-2cc0-4ec3-8dce-892d18166dda",
                  "80": "6dab295a-05c5-453b-a95b-ffa78983af2c"
                }
              },
              {
                "action": "allow",
                "cidr_list": [
                  "10.252.3.0/24"
                ],
                "icmp_code": 0,
                "icmp_type": 0,
                "ports": [
                  "464",
                  "88"
                ],
                "protocol": "tcp",
                "traffic_type": "egress",
                "uuids": {
                  "464": "30582309-4ecb-4291-a6f2-d7fd1d8c6ede",
                  "88": "e25f5e30-b424-40c5-b827-82a3c66b2d2e"
                }
              },
              {
                "action": "allow",
                "cidr_list": [
                  "10.252.3.0/24"
                ],
                "icmp_code": 0,
                "icmp_type": 0,
                "ports": [
                  "464",
                  "88"
                ],
                "protocol": "udp",
                "traffic_type": "egress",
                "uuids": {
                  "464": "ab1eaf82-df27-43d3-8d70-5f22a7922aa9",
                  "88": "80fd4056-e5a4-43b7-87cb-953c64798acd"
                }
              },
              {
                "action": "allow",
                "cidr_list": [
                  "10.252.4.0/24"
                ],
                "icmp_code": 0,
                "icmp_type": 0,
                "ports": [
                  "123"
                ],
                "protocol": "udp",
                "traffic_type": "egress",
                "uuids": {
                  "123": "213897ab-da2f-4802-9cf6-f5e3349e74f3"
                }
              },
              {
                "action": "deny",
                "cidr_list": [
                  "0.0.0.0/0"
                ],
                "icmp_code": 0,
                "icmp_type": 0,
                "ports": [],
                "protocol": "all",
                "traffic_type": "egress",
                "uuids": {
                  "all": "3ba98a70-7c1c-4c67-be9d-0132308fc6b9"
                }
              },
              {
                "action": "deny",
                "cidr_list": [
                  "10.252.0.0/16"
                ],
                "icmp_code": 0,
                "icmp_type": 0,
                "ports": [
                  "22"
                ],
                "protocol": "tcp",
                "traffic_type": "ingress",
                "uuids": {
                  "22": "a5332237-6aa7-46c2-a82a-3239f8108e01"
                }
              }
            ]
          },
          "sensitive_attributes": [],
          "identity_schema_version": 0,
          "private": "bnVsbA==",
          "dependencies": [
            "cloudstack_network_acl.su",
            "cloudstack_vpc.infra_vpc"
          ]
        }
      ]
    },
    {
      "mode": "managed",
      "type": "cloudstack_port_forward",
      "name": "bastion",
      "provider": "provider[\"registry.terraform.io/cloudstack/cloudstack\"]",
      "instances": [
        {
          "status": "tainted",
          "schema_version": 0,
          "attributes": {
            "forward": [
              {
                "private_port": 22,
                "protocol": "tcp",
                "public_port": 5022,
                "uuid": "",
                "virtual_machine_id": "bebcac94-65f5-4c73-8586-e6e860bcc17e",
                "vm_guest_ip": ""
              }
            ],
            "id": "02aae2fe-ae43-4030-8123-8967931fd7e1",
            "ip_address_id": "02aae2fe-ae43-4030-8123-8967931fd7e1",
            "managed": false,
            "project": null
          },
          "sensitive_attributes": [],
          "identity_schema_version": 0,
          "private": "bnVsbA==",
          "dependencies": [
            "cloudstack_ipaddress.bastion",
            "cloudstack_network.su",
            "cloudstack_network_acl.su",
            "cloudstack_template.rocky10",
            "cloudstack_vpc.infra_vpc",
            "module.instance_bastion.cloudstack_instance.this"
          ]
        }
      ]
    },
    {
      "mode": "managed",
      "type": "cloudstack_template",
      "name": "alma10",
      "provider": "provider[\"registry.terraform.io/cloudstack/cloudstack\"]",
      "instances": [
        {
          "schema_version": 0,
          "attributes": {
            "display_text": "AlmaLinux 10",
            "format": "QCOW2",
            "hypervisor": "KVM",
            "id": "a9bdc7f8-403b-4788-b391-125681bb19bb",
            "is_dynamically_scalable": false,
            "is_extractable": false,
            "is_featured": false,
            "is_public": false,
            "is_ready": true,
            "is_ready_timeout": 300,
            "name": "AlmaLinux 10",
            "os_type": "AlmaLinux 10",
            "password_enabled": false,
            "project": "infra",
            "tags": {},
            "url": "https://repo.almalinux.org/almalinux/10/cloud/x86_64_v2/images/AlmaLinux-10-GenericCloud-latest.x86_64_v2.qcow2",
            "zone": "testlab"
          },
          "sensitive_attributes": [],
          "identity_schema_version": 0
        }
      ]
    },
    {
      "mode": "managed",
      "type": "cloudstack_template",
      "name": "alma9",
      "provider": "provider[\"registry.terraform.io/cloudstack/cloudstack\"]",
      "instances": [
        {
          "schema_version": 0,
          "attributes": {
            "display_text": "AlmaLinux 9",
            "format": "QCOW2",
            "hypervisor": "KVM",
            "id": "f281c5fe-cd4d-48b3-953b-5f2d6b58ea42",
            "is_dynamically_scalable": false,
            "is_extractable": false,
            "is_featured": false,
            "is_public": false,
            "is_ready": true,
            "is_ready_timeout": 300,
            "name": "AlmaLinux 9",
            "os_type": "AlmaLinux 9",
            "password_enabled": false,
            "project": "infra",
            "tags": {},
            "url": "https://repo.almalinux.org/almalinux/9/cloud/x86_64/images/AlmaLinux-9-GenericCloud-latest.x86_64.qcow2",
            "zone": "testlab"
          },
          "sensitive_attributes": [],
          "identity_schema_version": 0
        }
      ]
    },
    {
      "mode": "managed",
      "type": "cloudstack_template",
      "name": "rocky10",
      "provider": "provider[\"registry.terraform.io/cloudstack/cloudstack\"]",
      "instances": [
        {
          "schema_version": 0,
          "attributes": {
            "display_text": "Rocky Linux 10",
            "format": "QCOW2",
            "hypervisor": "KVM",
            "id": "97ce9ec1-785b-41af-8594-6d4e140f7033",
            "is_dynamically_scalable": false,
            "is_extractable": false,
            "is_featured": false,
            "is_public": false,
            "is_ready": true,
            "is_ready_timeout": 300,
            "name": "Rocky Linux 10",
            "os_type": "Rocky Linux 10",
            "password_enabled": false,
            "project": "infra",
            "tags": {},
            "url": "https://dl.rockylinux.org/pub/rocky/10/images/x86_64/Rocky-10-GenericCloud-Base.latest.x86_64.qcow2",
            "zone": "testlab"
          },
          "sensitive_attributes": [],
          "identity_schema_version": 0
        }
      ]
    },
    {
      "mode": "managed",
      "type": "cloudstack_template",
      "name": "rocky9",
      "provider": "provider[\"registry.terraform.io/cloudstack/cloudstack\"]",
      "instances": [
        {
          "schema_version": 0,
          "attributes": {
            "display_text": "Rocky Linux 9 Base",
            "format": "QCOW2",
            "hypervisor": "KVM",
            "id": "59475338-9ff3-4288-afe3-385ac12da162",
            "is_dynamically_scalable": false,
            "is_extractable": false,
            "is_featured": false,
            "is_public": false,
            "is_ready": true,
            "is_ready_timeout": 300,
            "name": "Rocky Linux 9",
            "os_type": "Rocky Linux 9",
            "password_enabled": false,
            "project": "infra",
            "tags": {},
            "url": "https://dl.rockylinux.org/pub/rocky/9/images/x86_64/Rocky-9-GenericCloud.latest.x86_64.qcow2",
            "zone": "testlab"
          },
          "sensitive_attributes": [],
          "identity_schema_version": 0
        }
      ]
    },
    {
      "mode": "managed",
      "type": "cloudstack_template",
      "name": "ubuntu24",
      "provider": "provider[\"registry.terraform.io/cloudstack/cloudstack\"]",
      "instances": [
        {
          "schema_version": 0,
          "attributes": {
            "display_text": "Ubuntu 24.04 LTS x64",
            "format": "QCOW2",
            "hypervisor": "KVM",
            "id": "f6ea8026-0e94-4222-9335-f3935d5dbe0d",
            "is_dynamically_scalable": false,
            "is_extractable": false,
            "is_featured": false,
            "is_public": false,
            "is_ready": true,
            "is_ready_timeout": 300,
            "name": "Ubuntu 24.04 LTS x64",
            "os_type": "Ubuntu 24.04 LTS",
            "password_enabled": false,
            "project": "infra",
            "tags": {},
            "url": "https://cloud-images.ubuntu.com/noble/current/noble-server-cloudimg-amd64.img",
            "zone": "testlab"
          },
          "sensitive_attributes": [],
          "identity_schema_version": 0
        }
      ]
    },
    {
      "mode": "managed",
      "type": "cloudstack_vpc",
      "name": "infra_vpc",
      "provider": "provider[\"registry.terraform.io/cloudstack/cloudstack\"]",
      "instances": [
        {
          "schema_version": 0,
          "attributes": {
            "cidr": "10.252.0.0/16",
            "display_text": "infra_vpc",
            "id": "62940001-aa31-4da1-abf4-5a8c4f7a7f76",
            "name": "infra_vpc",
            "network_domain": "pc.testenv.bradhouse.dev",
            "project": "infra",
            "source_nat_ip": "192.168.1.92",
            "tags": {},
            "vpc_offering": "VPC HA",
            "zone": "testlab"
          },
          "sensitive_attributes": [],
          "identity_schema_version": 0
        }
      ]
    },
    {
      "module": "module.instance_bastion",
      "mode": "managed",
      "type": "cloudstack_instance",
      "name": "this",
      "provider": "provider[\"registry.terraform.io/cloudstack/cloudstack\"]",
      "instances": [
        {
          "schema_version": 0,
          "attributes": {
            "affinity_group_ids": null,
            "affinity_group_names": null,
            "cluster_id": null,
            "details": {
              "dataDiskController": "scsi",
              "io.policy": "io_uring",
              "iothreads": "1",
              "rootDiskController": "scsi"
            },
            "display_name": "bastion",
            "expunge": true,
            "group": "bastion",
            "host_id": null,
            "id": "bebcac94-65f5-4c73-8586-e6e860bcc17e",
            "ip_address": "10.252.0.10",
            "keypair": null,
            "name": "bastion",
            "network_id": "74a82486-2419-4902-92ec-3604f4f1ebf1",
            "nicnetworklist": null,
            "pod_id": null,
            "project": "infra",
            "properties": null,
            "root_disk_size": 20,
            "security_group_ids": null,
            "security_group_names": null,
            "service_offering": "g1.1c2g",
            "start_vm": true,
            "tags": {},
            "template": "97ce9ec1-785b-41af-8594-6d4e140f7033",
            "uefi": true,
            "user_data": "",
            "zone": "testlab"
          },
          "sensitive_attributes": [],
          "identity_schema_version": 0,
          "dependencies": [
            "cloudstack_network.su",
            "cloudstack_network_acl.su",
            "cloudstack_template.rocky10",
            "cloudstack_vpc.infra_vpc"
          ]
        }
      ]
    },
    {
      "module": "module.instance_cacheproxy",
      "mode": "managed",
      "type": "cloudstack_instance",
      "name": "this",
      "provider": "provider[\"registry.terraform.io/cloudstack/cloudstack\"]",
      "instances": [
        {
          "schema_version": 0,
          "attributes": {
            "affinity_group_ids": null,
            "affinity_group_names": null,
            "cluster_id": null,
            "details": {
              "dataDiskController": "scsi",
              "io.policy": "io_uring",
              "iothreads": "1",
              "rootDiskController": "scsi"
            },
            "display_name": "cacheproxy1",
            "expunge": true,
            "group": "cacheproxy",
            "host_id": null,
            "id": "a696d0ba-f4c0-4b66-b8aa-e52177d03f5b",
            "ip_address": "10.252.5.21",
            "keypair": null,
            "name": "cacheproxy1",
            "network_id": "7299faa2-6e9b-4da3-b382-a0f18cd8d8df",
            "nicnetworklist": null,
            "pod_id": null,
            "project": "infra",
            "properties": null,
            "root_disk_size": 100,
            "security_group_ids": null,
            "security_group_names": null,
            "service_offering": "g1.2c4g",
            "start_vm": true,
            "tags": {},
            "template": "97ce9ec1-785b-41af-8594-6d4e140f7033",
            "uefi": true,
            "user_data": "",
            "zone": "testlab"
          },
          "sensitive_attributes": [],
          "identity_schema_version": 0,
          "dependencies": [
            "cloudstack_network.proxy",
            "cloudstack_network_acl.proxy",
            "cloudstack_template.rocky10",
            "cloudstack_vpc.infra_vpc"
          ]
        }
      ]
    },
    {
      "module": "module.instance_dns1",
      "mode": "managed",
      "type": "cloudstack_instance",
      "name": "this",
      "provider": "provider[\"registry.terraform.io/cloudstack/cloudstack\"]",
      "instances": [
        {
          "schema_version": 0,
          "attributes": {
            "affinity_group_ids": null,
            "affinity_group_names": null,
            "cluster_id": null,
            "details": {
              "dataDiskController": "scsi",
              "io.policy": "io_uring",
              "iothreads": "1",
              "rootDiskController": "scsi"
            },
            "display_name": "dns1",
            "expunge": true,
            "group": "dns",
            "host_id": null,
            "id": "b7e0d07e-0a43-4a95-aa6f-0a839cf44d90",
            "ip_address": "10.252.1.11",
            "keypair": null,
            "name": "dns1",
            "network_id": "b0f8295b-02cf-4872-98b0-355599d75f19",
            "nicnetworklist": null,
            "pod_id": null,
            "project": "infra",
            "properties": null,
            "root_disk_size": 20,
            "security_group_ids": null,
            "security_group_names": null,
            "service_offering": "g1.1c2g",
            "start_vm": true,
            "tags": {},
            "template": "97ce9ec1-785b-41af-8594-6d4e140f7033",
            "uefi": true,
            "user_data": "",
            "zone": "testlab"
          },
          "sensitive_attributes": [],
          "identity_schema_version": 0,
          "dependencies": [
            "cloudstack_network.dns",
            "cloudstack_network_acl.dns",
            "cloudstack_template.rocky10",
            "cloudstack_vpc.infra_vpc"
          ]
        }
      ]
    },
    {
      "module": "module.instance_dns2",
      "mode": "managed",
      "type": "cloudstack_instance",
      "name": "this",
      "provider": "provider[\"registry.terraform.io/cloudstack/cloudstack\"]",
      "instances": [
        {
          "schema_version": 0,
          "attributes": {
            "affinity_group_ids": null,
            "affinity_group_names": null,
            "cluster_id": null,
            "details": {
              "dataDiskController": "scsi",
              "io.policy": "io_uring",
              "iothreads": "1",
              "rootDiskController": "scsi"
            },
            "display_name": "dns2",
            "expunge": true,
            "group": "dns",
            "host_id": null,
            "id": "919d8bf4-2153-4e83-a793-32899168a5e5",
            "ip_address": "10.252.1.12",
            "keypair": null,
            "name": "dns2",
            "network_id": "b0f8295b-02cf-4872-98b0-355599d75f19",
            "nicnetworklist": null,
            "pod_id": null,
            "project": "infra",
            "properties": null,
            "root_disk_size": 20,
            "security_group_ids": null,
            "security_group_names": null,
            "service_offering": "g1.1c2g",
            "start_vm": true,
            "tags": {},
            "template": "97ce9ec1-785b-41af-8594-6d4e140f7033",
            "uefi": true,
            "user_data": "",
            "zone": "testlab"
          },
          "sensitive_attributes": [],
          "identity_schema_version": 0,
          "dependencies": [
            "cloudstack_network.dns",
            "cloudstack_network_acl.dns",
            "cloudstack_template.rocky10",
            "cloudstack_vpc.infra_vpc"
          ]
        }
      ]
    },
    {
      "module": "module.instance_gutproxy",
      "mode": "managed",
      "type": "cloudstack_instance",
      "name": "this",
      "provider": "provider[\"registry.terraform.io/cloudstack/cloudstack\"]",
      "instances": [
        {
          "schema_version": 0,
          "attributes": {
            "affinity_group_ids": null,
            "affinity_group_names": null,
            "cluster_id": null,
            "details": {
              "dataDiskController": "scsi",
              "io.policy": "io_uring",
              "iothreads": "1",
              "rootDiskController": "scsi"
            },
            "display_name": "gitproxy1",
            "expunge": true,
            "group": "gitproxy",
            "host_id": null,
            "id": "9b5e58c2-f516-419d-a8c5-ec90d9e5f5de",
            "ip_address": "10.252.5.31",
            "keypair": null,
            "name": "gitproxy1",
            "network_id": "7299faa2-6e9b-4da3-b382-a0f18cd8d8df",
            "nicnetworklist": null,
            "pod_id": null,
            "project": "infra",
            "properties": null,
            "root_disk_size": 100,
            "security_group_ids": null,
            "security_group_names": null,
            "service_offering": "g1.2c4g",
            "start_vm": true,
            "tags": {},
            "template": "97ce9ec1-785b-41af-8594-6d4e140f7033",
            "uefi": true,
            "user_data": "5f01516f1d7a9a4b8059c8f98d7e7477093fcda5",
            "zone": "testlab"
          },
          "sensitive_attributes": [],
          "identity_schema_version": 0,
          "dependencies": [
            "cloudstack_network.proxy",
            "cloudstack_network_acl.proxy",
            "cloudstack_template.rocky10",
            "cloudstack_vpc.infra_vpc"
          ]
        }
      ]
    },
    {
      "module": "module.instance_ipa1",
      "mode": "managed",
      "type": "cloudstack_instance",
      "name": "this",
      "provider": "provider[\"registry.terraform.io/cloudstack/cloudstack\"]",
      "instances": [
        {
          "schema_version": 0,
          "attributes": {
            "affinity_group_ids": null,
            "affinity_group_names": null,
            "cluster_id": null,
            "details": {
              "dataDiskController": "scsi",
              "io.policy": "io_uring",
              "iothreads": "1",
              "rootDiskController": "scsi"
            },
            "display_name": "ipa1",
            "expunge": true,
            "group": "ipa",
            "host_id": null,
            "id": "334db1f8-fa69-496e-8986-6a13be756926",
            "ip_address": "10.252.3.11",
            "keypair": null,
            "name": "ipa1",
            "network_id": "3de09a1c-3c25-4761-9da7-f8447c8055ef",
            "nicnetworklist": null,
            "pod_id": null,
            "project": "infra",
            "properties": null,
            "root_disk_size": 40,
            "security_group_ids": null,
            "security_group_names": null,
            "service_offering": "g1.2c4g",
            "start_vm": true,
            "tags": {},
            "template": "97ce9ec1-785b-41af-8594-6d4e140f7033",
            "uefi": true,
            "user_data": "ce99b9b6c43075884992677cc93102b6a8e9b4d7",
            "zone": "testlab"
          },
          "sensitive_attributes": [],
          "identity_schema_version": 0,
          "dependencies": [
            "cloudstack_network.ipa",
            "cloudstack_network_acl.ipa",
            "cloudstack_template.rocky10",
            "cloudstack_vpc.infra_vpc"
          ]
        }
      ]
    },
    {
      "module": "module.instance_ipa2",
      "mode": "managed",
      "type": "cloudstack_instance",
      "name": "this",
      "provider": "provider[\"registry.terraform.io/cloudstack/cloudstack\"]",
      "instances": [
        {
          "schema_version": 0,
          "attributes": {
            "affinity_group_ids": null,
            "affinity_group_names": null,
            "cluster_id": null,
            "details": {
              "dataDiskController": "scsi",
              "io.policy": "io_uring",
              "iothreads": "1",
              "rootDiskController": "scsi"
            },
            "display_name": "ipa2",
            "expunge": true,
            "group": "ipa",
            "host_id": null,
            "id": "f3189ed5-7c6d-467c-8533-f98cb0ef2297",
            "ip_address": "10.252.3.12",
            "keypair": null,
            "name": "ipa2",
            "network_id": "3de09a1c-3c25-4761-9da7-f8447c8055ef",
            "nicnetworklist": null,
            "pod_id": null,
            "project": "infra",
            "properties": null,
            "root_disk_size": 40,
            "security_group_ids": null,
            "security_group_names": null,
            "service_offering": "g1.2c4g",
            "start_vm": true,
            "tags": {},
            "template": "97ce9ec1-785b-41af-8594-6d4e140f7033",
            "uefi": true,
            "user_data": "ce99b9b6c43075884992677cc93102b6a8e9b4d7",
            "zone": "testlab"
          },
          "sensitive_attributes": [],
          "identity_schema_version": 0,
          "dependencies": [
            "cloudstack_network.ipa",
            "cloudstack_network_acl.ipa",
            "cloudstack_template.rocky10",
            "cloudstack_vpc.infra_vpc"
          ]
        }
      ]
    },
    {
      "module": "module.instance_ipa3",
      "mode": "managed",
      "type": "cloudstack_instance",
      "name": "this",
      "provider": "provider[\"registry.terraform.io/cloudstack/cloudstack\"]",
      "instances": [
        {
          "schema_version": 0,
          "attributes": {
            "affinity_group_ids": null,
            "affinity_group_names": null,
            "cluster_id": null,
            "details": {
              "dataDiskController": "scsi",
              "io.policy": "io_uring",
              "iothreads": "1",
              "rootDiskController": "scsi"
            },
            "display_name": "ipa3",
            "expunge": true,
            "group": "ipa",
            "host_id": null,
            "id": "61d9e6f1-c93a-45ec-812c-7f3e172dd5f3",
            "ip_address": "10.252.3.13",
            "keypair": null,
            "name": "ipa3",
            "network_id": "3de09a1c-3c25-4761-9da7-f8447c8055ef",
            "nicnetworklist": null,
            "pod_id": null,
            "project": "infra",
            "properties": null,
            "root_disk_size": 40,
            "security_group_ids": null,
            "security_group_names": null,
            "service_offering": "g1.2c4g",
            "start_vm": true,
            "tags": {},
            "template": "97ce9ec1-785b-41af-8594-6d4e140f7033",
            "uefi": true,
            "user_data": "ce99b9b6c43075884992677cc93102b6a8e9b4d7",
            "zone": "testlab"
          },
          "sensitive_attributes": [],
          "identity_schema_version": 0,
          "dependencies": [
            "cloudstack_network.ipa",
            "cloudstack_network_acl.ipa",
            "cloudstack_template.rocky10",
            "cloudstack_vpc.infra_vpc"
          ]
        }
      ]
    },
    {
      "module": "module.instance_ldapproxy",
      "mode": "managed",
      "type": "cloudstack_instance",
      "name": "this",
      "provider": "provider[\"registry.terraform.io/cloudstack/cloudstack\"]",
      "instances": [
        {
          "schema_version": 0,
          "attributes": {
            "affinity_group_ids": null,
            "affinity_group_names": null,
            "cluster_id": null,
            "details": {
              "dataDiskController": "scsi",
              "io.policy": "io_uring",
              "iothreads": "1",
              "rootDiskController": "scsi"
            },
            "display_name": "ldapproxy1",
            "expunge": true,
            "group": "ldapproxy",
            "host_id": null,
            "id": "79f2f32f-59c8-4599-b7b8-cb15527148ed",
            "ip_address": "10.252.6.11",
            "keypair": null,
            "name": "ldapproxy1",
            "network_id": "401a1f92-c560-498f-a359-c7dc637d5281",
            "nicnetworklist": null,
            "pod_id": null,
            "project": "infra",
            "properties": null,
            "root_disk_size": 20,
            "security_group_ids": null,
            "security_group_names": null,
            "service_offering": "g1.2c4g",
            "start_vm": true,
            "tags": {},
            "template": "97ce9ec1-785b-41af-8594-6d4e140f7033",
            "uefi": true,
            "user_data": "ce99b9b6c43075884992677cc93102b6a8e9b4d7",
            "zone": "testlab"
          },
          "sensitive_attributes": [],
          "identity_schema_version": 0,
          "dependencies": [
            "cloudstack_network.ldapproxy",
            "cloudstack_network_acl.ldapproxy",
            "cloudstack_template.rocky10",
            "cloudstack_vpc.infra_vpc"
          ]
        }
      ]
    },
    {
      "module": "module.instance_mirror",
      "mode": "managed",
      "type": "cloudstack_instance",
      "name": "this",
      "provider": "provider[\"registry.terraform.io/cloudstack/cloudstack\"]",
      "instances": [
        {
          "schema_version": 0,
          "attributes": {
            "affinity_group_ids": null,
            "affinity_group_names": null,
            "cluster_id": null,
            "details": {
              "dataDiskController": "scsi",
              "io.policy": "io_uring",
              "iothreads": "1",
              "rootDiskController": "scsi"
            },
            "display_name": "mirror1",
            "expunge": true,
            "group": "mirror",
            "host_id": null,
            "id": "e4df9278-c24b-4533-aee2-8a096e75ff3c",
            "ip_address": "10.252.2.11",
            "keypair": null,
            "name": "mirror1",
            "network_id": "8bd5d3ff-8d02-4a63-af36-f3c6de56fbd8",
            "nicnetworklist": null,
            "pod_id": null,
            "project": "infra",
            "properties": null,
            "root_disk_size": 20,
            "security_group_ids": null,
            "security_group_names": null,
            "service_offering": "g1.2c4g",
            "start_vm": true,
            "tags": {},
            "template": "97ce9ec1-785b-41af-8594-6d4e140f7033",
            "uefi": true,
            "user_data": "d86384efb40452af9b8209e92f2ded49e93096dc",
            "zone": "testlab"
          },
          "sensitive_attributes": [],
          "identity_schema_version": 0,
          "dependencies": [
            "cloudstack_network.mirror",
            "cloudstack_network_acl.mirror",
            "cloudstack_template.rocky10",
            "cloudstack_vpc.infra_vpc"
          ]
        }
      ]
    },
    {
      "module": "module.instance_nfs1",
      "mode": "managed",
      "type": "cloudstack_instance",
      "name": "this",
      "provider": "provider[\"registry.terraform.io/cloudstack/cloudstack\"]",
      "instances": [
        {
          "schema_version": 0,
          "attributes": {
            "affinity_group_ids": null,
            "affinity_group_names": null,
            "cluster_id": null,
            "details": {
              "dataDiskController": "scsi",
              "io.policy": "io_uring",
              "iothreads": "1",
              "rootDiskController": "scsi"
            },
            "display_name": "nfs1",
            "expunge": true,
            "group": "nfs",
            "host_id": null,
            "id": "3b83464b-5d38-4bde-96a6-5e55e2a861d8",
            "ip_address": "10.252.7.11",
            "keypair": null,
            "name": "nfs1",
            "network_id": "abe2e68d-405e-48a3-8630-61e4721b0bf6",
            "nicnetworklist": null,
            "pod_id": null,
            "project": "infra",
            "properties": null,
            "root_disk_size": 20,
            "security_group_ids": null,
            "security_group_names": null,
            "service_offering": "g1.2c4g",
            "start_vm": true,
            "tags": {},
            "template": "97ce9ec1-785b-41af-8594-6d4e140f7033",
            "uefi": true,
            "user_data": "5f01516f1d7a9a4b8059c8f98d7e7477093fcda5",
            "zone": "testlab"
          },
          "sensitive_attributes": [],
          "identity_schema_version": 0,
          "dependencies": [
            "cloudstack_network.nfs",
            "cloudstack_network_acl.nfs",
            "cloudstack_template.rocky10",
            "cloudstack_vpc.infra_vpc"
          ]
        }
      ]
    },
    {
      "module": "module.instance_nfs2",
      "mode": "managed",
      "type": "cloudstack_instance",
      "name": "this",
      "provider": "provider[\"registry.terraform.io/cloudstack/cloudstack\"]",
      "instances": [
        {
          "schema_version": 0,
          "attributes": {
            "affinity_group_ids": null,
            "affinity_group_names": null,
            "cluster_id": null,
            "details": {
              "dataDiskController": "scsi",
              "io.policy": "io_uring",
              "iothreads": "1",
              "rootDiskController": "scsi"
            },
            "display_name": "nfs2",
            "expunge": true,
            "group": "nfs",
            "host_id": null,
            "id": "e3554a81-a634-4ad9-ba2e-280649a6adab",
            "ip_address": "10.252.7.12",
            "keypair": null,
            "name": "nfs2",
            "network_id": "abe2e68d-405e-48a3-8630-61e4721b0bf6",
            "nicnetworklist": null,
            "pod_id": null,
            "project": "infra",
            "properties": null,
            "root_disk_size": 20,
            "security_group_ids": null,
            "security_group_names": null,
            "service_offering": "g1.2c4g",
            "start_vm": true,
            "tags": {},
            "template": "97ce9ec1-785b-41af-8594-6d4e140f7033",
            "uefi": true,
            "user_data": "5f01516f1d7a9a4b8059c8f98d7e7477093fcda5",
            "zone": "testlab"
          },
          "sensitive_attributes": [],
          "identity_schema_version": 0,
          "dependencies": [
            "cloudstack_network.nfs",
            "cloudstack_network_acl.nfs",
            "cloudstack_template.rocky10",
            "cloudstack_vpc.infra_vpc"
          ]
        }
      ]
    },
    {
      "module": "module.instance_ntp1",
      "mode": "managed",
      "type": "cloudstack_instance",
      "name": "this",
      "provider": "provider[\"registry.terraform.io/cloudstack/cloudstack\"]",
      "instances": [
        {
          "schema_version": 0,
          "attributes": {
            "affinity_group_ids": null,
            "affinity_group_names": null,
            "cluster_id": null,
            "details": {
              "dataDiskController": "scsi",
              "io.policy": "io_uring",
              "iothreads": "1",
              "rootDiskController": "scsi"
            },
            "display_name": "ntp1",
            "expunge": true,
            "group": "ntp",
            "host_id": null,
            "id": "abcb7c7b-adaa-4a4a-9dd0-3794dd14bf23",
            "ip_address": "10.252.4.11",
            "keypair": null,
            "name": "ntp1",
            "network_id": "fd888f85-038c-480d-98dc-a862bf85004b",
            "nicnetworklist": null,
            "pod_id": null,
            "project": "infra",
            "properties": null,
            "root_disk_size": 20,
            "security_group_ids": null,
            "security_group_names": null,
            "service_offering": "g1.1c2g",
            "start_vm": true,
            "tags": {},
            "template": "97ce9ec1-785b-41af-8594-6d4e140f7033",
            "uefi": true,
            "user_data": "d86384efb40452af9b8209e92f2ded49e93096dc",
            "zone": "testlab"
          },
          "sensitive_attributes": [],
          "identity_schema_version": 0,
          "dependencies": [
            "cloudstack_network.ntp",
            "cloudstack_network_acl.ntp",
            "cloudstack_template.rocky10",
            "cloudstack_vpc.infra_vpc"
          ]
        }
      ]
    },
    {
      "module": "module.instance_ntp2",
      "mode": "managed",
      "type": "cloudstack_instance",
      "name": "this",
      "provider": "provider[\"registry.terraform.io/cloudstack/cloudstack\"]",
      "instances": [
        {
          "schema_version": 0,
          "attributes": {
            "affinity_group_ids": null,
            "affinity_group_names": null,
            "cluster_id": null,
            "details": {
              "dataDiskController": "scsi",
              "io.policy": "io_uring",
              "iothreads": "1",
              "rootDiskController": "scsi"
            },
            "display_name": "ntp2",
            "expunge": true,
            "group": "ntp",
            "host_id": null,
            "id": "7b5b128e-0cdf-46f5-86de-5e8bd209f939",
            "ip_address": "10.252.4.12",
            "keypair": null,
            "name": "ntp2",
            "network_id": "fd888f85-038c-480d-98dc-a862bf85004b",
            "nicnetworklist": null,
            "pod_id": null,
            "project": "infra",
            "properties": null,
            "root_disk_size": 20,
            "security_group_ids": null,
            "security_group_names": null,
            "service_offering": "g1.1c2g",
            "start_vm": true,
            "tags": {},
            "template": "97ce9ec1-785b-41af-8594-6d4e140f7033",
            "uefi": true,
            "user_data": "d86384efb40452af9b8209e92f2ded49e93096dc",
            "zone": "testlab"
          },
          "sensitive_attributes": [],
          "identity_schema_version": 0,
          "dependencies": [
            "cloudstack_network.ntp",
            "cloudstack_network_acl.ntp",
            "cloudstack_template.rocky10",
            "cloudstack_vpc.infra_vpc"
          ]
        }
      ]
    },
    {
      "module": "module.instance_secureproxy",
      "mode": "managed",
      "type": "cloudstack_instance",
      "name": "this",
      "provider": "provider[\"registry.terraform.io/cloudstack/cloudstack\"]",
      "instances": [
        {
          "schema_version": 0,
          "attributes": {
            "affinity_group_ids": null,
            "affinity_group_names": null,
            "cluster_id": null,
            "details": {
              "dataDiskController": "scsi",
              "io.policy": "io_uring",
              "iothreads": "1",
              "rootDiskController": "scsi"
            },
            "display_name": "secureproxy1",
            "expunge": true,
            "group": "secureproxy",
            "host_id": null,
            "id": "f9ee689d-2c79-4206-9ba3-6a57391b7c9c",
            "ip_address": "10.252.5.11",
            "keypair": null,
            "name": "secureproxy1",
            "network_id": "7299faa2-6e9b-4da3-b382-a0f18cd8d8df",
            "nicnetworklist": null,
            "pod_id": null,
            "project": "infra",
            "properties": null,
            "root_disk_size": 20,
            "security_group_ids": null,
            "security_group_names": null,
            "service_offering": "g1.2c4g",
            "start_vm": true,
            "tags": {},
            "template": "97ce9ec1-785b-41af-8594-6d4e140f7033",
            "uefi": true,
            "user_data": "",
            "zone": "testlab"
          },
          "sensitive_attributes": [],
          "identity_schema_version": 0,
          "dependencies": [
            "cloudstack_network.proxy",
            "cloudstack_network_acl.proxy",
            "cloudstack_template.rocky10",
            "cloudstack_vpc.infra_vpc"
          ]
        }
      ]
    }
  ],
  "check_results": null
}
