{
  "version": 4,
  "terraform_version": "1.14.6",
  "serial": 153,
  "lineage": "c07d30c9-af42-f978-07b1-90c1c9f2a5c0",
  "outputs": {},
  "resources": [
    {
      "mode": "managed",
      "type": "cloudstack_affinity_group",
      "name": "dns",
      "provider": "provider[\"local/cloudstack/cloudstack\"]",
      "instances": [
        {
          "schema_version": 0,
          "attributes": {
            "description": "dns",
            "id": "7f1dfe04-1b68-4822-adfb-8f38a6e4893e",
            "name": "dns",
            "project": "infra",
            "type": "non-strict host anti-affinity"
          },
          "sensitive_attributes": [],
          "identity_schema_version": 0,
          "private": "bnVsbA=="
        }
      ]
    },
    {
      "mode": "managed",
      "type": "cloudstack_affinity_group",
      "name": "ipa",
      "provider": "provider[\"local/cloudstack/cloudstack\"]",
      "instances": [
        {
          "schema_version": 0,
          "attributes": {
            "description": "ipa",
            "id": "a3d18a74-56b8-4f5f-9625-87d40950e773",
            "name": "ipa",
            "project": "infra",
            "type": "non-strict host anti-affinity"
          },
          "sensitive_attributes": [],
          "identity_schema_version": 0,
          "private": "bnVsbA=="
        }
      ]
    },
    {
      "mode": "managed",
      "type": "cloudstack_affinity_group",
      "name": "nfs",
      "provider": "provider[\"local/cloudstack/cloudstack\"]",
      "instances": [
        {
          "schema_version": 0,
          "attributes": {
            "description": "nfs",
            "id": "f45d8ff1-1ead-4110-a556-1de512961b3b",
            "name": "nfs",
            "project": "infra",
            "type": "non-strict host anti-affinity"
          },
          "sensitive_attributes": [],
          "identity_schema_version": 0,
          "private": "bnVsbA=="
        }
      ]
    },
    {
      "mode": "managed",
      "type": "cloudstack_affinity_group",
      "name": "ntp",
      "provider": "provider[\"local/cloudstack/cloudstack\"]",
      "instances": [
        {
          "schema_version": 0,
          "attributes": {
            "description": "ntp",
            "id": "e3339745-bbc0-4754-8238-ae2040fa6214",
            "name": "ntp",
            "project": "infra",
            "type": "non-strict host anti-affinity"
          },
          "sensitive_attributes": [],
          "identity_schema_version": 0,
          "private": "bnVsbA=="
        }
      ]
    },
    {
      "mode": "managed",
      "type": "cloudstack_disk",
      "name": "mirror_data_disk",
      "provider": "provider[\"local/cloudstack/cloudstack\"]",
      "instances": [
        {
          "schema_version": 0,
          "attributes": {
            "attach": true,
            "device_id": 1,
            "disk_offering": "Custom - WriteBack",
            "id": "78e255b9-4f2e-482e-bd0b-9ecacbec3199",
            "name": "mirror_data_disk",
            "project": "infra",
            "reattach_on_change": false,
            "shrink_ok": false,
            "size": 8192,
            "tags": {},
            "virtual_machine_id": "9fb70a26-3700-4246-be73-2579797d3c24",
            "zone": "testlab"
          },
          "sensitive_attributes": [],
          "identity_schema_version": 0,
          "private": "bnVsbA==",
          "dependencies": [
            "cloudstack_network.mirror",
            "cloudstack_network_acl.mirror",
            "cloudstack_template.rocky10",
            "cloudstack_vpc.infra_vpc",
            "module.instance_mirror.cloudstack_instance.this"
          ]
        }
      ]
    },
    {
      "mode": "managed",
      "type": "cloudstack_ipaddress",
      "name": "bastion",
      "provider": "provider[\"local/cloudstack/cloudstack\"]",
      "instances": [
        {
          "schema_version": 0,
          "attributes": {
            "id": "1934f691-8ce2-4c1d-bac3-d0a7b0e3c92b",
            "ip_address": "192.168.1.94",
            "is_portable": false,
            "is_source_nat": false,
            "network_id": null,
            "project": "infra",
            "tags": {},
            "vpc_id": "f10b0219-a515-4ef1-b24b-e3c4bb35c9cf",
            "zone": "testlab"
          },
          "sensitive_attributes": [],
          "identity_schema_version": 0,
          "private": "bnVsbA==",
          "dependencies": [
            "cloudstack_vpc.infra_vpc"
          ]
        }
      ]
    },
    {
      "mode": "managed",
      "type": "cloudstack_network",
      "name": "dns",
      "provider": "provider[\"local/cloudstack/cloudstack\"]",
      "instances": [
        {
          "schema_version": 0,
          "attributes": {
            "acl_id": "2d7f0447-ec16-47e3-a214-4e36fd60bade",
            "cidr": "10.252.1.0/24",
            "display_text": "dns",
            "endip": null,
            "endipv6": null,
            "gateway": "10.252.1.1",
            "id": "e6e7f6d9-50b3-4996-a1fb-e184ebe816f4",
            "ip6cidr": "",
            "ip6gateway": "",
            "name": "dns",
            "network_domain": "pc.testenv.bradhouse.dev",
            "network_offering": "ConfigDriveIsolatedNetworkOfferingForVpcNetworks",
            "project": "infra",
            "source_nat_ip": null,
            "source_nat_ip_address": null,
            "source_nat_ip_id": null,
            "startip": null,
            "startipv6": null,
            "tags": {},
            "vlan": null,
            "vpc_id": "f10b0219-a515-4ef1-b24b-e3c4bb35c9cf",
            "zone": "testlab"
          },
          "sensitive_attributes": [],
          "identity_schema_version": 0,
          "private": "bnVsbA==",
          "dependencies": [
            "cloudstack_network_acl.dns",
            "cloudstack_vpc.infra_vpc"
          ]
        }
      ]
    },
    {
      "mode": "managed",
      "type": "cloudstack_network",
      "name": "ipa",
      "provider": "provider[\"local/cloudstack/cloudstack\"]",
      "instances": [
        {
          "schema_version": 0,
          "attributes": {
            "acl_id": "ee9f7b11-101a-4c84-8d28-09febed4f8bc",
            "cidr": "10.252.3.0/24",
            "display_text": "ipa",
            "endip": null,
            "endipv6": null,
            "gateway": "10.252.3.1",
            "id": "1ad7025f-ad94-4afc-afde-0726797fe93f",
            "ip6cidr": "",
            "ip6gateway": "",
            "name": "ipa",
            "network_domain": "pc.testenv.bradhouse.dev",
            "network_offering": "ConfigDriveIsolatedNetworkOfferingForVpcNetworks",
            "project": "infra",
            "source_nat_ip": null,
            "source_nat_ip_address": null,
            "source_nat_ip_id": null,
            "startip": null,
            "startipv6": null,
            "tags": {},
            "vlan": null,
            "vpc_id": "f10b0219-a515-4ef1-b24b-e3c4bb35c9cf",
            "zone": "testlab"
          },
          "sensitive_attributes": [],
          "identity_schema_version": 0,
          "private": "bnVsbA==",
          "dependencies": [
            "cloudstack_network_acl.ipa",
            "cloudstack_vpc.infra_vpc"
          ]
        }
      ]
    },
    {
      "mode": "managed",
      "type": "cloudstack_network",
      "name": "ldapproxy",
      "provider": "provider[\"local/cloudstack/cloudstack\"]",
      "instances": [
        {
          "schema_version": 0,
          "attributes": {
            "acl_id": "230a9fd3-16cd-4499-b4f8-4794864e0299",
            "cidr": "10.252.6.0/24",
            "display_text": "ldapproxy",
            "endip": null,
            "endipv6": null,
            "gateway": "10.252.6.1",
            "id": "da76e29b-735f-45ed-a02e-c11e328416a1",
            "ip6cidr": "",
            "ip6gateway": "",
            "name": "ldapproxy",
            "network_domain": "pc.testenv.bradhouse.dev",
            "network_offering": "ConfigDriveIsolatedNetworkOfferingForVpcNetworks",
            "project": "infra",
            "source_nat_ip": null,
            "source_nat_ip_address": null,
            "source_nat_ip_id": null,
            "startip": null,
            "startipv6": null,
            "tags": {},
            "vlan": null,
            "vpc_id": "f10b0219-a515-4ef1-b24b-e3c4bb35c9cf",
            "zone": "testlab"
          },
          "sensitive_attributes": [],
          "identity_schema_version": 0,
          "private": "bnVsbA==",
          "dependencies": [
            "cloudstack_network_acl.ldapproxy",
            "cloudstack_vpc.infra_vpc"
          ]
        }
      ]
    },
    {
      "mode": "managed",
      "type": "cloudstack_network",
      "name": "mirror",
      "provider": "provider[\"local/cloudstack/cloudstack\"]",
      "instances": [
        {
          "schema_version": 0,
          "attributes": {
            "acl_id": "08dca592-30d8-44e8-bfaa-1b3fe259b8db",
            "cidr": "10.252.2.0/24",
            "display_text": "mirror",
            "endip": null,
            "endipv6": null,
            "gateway": "10.252.2.1",
            "id": "3c29bcf0-f490-4f65-a687-3040d95da28a",
            "ip6cidr": "",
            "ip6gateway": "",
            "name": "mirror",
            "network_domain": "pc.testenv.bradhouse.dev",
            "network_offering": "ConfigDriveIsolatedNetworkOfferingForVpcNetworks",
            "project": "infra",
            "source_nat_ip": null,
            "source_nat_ip_address": null,
            "source_nat_ip_id": null,
            "startip": null,
            "startipv6": null,
            "tags": {},
            "vlan": null,
            "vpc_id": "f10b0219-a515-4ef1-b24b-e3c4bb35c9cf",
            "zone": "testlab"
          },
          "sensitive_attributes": [],
          "identity_schema_version": 0,
          "private": "bnVsbA==",
          "dependencies": [
            "cloudstack_network_acl.mirror",
            "cloudstack_vpc.infra_vpc"
          ]
        }
      ]
    },
    {
      "mode": "managed",
      "type": "cloudstack_network",
      "name": "nfs",
      "provider": "provider[\"local/cloudstack/cloudstack\"]",
      "instances": [
        {
          "schema_version": 0,
          "attributes": {
            "acl_id": "b940aa1c-3111-49e2-867e-21dd6bcd4a99",
            "cidr": "10.252.7.0/24",
            "display_text": "nfs",
            "endip": null,
            "endipv6": null,
            "gateway": "10.252.7.1",
            "id": "1d37dc24-f26e-4688-bbff-d6b0e309d7dc",
            "ip6cidr": "",
            "ip6gateway": "",
            "name": "nfs",
            "network_domain": "pc.testenv.bradhouse.dev",
            "network_offering": "ConfigDriveIsolatedNetworkOfferingForVpcNetworks",
            "project": "infra",
            "source_nat_ip": null,
            "source_nat_ip_address": null,
            "source_nat_ip_id": null,
            "startip": null,
            "startipv6": null,
            "tags": {},
            "vlan": null,
            "vpc_id": "f10b0219-a515-4ef1-b24b-e3c4bb35c9cf",
            "zone": "testlab"
          },
          "sensitive_attributes": [],
          "identity_schema_version": 0,
          "private": "bnVsbA==",
          "dependencies": [
            "cloudstack_network_acl.nfs",
            "cloudstack_vpc.infra_vpc"
          ]
        }
      ]
    },
    {
      "mode": "managed",
      "type": "cloudstack_network",
      "name": "ntp",
      "provider": "provider[\"local/cloudstack/cloudstack\"]",
      "instances": [
        {
          "schema_version": 0,
          "attributes": {
            "acl_id": "96319692-1df5-46d8-b7be-3b1428e01832",
            "cidr": "10.252.4.0/24",
            "display_text": "ntp",
            "endip": null,
            "endipv6": null,
            "gateway": "10.252.4.1",
            "id": "25d59fe7-e844-4ce6-8a23-45e1a14e16ef",
            "ip6cidr": "",
            "ip6gateway": "",
            "name": "ntp",
            "network_domain": "pc.testenv.bradhouse.dev",
            "network_offering": "ConfigDriveIsolatedNetworkOfferingForVpcNetworks",
            "project": "infra",
            "source_nat_ip": null,
            "source_nat_ip_address": null,
            "source_nat_ip_id": null,
            "startip": null,
            "startipv6": null,
            "tags": {},
            "vlan": null,
            "vpc_id": "f10b0219-a515-4ef1-b24b-e3c4bb35c9cf",
            "zone": "testlab"
          },
          "sensitive_attributes": [],
          "identity_schema_version": 0,
          "private": "bnVsbA==",
          "dependencies": [
            "cloudstack_network_acl.ntp",
            "cloudstack_vpc.infra_vpc"
          ]
        }
      ]
    },
    {
      "mode": "managed",
      "type": "cloudstack_network",
      "name": "proxy",
      "provider": "provider[\"local/cloudstack/cloudstack\"]",
      "instances": [
        {
          "schema_version": 0,
          "attributes": {
            "acl_id": "b741048b-b7ad-490c-bdd8-a56613ed1a7c",
            "cidr": "10.252.5.0/24",
            "display_text": "proxy",
            "endip": null,
            "endipv6": null,
            "gateway": "10.252.5.1",
            "id": "8547308d-a1ea-4ef6-bb33-99052c9ce78f",
            "ip6cidr": "",
            "ip6gateway": "",
            "name": "proxy",
            "network_domain": "pc.testenv.bradhouse.dev",
            "network_offering": "ConfigDriveIsolatedNetworkOfferingForVpcNetworks",
            "project": "infra",
            "source_nat_ip": null,
            "source_nat_ip_address": null,
            "source_nat_ip_id": null,
            "startip": null,
            "startipv6": null,
            "tags": {},
            "vlan": null,
            "vpc_id": "f10b0219-a515-4ef1-b24b-e3c4bb35c9cf",
            "zone": "testlab"
          },
          "sensitive_attributes": [],
          "identity_schema_version": 0,
          "private": "bnVsbA==",
          "dependencies": [
            "cloudstack_network_acl.proxy",
            "cloudstack_vpc.infra_vpc"
          ]
        }
      ]
    },
    {
      "mode": "managed",
      "type": "cloudstack_network",
      "name": "su",
      "provider": "provider[\"local/cloudstack/cloudstack\"]",
      "instances": [
        {
          "schema_version": 0,
          "attributes": {
            "acl_id": "ba9b7cb5-a7f1-41e5-87bd-26fa61238ed0",
            "cidr": "10.252.0.0/24",
            "display_text": "su",
            "endip": null,
            "endipv6": null,
            "gateway": "10.252.0.1",
            "id": "7e3507e9-ff7e-4767-b782-4f509e7df191",
            "ip6cidr": "",
            "ip6gateway": "",
            "name": "su",
            "network_domain": "pc.testenv.bradhouse.dev",
            "network_offering": "ConfigDriveIsolatedNetworkOfferingForVpcNetworks",
            "project": "infra",
            "source_nat_ip": null,
            "source_nat_ip_address": null,
            "source_nat_ip_id": null,
            "startip": null,
            "startipv6": null,
            "tags": {},
            "vlan": null,
            "vpc_id": "f10b0219-a515-4ef1-b24b-e3c4bb35c9cf",
            "zone": "testlab"
          },
          "sensitive_attributes": [],
          "identity_schema_version": 0,
          "private": "bnVsbA==",
          "dependencies": [
            "cloudstack_network_acl.su",
            "cloudstack_vpc.infra_vpc"
          ]
        }
      ]
    },
    {
      "mode": "managed",
      "type": "cloudstack_network_acl",
      "name": "dns",
      "provider": "provider[\"local/cloudstack/cloudstack\"]",
      "instances": [
        {
          "schema_version": 0,
          "attributes": {
            "description": "dns",
            "id": "2d7f0447-ec16-47e3-a214-4e36fd60bade",
            "name": "dns",
            "project": "infra",
            "vpc_id": "f10b0219-a515-4ef1-b24b-e3c4bb35c9cf"
          },
          "sensitive_attributes": [],
          "identity_schema_version": 0,
          "private": "bnVsbA==",
          "dependencies": [
            "cloudstack_vpc.infra_vpc"
          ]
        }
      ]
    },
    {
      "mode": "managed",
      "type": "cloudstack_network_acl",
      "name": "hypervisor",
      "provider": "provider[\"local/cloudstack/cloudstack\"]",
      "instances": [
        {
          "schema_version": 0,
          "attributes": {
            "description": "hypervisor",
            "id": "1b2b7b7d-9533-4009-b847-7908040f81a8",
            "name": "hypervisor",
            "project": "infra",
            "vpc_id": "f10b0219-a515-4ef1-b24b-e3c4bb35c9cf"
          },
          "sensitive_attributes": [],
          "identity_schema_version": 0,
          "private": "bnVsbA==",
          "dependencies": [
            "cloudstack_vpc.infra_vpc"
          ]
        }
      ]
    },
    {
      "mode": "managed",
      "type": "cloudstack_network_acl",
      "name": "ipa",
      "provider": "provider[\"local/cloudstack/cloudstack\"]",
      "instances": [
        {
          "schema_version": 0,
          "attributes": {
            "description": "ipa",
            "id": "ee9f7b11-101a-4c84-8d28-09febed4f8bc",
            "name": "ipa",
            "project": "infra",
            "vpc_id": "f10b0219-a515-4ef1-b24b-e3c4bb35c9cf"
          },
          "sensitive_attributes": [],
          "identity_schema_version": 0,
          "private": "bnVsbA==",
          "dependencies": [
            "cloudstack_vpc.infra_vpc"
          ]
        }
      ]
    },
    {
      "mode": "managed",
      "type": "cloudstack_network_acl",
      "name": "ldapproxy",
      "provider": "provider[\"local/cloudstack/cloudstack\"]",
      "instances": [
        {
          "schema_version": 0,
          "attributes": {
            "description": "ldapproxy",
            "id": "230a9fd3-16cd-4499-b4f8-4794864e0299",
            "name": "ldapproxy",
            "project": "infra",
            "vpc_id": "f10b0219-a515-4ef1-b24b-e3c4bb35c9cf"
          },
          "sensitive_attributes": [],
          "identity_schema_version": 0,
          "private": "bnVsbA==",
          "dependencies": [
            "cloudstack_vpc.infra_vpc"
          ]
        }
      ]
    },
    {
      "mode": "managed",
      "type": "cloudstack_network_acl",
      "name": "mirror",
      "provider": "provider[\"local/cloudstack/cloudstack\"]",
      "instances": [
        {
          "schema_version": 0,
          "attributes": {
            "description": "mirror",
            "id": "08dca592-30d8-44e8-bfaa-1b3fe259b8db",
            "name": "mirror",
            "project": "infra",
            "vpc_id": "f10b0219-a515-4ef1-b24b-e3c4bb35c9cf"
          },
          "sensitive_attributes": [],
          "identity_schema_version": 0,
          "private": "bnVsbA==",
          "dependencies": [
            "cloudstack_vpc.infra_vpc"
          ]
        }
      ]
    },
    {
      "mode": "managed",
      "type": "cloudstack_network_acl",
      "name": "nfs",
      "provider": "provider[\"local/cloudstack/cloudstack\"]",
      "instances": [
        {
          "schema_version": 0,
          "attributes": {
            "description": "nfs",
            "id": "b940aa1c-3111-49e2-867e-21dd6bcd4a99",
            "name": "nfs",
            "project": "infra",
            "vpc_id": "f10b0219-a515-4ef1-b24b-e3c4bb35c9cf"
          },
          "sensitive_attributes": [],
          "identity_schema_version": 0,
          "private": "bnVsbA==",
          "dependencies": [
            "cloudstack_vpc.infra_vpc"
          ]
        }
      ]
    },
    {
      "mode": "managed",
      "type": "cloudstack_network_acl",
      "name": "ntp",
      "provider": "provider[\"local/cloudstack/cloudstack\"]",
      "instances": [
        {
          "schema_version": 0,
          "attributes": {
            "description": "ntp",
            "id": "96319692-1df5-46d8-b7be-3b1428e01832",
            "name": "ntp",
            "project": "infra",
            "vpc_id": "f10b0219-a515-4ef1-b24b-e3c4bb35c9cf"
          },
          "sensitive_attributes": [],
          "identity_schema_version": 0,
          "private": "bnVsbA==",
          "dependencies": [
            "cloudstack_vpc.infra_vpc"
          ]
        }
      ]
    },
    {
      "mode": "managed",
      "type": "cloudstack_network_acl",
      "name": "proxy",
      "provider": "provider[\"local/cloudstack/cloudstack\"]",
      "instances": [
        {
          "schema_version": 0,
          "attributes": {
            "description": "proxy",
            "id": "b741048b-b7ad-490c-bdd8-a56613ed1a7c",
            "name": "proxy",
            "project": "infra",
            "vpc_id": "f10b0219-a515-4ef1-b24b-e3c4bb35c9cf"
          },
          "sensitive_attributes": [],
          "identity_schema_version": 0,
          "private": "bnVsbA==",
          "dependencies": [
            "cloudstack_vpc.infra_vpc"
          ]
        }
      ]
    },
    {
      "mode": "managed",
      "type": "cloudstack_network_acl",
      "name": "su",
      "provider": "provider[\"local/cloudstack/cloudstack\"]",
      "instances": [
        {
          "schema_version": 0,
          "attributes": {
            "description": "su",
            "id": "ba9b7cb5-a7f1-41e5-87bd-26fa61238ed0",
            "name": "su",
            "project": "infra",
            "vpc_id": "f10b0219-a515-4ef1-b24b-e3c4bb35c9cf"
          },
          "sensitive_attributes": [],
          "identity_schema_version": 0,
          "private": "bnVsbA==",
          "dependencies": [
            "cloudstack_vpc.infra_vpc"
          ]
        }
      ]
    },
    {
      "mode": "managed",
      "type": "cloudstack_port_forward",
      "name": "bastion",
      "provider": "provider[\"local/cloudstack/cloudstack\"]",
      "instances": [
        {
          "schema_version": 0,
          "attributes": {
            "forward": [
              {
                "private_end_port": 0,
                "private_port": 22,
                "protocol": "tcp",
                "public_end_port": 0,
                "public_port": 5022,
                "uuid": "0b4a9c25-24b8-4898-b032-742ef8757dc1",
                "virtual_machine_id": "460403da-c75e-444f-b952-cb8e3957e911",
                "vm_guest_ip": ""
              }
            ],
            "id": "1934f691-8ce2-4c1d-bac3-d0a7b0e3c92b",
            "ip_address_id": "1934f691-8ce2-4c1d-bac3-d0a7b0e3c92b",
            "managed": false,
            "project": "infra"
          },
          "sensitive_attributes": [],
          "identity_schema_version": 0,
          "private": "bnVsbA==",
          "dependencies": [
            "cloudstack_ipaddress.bastion",
            "cloudstack_network.su",
            "cloudstack_network_acl.su",
            "cloudstack_template.rocky10",
            "cloudstack_vpc.infra_vpc",
            "module.instance_bastion.cloudstack_instance.this"
          ]
        }
      ]
    },
    {
      "mode": "managed",
      "type": "cloudstack_template",
      "name": "alma10",
      "provider": "provider[\"local/cloudstack/cloudstack\"]",
      "instances": [
        {
          "schema_version": 0,
          "attributes": {
            "display_text": "AlmaLinux 10",
            "for_cks": false,
            "format": "QCOW2",
            "hypervisor": "KVM",
            "id": "2bb6a1d6-97ad-4b8f-8e5c-ba0538a42191",
            "is_dynamically_scalable": false,
            "is_extractable": false,
            "is_featured": false,
            "is_public": false,
            "is_ready": true,
            "is_ready_timeout": 300,
            "name": "AlmaLinux 10",
            "os_type": "AlmaLinux 10",
            "password_enabled": false,
            "project": "infra",
            "tags": {},
            "url": "https://repo.almalinux.org/almalinux/10/cloud/x86_64_v2/images/AlmaLinux-10-GenericCloud-latest.x86_64_v2.qcow2",
            "userdata_link": [],
            "zone": "testlab"
          },
          "sensitive_attributes": [],
          "identity_schema_version": 0,
          "private": "bnVsbA=="
        }
      ]
    },
    {
      "mode": "managed",
      "type": "cloudstack_template",
      "name": "alma9",
      "provider": "provider[\"local/cloudstack/cloudstack\"]",
      "instances": [
        {
          "schema_version": 0,
          "attributes": {
            "display_text": "AlmaLinux 9",
            "for_cks": false,
            "format": "QCOW2",
            "hypervisor": "KVM",
            "id": "542d4abf-a2c1-4864-95c6-4d1e68c2ba26",
            "is_dynamically_scalable": false,
            "is_extractable": false,
            "is_featured": false,
            "is_public": false,
            "is_ready": true,
            "is_ready_timeout": 300,
            "name": "AlmaLinux 9",
            "os_type": "AlmaLinux 9",
            "password_enabled": false,
            "project": "infra",
            "tags": {},
            "url": "https://repo.almalinux.org/almalinux/9/cloud/x86_64/images/AlmaLinux-9-GenericCloud-latest.x86_64.qcow2",
            "userdata_link": [],
            "zone": "testlab"
          },
          "sensitive_attributes": [],
          "identity_schema_version": 0,
          "private": "bnVsbA=="
        }
      ]
    },
    {
      "mode": "managed",
      "type": "cloudstack_template",
      "name": "rocky10",
      "provider": "provider[\"local/cloudstack/cloudstack\"]",
      "instances": [
        {
          "schema_version": 0,
          "attributes": {
            "display_text": "Rocky Linux 10",
            "for_cks": false,
            "format": "QCOW2",
            "hypervisor": "KVM",
            "id": "cad9fcae-11b4-4639-9c35-372fdd9d90c0",
            "is_dynamically_scalable": false,
            "is_extractable": false,
            "is_featured": false,
            "is_public": false,
            "is_ready": true,
            "is_ready_timeout": 300,
            "name": "Rocky Linux 10",
            "os_type": "Rocky Linux 10",
            "password_enabled": false,
            "project": "infra",
            "tags": {},
            "url": "https://dl.rockylinux.org/pub/rocky/10/images/x86_64/Rocky-10-GenericCloud-Base.latest.x86_64.qcow2",
            "userdata_link": [],
            "zone": "testlab"
          },
          "sensitive_attributes": [],
          "identity_schema_version": 0,
          "private": "bnVsbA=="
        }
      ]
    },
    {
      "mode": "managed",
      "type": "cloudstack_template",
      "name": "rocky9",
      "provider": "provider[\"local/cloudstack/cloudstack\"]",
      "instances": [
        {
          "schema_version": 0,
          "attributes": {
            "display_text": "Rocky Linux 9",
            "for_cks": false,
            "format": "QCOW2",
            "hypervisor": "KVM",
            "id": "483a344b-c217-4696-af55-5e142beed9f7",
            "is_dynamically_scalable": false,
            "is_extractable": false,
            "is_featured": false,
            "is_public": false,
            "is_ready": true,
            "is_ready_timeout": 300,
            "name": "Rocky Linux 9",
            "os_type": "Rocky Linux 9",
            "password_enabled": false,
            "project": "infra",
            "tags": {},
            "url": "https://dl.rockylinux.org/pub/rocky/9/images/x86_64/Rocky-9-GenericCloud.latest.x86_64.qcow2",
            "userdata_link": [],
            "zone": "testlab"
          },
          "sensitive_attributes": [],
          "identity_schema_version": 0,
          "private": "bnVsbA=="
        }
      ]
    },
    {
      "mode": "managed",
      "type": "cloudstack_template",
      "name": "ubuntu24",
      "provider": "provider[\"local/cloudstack/cloudstack\"]",
      "instances": [
        {
          "schema_version": 0,
          "attributes": {
            "display_text": "Ubuntu 24.04 LTS x64",
            "for_cks": false,
            "format": "QCOW2",
            "hypervisor": "KVM",
            "id": "a1ef1fd0-0253-4f73-b9a2-26a7afeb69c4",
            "is_dynamically_scalable": false,
            "is_extractable": false,
            "is_featured": false,
            "is_public": false,
            "is_ready": true,
            "is_ready_timeout": 300,
            "name": "Ubuntu 24.04 LTS x64",
            "os_type": "Ubuntu 24.04 LTS",
            "password_enabled": false,
            "project": "infra",
            "tags": {},
            "url": "https://cloud-images.ubuntu.com/noble/current/noble-server-cloudimg-amd64.img",
            "userdata_link": [],
            "zone": "testlab"
          },
          "sensitive_attributes": [],
          "identity_schema_version": 0,
          "private": "bnVsbA=="
        }
      ]
    },
    {
      "mode": "managed",
      "type": "cloudstack_vpc",
      "name": "infra_vpc",
      "provider": "provider[\"local/cloudstack/cloudstack\"]",
      "instances": [
        {
          "schema_version": 0,
          "attributes": {
            "cidr": "10.252.0.0/16",
            "display_text": "infra_vpc",
            "id": "f10b0219-a515-4ef1-b24b-e3c4bb35c9cf",
            "name": "infra_vpc",
            "network_domain": "pc.testenv.bradhouse.dev",
            "project": "infra",
            "source_nat_ip": "192.168.1.93",
            "tags": {},
            "vpc_offering": "VPC HA",
            "zone": "testlab"
          },
          "sensitive_attributes": [],
          "identity_schema_version": 0,
          "private": "bnVsbA=="
        }
      ]
    },
    {
      "module": "module.instance_bastion",
      "mode": "managed",
      "type": "cloudstack_instance",
      "name": "this",
      "provider": "provider[\"local/cloudstack/cloudstack\"]",
      "instances": [
        {
          "schema_version": 0,
          "attributes": {
            "affinity_group_ids": null,
            "affinity_group_names": null,
            "boot_mode": "legacy",
            "cluster_id": null,
            "details": {
              "dataDiskController": "scsi",
              "io.policy": "io_uring",
              "iothreads": "1",
              "rootDiskController": "scsi"
            },
            "disk_offering": "",
            "display_name": "bastion",
            "expunge": true,
            "group": "bastion",
            "host_id": null,
            "id": "460403da-c75e-444f-b952-cb8e3957e911",
            "ip_address": "10.252.0.10",
            "keypair": null,
            "keypairs": null,
            "name": "bastion",
            "network_id": "7e3507e9-ff7e-4767-b782-4f509e7df191",
            "nicnetworklist": null,
            "override_disk_offering": null,
            "pod_id": null,
            "project": "infra",
            "properties": null,
            "root_disk_size": 20,
            "security_group_ids": null,
            "security_group_names": null,
            "service_offering": "g1.1c2g",
            "start_vm": true,
            "tags": {},
            "template": "cad9fcae-11b4-4639-9c35-372fdd9d90c0",
            "uefi": true,
            "user_data": "ce99b9b6c43075884992677cc93102b6a8e9b4d7",
            "userdata_details": null,
            "userdata_id": null,
            "zone": "testlab"
          },
          "sensitive_attributes": [],
          "identity_schema_version": 0,
          "private": "bnVsbA==",
          "dependencies": [
            "cloudstack_network.su",
            "cloudstack_network_acl.su",
            "cloudstack_template.rocky10",
            "cloudstack_vpc.infra_vpc"
          ]
        }
      ]
    },
    {
      "module": "module.instance_cacheproxy",
      "mode": "managed",
      "type": "cloudstack_instance",
      "name": "this",
      "provider": "provider[\"local/cloudstack/cloudstack\"]",
      "instances": [
        {
          "schema_version": 0,
          "attributes": {
            "affinity_group_ids": null,
            "affinity_group_names": null,
            "boot_mode": "legacy",
            "cluster_id": null,
            "details": {
              "dataDiskController": "scsi",
              "io.policy": "io_uring",
              "iothreads": "1",
              "rootDiskController": "scsi"
            },
            "disk_offering": "",
            "display_name": "cacheproxy1",
            "expunge": true,
            "group": "cacheproxy",
            "host_id": null,
            "id": "2bdd610d-ec6c-4bcf-9429-fe9820b26523",
            "ip_address": "10.252.5.21",
            "keypair": null,
            "keypairs": null,
            "name": "cacheproxy1",
            "network_id": "8547308d-a1ea-4ef6-bb33-99052c9ce78f",
            "nicnetworklist": null,
            "override_disk_offering": null,
            "pod_id": null,
            "project": "infra",
            "properties": null,
            "root_disk_size": 100,
            "security_group_ids": null,
            "security_group_names": null,
            "service_offering": "g1.2c4g",
            "start_vm": true,
            "tags": {},
            "template": "cad9fcae-11b4-4639-9c35-372fdd9d90c0",
            "uefi": true,
            "user_data": "ce99b9b6c43075884992677cc93102b6a8e9b4d7",
            "userdata_details": null,
            "userdata_id": null,
            "zone": "testlab"
          },
          "sensitive_attributes": [],
          "identity_schema_version": 0,
          "private": "bnVsbA==",
          "dependencies": [
            "cloudstack_network.proxy",
            "cloudstack_network_acl.proxy",
            "cloudstack_template.rocky10",
            "cloudstack_vpc.infra_vpc"
          ]
        }
      ]
    },
    {
      "module": "module.instance_dns1",
      "mode": "managed",
      "type": "cloudstack_instance",
      "name": "this",
      "provider": "provider[\"local/cloudstack/cloudstack\"]",
      "instances": [
        {
          "schema_version": 0,
          "attributes": {
            "affinity_group_ids": null,
            "affinity_group_names": null,
            "boot_mode": "legacy",
            "cluster_id": null,
            "details": {
              "dataDiskController": "scsi",
              "io.policy": "io_uring",
              "iothreads": "1",
              "rootDiskController": "scsi"
            },
            "disk_offering": "",
            "display_name": "dns1",
            "expunge": true,
            "group": "dns",
            "host_id": null,
            "id": "8aaf9691-1513-4a0c-ae25-3e56b563607d",
            "ip_address": "10.252.1.11",
            "keypair": null,
            "keypairs": null,
            "name": "dns1",
            "network_id": "e6e7f6d9-50b3-4996-a1fb-e184ebe816f4",
            "nicnetworklist": null,
            "override_disk_offering": null,
            "pod_id": null,
            "project": "infra",
            "properties": null,
            "root_disk_size": 20,
            "security_group_ids": null,
            "security_group_names": null,
            "service_offering": "g1.1c2g",
            "start_vm": true,
            "tags": {},
            "template": "cad9fcae-11b4-4639-9c35-372fdd9d90c0",
            "uefi": true,
            "user_data": "ce99b9b6c43075884992677cc93102b6a8e9b4d7",
            "userdata_details": null,
            "userdata_id": null,
            "zone": "testlab"
          },
          "sensitive_attributes": [],
          "identity_schema_version": 0,
          "private": "bnVsbA==",
          "dependencies": [
            "cloudstack_network.dns",
            "cloudstack_network_acl.dns",
            "cloudstack_template.rocky10",
            "cloudstack_vpc.infra_vpc"
          ]
        }
      ]
    },
    {
      "module": "module.instance_dns2",
      "mode": "managed",
      "type": "cloudstack_instance",
      "name": "this",
      "provider": "provider[\"local/cloudstack/cloudstack\"]",
      "instances": [
        {
          "schema_version": 0,
          "attributes": {
            "affinity_group_ids": null,
            "affinity_group_names": null,
            "boot_mode": "legacy",
            "cluster_id": null,
            "details": {
              "dataDiskController": "scsi",
              "io.policy": "io_uring",
              "iothreads": "1",
              "rootDiskController": "scsi"
            },
            "disk_offering": "",
            "display_name": "dns2",
            "expunge": true,
            "group": "dns",
            "host_id": null,
            "id": "b7f8ce98-e4fa-4310-876f-0ab273cf65c3",
            "ip_address": "10.252.1.12",
            "keypair": null,
            "keypairs": null,
            "name": "dns2",
            "network_id": "e6e7f6d9-50b3-4996-a1fb-e184ebe816f4",
            "nicnetworklist": null,
            "override_disk_offering": null,
            "pod_id": null,
            "project": "infra",
            "properties": null,
            "root_disk_size": 20,
            "security_group_ids": null,
            "security_group_names": null,
            "service_offering": "g1.1c2g",
            "start_vm": true,
            "tags": {},
            "template": "cad9fcae-11b4-4639-9c35-372fdd9d90c0",
            "uefi": true,
            "user_data": "ce99b9b6c43075884992677cc93102b6a8e9b4d7",
            "userdata_details": null,
            "userdata_id": null,
            "zone": "testlab"
          },
          "sensitive_attributes": [],
          "identity_schema_version": 0,
          "private": "bnVsbA==",
          "dependencies": [
            "cloudstack_network.dns",
            "cloudstack_network_acl.dns",
            "cloudstack_template.rocky10",
            "cloudstack_vpc.infra_vpc"
          ]
        }
      ]
    },
    {
      "module": "module.instance_gutproxy",
      "mode": "managed",
      "type": "cloudstack_instance",
      "name": "this",
      "provider": "provider[\"local/cloudstack/cloudstack\"]",
      "instances": [
        {
          "schema_version": 0,
          "attributes": {
            "affinity_group_ids": null,
            "affinity_group_names": null,
            "boot_mode": "legacy",
            "cluster_id": null,
            "details": {
              "dataDiskController": "scsi",
              "io.policy": "io_uring",
              "iothreads": "1",
              "rootDiskController": "scsi"
            },
            "disk_offering": "",
            "display_name": "gitproxy1",
            "expunge": true,
            "group": "gitproxy",
            "host_id": null,
            "id": "1b3ec29c-bd8c-4581-9722-71358198d8dd",
            "ip_address": "10.252.5.31",
            "keypair": null,
            "keypairs": null,
            "name": "gitproxy1",
            "network_id": "8547308d-a1ea-4ef6-bb33-99052c9ce78f",
            "nicnetworklist": null,
            "override_disk_offering": null,
            "pod_id": null,
            "project": "infra",
            "properties": null,
            "root_disk_size": 100,
            "security_group_ids": null,
            "security_group_names": null,
            "service_offering": "g1.2c4g",
            "start_vm": true,
            "tags": {},
            "template": "cad9fcae-11b4-4639-9c35-372fdd9d90c0",
            "uefi": true,
            "user_data": "ce99b9b6c43075884992677cc93102b6a8e9b4d7",
            "userdata_details": null,
            "userdata_id": null,
            "zone": "testlab"
          },
          "sensitive_attributes": [],
          "identity_schema_version": 0,
          "private": "bnVsbA==",
          "dependencies": [
            "cloudstack_network.proxy",
            "cloudstack_network_acl.proxy",
            "cloudstack_template.rocky10",
            "cloudstack_vpc.infra_vpc"
          ]
        }
      ]
    },
    {
      "module": "module.instance_ipa1",
      "mode": "managed",
      "type": "cloudstack_instance",
      "name": "this",
      "provider": "provider[\"local/cloudstack/cloudstack\"]",
      "instances": [
        {
          "schema_version": 0,
          "attributes": {
            "affinity_group_ids": null,
            "affinity_group_names": null,
            "boot_mode": "legacy",
            "cluster_id": null,
            "details": {
              "dataDiskController": "scsi",
              "io.policy": "io_uring",
              "iothreads": "1",
              "rootDiskController": "scsi"
            },
            "disk_offering": "",
            "display_name": "ipa1",
            "expunge": true,
            "group": "ipa",
            "host_id": null,
            "id": "71084b2d-fe20-4428-bb87-4d434b571b00",
            "ip_address": "10.252.3.11",
            "keypair": null,
            "keypairs": null,
            "name": "ipa1",
            "network_id": "1ad7025f-ad94-4afc-afde-0726797fe93f",
            "nicnetworklist": null,
            "override_disk_offering": null,
            "pod_id": null,
            "project": "infra",
            "properties": null,
            "root_disk_size": 40,
            "security_group_ids": null,
            "security_group_names": null,
            "service_offering": "g1.2c4g",
            "start_vm": true,
            "tags": {},
            "template": "cad9fcae-11b4-4639-9c35-372fdd9d90c0",
            "uefi": true,
            "user_data": "ce99b9b6c43075884992677cc93102b6a8e9b4d7",
            "userdata_details": null,
            "userdata_id": null,
            "zone": "testlab"
          },
          "sensitive_attributes": [],
          "identity_schema_version": 0,
          "private": "bnVsbA==",
          "dependencies": [
            "cloudstack_network.ipa",
            "cloudstack_network_acl.ipa",
            "cloudstack_template.rocky10",
            "cloudstack_vpc.infra_vpc"
          ]
        }
      ]
    },
    {
      "module": "module.instance_ipa2",
      "mode": "managed",
      "type": "cloudstack_instance",
      "name": "this",
      "provider": "provider[\"local/cloudstack/cloudstack\"]",
      "instances": [
        {
          "schema_version": 0,
          "attributes": {
            "affinity_group_ids": null,
            "affinity_group_names": null,
            "boot_mode": "legacy",
            "cluster_id": null,
            "details": {
              "dataDiskController": "scsi",
              "io.policy": "io_uring",
              "iothreads": "1",
              "rootDiskController": "scsi"
            },
            "disk_offering": "",
            "display_name": "ipa2",
            "expunge": true,
            "group": "ipa",
            "host_id": null,
            "id": "43a9120c-f761-4d3c-a76b-9f1d06f6df50",
            "ip_address": "10.252.3.12",
            "keypair": null,
            "keypairs": null,
            "name": "ipa2",
            "network_id": "1ad7025f-ad94-4afc-afde-0726797fe93f",
            "nicnetworklist": null,
            "override_disk_offering": null,
            "pod_id": null,
            "project": "infra",
            "properties": null,
            "root_disk_size": 40,
            "security_group_ids": null,
            "security_group_names": null,
            "service_offering": "g1.2c4g",
            "start_vm": true,
            "tags": {},
            "template": "cad9fcae-11b4-4639-9c35-372fdd9d90c0",
            "uefi": true,
            "user_data": "ce99b9b6c43075884992677cc93102b6a8e9b4d7",
            "userdata_details": null,
            "userdata_id": null,
            "zone": "testlab"
          },
          "sensitive_attributes": [],
          "identity_schema_version": 0,
          "private": "bnVsbA==",
          "dependencies": [
            "cloudstack_network.ipa",
            "cloudstack_network_acl.ipa",
            "cloudstack_template.rocky10",
            "cloudstack_vpc.infra_vpc"
          ]
        }
      ]
    },
    {
      "module": "module.instance_ipa3",
      "mode": "managed",
      "type": "cloudstack_instance",
      "name": "this",
      "provider": "provider[\"local/cloudstack/cloudstack\"]",
      "instances": [
        {
          "schema_version": 0,
          "attributes": {
            "affinity_group_ids": null,
            "affinity_group_names": null,
            "boot_mode": "legacy",
            "cluster_id": null,
            "details": {
              "dataDiskController": "scsi",
              "io.policy": "io_uring",
              "iothreads": "1",
              "rootDiskController": "scsi"
            },
            "disk_offering": "",
            "display_name": "ipa3",
            "expunge": true,
            "group": "ipa",
            "host_id": null,
            "id": "5d035df2-36b3-4a80-9780-2665851f94b9",
            "ip_address": "10.252.3.13",
            "keypair": null,
            "keypairs": null,
            "name": "ipa3",
            "network_id": "1ad7025f-ad94-4afc-afde-0726797fe93f",
            "nicnetworklist": null,
            "override_disk_offering": null,
            "pod_id": null,
            "project": "infra",
            "properties": null,
            "root_disk_size": 40,
            "security_group_ids": null,
            "security_group_names": null,
            "service_offering": "g1.2c4g",
            "start_vm": true,
            "tags": {},
            "template": "cad9fcae-11b4-4639-9c35-372fdd9d90c0",
            "uefi": true,
            "user_data": "ce99b9b6c43075884992677cc93102b6a8e9b4d7",
            "userdata_details": null,
            "userdata_id": null,
            "zone": "testlab"
          },
          "sensitive_attributes": [],
          "identity_schema_version": 0,
          "private": "bnVsbA==",
          "dependencies": [
            "cloudstack_network.ipa",
            "cloudstack_network_acl.ipa",
            "cloudstack_template.rocky10",
            "cloudstack_vpc.infra_vpc"
          ]
        }
      ]
    },
    {
      "module": "module.instance_ldapproxy",
      "mode": "managed",
      "type": "cloudstack_instance",
      "name": "this",
      "provider": "provider[\"local/cloudstack/cloudstack\"]",
      "instances": [
        {
          "schema_version": 0,
          "attributes": {
            "affinity_group_ids": null,
            "affinity_group_names": null,
            "boot_mode": "legacy",
            "cluster_id": null,
            "details": {
              "dataDiskController": "scsi",
              "io.policy": "io_uring",
              "iothreads": "1",
              "rootDiskController": "scsi"
            },
            "disk_offering": "",
            "display_name": "ldapproxy1",
            "expunge": true,
            "group": "ldapproxy",
            "host_id": null,
            "id": "0e67eced-8884-4506-9a4b-c14cf35e9b36",
            "ip_address": "10.252.6.11",
            "keypair": null,
            "keypairs": null,
            "name": "ldapproxy1",
            "network_id": "da76e29b-735f-45ed-a02e-c11e328416a1",
            "nicnetworklist": null,
            "override_disk_offering": null,
            "pod_id": null,
            "project": "infra",
            "properties": null,
            "root_disk_size": 20,
            "security_group_ids": null,
            "security_group_names": null,
            "service_offering": "g1.2c4g",
            "start_vm": true,
            "tags": {},
            "template": "cad9fcae-11b4-4639-9c35-372fdd9d90c0",
            "uefi": true,
            "user_data": "ce99b9b6c43075884992677cc93102b6a8e9b4d7",
            "userdata_details": null,
            "userdata_id": null,
            "zone": "testlab"
          },
          "sensitive_attributes": [],
          "identity_schema_version": 0,
          "private": "bnVsbA==",
          "dependencies": [
            "cloudstack_network.ldapproxy",
            "cloudstack_network_acl.ldapproxy",
            "cloudstack_template.rocky10",
            "cloudstack_vpc.infra_vpc"
          ]
        }
      ]
    },
    {
      "module": "module.instance_mirror",
      "mode": "managed",
      "type": "cloudstack_instance",
      "name": "this",
      "provider": "provider[\"local/cloudstack/cloudstack\"]",
      "instances": [
        {
          "schema_version": 0,
          "attributes": {
            "affinity_group_ids": null,
            "affinity_group_names": null,
            "boot_mode": "legacy",
            "cluster_id": null,
            "details": {
              "dataDiskController": "scsi",
              "io.policy": "io_uring",
              "iothreads": "1",
              "rootDiskController": "scsi"
            },
            "disk_offering": "Custom - WriteBack",
            "display_name": "mirror1",
            "expunge": true,
            "group": "mirror",
            "host_id": null,
            "id": "9fb70a26-3700-4246-be73-2579797d3c24",
            "ip_address": "10.252.2.11",
            "keypair": null,
            "keypairs": null,
            "name": "mirror1",
            "network_id": "3c29bcf0-f490-4f65-a687-3040d95da28a",
            "nicnetworklist": null,
            "override_disk_offering": null,
            "pod_id": null,
            "project": "infra",
            "properties": null,
            "root_disk_size": 20,
            "security_group_ids": null,
            "security_group_names": null,
            "service_offering": "g1.2c4g",
            "start_vm": true,
            "tags": {},
            "template": "cad9fcae-11b4-4639-9c35-372fdd9d90c0",
            "uefi": true,
            "user_data": "ce99b9b6c43075884992677cc93102b6a8e9b4d7",
            "userdata_details": null,
            "userdata_id": null,
            "zone": "testlab"
          },
          "sensitive_attributes": [],
          "identity_schema_version": 0,
          "private": "bnVsbA==",
          "dependencies": [
            "cloudstack_network.mirror",
            "cloudstack_network_acl.mirror",
            "cloudstack_template.rocky10",
            "cloudstack_vpc.infra_vpc"
          ]
        }
      ]
    },
    {
      "module": "module.instance_nfs1",
      "mode": "managed",
      "type": "cloudstack_instance",
      "name": "this",
      "provider": "provider[\"local/cloudstack/cloudstack\"]",
      "instances": [
        {
          "schema_version": 0,
          "attributes": {
            "affinity_group_ids": null,
            "affinity_group_names": null,
            "boot_mode": "legacy",
            "cluster_id": null,
            "details": {
              "dataDiskController": "scsi",
              "io.policy": "io_uring",
              "iothreads": "1",
              "rootDiskController": "scsi"
            },
            "disk_offering": "",
            "display_name": "nfs1",
            "expunge": true,
            "group": "nfs",
            "host_id": null,
            "id": "6dfb8cde-237d-4703-bed7-03ce272f0491",
            "ip_address": "10.252.7.11",
            "keypair": null,
            "keypairs": null,
            "name": "nfs1",
            "network_id": "1d37dc24-f26e-4688-bbff-d6b0e309d7dc",
            "nicnetworklist": null,
            "override_disk_offering": null,
            "pod_id": null,
            "project": "infra",
            "properties": null,
            "root_disk_size": 20,
            "security_group_ids": null,
            "security_group_names": null,
            "service_offering": "g1.2c4g",
            "start_vm": true,
            "tags": {},
            "template": "cad9fcae-11b4-4639-9c35-372fdd9d90c0",
            "uefi": true,
            "user_data": "ce99b9b6c43075884992677cc93102b6a8e9b4d7",
            "userdata_details": null,
            "userdata_id": null,
            "zone": "testlab"
          },
          "sensitive_attributes": [],
          "identity_schema_version": 0,
          "private": "bnVsbA==",
          "dependencies": [
            "cloudstack_network.nfs",
            "cloudstack_network_acl.nfs",
            "cloudstack_template.rocky10",
            "cloudstack_vpc.infra_vpc"
          ]
        }
      ]
    },
    {
      "module": "module.instance_nfs2",
      "mode": "managed",
      "type": "cloudstack_instance",
      "name": "this",
      "provider": "provider[\"local/cloudstack/cloudstack\"]",
      "instances": [
        {
          "schema_version": 0,
          "attributes": {
            "affinity_group_ids": null,
            "affinity_group_names": null,
            "boot_mode": "legacy",
            "cluster_id": null,
            "details": {
              "dataDiskController": "scsi",
              "io.policy": "io_uring",
              "iothreads": "1",
              "rootDiskController": "scsi"
            },
            "disk_offering": "",
            "display_name": "nfs2",
            "expunge": true,
            "group": "nfs",
            "host_id": null,
            "id": "9e3d2d1c-24d6-42b2-b1a6-043efb781965",
            "ip_address": "10.252.7.12",
            "keypair": null,
            "keypairs": null,
            "name": "nfs2",
            "network_id": "1d37dc24-f26e-4688-bbff-d6b0e309d7dc",
            "nicnetworklist": null,
            "override_disk_offering": null,
            "pod_id": null,
            "project": "infra",
            "properties": null,
            "root_disk_size": 20,
            "security_group_ids": null,
            "security_group_names": null,
            "service_offering": "g1.2c4g",
            "start_vm": true,
            "tags": {},
            "template": "cad9fcae-11b4-4639-9c35-372fdd9d90c0",
            "uefi": true,
            "user_data": "ce99b9b6c43075884992677cc93102b6a8e9b4d7",
            "userdata_details": null,
            "userdata_id": null,
            "zone": "testlab"
          },
          "sensitive_attributes": [],
          "identity_schema_version": 0,
          "private": "bnVsbA==",
          "dependencies": [
            "cloudstack_network.nfs",
            "cloudstack_network_acl.nfs",
            "cloudstack_template.rocky10",
            "cloudstack_vpc.infra_vpc"
          ]
        }
      ]
    },
    {
      "module": "module.instance_ntp1",
      "mode": "managed",
      "type": "cloudstack_instance",
      "name": "this",
      "provider": "provider[\"local/cloudstack/cloudstack\"]",
      "instances": [
        {
          "schema_version": 0,
          "attributes": {
            "affinity_group_ids": null,
            "affinity_group_names": null,
            "boot_mode": "legacy",
            "cluster_id": null,
            "details": {
              "dataDiskController": "scsi",
              "io.policy": "io_uring",
              "iothreads": "1",
              "rootDiskController": "scsi"
            },
            "disk_offering": "",
            "display_name": "ntp1",
            "expunge": true,
            "group": "ntp",
            "host_id": null,
            "id": "8ba38beb-f0ea-4104-8d21-c8ce37e75adc",
            "ip_address": "10.252.4.11",
            "keypair": null,
            "keypairs": null,
            "name": "ntp1",
            "network_id": "25d59fe7-e844-4ce6-8a23-45e1a14e16ef",
            "nicnetworklist": null,
            "override_disk_offering": null,
            "pod_id": null,
            "project": "infra",
            "properties": null,
            "root_disk_size": 20,
            "security_group_ids": null,
            "security_group_names": null,
            "service_offering": "g1.1c2g",
            "start_vm": true,
            "tags": {},
            "template": "cad9fcae-11b4-4639-9c35-372fdd9d90c0",
            "uefi": true,
            "user_data": "ce99b9b6c43075884992677cc93102b6a8e9b4d7",
            "userdata_details": null,
            "userdata_id": null,
            "zone": "testlab"
          },
          "sensitive_attributes": [],
          "identity_schema_version": 0,
          "private": "bnVsbA==",
          "dependencies": [
            "cloudstack_network.ntp",
            "cloudstack_network_acl.ntp",
            "cloudstack_template.rocky10",
            "cloudstack_vpc.infra_vpc"
          ]
        }
      ]
    },
    {
      "module": "module.instance_ntp2",
      "mode": "managed",
      "type": "cloudstack_instance",
      "name": "this",
      "provider": "provider[\"local/cloudstack/cloudstack\"]",
      "instances": [
        {
          "schema_version": 0,
          "attributes": {
            "affinity_group_ids": null,
            "affinity_group_names": null,
            "boot_mode": "legacy",
            "cluster_id": null,
            "details": {
              "dataDiskController": "scsi",
              "io.policy": "io_uring",
              "iothreads": "1",
              "rootDiskController": "scsi"
            },
            "disk_offering": "",
            "display_name": "ntp2",
            "expunge": true,
            "group": "ntp",
            "host_id": null,
            "id": "d9d5df61-f848-4769-bed5-86d5a8555b20",
            "ip_address": "10.252.4.12",
            "keypair": null,
            "keypairs": null,
            "name": "ntp2",
            "network_id": "25d59fe7-e844-4ce6-8a23-45e1a14e16ef",
            "nicnetworklist": null,
            "override_disk_offering": null,
            "pod_id": null,
            "project": "infra",
            "properties": null,
            "root_disk_size": 20,
            "security_group_ids": null,
            "security_group_names": null,
            "service_offering": "g1.1c2g",
            "start_vm": true,
            "tags": {},
            "template": "cad9fcae-11b4-4639-9c35-372fdd9d90c0",
            "uefi": true,
            "user_data": "ce99b9b6c43075884992677cc93102b6a8e9b4d7",
            "userdata_details": null,
            "userdata_id": null,
            "zone": "testlab"
          },
          "sensitive_attributes": [],
          "identity_schema_version": 0,
          "private": "bnVsbA==",
          "dependencies": [
            "cloudstack_network.ntp",
            "cloudstack_network_acl.ntp",
            "cloudstack_template.rocky10",
            "cloudstack_vpc.infra_vpc"
          ]
        }
      ]
    },
    {
      "module": "module.instance_secureproxy",
      "mode": "managed",
      "type": "cloudstack_instance",
      "name": "this",
      "provider": "provider[\"local/cloudstack/cloudstack\"]",
      "instances": [
        {
          "schema_version": 0,
          "attributes": {
            "affinity_group_ids": null,
            "affinity_group_names": null,
            "boot_mode": "legacy",
            "cluster_id": null,
            "details": {
              "dataDiskController": "scsi",
              "io.policy": "io_uring",
              "iothreads": "1",
              "rootDiskController": "scsi"
            },
            "disk_offering": "",
            "display_name": "secureproxy1",
            "expunge": true,
            "group": "secureproxy",
            "host_id": null,
            "id": "9a100892-75ed-4dd5-b94f-561f88c9f20d",
            "ip_address": "10.252.5.11",
            "keypair": null,
            "keypairs": null,
            "name": "secureproxy1",
            "network_id": "8547308d-a1ea-4ef6-bb33-99052c9ce78f",
            "nicnetworklist": null,
            "override_disk_offering": null,
            "pod_id": null,
            "project": "infra",
            "properties": null,
            "root_disk_size": 20,
            "security_group_ids": null,
            "security_group_names": null,
            "service_offering": "g1.2c4g",
            "start_vm": true,
            "tags": {},
            "template": "cad9fcae-11b4-4639-9c35-372fdd9d90c0",
            "uefi": true,
            "user_data": "ce99b9b6c43075884992677cc93102b6a8e9b4d7",
            "userdata_details": null,
            "userdata_id": null,
            "zone": "testlab"
          },
          "sensitive_attributes": [],
          "identity_schema_version": 0,
          "private": "bnVsbA==",
          "dependencies": [
            "cloudstack_network.proxy",
            "cloudstack_network_acl.proxy",
            "cloudstack_template.rocky10",
            "cloudstack_vpc.infra_vpc"
          ]
        }
      ]
    },
    {
      "module": "module.network_acl_dns",
      "mode": "managed",
      "type": "cloudstack_network_acl_ruleset",
      "name": "this",
      "provider": "provider[\"local/cloudstack/cloudstack\"]",
      "instances": [
        {
          "schema_version": 0,
          "attributes": {
            "acl_id": "2d7f0447-ec16-47e3-a214-4e36fd60bade",
            "id": "2d7f0447-ec16-47e3-a214-4e36fd60bade",
            "managed": true,
            "project": null,
            "rule": [
              {
                "action": "allow",
                "cidr_list": [
                  "0.0.0.0/0"
                ],
                "description": "bootstrap allow all: allow egress",
                "icmp_code": 0,
                "icmp_type": 0,
                "port": "",
                "protocol": "all",
                "rule_number": 50001,
                "traffic_type": "egress",
                "uuid": "a47759b6-0953-4448-8acd-d7ff3b220d34"
              },
              {
                "action": "allow",
                "cidr_list": [
                  "0.0.0.0/0"
                ],
                "description": "dns:tcp: allow egress",
                "icmp_code": 0,
                "icmp_type": 0,
                "port": "53",
                "protocol": "tcp",
                "rule_number": 30003,
                "traffic_type": "egress",
                "uuid": "4e6974d8-f3d6-42f5-9bf2-dcf8c29b6c94"
              },
              {
                "action": "allow",
                "cidr_list": [
                  "0.0.0.0/0"
                ],
                "description": "dns:tcp: allow ingress",
                "icmp_code": 0,
                "icmp_type": 0,
                "port": "53",
                "protocol": "tcp",
                "rule_number": 30001,
                "traffic_type": "ingress",
                "uuid": "16422ae0-d27d-454a-b3f3-364290d3285a"
              },
              {
                "action": "allow",
                "cidr_list": [
                  "0.0.0.0/0"
                ],
                "description": "dns:udp: allow egress",
                "icmp_code": 0,
                "icmp_type": 0,
                "port": "53",
                "protocol": "udp",
                "rule_number": 30004,
                "traffic_type": "egress",
                "uuid": "8f7dec50-f18d-4ad3-b785-8244b25dd483"
              },
              {
                "action": "allow",
                "cidr_list": [
                  "0.0.0.0/0"
                ],
                "description": "dns:udp: allow ingress",
                "icmp_code": 0,
                "icmp_type": 0,
                "port": "53",
                "protocol": "udp",
                "rule_number": 30002,
                "traffic_type": "ingress",
                "uuid": "bf63dce8-0707-48d0-b5e1-a166966d18dd"
              },
              {
                "action": "allow",
                "cidr_list": [
                  "10.252.0.0/24"
                ],
                "description": "allow bastion connection to network: allow ingress",
                "icmp_code": 0,
                "icmp_type": 0,
                "port": "22",
                "protocol": "tcp",
                "rule_number": 1001,
                "traffic_type": "ingress",
                "uuid": "975d127a-458e-4fb1-a043-06e9df132470"
              },
              {
                "action": "allow",
                "cidr_list": [
                  "10.252.1.0/24"
                ],
                "description": "dns:tcp: allow egress",
                "icmp_code": 0,
                "icmp_type": 0,
                "port": "53",
                "protocol": "tcp",
                "rule_number": 1101,
                "traffic_type": "egress",
                "uuid": "917b9d56-d24c-466d-a167-5220d7490ff6"
              },
              {
                "action": "allow",
                "cidr_list": [
                  "10.252.1.0/24"
                ],
                "description": "dns:udp: allow egress",
                "icmp_code": 0,
                "icmp_type": 0,
                "port": "53",
                "protocol": "udp",
                "rule_number": 1102,
                "traffic_type": "egress",
                "uuid": "40b7962f-0e97-4989-ad20-1d6f74b17cce"
              },
              {
                "action": "allow",
                "cidr_list": [
                  "10.252.2.0/24"
                ],
                "description": "http and https mirror: allow egress",
                "icmp_code": 0,
                "icmp_type": 0,
                "port": "443",
                "protocol": "tcp",
                "rule_number": 1202,
                "traffic_type": "egress",
                "uuid": "d0294438-b8fd-493e-848f-19450cf159c1"
              },
              {
                "action": "allow",
                "cidr_list": [
                  "10.252.2.0/24"
                ],
                "description": "http mirror: allow egress",
                "icmp_code": 0,
                "icmp_type": 0,
                "port": "80",
                "protocol": "tcp",
                "rule_number": 1201,
                "traffic_type": "egress",
                "uuid": "ec6122cc-4ab8-4139-962b-b9e1fbe5f071"
              },
              {
                "action": "allow",
                "cidr_list": [
                  "10.252.3.0/24"
                ],
                "description": "IPA http: allow egress",
                "icmp_code": 0,
                "icmp_type": 0,
                "port": "80",
                "protocol": "tcp",
                "rule_number": 1301,
                "traffic_type": "egress",
                "uuid": "e23ce501-ba6b-436b-bf48-590e31958120"
              },
              {
                "action": "allow",
                "cidr_list": [
                  "10.252.3.0/24"
                ],
                "description": "IPA https: allow egress",
                "icmp_code": 0,
                "icmp_type": 0,
                "port": "443",
                "protocol": "tcp",
                "rule_number": 1302,
                "traffic_type": "egress",
                "uuid": "03abde18-76b8-414c-9c55-9476f13326fb"
              },
              {
                "action": "allow",
                "cidr_list": [
                  "10.252.3.0/24"
                ],
                "description": "IPA ldap: allow egress",
                "icmp_code": 0,
                "icmp_type": 0,
                "port": "389",
                "protocol": "tcp",
                "rule_number": 1303,
                "traffic_type": "egress",
                "uuid": "d17e68a9-463d-48b4-9406-023fdeb94a7f"
              },
              {
                "action": "allow",
                "cidr_list": [
                  "10.252.3.0/24"
                ],
                "description": "IPA ldaps: allow egress",
                "icmp_code": 0,
                "icmp_type": 0,
                "port": "636",
                "protocol": "tcp",
                "rule_number": 1304,
                "traffic_type": "egress",
                "uuid": "633204c1-d4d7-41f4-b786-2dddd75c7748"
              },
              {
                "action": "allow",
                "cidr_list": [
                  "10.252.3.0/24"
                ],
                "description": "kerberos tcp: allow egress",
                "icmp_code": 0,
                "icmp_type": 0,
                "port": "88",
                "protocol": "tcp",
                "rule_number": 1307,
                "traffic_type": "egress",
                "uuid": "628af3a2-248c-4ee3-a2a4-a7af4f88097f"
              },
              {
                "action": "allow",
                "cidr_list": [
                  "10.252.3.0/24"
                ],
                "description": "kerberos udp: allow egress",
                "icmp_code": 0,
                "icmp_type": 0,
                "port": "88",
                "protocol": "udp",
                "rule_number": 1305,
                "traffic_type": "egress",
                "uuid": "559031e3-e5c9-488e-b90d-49b1dc1a624f"
              },
              {
                "action": "allow",
                "cidr_list": [
                  "10.252.3.0/24"
                ],
                "description": "kpasswd tcp: allow egress",
                "icmp_code": 0,
                "icmp_type": 0,
                "port": "464",
                "protocol": "tcp",
                "rule_number": 1308,
                "traffic_type": "egress",
                "uuid": "ea6917c6-ec7d-4eb1-8091-6a96008c803a"
              },
              {
                "action": "allow",
                "cidr_list": [
                  "10.252.3.0/24"
                ],
                "description": "kpasswd udp: allow egress",
                "icmp_code": 0,
                "icmp_type": 0,
                "port": "464",
                "protocol": "udp",
                "rule_number": 1306,
                "traffic_type": "egress",
                "uuid": "44093301-dc59-4ec1-b855-29c909041c18"
              },
              {
                "action": "allow",
                "cidr_list": [
                  "10.252.4.0/24"
                ],
                "description": "ntp: allow egress",
                "icmp_code": 0,
                "icmp_type": 0,
                "port": "123",
                "protocol": "udp",
                "rule_number": 1401,
                "traffic_type": "egress",
                "uuid": "1d74c63f-c449-4c44-acb9-b0c5e2c3534d"
              },
              {
                "action": "deny",
                "cidr_list": [
                  "0.0.0.0/0"
                ],
                "description": "deny egress by default: deny egress",
                "icmp_code": 0,
                "icmp_type": 0,
                "port": "",
                "protocol": "all",
                "rule_number": 65501,
                "traffic_type": "egress",
                "uuid": "e89f1116-b05d-4554-b8a4-94458d570f4d"
              }
            ]
          },
          "sensitive_attributes": [],
          "identity_schema_version": 0,
          "private": "bnVsbA==",
          "dependencies": [
            "cloudstack_network_acl.dns",
            "cloudstack_vpc.infra_vpc"
          ]
        }
      ]
    },
    {
      "module": "module.network_acl_hypervisor",
      "mode": "managed",
      "type": "cloudstack_network_acl_ruleset",
      "name": "this",
      "provider": "provider[\"local/cloudstack/cloudstack\"]",
      "instances": [
        {
          "schema_version": 0,
          "attributes": {
            "acl_id": "1b2b7b7d-9533-4009-b847-7908040f81a8",
            "id": "1b2b7b7d-9533-4009-b847-7908040f81a8",
            "managed": true,
            "project": null,
            "rule": [
              {
                "action": "allow",
                "cidr_list": [
                  "0.0.0.0/0"
                ],
                "description": "bootstrap allow all: allow egress",
                "icmp_code": 0,
                "icmp_type": 0,
                "port": "",
                "protocol": "all",
                "rule_number": 50001,
                "traffic_type": "egress",
                "uuid": "f91a7845-c640-4463-a37f-ed8936db8a40"
              },
              {
                "action": "allow",
                "cidr_list": [
                  "0.0.0.0/0"
                ],
                "description": "ceph mon v1: allow ingress",
                "icmp_code": 0,
                "icmp_type": 0,
                "port": "6789",
                "protocol": "tcp",
                "rule_number": 30001,
                "traffic_type": "ingress",
                "uuid": "0bdd2e05-92d7-4734-90ff-2348951369b3"
              },
              {
                "action": "allow",
                "cidr_list": [
                  "0.0.0.0/0"
                ],
                "description": "ceph mon v2: allow ingress",
                "icmp_code": 0,
                "icmp_type": 0,
                "port": "3300",
                "protocol": "tcp",
                "rule_number": 30002,
                "traffic_type": "ingress",
                "uuid": "0a249320-1be2-4dce-9849-00e53c600dcc"
              },
              {
                "action": "allow",
                "cidr_list": [
                  "0.0.0.0/0"
                ],
                "description": "ceph osd and mds: allow ingress",
                "icmp_code": 0,
                "icmp_type": 0,
                "port": "6800-7568",
                "protocol": "tcp",
                "rule_number": 30003,
                "traffic_type": "ingress",
                "uuid": "64c8062b-5eb6-47d5-b626-cc7a58f62cf1"
              },
              {
                "action": "allow",
                "cidr_list": [
                  "10.252.0.0/24"
                ],
                "description": "allow bastion connection to network: allow ingress",
                "icmp_code": 0,
                "icmp_type": 0,
                "port": "22",
                "protocol": "tcp",
                "rule_number": 1001,
                "traffic_type": "ingress",
                "uuid": "53e2f9bc-1d21-425b-87b5-d9d45ad2ad02"
              },
              {
                "action": "allow",
                "cidr_list": [
                  "10.252.1.0/24"
                ],
                "description": "dns:tcp: allow egress",
                "icmp_code": 0,
                "icmp_type": 0,
                "port": "53",
                "protocol": "tcp",
                "rule_number": 1101,
                "traffic_type": "egress",
                "uuid": "04861ddc-70fa-4d02-a0b9-fe72613a4b14"
              },
              {
                "action": "allow",
                "cidr_list": [
                  "10.252.1.0/24"
                ],
                "description": "dns:udp: allow egress",
                "icmp_code": 0,
                "icmp_type": 0,
                "port": "53",
                "protocol": "udp",
                "rule_number": 1102,
                "traffic_type": "egress",
                "uuid": "d0347e9d-c231-402b-a81e-6746ab527c18"
              },
              {
                "action": "allow",
                "cidr_list": [
                  "10.252.2.0/24"
                ],
                "description": "http and https mirror: allow egress",
                "icmp_code": 0,
                "icmp_type": 0,
                "port": "443",
                "protocol": "tcp",
                "rule_number": 1202,
                "traffic_type": "egress",
                "uuid": "8aa8d0da-fe18-4dc4-abd5-eb20037ebb1c"
              },
              {
                "action": "allow",
                "cidr_list": [
                  "10.252.2.0/24"
                ],
                "description": "http mirror: allow egress",
                "icmp_code": 0,
                "icmp_type": 0,
                "port": "80",
                "protocol": "tcp",
                "rule_number": 1201,
                "traffic_type": "egress",
                "uuid": "cabbd69e-2e70-4b61-905e-3b8095b544eb"
              },
              {
                "action": "allow",
                "cidr_list": [
                  "10.252.3.0/24"
                ],
                "description": "IPA http: allow egress",
                "icmp_code": 0,
                "icmp_type": 0,
                "port": "80",
                "protocol": "tcp",
                "rule_number": 1301,
                "traffic_type": "egress",
                "uuid": "7f893218-84a2-4a69-b1f5-c34a2c7c09b7"
              },
              {
                "action": "allow",
                "cidr_list": [
                  "10.252.3.0/24"
                ],
                "description": "IPA https: allow egress",
                "icmp_code": 0,
                "icmp_type": 0,
                "port": "443",
                "protocol": "tcp",
                "rule_number": 1302,
                "traffic_type": "egress",
                "uuid": "ecc46d09-b7cc-4190-95a7-de08e31c989e"
              },
              {
                "action": "allow",
                "cidr_list": [
                  "10.252.3.0/24"
                ],
                "description": "IPA ldap: allow egress",
                "icmp_code": 0,
                "icmp_type": 0,
                "port": "389",
                "protocol": "tcp",
                "rule_number": 1303,
                "traffic_type": "egress",
                "uuid": "901af895-c800-465d-8eb8-2492c614958a"
              },
              {
                "action": "allow",
                "cidr_list": [
                  "10.252.3.0/24"
                ],
                "description": "IPA ldaps: allow egress",
                "icmp_code": 0,
                "icmp_type": 0,
                "port": "636",
                "protocol": "tcp",
                "rule_number": 1304,
                "traffic_type": "egress",
                "uuid": "8bf4545c-e70c-4516-9e89-d4505d2fce53"
              },
              {
                "action": "allow",
                "cidr_list": [
                  "10.252.3.0/24"
                ],
                "description": "kerberos tcp: allow egress",
                "icmp_code": 0,
                "icmp_type": 0,
                "port": "88",
                "protocol": "tcp",
                "rule_number": 1307,
                "traffic_type": "egress",
                "uuid": "ee61b202-ebf3-4684-bfda-8d37f69c0039"
              },
              {
                "action": "allow",
                "cidr_list": [
                  "10.252.3.0/24"
                ],
                "description": "kerberos udp: allow egress",
                "icmp_code": 0,
                "icmp_type": 0,
                "port": "88",
                "protocol": "udp",
                "rule_number": 1305,
                "traffic_type": "egress",
                "uuid": "3cc3bd3f-b4b8-47af-940b-73c79b6bdf3a"
              },
              {
                "action": "allow",
                "cidr_list": [
                  "10.252.3.0/24"
                ],
                "description": "kpasswd tcp: allow egress",
                "icmp_code": 0,
                "icmp_type": 0,
                "port": "464",
                "protocol": "tcp",
                "rule_number": 1308,
                "traffic_type": "egress",
                "uuid": "4a50c9ce-1c09-4ceb-8f38-d903996bdfb1"
              },
              {
                "action": "allow",
                "cidr_list": [
                  "10.252.3.0/24"
                ],
                "description": "kpasswd udp: allow egress",
                "icmp_code": 0,
                "icmp_type": 0,
                "port": "464",
                "protocol": "udp",
                "rule_number": 1306,
                "traffic_type": "egress",
                "uuid": "2e12956c-0cb2-413b-ba59-c3be920c917d"
              },
              {
                "action": "allow",
                "cidr_list": [
                  "10.252.4.0/24"
                ],
                "description": "ntp: allow egress",
                "icmp_code": 0,
                "icmp_type": 0,
                "port": "123",
                "protocol": "udp",
                "rule_number": 1401,
                "traffic_type": "egress",
                "uuid": "45d90d86-3d87-4da6-85a9-495267bce642"
              }
            ]
          },
          "sensitive_attributes": [],
          "identity_schema_version": 0,
          "private": "bnVsbA==",
          "dependencies": [
            "cloudstack_network_acl.hypervisor",
            "cloudstack_vpc.infra_vpc"
          ]
        }
      ]
    },
    {
      "module": "module.network_acl_ipa",
      "mode": "managed",
      "type": "cloudstack_network_acl_ruleset",
      "name": "this",
      "provider": "provider[\"local/cloudstack/cloudstack\"]",
      "instances": [
        {
          "schema_version": 0,
          "attributes": {
            "acl_id": "ee9f7b11-101a-4c84-8d28-09febed4f8bc",
            "id": "ee9f7b11-101a-4c84-8d28-09febed4f8bc",
            "managed": true,
            "project": null,
            "rule": [
              {
                "action": "allow",
                "cidr_list": [
                  "0.0.0.0/0"
                ],
                "description": "IPA http: allow ingress",
                "icmp_code": 0,
                "icmp_type": 0,
                "port": "80",
                "protocol": "tcp",
                "rule_number": 30001,
                "traffic_type": "ingress",
                "uuid": "7c60f8ce-d22e-4e20-b6cd-0016eecfcff8"
              },
              {
                "action": "allow",
                "cidr_list": [
                  "0.0.0.0/0"
                ],
                "description": "IPA https: allow ingress",
                "icmp_code": 0,
                "icmp_type": 0,
                "port": "443",
                "protocol": "tcp",
                "rule_number": 30002,
                "traffic_type": "ingress",
                "uuid": "3c0a94e0-d623-4664-8580-af3072761676"
              },
              {
                "action": "allow",
                "cidr_list": [
                  "0.0.0.0/0"
                ],
                "description": "IPA ldap: allow ingress",
                "icmp_code": 0,
                "icmp_type": 0,
                "port": "389",
                "protocol": "tcp",
                "rule_number": 30003,
                "traffic_type": "ingress",
                "uuid": "09ed8b8e-e8d5-4a3b-8afe-d3806706a902"
              },
              {
                "action": "allow",
                "cidr_list": [
                  "0.0.0.0/0"
                ],
                "description": "IPA ldaps: allow ingress",
                "icmp_code": 0,
                "icmp_type": 0,
                "port": "636",
                "protocol": "tcp",
                "rule_number": 30004,
                "traffic_type": "ingress",
                "uuid": "112788c7-f0ef-4ade-9755-ca2e7d937112"
              },
              {
                "action": "allow",
                "cidr_list": [
                  "0.0.0.0/0"
                ],
                "description": "bootstrap allow all: allow egress",
                "icmp_code": 0,
                "icmp_type": 0,
                "port": "",
                "protocol": "all",
                "rule_number": 50001,
                "traffic_type": "egress",
                "uuid": "a6b432e0-c53a-4777-95bd-f7bde3ce2cd8"
              },
              {
                "action": "allow",
                "cidr_list": [
                  "0.0.0.0/0"
                ],
                "description": "kerberos tcp: allow ingress",
                "icmp_code": 0,
                "icmp_type": 0,
                "port": "88",
                "protocol": "tcp",
                "rule_number": 30007,
                "traffic_type": "ingress",
                "uuid": "d5ec6c60-e45c-4d1b-b7f2-fb0cbaf854d6"
              },
              {
                "action": "allow",
                "cidr_list": [
                  "0.0.0.0/0"
                ],
                "description": "kerberos udp: allow ingress",
                "icmp_code": 0,
                "icmp_type": 0,
                "port": "88",
                "protocol": "udp",
                "rule_number": 30005,
                "traffic_type": "ingress",
                "uuid": "50f8a8cf-7ff3-4fb9-a96c-6a619f56806b"
              },
              {
                "action": "allow",
                "cidr_list": [
                  "0.0.0.0/0"
                ],
                "description": "kpasswd tcp: allow ingress",
                "icmp_code": 0,
                "icmp_type": 0,
                "port": "464",
                "protocol": "tcp",
                "rule_number": 30008,
                "traffic_type": "ingress",
                "uuid": "4bb59fdf-ee26-4fe3-b7bc-f796409d9289"
              },
              {
                "action": "allow",
                "cidr_list": [
                  "0.0.0.0/0"
                ],
                "description": "kpasswd udp: allow ingress",
                "icmp_code": 0,
                "icmp_type": 0,
                "port": "464",
                "protocol": "udp",
                "rule_number": 30006,
                "traffic_type": "ingress",
                "uuid": "99eb05e7-b3bc-4e47-823a-9f84c0dc2b73"
              },
              {
                "action": "allow",
                "cidr_list": [
                  "10.252.0.0/24"
                ],
                "description": "allow bastion connection to network: allow ingress",
                "icmp_code": 0,
                "icmp_type": 0,
                "port": "22",
                "protocol": "tcp",
                "rule_number": 1001,
                "traffic_type": "ingress",
                "uuid": "3d4b5726-74c3-4029-b475-ef24c4e2ee94"
              },
              {
                "action": "allow",
                "cidr_list": [
                  "10.252.1.0/24"
                ],
                "description": "dns:tcp: allow egress",
                "icmp_code": 0,
                "icmp_type": 0,
                "port": "53",
                "protocol": "tcp",
                "rule_number": 1101,
                "traffic_type": "egress",
                "uuid": "c9d8e5bf-eba8-4b3b-b451-443b8e44d423"
              },
              {
                "action": "allow",
                "cidr_list": [
                  "10.252.1.0/24"
                ],
                "description": "dns:udp: allow egress",
                "icmp_code": 0,
                "icmp_type": 0,
                "port": "53",
                "protocol": "udp",
                "rule_number": 1102,
                "traffic_type": "egress",
                "uuid": "9aaf7d6f-fd33-4072-b342-e17ddf25af86"
              },
              {
                "action": "allow",
                "cidr_list": [
                  "10.252.2.0/24"
                ],
                "description": "http and https mirror: allow egress",
                "icmp_code": 0,
                "icmp_type": 0,
                "port": "443",
                "protocol": "tcp",
                "rule_number": 1202,
                "traffic_type": "egress",
                "uuid": "d2909923-6e40-4869-90d5-e793af5dac4c"
              },
              {
                "action": "allow",
                "cidr_list": [
                  "10.252.2.0/24"
                ],
                "description": "http mirror: allow egress",
                "icmp_code": 0,
                "icmp_type": 0,
                "port": "80",
                "protocol": "tcp",
                "rule_number": 1201,
                "traffic_type": "egress",
                "uuid": "a39fd5bb-6d9a-4e2c-8fb8-43f5d05e22e0"
              },
              {
                "action": "allow",
                "cidr_list": [
                  "10.252.3.0/24"
                ],
                "description": "IPA http: allow egress",
                "icmp_code": 0,
                "icmp_type": 0,
                "port": "80",
                "protocol": "tcp",
                "rule_number": 1301,
                "traffic_type": "egress",
                "uuid": "4c7895e2-b7d3-46c7-b8e7-ebddea40a886"
              },
              {
                "action": "allow",
                "cidr_list": [
                  "10.252.3.0/24"
                ],
                "description": "IPA https: allow egress",
                "icmp_code": 0,
                "icmp_type": 0,
                "port": "443",
                "protocol": "tcp",
                "rule_number": 1302,
                "traffic_type": "egress",
                "uuid": "88812577-14df-4dfe-95db-0ad3fe3b9433"
              },
              {
                "action": "allow",
                "cidr_list": [
                  "10.252.3.0/24"
                ],
                "description": "IPA ldap: allow egress",
                "icmp_code": 0,
                "icmp_type": 0,
                "port": "389",
                "protocol": "tcp",
                "rule_number": 1303,
                "traffic_type": "egress",
                "uuid": "77442983-ee85-4a1b-b313-03e20ce71399"
              },
              {
                "action": "allow",
                "cidr_list": [
                  "10.252.3.0/24"
                ],
                "description": "IPA ldaps: allow egress",
                "icmp_code": 0,
                "icmp_type": 0,
                "port": "636",
                "protocol": "tcp",
                "rule_number": 1304,
                "traffic_type": "egress",
                "uuid": "bd798d08-738d-4e97-b31e-3773d340f971"
              },
              {
                "action": "allow",
                "cidr_list": [
                  "10.252.3.0/24"
                ],
                "description": "kerberos tcp: allow egress",
                "icmp_code": 0,
                "icmp_type": 0,
                "port": "88",
                "protocol": "tcp",
                "rule_number": 1307,
                "traffic_type": "egress",
                "uuid": "dc871eca-e57b-4c5e-888f-3347f4931c1e"
              },
              {
                "action": "allow",
                "cidr_list": [
                  "10.252.3.0/24"
                ],
                "description": "kerberos udp: allow egress",
                "icmp_code": 0,
                "icmp_type": 0,
                "port": "88",
                "protocol": "udp",
                "rule_number": 1305,
                "traffic_type": "egress",
                "uuid": "435f3382-db06-4301-bb1e-11336d26320f"
              },
              {
                "action": "allow",
                "cidr_list": [
                  "10.252.3.0/24"
                ],
                "description": "kpasswd tcp: allow egress",
                "icmp_code": 0,
                "icmp_type": 0,
                "port": "464",
                "protocol": "tcp",
                "rule_number": 1308,
                "traffic_type": "egress",
                "uuid": "8034ee41-5db9-40f1-abf9-248034cc7a9d"
              },
              {
                "action": "allow",
                "cidr_list": [
                  "10.252.3.0/24"
                ],
                "description": "kpasswd udp: allow egress",
                "icmp_code": 0,
                "icmp_type": 0,
                "port": "464",
                "protocol": "udp",
                "rule_number": 1306,
                "traffic_type": "egress",
                "uuid": "e08d4e17-c2bf-4227-a61b-740211835899"
              },
              {
                "action": "allow",
                "cidr_list": [
                  "10.252.4.0/24"
                ],
                "description": "ntp: allow egress",
                "icmp_code": 0,
                "icmp_type": 0,
                "port": "123",
                "protocol": "udp",
                "rule_number": 1401,
                "traffic_type": "egress",
                "uuid": "68abe234-506f-4e64-9390-a9ba5ee82d44"
              },
              {
                "action": "allow",
                "cidr_list": [
                  "10.252.5.11/24"
                ],
                "description": "proxy secureproxy: allow egress",
                "icmp_code": 0,
                "icmp_type": 0,
                "port": "8080",
                "protocol": "tcp",
                "rule_number": 1501,
                "traffic_type": "egress",
                "uuid": "175ddddd-20b7-4bab-a900-6a97ee37e44c"
              },
              {
                "action": "allow",
                "cidr_list": [
                  "10.252.6.0/24"
                ],
                "description": "ldap: allow egress",
                "icmp_code": 0,
                "icmp_type": 0,
                "port": "389",
                "protocol": "tcp",
                "rule_number": 1601,
                "traffic_type": "egress",
                "uuid": "71afd4a1-0ab9-4e8b-beca-72ad0e4ae4e7"
              },
              {
                "action": "allow",
                "cidr_list": [
                  "10.252.6.0/24"
                ],
                "description": "ldaps: allow egress",
                "icmp_code": 0,
                "icmp_type": 0,
                "port": "636",
                "protocol": "tcp",
                "rule_number": 1602,
                "traffic_type": "egress",
                "uuid": "f2a5b028-ce8d-4d28-83ef-e52487aa4b36"
              },
              {
                "action": "deny",
                "cidr_list": [
                  "0.0.0.0/0"
                ],
                "description": "deny egress by default: deny egress",
                "icmp_code": 0,
                "icmp_type": 0,
                "port": "",
                "protocol": "all",
                "rule_number": 65501,
                "traffic_type": "egress",
                "uuid": "b66fb809-af67-40ae-8453-f681cad5a8f8"
              }
            ]
          },
          "sensitive_attributes": [],
          "identity_schema_version": 0,
          "private": "bnVsbA==",
          "dependencies": [
            "cloudstack_network_acl.ipa",
            "cloudstack_vpc.infra_vpc"
          ]
        }
      ]
    },
    {
      "module": "module.network_acl_ldapproxy",
      "mode": "managed",
      "type": "cloudstack_network_acl_ruleset",
      "name": "this",
      "provider": "provider[\"local/cloudstack/cloudstack\"]",
      "instances": [
        {
          "schema_version": 0,
          "attributes": {
            "acl_id": "230a9fd3-16cd-4499-b4f8-4794864e0299",
            "id": "230a9fd3-16cd-4499-b4f8-4794864e0299",
            "managed": true,
            "project": null,
            "rule": [
              {
                "action": "allow",
                "cidr_list": [
                  "0.0.0.0/0"
                ],
                "description": "bootstrap allow all: allow egress",
                "icmp_code": 0,
                "icmp_type": 0,
                "port": "",
                "protocol": "all",
                "rule_number": 50001,
                "traffic_type": "egress",
                "uuid": "83dad6e5-f0bd-439b-b1bd-18b6c367ebff"
              },
              {
                "action": "allow",
                "cidr_list": [
                  "0.0.0.0/0"
                ],
                "description": "ldap: allow egress",
                "icmp_code": 0,
                "icmp_type": 0,
                "port": "389",
                "protocol": "tcp",
                "rule_number": 30003,
                "traffic_type": "egress",
                "uuid": "299a459c-9901-4275-8c1c-570f7bc0987d"
              },
              {
                "action": "allow",
                "cidr_list": [
                  "0.0.0.0/0"
                ],
                "description": "ldap: allow ingress",
                "icmp_code": 0,
                "icmp_type": 0,
                "port": "389",
                "protocol": "tcp",
                "rule_number": 30001,
                "traffic_type": "ingress",
                "uuid": "c6665cf7-ad73-4559-91c8-aa830475589e"
              },
              {
                "action": "allow",
                "cidr_list": [
                  "0.0.0.0/0"
                ],
                "description": "ldaps: allow egress",
                "icmp_code": 0,
                "icmp_type": 0,
                "port": "636",
                "protocol": "tcp",
                "rule_number": 30004,
                "traffic_type": "egress",
                "uuid": "c566a3b8-1b9c-47cf-a6bf-353dc932a8db"
              },
              {
                "action": "allow",
                "cidr_list": [
                  "0.0.0.0/0"
                ],
                "description": "ldaps: allow ingress",
                "icmp_code": 0,
                "icmp_type": 0,
                "port": "636",
                "protocol": "tcp",
                "rule_number": 30002,
                "traffic_type": "ingress",
                "uuid": "52534122-3cd8-4e71-85e4-24663c09706b"
              },
              {
                "action": "allow",
                "cidr_list": [
                  "10.252.0.0/24"
                ],
                "description": "allow bastion connection to network: allow ingress",
                "icmp_code": 0,
                "icmp_type": 0,
                "port": "22",
                "protocol": "tcp",
                "rule_number": 1001,
                "traffic_type": "ingress",
                "uuid": "b8385835-c955-4ce5-8ed6-c0ab2ce37ec5"
              },
              {
                "action": "allow",
                "cidr_list": [
                  "10.252.1.0/24"
                ],
                "description": "dns:tcp: allow egress",
                "icmp_code": 0,
                "icmp_type": 0,
                "port": "53",
                "protocol": "tcp",
                "rule_number": 1101,
                "traffic_type": "egress",
                "uuid": "6cb19f20-c874-4d87-90a7-1b2ec1e1c6d7"
              },
              {
                "action": "allow",
                "cidr_list": [
                  "10.252.1.0/24"
                ],
                "description": "dns:udp: allow egress",
                "icmp_code": 0,
                "icmp_type": 0,
                "port": "53",
                "protocol": "udp",
                "rule_number": 1102,
                "traffic_type": "egress",
                "uuid": "9a36d792-bbee-4595-9744-3df7cf5e1193"
              },
              {
                "action": "allow",
                "cidr_list": [
                  "10.252.2.0/24"
                ],
                "description": "http and https mirror: allow egress",
                "icmp_code": 0,
                "icmp_type": 0,
                "port": "443",
                "protocol": "tcp",
                "rule_number": 1202,
                "traffic_type": "egress",
                "uuid": "05f54c1a-685a-4549-bfde-42b55536c41e"
              },
              {
                "action": "allow",
                "cidr_list": [
                  "10.252.2.0/24"
                ],
                "description": "http mirror: allow egress",
                "icmp_code": 0,
                "icmp_type": 0,
                "port": "80",
                "protocol": "tcp",
                "rule_number": 1201,
                "traffic_type": "egress",
                "uuid": "b9d7d782-8f00-4587-af55-b136ef87a51f"
              },
              {
                "action": "allow",
                "cidr_list": [
                  "10.252.3.0/24"
                ],
                "description": "IPA http: allow egress",
                "icmp_code": 0,
                "icmp_type": 0,
                "port": "80",
                "protocol": "tcp",
                "rule_number": 1301,
                "traffic_type": "egress",
                "uuid": "84838839-fc95-4a2f-b387-8ee4d9fbf804"
              },
              {
                "action": "allow",
                "cidr_list": [
                  "10.252.3.0/24"
                ],
                "description": "IPA https: allow egress",
                "icmp_code": 0,
                "icmp_type": 0,
                "port": "443",
                "protocol": "tcp",
                "rule_number": 1302,
                "traffic_type": "egress",
                "uuid": "ddacf534-51ab-4063-badd-e0f340492318"
              },
              {
                "action": "allow",
                "cidr_list": [
                  "10.252.3.0/24"
                ],
                "description": "IPA ldap: allow egress",
                "icmp_code": 0,
                "icmp_type": 0,
                "port": "389",
                "protocol": "tcp",
                "rule_number": 1303,
                "traffic_type": "egress",
                "uuid": "4397a447-c2d0-4ee8-9989-0bee932e26ad"
              },
              {
                "action": "allow",
                "cidr_list": [
                  "10.252.3.0/24"
                ],
                "description": "IPA ldaps: allow egress",
                "icmp_code": 0,
                "icmp_type": 0,
                "port": "636",
                "protocol": "tcp",
                "rule_number": 1304,
                "traffic_type": "egress",
                "uuid": "7f50f5d0-8351-4f27-ae26-c2fbb1c90882"
              },
              {
                "action": "allow",
                "cidr_list": [
                  "10.252.3.0/24"
                ],
                "description": "kerberos tcp: allow egress",
                "icmp_code": 0,
                "icmp_type": 0,
                "port": "88",
                "protocol": "tcp",
                "rule_number": 1307,
                "traffic_type": "egress",
                "uuid": "88a70c42-ebb3-4364-9438-f3ec9884e32e"
              },
              {
                "action": "allow",
                "cidr_list": [
                  "10.252.3.0/24"
                ],
                "description": "kerberos udp: allow egress",
                "icmp_code": 0,
                "icmp_type": 0,
                "port": "88",
                "protocol": "udp",
                "rule_number": 1305,
                "traffic_type": "egress",
                "uuid": "3b2e249a-e366-4fa4-a37c-8ffed4516ade"
              },
              {
                "action": "allow",
                "cidr_list": [
                  "10.252.3.0/24"
                ],
                "description": "kpasswd tcp: allow egress",
                "icmp_code": 0,
                "icmp_type": 0,
                "port": "464",
                "protocol": "tcp",
                "rule_number": 1308,
                "traffic_type": "egress",
                "uuid": "58fa615a-e1e8-468f-acdb-260eafed5187"
              },
              {
                "action": "allow",
                "cidr_list": [
                  "10.252.3.0/24"
                ],
                "description": "kpasswd udp: allow egress",
                "icmp_code": 0,
                "icmp_type": 0,
                "port": "464",
                "protocol": "udp",
                "rule_number": 1306,
                "traffic_type": "egress",
                "uuid": "8f334d4c-a239-445b-9dda-5bf8c5e6686d"
              },
              {
                "action": "allow",
                "cidr_list": [
                  "10.252.4.0/24"
                ],
                "description": "ntp: allow egress",
                "icmp_code": 0,
                "icmp_type": 0,
                "port": "123",
                "protocol": "udp",
                "rule_number": 1401,
                "traffic_type": "egress",
                "uuid": "2cf51ca4-5411-42bf-846c-6b19f26ad820"
              },
              {
                "action": "allow",
                "cidr_list": [
                  "10.252.5.11/24"
                ],
                "description": "proxy secureproxy: allow egress",
                "icmp_code": 0,
                "icmp_type": 0,
                "port": "8080",
                "protocol": "tcp",
                "rule_number": 1501,
                "traffic_type": "egress",
                "uuid": "7d5f77f4-f48e-4ef6-8799-eac38c838bfe"
              },
              {
                "action": "deny",
                "cidr_list": [
                  "0.0.0.0/0"
                ],
                "description": "deny egress by default: deny egress",
                "icmp_code": 0,
                "icmp_type": 0,
                "port": "",
                "protocol": "all",
                "rule_number": 65501,
                "traffic_type": "egress",
                "uuid": "79f7bbd8-2f8e-4e44-8e3d-a76eb07d84c7"
              }
            ]
          },
          "sensitive_attributes": [],
          "identity_schema_version": 0,
          "private": "bnVsbA==",
          "dependencies": [
            "cloudstack_network_acl.ldapproxy",
            "cloudstack_vpc.infra_vpc"
          ]
        }
      ]
    },
    {
      "module": "module.network_acl_mirror",
      "mode": "managed",
      "type": "cloudstack_network_acl_ruleset",
      "name": "this",
      "provider": "provider[\"local/cloudstack/cloudstack\"]",
      "instances": [
        {
          "schema_version": 0,
          "attributes": {
            "acl_id": "08dca592-30d8-44e8-bfaa-1b3fe259b8db",
            "id": "08dca592-30d8-44e8-bfaa-1b3fe259b8db",
            "managed": true,
            "project": null,
            "rule": [
              {
                "action": "allow",
                "cidr_list": [
                  "0.0.0.0/0"
                ],
                "description": "bootstrap allow all: allow egress",
                "icmp_code": 0,
                "icmp_type": 0,
                "port": "",
                "protocol": "all",
                "rule_number": 50001,
                "traffic_type": "egress",
                "uuid": "f05ce145-3c20-4b98-a9c8-518f4e112345"
              },
              {
                "action": "allow",
                "cidr_list": [
                  "0.0.0.0/0"
                ],
                "description": "http mirror: allow ingress",
                "icmp_code": 0,
                "icmp_type": 0,
                "port": "80",
                "protocol": "tcp",
                "rule_number": 30001,
                "traffic_type": "ingress",
                "uuid": "e4579d0c-4ba2-4d69-9fc7-f535f583c752"
              },
              {
                "action": "allow",
                "cidr_list": [
                  "0.0.0.0/0"
                ],
                "description": "http: allow egress",
                "icmp_code": 0,
                "icmp_type": 0,
                "port": "80",
                "protocol": "tcp",
                "rule_number": 30003,
                "traffic_type": "egress",
                "uuid": "32c6ed37-16d0-4b88-a929-0a1f84f87c9f"
              },
              {
                "action": "allow",
                "cidr_list": [
                  "0.0.0.0/0"
                ],
                "description": "https mirror: allow ingress",
                "icmp_code": 0,
                "icmp_type": 0,
                "port": "443",
                "protocol": "tcp",
                "rule_number": 30002,
                "traffic_type": "ingress",
                "uuid": "eba6be1c-4716-44ad-93bb-5c9cab5dd3ba"
              },
              {
                "action": "allow",
                "cidr_list": [
                  "0.0.0.0/0"
                ],
                "description": "https: allow egress",
                "icmp_code": 0,
                "icmp_type": 0,
                "port": "443",
                "protocol": "tcp",
                "rule_number": 30004,
                "traffic_type": "egress",
                "uuid": "5720201e-6ecd-41d1-9a12-042a898bc765"
              },
              {
                "action": "allow",
                "cidr_list": [
                  "0.0.0.0/0"
                ],
                "description": "rsync: allow egress",
                "icmp_code": 0,
                "icmp_type": 0,
                "port": "873",
                "protocol": "tcp",
                "rule_number": 30005,
                "traffic_type": "egress",
                "uuid": "6bea4642-1687-41a1-9fb6-49780fdcbdcb"
              },
              {
                "action": "allow",
                "cidr_list": [
                  "10.252.0.0/24"
                ],
                "description": "allow bastion connection to network: allow ingress",
                "icmp_code": 0,
                "icmp_type": 0,
                "port": "22",
                "protocol": "tcp",
                "rule_number": 1001,
                "traffic_type": "ingress",
                "uuid": "58f72832-e592-40e7-8e24-6fb03f237c9c"
              },
              {
                "action": "allow",
                "cidr_list": [
                  "10.252.1.0/24"
                ],
                "description": "dns:tcp: allow egress",
                "icmp_code": 0,
                "icmp_type": 0,
                "port": "53",
                "protocol": "tcp",
                "rule_number": 1101,
                "traffic_type": "egress",
                "uuid": "6390138c-1b6b-4032-8262-f19b01c49b4c"
              },
              {
                "action": "allow",
                "cidr_list": [
                  "10.252.1.0/24"
                ],
                "description": "dns:udp: allow egress",
                "icmp_code": 0,
                "icmp_type": 0,
                "port": "53",
                "protocol": "udp",
                "rule_number": 1102,
                "traffic_type": "egress",
                "uuid": "74f26b4c-f14e-4853-ad4f-be14072403a8"
              },
              {
                "action": "allow",
                "cidr_list": [
                  "10.252.2.0/24"
                ],
                "description": "http and https mirror: allow egress",
                "icmp_code": 0,
                "icmp_type": 0,
                "port": "443",
                "protocol": "tcp",
                "rule_number": 1202,
                "traffic_type": "egress",
                "uuid": "a2af5206-3d21-43ca-9f16-958a579a966f"
              },
              {
                "action": "allow",
                "cidr_list": [
                  "10.252.2.0/24"
                ],
                "description": "http mirror: allow egress",
                "icmp_code": 0,
                "icmp_type": 0,
                "port": "80",
                "protocol": "tcp",
                "rule_number": 1201,
                "traffic_type": "egress",
                "uuid": "41ef4916-a93d-426b-a6cc-3a1d8f3c8a66"
              },
              {
                "action": "allow",
                "cidr_list": [
                  "10.252.3.0/24"
                ],
                "description": "IPA http: allow egress",
                "icmp_code": 0,
                "icmp_type": 0,
                "port": "80",
                "protocol": "tcp",
                "rule_number": 1301,
                "traffic_type": "egress",
                "uuid": "04bf9793-4fbb-41cb-a519-ea20381f790d"
              },
              {
                "action": "allow",
                "cidr_list": [
                  "10.252.3.0/24"
                ],
                "description": "IPA https: allow egress",
                "icmp_code": 0,
                "icmp_type": 0,
                "port": "443",
                "protocol": "tcp",
                "rule_number": 1302,
                "traffic_type": "egress",
                "uuid": "18f17129-1c27-46c4-93b2-753c6f7ba8b3"
              },
              {
                "action": "allow",
                "cidr_list": [
                  "10.252.3.0/24"
                ],
                "description": "IPA ldap: allow egress",
                "icmp_code": 0,
                "icmp_type": 0,
                "port": "389",
                "protocol": "tcp",
                "rule_number": 1303,
                "traffic_type": "egress",
                "uuid": "1e7f5327-0442-4471-addb-0e951079af1f"
              },
              {
                "action": "allow",
                "cidr_list": [
                  "10.252.3.0/24"
                ],
                "description": "IPA ldaps: allow egress",
                "icmp_code": 0,
                "icmp_type": 0,
                "port": "636",
                "protocol": "tcp",
                "rule_number": 1304,
                "traffic_type": "egress",
                "uuid": "9dbfb122-3dbb-4836-996c-da4898625775"
              },
              {
                "action": "allow",
                "cidr_list": [
                  "10.252.3.0/24"
                ],
                "description": "kerberos tcp: allow egress",
                "icmp_code": 0,
                "icmp_type": 0,
                "port": "88",
                "protocol": "tcp",
                "rule_number": 1307,
                "traffic_type": "egress",
                "uuid": "3a5728d4-0aed-431c-bb9b-cf691f232975"
              },
              {
                "action": "allow",
                "cidr_list": [
                  "10.252.3.0/24"
                ],
                "description": "kerberos udp: allow egress",
                "icmp_code": 0,
                "icmp_type": 0,
                "port": "88",
                "protocol": "udp",
                "rule_number": 1305,
                "traffic_type": "egress",
                "uuid": "a6c05188-44d8-492c-b0ae-349f1ce9590e"
              },
              {
                "action": "allow",
                "cidr_list": [
                  "10.252.3.0/24"
                ],
                "description": "kpasswd tcp: allow egress",
                "icmp_code": 0,
                "icmp_type": 0,
                "port": "464",
                "protocol": "tcp",
                "rule_number": 1308,
                "traffic_type": "egress",
                "uuid": "d1140cd9-ba27-4ff0-ab6e-097295593607"
              },
              {
                "action": "allow",
                "cidr_list": [
                  "10.252.3.0/24"
                ],
                "description": "kpasswd udp: allow egress",
                "icmp_code": 0,
                "icmp_type": 0,
                "port": "464",
                "protocol": "udp",
                "rule_number": 1306,
                "traffic_type": "egress",
                "uuid": "0883a5de-64f0-481f-b09c-7cd23d22b4d6"
              },
              {
                "action": "allow",
                "cidr_list": [
                  "10.252.4.0/24"
                ],
                "description": "ntp: allow egress",
                "icmp_code": 0,
                "icmp_type": 0,
                "port": "123",
                "protocol": "udp",
                "rule_number": 1401,
                "traffic_type": "egress",
                "uuid": "e70a0a0f-7ac6-4417-b301-e2f2304cf973"
              },
              {
                "action": "allow",
                "cidr_list": [
                  "10.252.5.11/24"
                ],
                "description": "proxy secureproxy: allow egress",
                "icmp_code": 0,
                "icmp_type": 0,
                "port": "8080",
                "protocol": "tcp",
                "rule_number": 1501,
                "traffic_type": "egress",
                "uuid": "f1ef29aa-60b7-4111-9fb6-f0fc925e17b2"
              },
              {
                "action": "deny",
                "cidr_list": [
                  "0.0.0.0/0"
                ],
                "description": "deny egress by default: deny egress",
                "icmp_code": 0,
                "icmp_type": 0,
                "port": "",
                "protocol": "all",
                "rule_number": 65501,
                "traffic_type": "egress",
                "uuid": "aac11f25-235f-4700-93a3-63d9aa759ac5"
              }
            ]
          },
          "sensitive_attributes": [],
          "identity_schema_version": 0,
          "private": "bnVsbA==",
          "dependencies": [
            "cloudstack_network_acl.mirror",
            "cloudstack_vpc.infra_vpc"
          ]
        }
      ]
    },
    {
      "module": "module.network_acl_nfs",
      "mode": "managed",
      "type": "cloudstack_network_acl_ruleset",
      "name": "this",
      "provider": "provider[\"local/cloudstack/cloudstack\"]",
      "instances": [
        {
          "schema_version": 0,
          "attributes": {
            "acl_id": "b940aa1c-3111-49e2-867e-21dd6bcd4a99",
            "id": "b940aa1c-3111-49e2-867e-21dd6bcd4a99",
            "managed": true,
            "project": null,
            "rule": [
              {
                "action": "allow",
                "cidr_list": [
                  "0.0.0.0/0"
                ],
                "description": "bootstrap allow all: allow egress",
                "icmp_code": 0,
                "icmp_type": 0,
                "port": "",
                "protocol": "all",
                "rule_number": 50001,
                "traffic_type": "egress",
                "uuid": "f73ec266-f7e4-401f-a4d9-d7ad98525220"
              },
              {
                "action": "allow",
                "cidr_list": [
                  "0.0.0.0/0"
                ],
                "description": "nfs: allow ingress",
                "icmp_code": 0,
                "icmp_type": 0,
                "port": "2049",
                "protocol": "tcp",
                "rule_number": 30001,
                "traffic_type": "ingress",
                "uuid": "b9b17bd0-1e97-4a52-83ea-5face373cc88"
              },
              {
                "action": "allow",
                "cidr_list": [
                  "10.10.100.0/28"
                ],
                "description": "access ceph mon v1: allow egress",
                "icmp_code": 0,
                "icmp_type": 0,
                "port": "6789",
                "protocol": "tcp",
                "rule_number": 40001,
                "traffic_type": "egress",
                "uuid": "efaedbd3-07ae-44a8-9cae-a0c20dcf4c96"
              },
              {
                "action": "allow",
                "cidr_list": [
                  "10.10.100.0/28"
                ],
                "description": "access ceph mon v2: allow egress",
                "icmp_code": 0,
                "icmp_type": 0,
                "port": "3300",
                "protocol": "tcp",
                "rule_number": 40002,
                "traffic_type": "egress",
                "uuid": "52a3748f-0cca-40e2-984c-3d20f9c086e5"
              },
              {
                "action": "allow",
                "cidr_list": [
                  "10.10.100.0/28"
                ],
                "description": "access ceph osd and mds: allow egress",
                "icmp_code": 0,
                "icmp_type": 0,
                "port": "6800-7568",
                "protocol": "tcp",
                "rule_number": 40003,
                "traffic_type": "egress",
                "uuid": "a73ecde1-8fd9-4511-9317-ae520b59a47c"
              },
              {
                "action": "allow",
                "cidr_list": [
                  "10.252.0.0/24"
                ],
                "description": "allow bastion connection to network: allow ingress",
                "icmp_code": 0,
                "icmp_type": 0,
                "port": "22",
                "protocol": "tcp",
                "rule_number": 1001,
                "traffic_type": "ingress",
                "uuid": "eab0d980-c10e-44a0-b388-0bd357948637"
              },
              {
                "action": "allow",
                "cidr_list": [
                  "10.252.1.0/24"
                ],
                "description": "dns:tcp: allow egress",
                "icmp_code": 0,
                "icmp_type": 0,
                "port": "53",
                "protocol": "tcp",
                "rule_number": 1101,
                "traffic_type": "egress",
                "uuid": "85ed35ff-6880-41ab-b118-fc18733a9714"
              },
              {
                "action": "allow",
                "cidr_list": [
                  "10.252.1.0/24"
                ],
                "description": "dns:udp: allow egress",
                "icmp_code": 0,
                "icmp_type": 0,
                "port": "53",
                "protocol": "udp",
                "rule_number": 1102,
                "traffic_type": "egress",
                "uuid": "86285ba3-8523-4138-a6bb-b3e55c25cc45"
              },
              {
                "action": "allow",
                "cidr_list": [
                  "10.252.2.0/24"
                ],
                "description": "http and https mirror: allow egress",
                "icmp_code": 0,
                "icmp_type": 0,
                "port": "443",
                "protocol": "tcp",
                "rule_number": 1202,
                "traffic_type": "egress",
                "uuid": "a27e4516-13ea-442c-9cc1-bbfb05a72801"
              },
              {
                "action": "allow",
                "cidr_list": [
                  "10.252.2.0/24"
                ],
                "description": "http mirror: allow egress",
                "icmp_code": 0,
                "icmp_type": 0,
                "port": "80",
                "protocol": "tcp",
                "rule_number": 1201,
                "traffic_type": "egress",
                "uuid": "fbe8653f-1e66-42c1-afcd-4a05554865be"
              },
              {
                "action": "allow",
                "cidr_list": [
                  "10.252.3.0/24"
                ],
                "description": "IPA http: allow egress",
                "icmp_code": 0,
                "icmp_type": 0,
                "port": "80",
                "protocol": "tcp",
                "rule_number": 1301,
                "traffic_type": "egress",
                "uuid": "cf259319-026c-4135-98a0-e6e4cd21bcc0"
              },
              {
                "action": "allow",
                "cidr_list": [
                  "10.252.3.0/24"
                ],
                "description": "IPA https: allow egress",
                "icmp_code": 0,
                "icmp_type": 0,
                "port": "443",
                "protocol": "tcp",
                "rule_number": 1302,
                "traffic_type": "egress",
                "uuid": "82d68dbb-3302-4b5b-af6f-0b2736b74523"
              },
              {
                "action": "allow",
                "cidr_list": [
                  "10.252.3.0/24"
                ],
                "description": "IPA ldap: allow egress",
                "icmp_code": 0,
                "icmp_type": 0,
                "port": "389",
                "protocol": "tcp",
                "rule_number": 1303,
                "traffic_type": "egress",
                "uuid": "a6a0945a-1301-47ca-a34e-9093c3b053e9"
              },
              {
                "action": "allow",
                "cidr_list": [
                  "10.252.3.0/24"
                ],
                "description": "IPA ldaps: allow egress",
                "icmp_code": 0,
                "icmp_type": 0,
                "port": "636",
                "protocol": "tcp",
                "rule_number": 1304,
                "traffic_type": "egress",
                "uuid": "dd09b5c1-3e8b-4ef6-8a15-23d3dab0a208"
              },
              {
                "action": "allow",
                "cidr_list": [
                  "10.252.3.0/24"
                ],
                "description": "kerberos tcp: allow egress",
                "icmp_code": 0,
                "icmp_type": 0,
                "port": "88",
                "protocol": "tcp",
                "rule_number": 1307,
                "traffic_type": "egress",
                "uuid": "bca5a351-54fa-4b1a-a499-6f69883ac945"
              },
              {
                "action": "allow",
                "cidr_list": [
                  "10.252.3.0/24"
                ],
                "description": "kerberos udp: allow egress",
                "icmp_code": 0,
                "icmp_type": 0,
                "port": "88",
                "protocol": "udp",
                "rule_number": 1305,
                "traffic_type": "egress",
                "uuid": "e1544573-82d4-4f05-906a-33b23e030061"
              },
              {
                "action": "allow",
                "cidr_list": [
                  "10.252.3.0/24"
                ],
                "description": "kpasswd tcp: allow egress",
                "icmp_code": 0,
                "icmp_type": 0,
                "port": "464",
                "protocol": "tcp",
                "rule_number": 1308,
                "traffic_type": "egress",
                "uuid": "fdf4e27e-3c41-4292-a0b9-f4563367db85"
              },
              {
                "action": "allow",
                "cidr_list": [
                  "10.252.3.0/24"
                ],
                "description": "kpasswd udp: allow egress",
                "icmp_code": 0,
                "icmp_type": 0,
                "port": "464",
                "protocol": "udp",
                "rule_number": 1306,
                "traffic_type": "egress",
                "uuid": "2c963f73-9c35-4aaf-ad78-c70308e7c592"
              },
              {
                "action": "allow",
                "cidr_list": [
                  "10.252.4.0/24"
                ],
                "description": "ntp: allow egress",
                "icmp_code": 0,
                "icmp_type": 0,
                "port": "123",
                "protocol": "udp",
                "rule_number": 1401,
                "traffic_type": "egress",
                "uuid": "54c5dd41-14b8-49dd-b78d-6c9d699719fa"
              },
              {
                "action": "deny",
                "cidr_list": [
                  "0.0.0.0/0"
                ],
                "description": "deny egress by default: deny egress",
                "icmp_code": 0,
                "icmp_type": 0,
                "port": "",
                "protocol": "all",
                "rule_number": 65501,
                "traffic_type": "egress",
                "uuid": "fea94a1d-3765-43bc-8b5d-671524919dd9"
              }
            ]
          },
          "sensitive_attributes": [],
          "identity_schema_version": 0,
          "private": "bnVsbA==",
          "dependencies": [
            "cloudstack_network_acl.nfs",
            "cloudstack_vpc.infra_vpc"
          ]
        }
      ]
    },
    {
      "module": "module.network_acl_ntp",
      "mode": "managed",
      "type": "cloudstack_network_acl_ruleset",
      "name": "this",
      "provider": "provider[\"local/cloudstack/cloudstack\"]",
      "instances": [
        {
          "schema_version": 0,
          "attributes": {
            "acl_id": "96319692-1df5-46d8-b7be-3b1428e01832",
            "id": "96319692-1df5-46d8-b7be-3b1428e01832",
            "managed": true,
            "project": null,
            "rule": [
              {
                "action": "allow",
                "cidr_list": [
                  "0.0.0.0/0"
                ],
                "description": "bootstrap allow all: allow egress",
                "icmp_code": 0,
                "icmp_type": 0,
                "port": "",
                "protocol": "all",
                "rule_number": 50001,
                "traffic_type": "egress",
                "uuid": "94bdfb49-dab1-4a78-8181-3ea8397faf28"
              },
              {
                "action": "allow",
                "cidr_list": [
                  "0.0.0.0/0"
                ],
                "description": "ntp: allow egress",
                "icmp_code": 0,
                "icmp_type": 0,
                "port": "123",
                "protocol": "udp",
                "rule_number": 30001,
                "traffic_type": "egress",
                "uuid": "1590e733-ff51-45cb-9707-68aeec887908"
              },
              {
                "action": "allow",
                "cidr_list": [
                  "0.0.0.0/0"
                ],
                "description": "ntp: allow ingress",
                "icmp_code": 0,
                "icmp_type": 0,
                "port": "123",
                "protocol": "udp",
                "rule_number": 30002,
                "traffic_type": "ingress",
                "uuid": "258bcfe6-e1f6-470d-9267-4b629c8bf832"
              },
              {
                "action": "allow",
                "cidr_list": [
                  "10.252.0.0/24"
                ],
                "description": "allow bastion connection to network: allow ingress",
                "icmp_code": 0,
                "icmp_type": 0,
                "port": "22",
                "protocol": "tcp",
                "rule_number": 1001,
                "traffic_type": "ingress",
                "uuid": "7aeaedfb-a67d-474a-a483-e94435c87623"
              },
              {
                "action": "allow",
                "cidr_list": [
                  "10.252.1.0/24"
                ],
                "description": "dns:tcp: allow egress",
                "icmp_code": 0,
                "icmp_type": 0,
                "port": "53",
                "protocol": "tcp",
                "rule_number": 1101,
                "traffic_type": "egress",
                "uuid": "434c0016-41ef-46a5-b94d-070b4e5886b9"
              },
              {
                "action": "allow",
                "cidr_list": [
                  "10.252.1.0/24"
                ],
                "description": "dns:udp: allow egress",
                "icmp_code": 0,
                "icmp_type": 0,
                "port": "53",
                "protocol": "udp",
                "rule_number": 1102,
                "traffic_type": "egress",
                "uuid": "bd1d0f8d-1476-4c56-ba24-2e5809bf9b38"
              },
              {
                "action": "allow",
                "cidr_list": [
                  "10.252.2.0/24"
                ],
                "description": "http and https mirror: allow egress",
                "icmp_code": 0,
                "icmp_type": 0,
                "port": "443",
                "protocol": "tcp",
                "rule_number": 1202,
                "traffic_type": "egress",
                "uuid": "b60fc67e-a10b-4bc5-befb-77356124558f"
              },
              {
                "action": "allow",
                "cidr_list": [
                  "10.252.2.0/24"
                ],
                "description": "http mirror: allow egress",
                "icmp_code": 0,
                "icmp_type": 0,
                "port": "80",
                "protocol": "tcp",
                "rule_number": 1201,
                "traffic_type": "egress",
                "uuid": "44f0d442-d9e5-451b-91d0-deb4a0261aa7"
              },
              {
                "action": "allow",
                "cidr_list": [
                  "10.252.3.0/24"
                ],
                "description": "IPA http: allow egress",
                "icmp_code": 0,
                "icmp_type": 0,
                "port": "80",
                "protocol": "tcp",
                "rule_number": 1301,
                "traffic_type": "egress",
                "uuid": "dc63b035-881a-49bb-ba31-f06ab01965b1"
              },
              {
                "action": "allow",
                "cidr_list": [
                  "10.252.3.0/24"
                ],
                "description": "IPA https: allow egress",
                "icmp_code": 0,
                "icmp_type": 0,
                "port": "443",
                "protocol": "tcp",
                "rule_number": 1302,
                "traffic_type": "egress",
                "uuid": "1a7a6923-0618-435a-b0ad-ca4846818077"
              },
              {
                "action": "allow",
                "cidr_list": [
                  "10.252.3.0/24"
                ],
                "description": "IPA ldap: allow egress",
                "icmp_code": 0,
                "icmp_type": 0,
                "port": "389",
                "protocol": "tcp",
                "rule_number": 1303,
                "traffic_type": "egress",
                "uuid": "8ffc0bb0-637a-4c8e-bf8d-883c5a703821"
              },
              {
                "action": "allow",
                "cidr_list": [
                  "10.252.3.0/24"
                ],
                "description": "IPA ldaps: allow egress",
                "icmp_code": 0,
                "icmp_type": 0,
                "port": "636",
                "protocol": "tcp",
                "rule_number": 1304,
                "traffic_type": "egress",
                "uuid": "586303d6-3c42-42f0-b1e5-86810cce027f"
              },
              {
                "action": "allow",
                "cidr_list": [
                  "10.252.3.0/24"
                ],
                "description": "kerberos tcp: allow egress",
                "icmp_code": 0,
                "icmp_type": 0,
                "port": "88",
                "protocol": "tcp",
                "rule_number": 1307,
                "traffic_type": "egress",
                "uuid": "9c02ab0e-5a48-4146-8d45-2ac7ce7d84d8"
              },
              {
                "action": "allow",
                "cidr_list": [
                  "10.252.3.0/24"
                ],
                "description": "kerberos udp: allow egress",
                "icmp_code": 0,
                "icmp_type": 0,
                "port": "88",
                "protocol": "udp",
                "rule_number": 1305,
                "traffic_type": "egress",
                "uuid": "cfae5ae2-9358-46d4-90d4-720051f30f5a"
              },
              {
                "action": "allow",
                "cidr_list": [
                  "10.252.3.0/24"
                ],
                "description": "kpasswd tcp: allow egress",
                "icmp_code": 0,
                "icmp_type": 0,
                "port": "464",
                "protocol": "tcp",
                "rule_number": 1308,
                "traffic_type": "egress",
                "uuid": "761a9c77-8f4b-4606-a477-dc21212a095c"
              },
              {
                "action": "allow",
                "cidr_list": [
                  "10.252.3.0/24"
                ],
                "description": "kpasswd udp: allow egress",
                "icmp_code": 0,
                "icmp_type": 0,
                "port": "464",
                "protocol": "udp",
                "rule_number": 1306,
                "traffic_type": "egress",
                "uuid": "2965e19a-d2ef-4044-a7d5-88070920cd6a"
              },
              {
                "action": "allow",
                "cidr_list": [
                  "10.252.4.0/24"
                ],
                "description": "ntp: allow egress",
                "icmp_code": 0,
                "icmp_type": 0,
                "port": "123",
                "protocol": "udp",
                "rule_number": 1401,
                "traffic_type": "egress",
                "uuid": "09113425-8f13-410e-8001-8dd2c56705de"
              },
              {
                "action": "deny",
                "cidr_list": [
                  "0.0.0.0/0"
                ],
                "description": "deny egress by default: deny egress",
                "icmp_code": 0,
                "icmp_type": 0,
                "port": "",
                "protocol": "all",
                "rule_number": 65501,
                "traffic_type": "egress",
                "uuid": "52bd781e-014c-42d7-8bde-afdb75a25333"
              }
            ]
          },
          "sensitive_attributes": [],
          "identity_schema_version": 0,
          "private": "bnVsbA==",
          "dependencies": [
            "cloudstack_network_acl.ntp",
            "cloudstack_vpc.infra_vpc"
          ]
        }
      ]
    },
    {
      "module": "module.network_acl_proxy",
      "mode": "managed",
      "type": "cloudstack_network_acl_ruleset",
      "name": "this",
      "provider": "provider[\"local/cloudstack/cloudstack\"]",
      "instances": [
        {
          "schema_version": 0,
          "attributes": {
            "acl_id": "b741048b-b7ad-490c-bdd8-a56613ed1a7c",
            "id": "b741048b-b7ad-490c-bdd8-a56613ed1a7c",
            "managed": true,
            "project": null,
            "rule": [
              {
                "action": "allow",
                "cidr_list": [
                  "0.0.0.0/0"
                ],
                "description": "Allow egress to world on 443: allow egress",
                "icmp_code": 0,
                "icmp_type": 0,
                "port": "443",
                "protocol": "tcp",
                "rule_number": 30003,
                "traffic_type": "egress",
                "uuid": "b8391bba-9e9a-430b-a18a-96cf1777d960"
              },
              {
                "action": "allow",
                "cidr_list": [
                  "0.0.0.0/0"
                ],
                "description": "Allow egress to world on 80: allow egress",
                "icmp_code": 0,
                "icmp_type": 0,
                "port": "80",
                "protocol": "tcp",
                "rule_number": 30002,
                "traffic_type": "egress",
                "uuid": "fc0e146c-723a-47da-b58b-161a38fb7f17"
              },
              {
                "action": "allow",
                "cidr_list": [
                  "0.0.0.0/0"
                ],
                "description": "Allow ingress proxy: allow ingress",
                "icmp_code": 0,
                "icmp_type": 0,
                "port": "8080",
                "protocol": "tcp",
                "rule_number": 30001,
                "traffic_type": "ingress",
                "uuid": "23577db3-f8d5-45d8-9377-b3c785e50d75"
              },
              {
                "action": "allow",
                "cidr_list": [
                  "0.0.0.0/0"
                ],
                "description": "bootstrap allow all: allow egress",
                "icmp_code": 0,
                "icmp_type": 0,
                "port": "",
                "protocol": "all",
                "rule_number": 50001,
                "traffic_type": "egress",
                "uuid": "99130f37-1958-4853-a468-a189cf5fe1af"
              },
              {
                "action": "allow",
                "cidr_list": [
                  "10.252.0.0/24"
                ],
                "description": "allow bastion connection to network: allow ingress",
                "icmp_code": 0,
                "icmp_type": 0,
                "port": "22",
                "protocol": "tcp",
                "rule_number": 1001,
                "traffic_type": "ingress",
                "uuid": "3e84b332-143e-4f8a-822a-3e69f1b875d3"
              },
              {
                "action": "allow",
                "cidr_list": [
                  "10.252.1.0/24"
                ],
                "description": "dns:tcp: allow egress",
                "icmp_code": 0,
                "icmp_type": 0,
                "port": "53",
                "protocol": "tcp",
                "rule_number": 1101,
                "traffic_type": "egress",
                "uuid": "1e55f6e3-31fc-489d-bda7-42dad2010424"
              },
              {
                "action": "allow",
                "cidr_list": [
                  "10.252.1.0/24"
                ],
                "description": "dns:udp: allow egress",
                "icmp_code": 0,
                "icmp_type": 0,
                "port": "53",
                "protocol": "udp",
                "rule_number": 1102,
                "traffic_type": "egress",
                "uuid": "f84eb570-103c-44ba-a24a-800d2d64bf9e"
              },
              {
                "action": "allow",
                "cidr_list": [
                  "10.252.2.0/24"
                ],
                "description": "http and https mirror: allow egress",
                "icmp_code": 0,
                "icmp_type": 0,
                "port": "443",
                "protocol": "tcp",
                "rule_number": 1202,
                "traffic_type": "egress",
                "uuid": "73cdeb5c-eb96-48f6-93f4-4afa27db5a2b"
              },
              {
                "action": "allow",
                "cidr_list": [
                  "10.252.2.0/24"
                ],
                "description": "http mirror: allow egress",
                "icmp_code": 0,
                "icmp_type": 0,
                "port": "80",
                "protocol": "tcp",
                "rule_number": 1201,
                "traffic_type": "egress",
                "uuid": "dff47e27-48b9-4a29-974e-81fe2b91cc26"
              },
              {
                "action": "allow",
                "cidr_list": [
                  "10.252.3.0/24"
                ],
                "description": "IPA http: allow egress",
                "icmp_code": 0,
                "icmp_type": 0,
                "port": "80",
                "protocol": "tcp",
                "rule_number": 1301,
                "traffic_type": "egress",
                "uuid": "d3720162-98e3-4dc5-9264-a2e0b12a3b0e"
              },
              {
                "action": "allow",
                "cidr_list": [
                  "10.252.3.0/24"
                ],
                "description": "IPA https: allow egress",
                "icmp_code": 0,
                "icmp_type": 0,
                "port": "443",
                "protocol": "tcp",
                "rule_number": 1302,
                "traffic_type": "egress",
                "uuid": "3d85219e-b9b7-4c5b-b500-fb047c99468a"
              },
              {
                "action": "allow",
                "cidr_list": [
                  "10.252.3.0/24"
                ],
                "description": "IPA ldap: allow egress",
                "icmp_code": 0,
                "icmp_type": 0,
                "port": "389",
                "protocol": "tcp",
                "rule_number": 1303,
                "traffic_type": "egress",
                "uuid": "046bf014-1e88-4a6a-8d95-d0ae379d8e6b"
              },
              {
                "action": "allow",
                "cidr_list": [
                  "10.252.3.0/24"
                ],
                "description": "IPA ldaps: allow egress",
                "icmp_code": 0,
                "icmp_type": 0,
                "port": "636",
                "protocol": "tcp",
                "rule_number": 1304,
                "traffic_type": "egress",
                "uuid": "10b05edc-6086-49e4-a983-377cb37c68b5"
              },
              {
                "action": "allow",
                "cidr_list": [
                  "10.252.3.0/24"
                ],
                "description": "kerberos tcp: allow egress",
                "icmp_code": 0,
                "icmp_type": 0,
                "port": "88",
                "protocol": "tcp",
                "rule_number": 1307,
                "traffic_type": "egress",
                "uuid": "1222f1f2-29bd-49e3-a895-aab431c02a85"
              },
              {
                "action": "allow",
                "cidr_list": [
                  "10.252.3.0/24"
                ],
                "description": "kerberos udp: allow egress",
                "icmp_code": 0,
                "icmp_type": 0,
                "port": "88",
                "protocol": "udp",
                "rule_number": 1305,
                "traffic_type": "egress",
                "uuid": "686e564b-70fc-486a-b880-a6de17d44b3c"
              },
              {
                "action": "allow",
                "cidr_list": [
                  "10.252.3.0/24"
                ],
                "description": "kpasswd tcp: allow egress",
                "icmp_code": 0,
                "icmp_type": 0,
                "port": "464",
                "protocol": "tcp",
                "rule_number": 1308,
                "traffic_type": "egress",
                "uuid": "1c525538-294b-4c19-9b37-67ed7632d39c"
              },
              {
                "action": "allow",
                "cidr_list": [
                  "10.252.3.0/24"
                ],
                "description": "kpasswd udp: allow egress",
                "icmp_code": 0,
                "icmp_type": 0,
                "port": "464",
                "protocol": "udp",
                "rule_number": 1306,
                "traffic_type": "egress",
                "uuid": "a56e6170-0cb8-4aa1-b2a9-59ea292334c2"
              },
              {
                "action": "allow",
                "cidr_list": [
                  "10.252.4.0/24"
                ],
                "description": "ntp: allow egress",
                "icmp_code": 0,
                "icmp_type": 0,
                "port": "123",
                "protocol": "udp",
                "rule_number": 1401,
                "traffic_type": "egress",
                "uuid": "4a4d7e16-b3ec-46b7-9264-f2d6eddff58c"
              },
              {
                "action": "deny",
                "cidr_list": [
                  "0.0.0.0/0"
                ],
                "description": "deny egress by default: deny egress",
                "icmp_code": 0,
                "icmp_type": 0,
                "port": "",
                "protocol": "all",
                "rule_number": 65501,
                "traffic_type": "egress",
                "uuid": "31f14b61-58c3-4bd2-ab71-be98ef306f03"
              }
            ]
          },
          "sensitive_attributes": [],
          "identity_schema_version": 0,
          "private": "bnVsbA==",
          "dependencies": [
            "cloudstack_network_acl.proxy",
            "cloudstack_vpc.infra_vpc"
          ]
        }
      ]
    },
    {
      "module": "module.network_acl_su",
      "mode": "managed",
      "type": "cloudstack_network_acl_ruleset",
      "name": "this",
      "provider": "provider[\"local/cloudstack/cloudstack\"]",
      "instances": [
        {
          "schema_version": 0,
          "attributes": {
            "acl_id": "ba9b7cb5-a7f1-41e5-87bd-26fa61238ed0",
            "id": "ba9b7cb5-a7f1-41e5-87bd-26fa61238ed0",
            "managed": true,
            "project": null,
            "rule": [
              {
                "action": "allow",
                "cidr_list": [
                  "0.0.0.0/0"
                ],
                "description": "allow public networks to SSH into bastion: allow ingress",
                "icmp_code": 0,
                "icmp_type": 0,
                "port": "22",
                "protocol": "tcp",
                "rule_number": 30002,
                "traffic_type": "ingress",
                "uuid": "3ec785b0-608f-4805-8518-44e606617474"
              },
              {
                "action": "allow",
                "cidr_list": [
                  "0.0.0.0/0"
                ],
                "description": "bootstrap allow all: allow egress",
                "icmp_code": 0,
                "icmp_type": 0,
                "port": "",
                "protocol": "all",
                "rule_number": 50001,
                "traffic_type": "egress",
                "uuid": "355b8f5b-10a8-484d-ba47-899060aa332e"
              },
              {
                "action": "allow",
                "cidr_list": [
                  "10.252.0.0/16"
                ],
                "description": "allow bastion connection to network: allow egress",
                "icmp_code": 0,
                "icmp_type": 0,
                "port": "22",
                "protocol": "tcp",
                "rule_number": 30003,
                "traffic_type": "egress",
                "uuid": "68545187-f756-4c66-ba85-c0f1c11cbfae"
              },
              {
                "action": "allow",
                "cidr_list": [
                  "10.252.0.0/24"
                ],
                "description": "allow bastion connection to network: allow ingress",
                "icmp_code": 0,
                "icmp_type": 0,
                "port": "22",
                "protocol": "tcp",
                "rule_number": 1001,
                "traffic_type": "ingress",
                "uuid": "5996adee-28f1-4e14-bc2c-bc6ca4ff0df4"
              },
              {
                "action": "allow",
                "cidr_list": [
                  "10.252.1.0/24"
                ],
                "description": "dns:tcp: allow egress",
                "icmp_code": 0,
                "icmp_type": 0,
                "port": "53",
                "protocol": "tcp",
                "rule_number": 1101,
                "traffic_type": "egress",
                "uuid": "c1103c5f-64fb-437c-99de-fe7a79a4d000"
              },
              {
                "action": "allow",
                "cidr_list": [
                  "10.252.1.0/24"
                ],
                "description": "dns:udp: allow egress",
                "icmp_code": 0,
                "icmp_type": 0,
                "port": "53",
                "protocol": "udp",
                "rule_number": 1102,
                "traffic_type": "egress",
                "uuid": "cda563d0-6098-4a4e-8f9b-848a63da82f9"
              },
              {
                "action": "allow",
                "cidr_list": [
                  "10.252.2.0/24"
                ],
                "description": "http and https mirror: allow egress",
                "icmp_code": 0,
                "icmp_type": 0,
                "port": "443",
                "protocol": "tcp",
                "rule_number": 1202,
                "traffic_type": "egress",
                "uuid": "6c2c4810-c885-449f-82b3-bb2e1f663928"
              },
              {
                "action": "allow",
                "cidr_list": [
                  "10.252.2.0/24"
                ],
                "description": "http mirror: allow egress",
                "icmp_code": 0,
                "icmp_type": 0,
                "port": "80",
                "protocol": "tcp",
                "rule_number": 1201,
                "traffic_type": "egress",
                "uuid": "3f0f98fb-cb97-464f-aee4-b7643d9c8da3"
              },
              {
                "action": "allow",
                "cidr_list": [
                  "10.252.3.0/24"
                ],
                "description": "IPA http: allow egress",
                "icmp_code": 0,
                "icmp_type": 0,
                "port": "80",
                "protocol": "tcp",
                "rule_number": 1301,
                "traffic_type": "egress",
                "uuid": "208786f7-fe5d-426c-939d-ddd657af3039"
              },
              {
                "action": "allow",
                "cidr_list": [
                  "10.252.3.0/24"
                ],
                "description": "IPA https: allow egress",
                "icmp_code": 0,
                "icmp_type": 0,
                "port": "443",
                "protocol": "tcp",
                "rule_number": 1302,
                "traffic_type": "egress",
                "uuid": "a188a7f9-393c-4186-b174-727fb7470bec"
              },
              {
                "action": "allow",
                "cidr_list": [
                  "10.252.3.0/24"
                ],
                "description": "IPA ldap: allow egress",
                "icmp_code": 0,
                "icmp_type": 0,
                "port": "389",
                "protocol": "tcp",
                "rule_number": 1303,
                "traffic_type": "egress",
                "uuid": "90ce7bcf-fc70-4bd5-a8d1-37969f99a19c"
              },
              {
                "action": "allow",
                "cidr_list": [
                  "10.252.3.0/24"
                ],
                "description": "IPA ldaps: allow egress",
                "icmp_code": 0,
                "icmp_type": 0,
                "port": "636",
                "protocol": "tcp",
                "rule_number": 1304,
                "traffic_type": "egress",
                "uuid": "e07abb24-4d8d-4a54-95a7-65140afb5087"
              },
              {
                "action": "allow",
                "cidr_list": [
                  "10.252.3.0/24"
                ],
                "description": "kerberos tcp: allow egress",
                "icmp_code": 0,
                "icmp_type": 0,
                "port": "88",
                "protocol": "tcp",
                "rule_number": 1307,
                "traffic_type": "egress",
                "uuid": "1429f78c-dc5e-45cb-8a3d-82db10d0b033"
              },
              {
                "action": "allow",
                "cidr_list": [
                  "10.252.3.0/24"
                ],
                "description": "kerberos udp: allow egress",
                "icmp_code": 0,
                "icmp_type": 0,
                "port": "88",
                "protocol": "udp",
                "rule_number": 1305,
                "traffic_type": "egress",
                "uuid": "547b342d-0c19-44dc-94c8-65d0c6528099"
              },
              {
                "action": "allow",
                "cidr_list": [
                  "10.252.3.0/24"
                ],
                "description": "kpasswd tcp: allow egress",
                "icmp_code": 0,
                "icmp_type": 0,
                "port": "464",
                "protocol": "tcp",
                "rule_number": 1308,
                "traffic_type": "egress",
                "uuid": "6dfde8de-62fb-4552-a660-c44250e51bca"
              },
              {
                "action": "allow",
                "cidr_list": [
                  "10.252.3.0/24"
                ],
                "description": "kpasswd udp: allow egress",
                "icmp_code": 0,
                "icmp_type": 0,
                "port": "464",
                "protocol": "udp",
                "rule_number": 1306,
                "traffic_type": "egress",
                "uuid": "befb18ed-4856-4b02-af41-95d60d252b6a"
              },
              {
                "action": "allow",
                "cidr_list": [
                  "10.252.4.0/24"
                ],
                "description": "ntp: allow egress",
                "icmp_code": 0,
                "icmp_type": 0,
                "port": "123",
                "protocol": "udp",
                "rule_number": 1401,
                "traffic_type": "egress",
                "uuid": "a80397e9-306c-4d10-87b2-a1814bd36a3d"
              },
              {
                "action": "deny",
                "cidr_list": [
                  "0.0.0.0/0"
                ],
                "description": "deny egress by default: deny egress",
                "icmp_code": 0,
                "icmp_type": 0,
                "port": "",
                "protocol": "all",
                "rule_number": 65501,
                "traffic_type": "egress",
                "uuid": "d096d693-bc79-4461-9ca6-dbeaabae36b6"
              },
              {
                "action": "deny",
                "cidr_list": [
                  "10.252.0.0/16"
                ],
                "description": "disallow VPC subnets from SSHing into bastion: deny ingress",
                "icmp_code": 0,
                "icmp_type": 0,
                "port": "22",
                "protocol": "tcp",
                "rule_number": 30001,
                "traffic_type": "ingress",
                "uuid": "1feab0e0-07a9-4523-ac05-d98a8d7e2f4a"
              }
            ]
          },
          "sensitive_attributes": [],
          "identity_schema_version": 0,
          "private": "bnVsbA==",
          "dependencies": [
            "cloudstack_network_acl.su",
            "cloudstack_vpc.infra_vpc"
          ]
        }
      ]
    }
  ],
  "check_results": null
}
