{
  "version": 4,
  "terraform_version": "1.13.3",
  "serial": 763,
  "lineage": "5c7ec528-6e13-aae8-2d88-a841454e49b0",
  "outputs": {},
  "resources": [
    {
      "mode": "managed",
      "type": "cloudstack_affinity_group",
      "name": "dns",
      "provider": "provider[\"registry.terraform.io/cloudstack/cloudstack\"]",
      "instances": [
        {
          "schema_version": 0,
          "attributes": {
            "description": "dns",
            "id": "12a4817d-6657-49ae-90fb-da26fe56fe16",
            "name": "dns",
            "project": "infra",
            "type": "non-strict host anti-affinity"
          },
          "sensitive_attributes": [],
          "identity_schema_version": 0
        }
      ]
    },
    {
      "mode": "managed",
      "type": "cloudstack_affinity_group",
      "name": "ipa",
      "provider": "provider[\"registry.terraform.io/cloudstack/cloudstack\"]",
      "instances": [
        {
          "schema_version": 0,
          "attributes": {
            "description": "ipa",
            "id": "b4f655a7-6744-4fcb-a6ba-2a20b39da203",
            "name": "ipa",
            "project": "infra",
            "type": "non-strict host anti-affinity"
          },
          "sensitive_attributes": [],
          "identity_schema_version": 0
        }
      ]
    },
    {
      "mode": "managed",
      "type": "cloudstack_affinity_group",
      "name": "nfs",
      "provider": "provider[\"registry.terraform.io/cloudstack/cloudstack\"]",
      "instances": [
        {
          "schema_version": 0,
          "attributes": {
            "description": "nfs",
            "id": "83c7c2d4-6a70-4968-ba28-ddcbfeef55d2",
            "name": "nfs",
            "project": "infra",
            "type": "non-strict host anti-affinity"
          },
          "sensitive_attributes": [],
          "identity_schema_version": 0
        }
      ]
    },
    {
      "mode": "managed",
      "type": "cloudstack_affinity_group",
      "name": "ntp",
      "provider": "provider[\"registry.terraform.io/cloudstack/cloudstack\"]",
      "instances": [
        {
          "schema_version": 0,
          "attributes": {
            "description": "ntp",
            "id": "59a28539-0da0-48dd-b95b-3ea497d1460f",
            "name": "ntp",
            "project": "infra",
            "type": "non-strict host anti-affinity"
          },
          "sensitive_attributes": [],
          "identity_schema_version": 0
        }
      ]
    },
    {
      "mode": "managed",
      "type": "cloudstack_disk",
      "name": "mirror_data_disk",
      "provider": "provider[\"registry.terraform.io/cloudstack/cloudstack\"]",
      "instances": [
        {
          "schema_version": 0,
          "attributes": {
            "attach": true,
            "device_id": 1,
            "disk_offering": "Custom - WriteBack",
            "id": "a519bdf9-bae3-46b5-8d10-d16193e2db82",
            "name": "mirror_data_disk",
            "project": "infra",
            "reattach_on_change": false,
            "shrink_ok": false,
            "size": 8192,
            "tags": {},
            "virtual_machine_id": "e4df9278-c24b-4533-aee2-8a096e75ff3c",
            "zone": "testlab"
          },
          "sensitive_attributes": [],
          "identity_schema_version": 0,
          "dependencies": [
            "cloudstack_network.mirror",
            "cloudstack_network_acl.mirror",
            "cloudstack_template.rocky10",
            "cloudstack_vpc.infra_vpc",
            "module.instance_mirror.cloudstack_instance.this"
          ]
        }
      ]
    },
    {
      "mode": "managed",
      "type": "cloudstack_ipaddress",
      "name": "bastion",
      "provider": "provider[\"registry.terraform.io/cloudstack/cloudstack\"]",
      "instances": [
        {
          "schema_version": 0,
          "attributes": {
            "id": "02aae2fe-ae43-4030-8123-8967931fd7e1",
            "ip_address": "192.168.1.93",
            "is_portable": false,
            "is_source_nat": false,
            "network_id": null,
            "project": "infra",
            "tags": {},
            "vpc_id": "62940001-aa31-4da1-abf4-5a8c4f7a7f76",
            "zone": "testlab"
          },
          "sensitive_attributes": [],
          "identity_schema_version": 0,
          "dependencies": [
            "cloudstack_vpc.infra_vpc"
          ]
        }
      ]
    },
    {
      "mode": "managed",
      "type": "cloudstack_network",
      "name": "dns",
      "provider": "provider[\"registry.terraform.io/cloudstack/cloudstack\"]",
      "instances": [
        {
          "schema_version": 0,
          "attributes": {
            "acl_id": "a6237028-b622-4df6-b296-81d007fa6288",
            "cidr": "10.252.1.0/24",
            "display_text": "dns",
            "endip": null,
            "gateway": "10.252.1.1",
            "id": "b0f8295b-02cf-4872-98b0-355599d75f19",
            "name": "dns",
            "network_domain": "pc.testenv.bradhouse.dev",
            "network_offering": "ConfigDriveIsolatedNetworkOfferingForVpcNetworks",
            "project": "infra",
            "source_nat_ip": null,
            "source_nat_ip_address": null,
            "source_nat_ip_id": null,
            "startip": null,
            "tags": {},
            "vlan": null,
            "vpc_id": "62940001-aa31-4da1-abf4-5a8c4f7a7f76",
            "zone": "testlab"
          },
          "sensitive_attributes": [],
          "identity_schema_version": 0,
          "dependencies": [
            "cloudstack_network_acl.dns",
            "cloudstack_vpc.infra_vpc"
          ]
        }
      ]
    },
    {
      "mode": "managed",
      "type": "cloudstack_network",
      "name": "ipa",
      "provider": "provider[\"registry.terraform.io/cloudstack/cloudstack\"]",
      "instances": [
        {
          "schema_version": 0,
          "attributes": {
            "acl_id": "ce14cb8c-c957-42ed-b91c-e6017d4d0d10",
            "cidr": "10.252.3.0/24",
            "display_text": "ipa",
            "endip": null,
            "gateway": "10.252.3.1",
            "id": "3de09a1c-3c25-4761-9da7-f8447c8055ef",
            "name": "ipa",
            "network_domain": "pc.testenv.bradhouse.dev",
            "network_offering": "ConfigDriveIsolatedNetworkOfferingForVpcNetworks",
            "project": "infra",
            "source_nat_ip": null,
            "source_nat_ip_address": null,
            "source_nat_ip_id": null,
            "startip": null,
            "tags": {},
            "vlan": null,
            "vpc_id": "62940001-aa31-4da1-abf4-5a8c4f7a7f76",
            "zone": "testlab"
          },
          "sensitive_attributes": [],
          "identity_schema_version": 0,
          "dependencies": [
            "cloudstack_network_acl.ipa",
            "cloudstack_vpc.infra_vpc"
          ]
        }
      ]
    },
    {
      "mode": "managed",
      "type": "cloudstack_network",
      "name": "ldapproxy",
      "provider": "provider[\"registry.terraform.io/cloudstack/cloudstack\"]",
      "instances": [
        {
          "schema_version": 0,
          "attributes": {
            "acl_id": "054a61e8-f0ab-4151-a933-971759afc9e9",
            "cidr": "10.252.6.0/24",
            "display_text": "ldapproxy",
            "endip": null,
            "gateway": "10.252.6.1",
            "id": "401a1f92-c560-498f-a359-c7dc637d5281",
            "name": "ldapproxy",
            "network_domain": "pc.testenv.bradhouse.dev",
            "network_offering": "ConfigDriveIsolatedNetworkOfferingForVpcNetworks",
            "project": "infra",
            "source_nat_ip": null,
            "source_nat_ip_address": null,
            "source_nat_ip_id": null,
            "startip": null,
            "tags": {},
            "vlan": null,
            "vpc_id": "62940001-aa31-4da1-abf4-5a8c4f7a7f76",
            "zone": "testlab"
          },
          "sensitive_attributes": [],
          "identity_schema_version": 0,
          "dependencies": [
            "cloudstack_network_acl.ldapproxy",
            "cloudstack_vpc.infra_vpc"
          ]
        }
      ]
    },
    {
      "mode": "managed",
      "type": "cloudstack_network",
      "name": "mirror",
      "provider": "provider[\"registry.terraform.io/cloudstack/cloudstack\"]",
      "instances": [
        {
          "schema_version": 0,
          "attributes": {
            "acl_id": "14db294d-3ca0-45e9-8f1c-a16ddbb008f5",
            "cidr": "10.252.2.0/24",
            "display_text": "mirror",
            "endip": null,
            "gateway": "10.252.2.1",
            "id": "8bd5d3ff-8d02-4a63-af36-f3c6de56fbd8",
            "name": "mirror",
            "network_domain": "pc.testenv.bradhouse.dev",
            "network_offering": "ConfigDriveIsolatedNetworkOfferingForVpcNetworks",
            "project": "infra",
            "source_nat_ip": null,
            "source_nat_ip_address": null,
            "source_nat_ip_id": null,
            "startip": null,
            "tags": {},
            "vlan": null,
            "vpc_id": "62940001-aa31-4da1-abf4-5a8c4f7a7f76",
            "zone": "testlab"
          },
          "sensitive_attributes": [],
          "identity_schema_version": 0,
          "dependencies": [
            "cloudstack_network_acl.mirror",
            "cloudstack_vpc.infra_vpc"
          ]
        }
      ]
    },
    {
      "mode": "managed",
      "type": "cloudstack_network",
      "name": "nfs",
      "provider": "provider[\"registry.terraform.io/cloudstack/cloudstack\"]",
      "instances": [
        {
          "schema_version": 0,
          "attributes": {
            "acl_id": "3f6abcbb-f68b-4016-922a-732c3bacd7af",
            "cidr": "10.252.7.0/24",
            "display_text": "nfs",
            "endip": null,
            "gateway": "10.252.7.1",
            "id": "abe2e68d-405e-48a3-8630-61e4721b0bf6",
            "name": "nfs",
            "network_domain": "pc.testenv.bradhouse.dev",
            "network_offering": "ConfigDriveIsolatedNetworkOfferingForVpcNetworks",
            "project": "infra",
            "source_nat_ip": null,
            "source_nat_ip_address": null,
            "source_nat_ip_id": null,
            "startip": null,
            "tags": {},
            "vlan": null,
            "vpc_id": "62940001-aa31-4da1-abf4-5a8c4f7a7f76",
            "zone": "testlab"
          },
          "sensitive_attributes": [],
          "identity_schema_version": 0,
          "private": "bnVsbA==",
          "dependencies": [
            "cloudstack_network_acl.nfs",
            "cloudstack_vpc.infra_vpc"
          ]
        }
      ]
    },
    {
      "mode": "managed",
      "type": "cloudstack_network",
      "name": "ntp",
      "provider": "provider[\"registry.terraform.io/cloudstack/cloudstack\"]",
      "instances": [
        {
          "schema_version": 0,
          "attributes": {
            "acl_id": "55c4e7fe-626f-435d-85d5-1f80a773cf03",
            "cidr": "10.252.4.0/24",
            "display_text": "ntp",
            "endip": null,
            "gateway": "10.252.4.1",
            "id": "fd888f85-038c-480d-98dc-a862bf85004b",
            "name": "ntp",
            "network_domain": "pc.testenv.bradhouse.dev",
            "network_offering": "ConfigDriveIsolatedNetworkOfferingForVpcNetworks",
            "project": "infra",
            "source_nat_ip": null,
            "source_nat_ip_address": null,
            "source_nat_ip_id": null,
            "startip": null,
            "tags": {},
            "vlan": null,
            "vpc_id": "62940001-aa31-4da1-abf4-5a8c4f7a7f76",
            "zone": "testlab"
          },
          "sensitive_attributes": [],
          "identity_schema_version": 0,
          "dependencies": [
            "cloudstack_network_acl.ntp",
            "cloudstack_vpc.infra_vpc"
          ]
        }
      ]
    },
    {
      "mode": "managed",
      "type": "cloudstack_network",
      "name": "proxy",
      "provider": "provider[\"registry.terraform.io/cloudstack/cloudstack\"]",
      "instances": [
        {
          "schema_version": 0,
          "attributes": {
            "acl_id": "d6e47ee5-0815-4adf-9255-1bf84479d416",
            "cidr": "10.252.5.0/24",
            "display_text": "proxy",
            "endip": null,
            "gateway": "10.252.5.1",
            "id": "7299faa2-6e9b-4da3-b382-a0f18cd8d8df",
            "name": "proxy",
            "network_domain": "pc.testenv.bradhouse.dev",
            "network_offering": "ConfigDriveIsolatedNetworkOfferingForVpcNetworks",
            "project": "infra",
            "source_nat_ip": null,
            "source_nat_ip_address": null,
            "source_nat_ip_id": null,
            "startip": null,
            "tags": {},
            "vlan": null,
            "vpc_id": "62940001-aa31-4da1-abf4-5a8c4f7a7f76",
            "zone": "testlab"
          },
          "sensitive_attributes": [],
          "identity_schema_version": 0,
          "dependencies": [
            "cloudstack_network_acl.proxy",
            "cloudstack_vpc.infra_vpc"
          ]
        }
      ]
    },
    {
      "mode": "managed",
      "type": "cloudstack_network",
      "name": "su",
      "provider": "provider[\"registry.terraform.io/cloudstack/cloudstack\"]",
      "instances": [
        {
          "schema_version": 0,
          "attributes": {
            "acl_id": "4185ff3d-3df8-43e6-ae6c-57597ec9a177",
            "cidr": "10.252.0.0/24",
            "display_text": "su",
            "endip": null,
            "gateway": "10.252.0.1",
            "id": "74a82486-2419-4902-92ec-3604f4f1ebf1",
            "name": "su",
            "network_domain": "pc.testenv.bradhouse.dev",
            "network_offering": "ConfigDriveIsolatedNetworkOfferingForVpcNetworks",
            "project": "infra",
            "source_nat_ip": null,
            "source_nat_ip_address": null,
            "source_nat_ip_id": null,
            "startip": null,
            "tags": {},
            "vlan": null,
            "vpc_id": "62940001-aa31-4da1-abf4-5a8c4f7a7f76",
            "zone": "testlab"
          },
          "sensitive_attributes": [],
          "identity_schema_version": 0,
          "dependencies": [
            "cloudstack_network_acl.su",
            "cloudstack_vpc.infra_vpc"
          ]
        }
      ]
    },
    {
      "mode": "managed",
      "type": "cloudstack_network_acl",
      "name": "dns",
      "provider": "provider[\"registry.terraform.io/cloudstack/cloudstack\"]",
      "instances": [
        {
          "schema_version": 0,
          "attributes": {
            "description": "dns",
            "id": "a6237028-b622-4df6-b296-81d007fa6288",
            "name": "dns",
            "project": null,
            "vpc_id": "62940001-aa31-4da1-abf4-5a8c4f7a7f76"
          },
          "sensitive_attributes": [],
          "identity_schema_version": 0,
          "dependencies": [
            "cloudstack_vpc.infra_vpc"
          ]
        }
      ]
    },
    {
      "mode": "managed",
      "type": "cloudstack_network_acl",
      "name": "hypervisor",
      "provider": "provider[\"registry.terraform.io/cloudstack/cloudstack\"]",
      "instances": [
        {
          "schema_version": 0,
          "attributes": {
            "description": "hypervisor",
            "id": "346df974-6f58-4a8e-94ab-a6559e7bbf2f",
            "name": "hypervisor",
            "project": null,
            "vpc_id": "62940001-aa31-4da1-abf4-5a8c4f7a7f76"
          },
          "sensitive_attributes": [],
          "identity_schema_version": 0,
          "private": "bnVsbA==",
          "dependencies": [
            "cloudstack_vpc.infra_vpc"
          ]
        }
      ]
    },
    {
      "mode": "managed",
      "type": "cloudstack_network_acl",
      "name": "ipa",
      "provider": "provider[\"registry.terraform.io/cloudstack/cloudstack\"]",
      "instances": [
        {
          "schema_version": 0,
          "attributes": {
            "description": "ipa",
            "id": "ce14cb8c-c957-42ed-b91c-e6017d4d0d10",
            "name": "ipa",
            "project": null,
            "vpc_id": "62940001-aa31-4da1-abf4-5a8c4f7a7f76"
          },
          "sensitive_attributes": [],
          "identity_schema_version": 0,
          "dependencies": [
            "cloudstack_vpc.infra_vpc"
          ]
        }
      ]
    },
    {
      "mode": "managed",
      "type": "cloudstack_network_acl",
      "name": "ldapproxy",
      "provider": "provider[\"registry.terraform.io/cloudstack/cloudstack\"]",
      "instances": [
        {
          "schema_version": 0,
          "attributes": {
            "description": "ldapproxy",
            "id": "054a61e8-f0ab-4151-a933-971759afc9e9",
            "name": "ldapproxy",
            "project": null,
            "vpc_id": "62940001-aa31-4da1-abf4-5a8c4f7a7f76"
          },
          "sensitive_attributes": [],
          "identity_schema_version": 0,
          "dependencies": [
            "cloudstack_vpc.infra_vpc"
          ]
        }
      ]
    },
    {
      "mode": "managed",
      "type": "cloudstack_network_acl",
      "name": "mirror",
      "provider": "provider[\"registry.terraform.io/cloudstack/cloudstack\"]",
      "instances": [
        {
          "schema_version": 0,
          "attributes": {
            "description": "mirror",
            "id": "14db294d-3ca0-45e9-8f1c-a16ddbb008f5",
            "name": "mirror",
            "project": null,
            "vpc_id": "62940001-aa31-4da1-abf4-5a8c4f7a7f76"
          },
          "sensitive_attributes": [],
          "identity_schema_version": 0,
          "dependencies": [
            "cloudstack_vpc.infra_vpc"
          ]
        }
      ]
    },
    {
      "mode": "managed",
      "type": "cloudstack_network_acl",
      "name": "nfs",
      "provider": "provider[\"registry.terraform.io/cloudstack/cloudstack\"]",
      "instances": [
        {
          "schema_version": 0,
          "attributes": {
            "description": "nfs",
            "id": "3f6abcbb-f68b-4016-922a-732c3bacd7af",
            "name": "nfs",
            "project": null,
            "vpc_id": "62940001-aa31-4da1-abf4-5a8c4f7a7f76"
          },
          "sensitive_attributes": [],
          "identity_schema_version": 0,
          "private": "bnVsbA==",
          "dependencies": [
            "cloudstack_vpc.infra_vpc"
          ]
        }
      ]
    },
    {
      "mode": "managed",
      "type": "cloudstack_network_acl",
      "name": "ntp",
      "provider": "provider[\"registry.terraform.io/cloudstack/cloudstack\"]",
      "instances": [
        {
          "schema_version": 0,
          "attributes": {
            "description": "ntp",
            "id": "55c4e7fe-626f-435d-85d5-1f80a773cf03",
            "name": "ntp",
            "project": null,
            "vpc_id": "62940001-aa31-4da1-abf4-5a8c4f7a7f76"
          },
          "sensitive_attributes": [],
          "identity_schema_version": 0,
          "dependencies": [
            "cloudstack_vpc.infra_vpc"
          ]
        }
      ]
    },
    {
      "mode": "managed",
      "type": "cloudstack_network_acl",
      "name": "proxy",
      "provider": "provider[\"registry.terraform.io/cloudstack/cloudstack\"]",
      "instances": [
        {
          "schema_version": 0,
          "attributes": {
            "description": "proxy",
            "id": "d6e47ee5-0815-4adf-9255-1bf84479d416",
            "name": "proxy",
            "project": null,
            "vpc_id": "62940001-aa31-4da1-abf4-5a8c4f7a7f76"
          },
          "sensitive_attributes": [],
          "identity_schema_version": 0,
          "dependencies": [
            "cloudstack_vpc.infra_vpc"
          ]
        }
      ]
    },
    {
      "mode": "managed",
      "type": "cloudstack_network_acl",
      "name": "su",
      "provider": "provider[\"registry.terraform.io/cloudstack/cloudstack\"]",
      "instances": [
        {
          "schema_version": 0,
          "attributes": {
            "description": "su",
            "id": "4185ff3d-3df8-43e6-ae6c-57597ec9a177",
            "name": "su",
            "project": null,
            "vpc_id": "62940001-aa31-4da1-abf4-5a8c4f7a7f76"
          },
          "sensitive_attributes": [],
          "identity_schema_version": 0,
          "dependencies": [
            "cloudstack_vpc.infra_vpc"
          ]
        }
      ]
    },
    {
      "mode": "managed",
      "type": "cloudstack_port_forward",
      "name": "bastion",
      "provider": "provider[\"registry.terraform.io/cloudstack/cloudstack\"]",
      "instances": [
        {
          "status": "tainted",
          "schema_version": 0,
          "attributes": {
            "forward": [
              {
                "private_end_port": 0,
                "private_port": 22,
                "protocol": "tcp",
                "public_end_port": 0,
                "public_port": 5022,
                "uuid": "",
                "virtual_machine_id": "bebcac94-65f5-4c73-8586-e6e860bcc17e",
                "vm_guest_ip": ""
              }
            ],
            "id": "02aae2fe-ae43-4030-8123-8967931fd7e1",
            "ip_address_id": "02aae2fe-ae43-4030-8123-8967931fd7e1",
            "managed": false,
            "project": null
          },
          "sensitive_attributes": [],
          "identity_schema_version": 0,
          "private": "bnVsbA==",
          "dependencies": [
            "cloudstack_ipaddress.bastion",
            "cloudstack_network.su",
            "cloudstack_network_acl.su",
            "cloudstack_template.rocky10",
            "cloudstack_vpc.infra_vpc",
            "module.instance_bastion.cloudstack_instance.this"
          ]
        }
      ]
    },
    {
      "mode": "managed",
      "type": "cloudstack_template",
      "name": "alma10",
      "provider": "provider[\"registry.terraform.io/cloudstack/cloudstack\"]",
      "instances": [
        {
          "schema_version": 0,
          "attributes": {
            "display_text": "AlmaLinux 10",
            "for_cks": false,
            "format": "QCOW2",
            "hypervisor": "KVM",
            "id": "a9bdc7f8-403b-4788-b391-125681bb19bb",
            "is_dynamically_scalable": false,
            "is_extractable": false,
            "is_featured": false,
            "is_public": false,
            "is_ready": true,
            "is_ready_timeout": 300,
            "name": "AlmaLinux 10",
            "os_type": "AlmaLinux 10",
            "password_enabled": false,
            "project": "infra",
            "tags": {},
            "url": "https://repo.almalinux.org/almalinux/10/cloud/x86_64_v2/images/AlmaLinux-10-GenericCloud-latest.x86_64_v2.qcow2",
            "zone": "testlab"
          },
          "sensitive_attributes": [],
          "identity_schema_version": 0
        }
      ]
    },
    {
      "mode": "managed",
      "type": "cloudstack_template",
      "name": "alma9",
      "provider": "provider[\"registry.terraform.io/cloudstack/cloudstack\"]",
      "instances": [
        {
          "schema_version": 0,
          "attributes": {
            "display_text": "AlmaLinux 9",
            "for_cks": false,
            "format": "QCOW2",
            "hypervisor": "KVM",
            "id": "f281c5fe-cd4d-48b3-953b-5f2d6b58ea42",
            "is_dynamically_scalable": false,
            "is_extractable": false,
            "is_featured": false,
            "is_public": false,
            "is_ready": true,
            "is_ready_timeout": 300,
            "name": "AlmaLinux 9",
            "os_type": "AlmaLinux 9",
            "password_enabled": false,
            "project": "infra",
            "tags": {},
            "url": "https://repo.almalinux.org/almalinux/9/cloud/x86_64/images/AlmaLinux-9-GenericCloud-latest.x86_64.qcow2",
            "zone": "testlab"
          },
          "sensitive_attributes": [],
          "identity_schema_version": 0
        }
      ]
    },
    {
      "mode": "managed",
      "type": "cloudstack_template",
      "name": "rocky10",
      "provider": "provider[\"registry.terraform.io/cloudstack/cloudstack\"]",
      "instances": [
        {
          "schema_version": 0,
          "attributes": {
            "display_text": "Rocky Linux 10",
            "for_cks": false,
            "format": "QCOW2",
            "hypervisor": "KVM",
            "id": "97ce9ec1-785b-41af-8594-6d4e140f7033",
            "is_dynamically_scalable": false,
            "is_extractable": false,
            "is_featured": false,
            "is_public": false,
            "is_ready": true,
            "is_ready_timeout": 300,
            "name": "Rocky Linux 10",
            "os_type": "Rocky Linux 10",
            "password_enabled": false,
            "project": "infra",
            "tags": {},
            "url": "https://dl.rockylinux.org/pub/rocky/10/images/x86_64/Rocky-10-GenericCloud-Base.latest.x86_64.qcow2",
            "zone": "testlab"
          },
          "sensitive_attributes": [],
          "identity_schema_version": 0
        }
      ]
    },
    {
      "mode": "managed",
      "type": "cloudstack_template",
      "name": "rocky9",
      "provider": "provider[\"registry.terraform.io/cloudstack/cloudstack\"]",
      "instances": [
        {
          "schema_version": 0,
          "attributes": {
            "display_text": "Rocky Linux 9 Base",
            "for_cks": false,
            "format": "QCOW2",
            "hypervisor": "KVM",
            "id": "59475338-9ff3-4288-afe3-385ac12da162",
            "is_dynamically_scalable": false,
            "is_extractable": false,
            "is_featured": false,
            "is_public": false,
            "is_ready": true,
            "is_ready_timeout": 300,
            "name": "Rocky Linux 9",
            "os_type": "Rocky Linux 9",
            "password_enabled": false,
            "project": "infra",
            "tags": {},
            "url": "https://dl.rockylinux.org/pub/rocky/9/images/x86_64/Rocky-9-GenericCloud.latest.x86_64.qcow2",
            "zone": "testlab"
          },
          "sensitive_attributes": [],
          "identity_schema_version": 0
        }
      ]
    },
    {
      "mode": "managed",
      "type": "cloudstack_template",
      "name": "ubuntu24",
      "provider": "provider[\"registry.terraform.io/cloudstack/cloudstack\"]",
      "instances": [
        {
          "schema_version": 0,
          "attributes": {
            "display_text": "Ubuntu 24.04 LTS x64",
            "for_cks": false,
            "format": "QCOW2",
            "hypervisor": "KVM",
            "id": "f6ea8026-0e94-4222-9335-f3935d5dbe0d",
            "is_dynamically_scalable": false,
            "is_extractable": false,
            "is_featured": false,
            "is_public": false,
            "is_ready": true,
            "is_ready_timeout": 300,
            "name": "Ubuntu 24.04 LTS x64",
            "os_type": "Ubuntu 24.04 LTS",
            "password_enabled": false,
            "project": "infra",
            "tags": {},
            "url": "https://cloud-images.ubuntu.com/noble/current/noble-server-cloudimg-amd64.img",
            "zone": "testlab"
          },
          "sensitive_attributes": [],
          "identity_schema_version": 0
        }
      ]
    },
    {
      "mode": "managed",
      "type": "cloudstack_vpc",
      "name": "infra_vpc",
      "provider": "provider[\"registry.terraform.io/cloudstack/cloudstack\"]",
      "instances": [
        {
          "schema_version": 0,
          "attributes": {
            "cidr": "10.252.0.0/16",
            "display_text": "infra_vpc",
            "id": "62940001-aa31-4da1-abf4-5a8c4f7a7f76",
            "name": "infra_vpc",
            "network_domain": "pc.testenv.bradhouse.dev",
            "project": "infra",
            "source_nat_ip": "192.168.1.92",
            "tags": {},
            "vpc_offering": "VPC HA",
            "zone": "testlab"
          },
          "sensitive_attributes": [],
          "identity_schema_version": 0
        }
      ]
    },
    {
      "module": "module.instance_bastion",
      "mode": "managed",
      "type": "cloudstack_instance",
      "name": "this",
      "provider": "provider[\"registry.terraform.io/cloudstack/cloudstack\"]",
      "instances": [
        {
          "schema_version": 0,
          "attributes": {
            "affinity_group_ids": null,
            "affinity_group_names": null,
            "cluster_id": null,
            "details": {
              "dataDiskController": "scsi",
              "io.policy": "io_uring",
              "iothreads": "1",
              "rootDiskController": "scsi"
            },
            "disk_offering": "",
            "display_name": "bastion",
            "expunge": true,
            "group": "bastion",
            "host_id": null,
            "id": "bebcac94-65f5-4c73-8586-e6e860bcc17e",
            "ip_address": "10.252.0.10",
            "keypair": null,
            "keypairs": null,
            "name": "bastion",
            "network_id": "74a82486-2419-4902-92ec-3604f4f1ebf1",
            "nicnetworklist": null,
            "override_disk_offering": null,
            "pod_id": null,
            "project": "infra",
            "properties": null,
            "root_disk_size": 20,
            "security_group_ids": null,
            "security_group_names": null,
            "service_offering": "g1.1c2g",
            "start_vm": true,
            "tags": {},
            "template": "97ce9ec1-785b-41af-8594-6d4e140f7033",
            "uefi": true,
            "user_data": "",
            "zone": "testlab"
          },
          "sensitive_attributes": [],
          "identity_schema_version": 0,
          "dependencies": [
            "cloudstack_network.su",
            "cloudstack_network_acl.su",
            "cloudstack_template.rocky10",
            "cloudstack_vpc.infra_vpc"
          ]
        }
      ]
    },
    {
      "module": "module.instance_cacheproxy",
      "mode": "managed",
      "type": "cloudstack_instance",
      "name": "this",
      "provider": "provider[\"registry.terraform.io/cloudstack/cloudstack\"]",
      "instances": [
        {
          "schema_version": 0,
          "attributes": {
            "affinity_group_ids": null,
            "affinity_group_names": null,
            "cluster_id": null,
            "details": {
              "dataDiskController": "scsi",
              "io.policy": "io_uring",
              "iothreads": "1",
              "rootDiskController": "scsi"
            },
            "disk_offering": "",
            "display_name": "cacheproxy1",
            "expunge": true,
            "group": "cacheproxy",
            "host_id": null,
            "id": "a696d0ba-f4c0-4b66-b8aa-e52177d03f5b",
            "ip_address": "10.252.5.21",
            "keypair": null,
            "keypairs": null,
            "name": "cacheproxy1",
            "network_id": "7299faa2-6e9b-4da3-b382-a0f18cd8d8df",
            "nicnetworklist": null,
            "override_disk_offering": null,
            "pod_id": null,
            "project": "infra",
            "properties": null,
            "root_disk_size": 100,
            "security_group_ids": null,
            "security_group_names": null,
            "service_offering": "g1.2c4g",
            "start_vm": true,
            "tags": {},
            "template": "97ce9ec1-785b-41af-8594-6d4e140f7033",
            "uefi": true,
            "user_data": "",
            "zone": "testlab"
          },
          "sensitive_attributes": [],
          "identity_schema_version": 0,
          "dependencies": [
            "cloudstack_network.proxy",
            "cloudstack_network_acl.proxy",
            "cloudstack_template.rocky10",
            "cloudstack_vpc.infra_vpc"
          ]
        }
      ]
    },
    {
      "module": "module.instance_dns1",
      "mode": "managed",
      "type": "cloudstack_instance",
      "name": "this",
      "provider": "provider[\"registry.terraform.io/cloudstack/cloudstack\"]",
      "instances": [
        {
          "schema_version": 0,
          "attributes": {
            "affinity_group_ids": null,
            "affinity_group_names": null,
            "cluster_id": null,
            "details": {
              "dataDiskController": "scsi",
              "io.policy": "io_uring",
              "iothreads": "1",
              "rootDiskController": "scsi"
            },
            "disk_offering": "",
            "display_name": "dns1",
            "expunge": true,
            "group": "dns",
            "host_id": null,
            "id": "b7e0d07e-0a43-4a95-aa6f-0a839cf44d90",
            "ip_address": "10.252.1.11",
            "keypair": null,
            "keypairs": null,
            "name": "dns1",
            "network_id": "b0f8295b-02cf-4872-98b0-355599d75f19",
            "nicnetworklist": null,
            "override_disk_offering": null,
            "pod_id": null,
            "project": "infra",
            "properties": null,
            "root_disk_size": 20,
            "security_group_ids": null,
            "security_group_names": null,
            "service_offering": "g1.1c2g",
            "start_vm": true,
            "tags": {},
            "template": "97ce9ec1-785b-41af-8594-6d4e140f7033",
            "uefi": true,
            "user_data": "",
            "zone": "testlab"
          },
          "sensitive_attributes": [],
          "identity_schema_version": 0,
          "dependencies": [
            "cloudstack_network.dns",
            "cloudstack_network_acl.dns",
            "cloudstack_template.rocky10",
            "cloudstack_vpc.infra_vpc"
          ]
        }
      ]
    },
    {
      "module": "module.instance_dns2",
      "mode": "managed",
      "type": "cloudstack_instance",
      "name": "this",
      "provider": "provider[\"registry.terraform.io/cloudstack/cloudstack\"]",
      "instances": [
        {
          "schema_version": 0,
          "attributes": {
            "affinity_group_ids": null,
            "affinity_group_names": null,
            "cluster_id": null,
            "details": {
              "dataDiskController": "scsi",
              "io.policy": "io_uring",
              "iothreads": "1",
              "rootDiskController": "scsi"
            },
            "disk_offering": "",
            "display_name": "dns2",
            "expunge": true,
            "group": "dns",
            "host_id": null,
            "id": "919d8bf4-2153-4e83-a793-32899168a5e5",
            "ip_address": "10.252.1.12",
            "keypair": null,
            "keypairs": null,
            "name": "dns2",
            "network_id": "b0f8295b-02cf-4872-98b0-355599d75f19",
            "nicnetworklist": null,
            "override_disk_offering": null,
            "pod_id": null,
            "project": "infra",
            "properties": null,
            "root_disk_size": 20,
            "security_group_ids": null,
            "security_group_names": null,
            "service_offering": "g1.1c2g",
            "start_vm": true,
            "tags": {},
            "template": "97ce9ec1-785b-41af-8594-6d4e140f7033",
            "uefi": true,
            "user_data": "",
            "zone": "testlab"
          },
          "sensitive_attributes": [],
          "identity_schema_version": 0,
          "dependencies": [
            "cloudstack_network.dns",
            "cloudstack_network_acl.dns",
            "cloudstack_template.rocky10",
            "cloudstack_vpc.infra_vpc"
          ]
        }
      ]
    },
    {
      "module": "module.instance_gutproxy",
      "mode": "managed",
      "type": "cloudstack_instance",
      "name": "this",
      "provider": "provider[\"registry.terraform.io/cloudstack/cloudstack\"]",
      "instances": [
        {
          "schema_version": 0,
          "attributes": {
            "affinity_group_ids": null,
            "affinity_group_names": null,
            "cluster_id": null,
            "details": {
              "dataDiskController": "scsi",
              "io.policy": "io_uring",
              "iothreads": "1",
              "rootDiskController": "scsi"
            },
            "disk_offering": "",
            "display_name": "gitproxy1",
            "expunge": true,
            "group": "gitproxy",
            "host_id": null,
            "id": "9b5e58c2-f516-419d-a8c5-ec90d9e5f5de",
            "ip_address": "10.252.5.31",
            "keypair": null,
            "keypairs": null,
            "name": "gitproxy1",
            "network_id": "7299faa2-6e9b-4da3-b382-a0f18cd8d8df",
            "nicnetworklist": null,
            "override_disk_offering": null,
            "pod_id": null,
            "project": "infra",
            "properties": null,
            "root_disk_size": 100,
            "security_group_ids": null,
            "security_group_names": null,
            "service_offering": "g1.2c4g",
            "start_vm": true,
            "tags": {},
            "template": "97ce9ec1-785b-41af-8594-6d4e140f7033",
            "uefi": true,
            "user_data": "5f01516f1d7a9a4b8059c8f98d7e7477093fcda5",
            "zone": "testlab"
          },
          "sensitive_attributes": [],
          "identity_schema_version": 0,
          "dependencies": [
            "cloudstack_network.proxy",
            "cloudstack_network_acl.proxy",
            "cloudstack_template.rocky10",
            "cloudstack_vpc.infra_vpc"
          ]
        }
      ]
    },
    {
      "module": "module.instance_ipa1",
      "mode": "managed",
      "type": "cloudstack_instance",
      "name": "this",
      "provider": "provider[\"registry.terraform.io/cloudstack/cloudstack\"]",
      "instances": [
        {
          "schema_version": 0,
          "attributes": {
            "affinity_group_ids": null,
            "affinity_group_names": null,
            "cluster_id": null,
            "details": {
              "dataDiskController": "scsi",
              "io.policy": "io_uring",
              "iothreads": "1",
              "rootDiskController": "scsi"
            },
            "disk_offering": "",
            "display_name": "ipa1",
            "expunge": true,
            "group": "ipa",
            "host_id": null,
            "id": "50b5bf43-75f8-4f1d-a0bb-f751dd659ec5",
            "ip_address": "10.252.3.11",
            "keypair": null,
            "keypairs": null,
            "name": "ipa1",
            "network_id": "3de09a1c-3c25-4761-9da7-f8447c8055ef",
            "nicnetworklist": null,
            "override_disk_offering": null,
            "pod_id": null,
            "project": "infra",
            "properties": null,
            "root_disk_size": 40,
            "security_group_ids": null,
            "security_group_names": null,
            "service_offering": "g1.2c4g",
            "start_vm": true,
            "tags": {},
            "template": "97ce9ec1-785b-41af-8594-6d4e140f7033",
            "uefi": true,
            "user_data": "ce99b9b6c43075884992677cc93102b6a8e9b4d7",
            "zone": "testlab"
          },
          "sensitive_attributes": [],
          "identity_schema_version": 0,
          "private": "bnVsbA==",
          "dependencies": [
            "cloudstack_network.ipa",
            "cloudstack_network_acl.ipa",
            "cloudstack_template.rocky10",
            "cloudstack_vpc.infra_vpc"
          ]
        }
      ]
    },
    {
      "module": "module.instance_ipa2",
      "mode": "managed",
      "type": "cloudstack_instance",
      "name": "this",
      "provider": "provider[\"registry.terraform.io/cloudstack/cloudstack\"]",
      "instances": [
        {
          "schema_version": 0,
          "attributes": {
            "affinity_group_ids": null,
            "affinity_group_names": null,
            "cluster_id": null,
            "details": {
              "dataDiskController": "scsi",
              "io.policy": "io_uring",
              "iothreads": "1",
              "rootDiskController": "scsi"
            },
            "disk_offering": "",
            "display_name": "ipa2",
            "expunge": true,
            "group": "ipa",
            "host_id": null,
            "id": "bc3f7ca7-2c12-40a8-bf46-68b4a1275305",
            "ip_address": "10.252.3.12",
            "keypair": null,
            "keypairs": null,
            "name": "ipa2",
            "network_id": "3de09a1c-3c25-4761-9da7-f8447c8055ef",
            "nicnetworklist": null,
            "override_disk_offering": null,
            "pod_id": null,
            "project": "infra",
            "properties": null,
            "root_disk_size": 40,
            "security_group_ids": null,
            "security_group_names": null,
            "service_offering": "g1.2c4g",
            "start_vm": true,
            "tags": {},
            "template": "97ce9ec1-785b-41af-8594-6d4e140f7033",
            "uefi": true,
            "user_data": "ce99b9b6c43075884992677cc93102b6a8e9b4d7",
            "zone": "testlab"
          },
          "sensitive_attributes": [],
          "identity_schema_version": 0,
          "private": "bnVsbA==",
          "dependencies": [
            "cloudstack_network.ipa",
            "cloudstack_network_acl.ipa",
            "cloudstack_template.rocky10",
            "cloudstack_vpc.infra_vpc"
          ]
        }
      ]
    },
    {
      "module": "module.instance_ipa3",
      "mode": "managed",
      "type": "cloudstack_instance",
      "name": "this",
      "provider": "provider[\"registry.terraform.io/cloudstack/cloudstack\"]",
      "instances": [
        {
          "schema_version": 0,
          "attributes": {
            "affinity_group_ids": null,
            "affinity_group_names": null,
            "cluster_id": null,
            "details": {
              "dataDiskController": "scsi",
              "io.policy": "io_uring",
              "iothreads": "1",
              "rootDiskController": "scsi"
            },
            "disk_offering": "",
            "display_name": "ipa3",
            "expunge": true,
            "group": "ipa",
            "host_id": null,
            "id": "dc24f55a-8c96-45b2-a5d3-df0dd4ef2210",
            "ip_address": "10.252.3.13",
            "keypair": null,
            "keypairs": null,
            "name": "ipa3",
            "network_id": "3de09a1c-3c25-4761-9da7-f8447c8055ef",
            "nicnetworklist": null,
            "override_disk_offering": null,
            "pod_id": null,
            "project": "infra",
            "properties": null,
            "root_disk_size": 40,
            "security_group_ids": null,
            "security_group_names": null,
            "service_offering": "g1.2c4g",
            "start_vm": true,
            "tags": {},
            "template": "97ce9ec1-785b-41af-8594-6d4e140f7033",
            "uefi": true,
            "user_data": "ce99b9b6c43075884992677cc93102b6a8e9b4d7",
            "zone": "testlab"
          },
          "sensitive_attributes": [],
          "identity_schema_version": 0,
          "private": "bnVsbA==",
          "dependencies": [
            "cloudstack_network.ipa",
            "cloudstack_network_acl.ipa",
            "cloudstack_template.rocky10",
            "cloudstack_vpc.infra_vpc"
          ]
        }
      ]
    },
    {
      "module": "module.instance_ldapproxy",
      "mode": "managed",
      "type": "cloudstack_instance",
      "name": "this",
      "provider": "provider[\"registry.terraform.io/cloudstack/cloudstack\"]",
      "instances": [
        {
          "schema_version": 0,
          "attributes": {
            "affinity_group_ids": null,
            "affinity_group_names": null,
            "cluster_id": null,
            "details": {
              "dataDiskController": "scsi",
              "io.policy": "io_uring",
              "iothreads": "1",
              "rootDiskController": "scsi"
            },
            "disk_offering": "",
            "display_name": "ldapproxy1",
            "expunge": true,
            "group": "ldapproxy",
            "host_id": null,
            "id": "79f2f32f-59c8-4599-b7b8-cb15527148ed",
            "ip_address": "10.252.6.11",
            "keypair": null,
            "keypairs": null,
            "name": "ldapproxy1",
            "network_id": "401a1f92-c560-498f-a359-c7dc637d5281",
            "nicnetworklist": null,
            "override_disk_offering": null,
            "pod_id": null,
            "project": "infra",
            "properties": null,
            "root_disk_size": 20,
            "security_group_ids": null,
            "security_group_names": null,
            "service_offering": "g1.2c4g",
            "start_vm": true,
            "tags": {},
            "template": "97ce9ec1-785b-41af-8594-6d4e140f7033",
            "uefi": true,
            "user_data": "ce99b9b6c43075884992677cc93102b6a8e9b4d7",
            "zone": "testlab"
          },
          "sensitive_attributes": [],
          "identity_schema_version": 0,
          "dependencies": [
            "cloudstack_network.ldapproxy",
            "cloudstack_network_acl.ldapproxy",
            "cloudstack_template.rocky10",
            "cloudstack_vpc.infra_vpc"
          ]
        }
      ]
    },
    {
      "module": "module.instance_mirror",
      "mode": "managed",
      "type": "cloudstack_instance",
      "name": "this",
      "provider": "provider[\"registry.terraform.io/cloudstack/cloudstack\"]",
      "instances": [
        {
          "schema_version": 0,
          "attributes": {
            "affinity_group_ids": null,
            "affinity_group_names": null,
            "cluster_id": null,
            "details": {
              "dataDiskController": "scsi",
              "io.policy": "io_uring",
              "iothreads": "1",
              "rootDiskController": "scsi"
            },
            "disk_offering": "Custom - WriteBack",
            "display_name": "mirror1",
            "expunge": true,
            "group": "mirror",
            "host_id": null,
            "id": "e4df9278-c24b-4533-aee2-8a096e75ff3c",
            "ip_address": "10.252.2.11",
            "keypair": null,
            "keypairs": null,
            "name": "mirror1",
            "network_id": "8bd5d3ff-8d02-4a63-af36-f3c6de56fbd8",
            "nicnetworklist": null,
            "override_disk_offering": null,
            "pod_id": null,
            "project": "infra",
            "properties": null,
            "root_disk_size": 20,
            "security_group_ids": null,
            "security_group_names": null,
            "service_offering": "g1.2c4g",
            "start_vm": true,
            "tags": {},
            "template": "97ce9ec1-785b-41af-8594-6d4e140f7033",
            "uefi": true,
            "user_data": "d86384efb40452af9b8209e92f2ded49e93096dc",
            "zone": "testlab"
          },
          "sensitive_attributes": [],
          "identity_schema_version": 0,
          "dependencies": [
            "cloudstack_network.mirror",
            "cloudstack_network_acl.mirror",
            "cloudstack_template.rocky10",
            "cloudstack_vpc.infra_vpc"
          ]
        }
      ]
    },
    {
      "module": "module.instance_nfs1",
      "mode": "managed",
      "type": "cloudstack_instance",
      "name": "this",
      "provider": "provider[\"registry.terraform.io/cloudstack/cloudstack\"]",
      "instances": [
        {
          "schema_version": 0,
          "attributes": {
            "affinity_group_ids": null,
            "affinity_group_names": null,
            "cluster_id": null,
            "details": {
              "dataDiskController": "scsi",
              "io.policy": "io_uring",
              "iothreads": "1",
              "rootDiskController": "scsi"
            },
            "disk_offering": "",
            "display_name": "nfs1",
            "expunge": true,
            "group": "nfs",
            "host_id": null,
            "id": "076c7e4a-6dd7-43cf-8258-0280389cce86",
            "ip_address": "10.252.7.11",
            "keypair": null,
            "keypairs": null,
            "name": "nfs1",
            "network_id": "abe2e68d-405e-48a3-8630-61e4721b0bf6",
            "nicnetworklist": null,
            "override_disk_offering": null,
            "pod_id": null,
            "project": "infra",
            "properties": null,
            "root_disk_size": 20,
            "security_group_ids": null,
            "security_group_names": null,
            "service_offering": "g1.2c4g",
            "start_vm": true,
            "tags": {},
            "template": "97ce9ec1-785b-41af-8594-6d4e140f7033",
            "uefi": true,
            "user_data": "ce99b9b6c43075884992677cc93102b6a8e9b4d7",
            "zone": "testlab"
          },
          "sensitive_attributes": [],
          "identity_schema_version": 0,
          "private": "bnVsbA==",
          "dependencies": [
            "cloudstack_network.nfs",
            "cloudstack_network_acl.nfs",
            "cloudstack_template.rocky10",
            "cloudstack_vpc.infra_vpc"
          ]
        }
      ]
    },
    {
      "module": "module.instance_nfs2",
      "mode": "managed",
      "type": "cloudstack_instance",
      "name": "this",
      "provider": "provider[\"registry.terraform.io/cloudstack/cloudstack\"]",
      "instances": [
        {
          "schema_version": 0,
          "attributes": {
            "affinity_group_ids": null,
            "affinity_group_names": null,
            "cluster_id": null,
            "details": {
              "dataDiskController": "scsi",
              "io.policy": "io_uring",
              "iothreads": "1",
              "rootDiskController": "scsi"
            },
            "disk_offering": "",
            "display_name": "nfs2",
            "expunge": true,
            "group": "nfs",
            "host_id": null,
            "id": "edfa2471-dee4-4842-9a22-5b884f65937e",
            "ip_address": "10.252.7.12",
            "keypair": null,
            "keypairs": null,
            "name": "nfs2",
            "network_id": "abe2e68d-405e-48a3-8630-61e4721b0bf6",
            "nicnetworklist": null,
            "override_disk_offering": null,
            "pod_id": null,
            "project": "infra",
            "properties": null,
            "root_disk_size": 20,
            "security_group_ids": null,
            "security_group_names": null,
            "service_offering": "g1.2c4g",
            "start_vm": true,
            "tags": {},
            "template": "97ce9ec1-785b-41af-8594-6d4e140f7033",
            "uefi": true,
            "user_data": "ce99b9b6c43075884992677cc93102b6a8e9b4d7",
            "zone": "testlab"
          },
          "sensitive_attributes": [],
          "identity_schema_version": 0,
          "private": "bnVsbA==",
          "dependencies": [
            "cloudstack_network.nfs",
            "cloudstack_network_acl.nfs",
            "cloudstack_template.rocky10",
            "cloudstack_vpc.infra_vpc"
          ]
        }
      ]
    },
    {
      "module": "module.instance_ntp1",
      "mode": "managed",
      "type": "cloudstack_instance",
      "name": "this",
      "provider": "provider[\"registry.terraform.io/cloudstack/cloudstack\"]",
      "instances": [
        {
          "schema_version": 0,
          "attributes": {
            "affinity_group_ids": null,
            "affinity_group_names": null,
            "cluster_id": null,
            "details": {
              "dataDiskController": "scsi",
              "io.policy": "io_uring",
              "iothreads": "1",
              "rootDiskController": "scsi"
            },
            "disk_offering": "",
            "display_name": "ntp1",
            "expunge": true,
            "group": "ntp",
            "host_id": null,
            "id": "abcb7c7b-adaa-4a4a-9dd0-3794dd14bf23",
            "ip_address": "10.252.4.11",
            "keypair": null,
            "keypairs": null,
            "name": "ntp1",
            "network_id": "fd888f85-038c-480d-98dc-a862bf85004b",
            "nicnetworklist": null,
            "override_disk_offering": null,
            "pod_id": null,
            "project": "infra",
            "properties": null,
            "root_disk_size": 20,
            "security_group_ids": null,
            "security_group_names": null,
            "service_offering": "g1.1c2g",
            "start_vm": true,
            "tags": {},
            "template": "97ce9ec1-785b-41af-8594-6d4e140f7033",
            "uefi": true,
            "user_data": "d86384efb40452af9b8209e92f2ded49e93096dc",
            "zone": "testlab"
          },
          "sensitive_attributes": [],
          "identity_schema_version": 0,
          "dependencies": [
            "cloudstack_network.ntp",
            "cloudstack_network_acl.ntp",
            "cloudstack_template.rocky10",
            "cloudstack_vpc.infra_vpc"
          ]
        }
      ]
    },
    {
      "module": "module.instance_ntp2",
      "mode": "managed",
      "type": "cloudstack_instance",
      "name": "this",
      "provider": "provider[\"registry.terraform.io/cloudstack/cloudstack\"]",
      "instances": [
        {
          "schema_version": 0,
          "attributes": {
            "affinity_group_ids": null,
            "affinity_group_names": null,
            "cluster_id": null,
            "details": {
              "dataDiskController": "scsi",
              "io.policy": "io_uring",
              "iothreads": "1",
              "rootDiskController": "scsi"
            },
            "disk_offering": "",
            "display_name": "ntp2",
            "expunge": true,
            "group": "ntp",
            "host_id": null,
            "id": "7b5b128e-0cdf-46f5-86de-5e8bd209f939",
            "ip_address": "10.252.4.12",
            "keypair": null,
            "keypairs": null,
            "name": "ntp2",
            "network_id": "fd888f85-038c-480d-98dc-a862bf85004b",
            "nicnetworklist": null,
            "override_disk_offering": null,
            "pod_id": null,
            "project": "infra",
            "properties": null,
            "root_disk_size": 20,
            "security_group_ids": null,
            "security_group_names": null,
            "service_offering": "g1.1c2g",
            "start_vm": true,
            "tags": {},
            "template": "97ce9ec1-785b-41af-8594-6d4e140f7033",
            "uefi": true,
            "user_data": "d86384efb40452af9b8209e92f2ded49e93096dc",
            "zone": "testlab"
          },
          "sensitive_attributes": [],
          "identity_schema_version": 0,
          "dependencies": [
            "cloudstack_network.ntp",
            "cloudstack_network_acl.ntp",
            "cloudstack_template.rocky10",
            "cloudstack_vpc.infra_vpc"
          ]
        }
      ]
    },
    {
      "module": "module.instance_secureproxy",
      "mode": "managed",
      "type": "cloudstack_instance",
      "name": "this",
      "provider": "provider[\"registry.terraform.io/cloudstack/cloudstack\"]",
      "instances": [
        {
          "schema_version": 0,
          "attributes": {
            "affinity_group_ids": null,
            "affinity_group_names": null,
            "cluster_id": null,
            "details": {
              "dataDiskController": "scsi",
              "io.policy": "io_uring",
              "iothreads": "1",
              "rootDiskController": "scsi"
            },
            "disk_offering": "",
            "display_name": "secureproxy1",
            "expunge": true,
            "group": "secureproxy",
            "host_id": null,
            "id": "f9ee689d-2c79-4206-9ba3-6a57391b7c9c",
            "ip_address": "10.252.5.11",
            "keypair": null,
            "keypairs": null,
            "name": "secureproxy1",
            "network_id": "7299faa2-6e9b-4da3-b382-a0f18cd8d8df",
            "nicnetworklist": null,
            "override_disk_offering": null,
            "pod_id": null,
            "project": "infra",
            "properties": null,
            "root_disk_size": 20,
            "security_group_ids": null,
            "security_group_names": null,
            "service_offering": "g1.2c4g",
            "start_vm": true,
            "tags": {},
            "template": "97ce9ec1-785b-41af-8594-6d4e140f7033",
            "uefi": true,
            "user_data": "",
            "zone": "testlab"
          },
          "sensitive_attributes": [],
          "identity_schema_version": 0,
          "dependencies": [
            "cloudstack_network.proxy",
            "cloudstack_network_acl.proxy",
            "cloudstack_template.rocky10",
            "cloudstack_vpc.infra_vpc"
          ]
        }
      ]
    },
    {
      "module": "module.network_acl_dns",
      "mode": "managed",
      "type": "cloudstack_network_acl_rule",
      "name": "this",
      "provider": "provider[\"registry.terraform.io/cloudstack/cloudstack\"]",
      "instances": [
        {
          "schema_version": 0,
          "attributes": {
            "acl_id": "a6237028-b622-4df6-b296-81d007fa6288",
            "id": "a6237028-b622-4df6-b296-81d007fa6288",
            "managed": true,
            "parallelism": 2,
            "project": null,
            "rule": [
              {
                "action": "allow",
                "cidr_list": [
                  "0.0.0.0/0"
                ],
                "description": "dns:tcp: allow egress",
                "icmp_code": 0,
                "icmp_type": 0,
                "ports": [
                  "53"
                ],
                "protocol": "tcp",
                "rule_number": 30003,
                "traffic_type": "egress",
                "uuids": {
                  "53": "16a5482d-8209-4b30-b005-93ffb9a0e387"
                }
              },
              {
                "action": "allow",
                "cidr_list": [
                  "0.0.0.0/0"
                ],
                "description": "dns:tcp: allow ingress",
                "icmp_code": 0,
                "icmp_type": 0,
                "ports": [
                  "53"
                ],
                "protocol": "tcp",
                "rule_number": 30001,
                "traffic_type": "ingress",
                "uuids": {
                  "53": "df4205f0-62e0-428c-8523-6a5ee45e2c98"
                }
              },
              {
                "action": "allow",
                "cidr_list": [
                  "0.0.0.0/0"
                ],
                "description": "dns:udp: allow egress",
                "icmp_code": 0,
                "icmp_type": 0,
                "ports": [
                  "53"
                ],
                "protocol": "udp",
                "rule_number": 30004,
                "traffic_type": "egress",
                "uuids": {
                  "53": "7085ae6c-9bad-4c36-aab7-2712f9401f00"
                }
              },
              {
                "action": "allow",
                "cidr_list": [
                  "0.0.0.0/0"
                ],
                "description": "dns:udp: allow ingress",
                "icmp_code": 0,
                "icmp_type": 0,
                "ports": [
                  "53"
                ],
                "protocol": "udp",
                "rule_number": 30002,
                "traffic_type": "ingress",
                "uuids": {
                  "53": "d1baacf1-5a51-4a09-bc49-14d368eb106d"
                }
              },
              {
                "action": "allow",
                "cidr_list": [
                  "10.252.0.0/24"
                ],
                "description": "allow bastion connection to network: allow ingress",
                "icmp_code": 0,
                "icmp_type": 0,
                "ports": [
                  "22"
                ],
                "protocol": "tcp",
                "rule_number": 1001,
                "traffic_type": "ingress",
                "uuids": {
                  "22": "ab1f1354-da56-44ee-8be4-51a965992c27"
                }
              },
              {
                "action": "allow",
                "cidr_list": [
                  "10.252.1.0/24"
                ],
                "description": "dns:tcp: allow egress",
                "icmp_code": 0,
                "icmp_type": 0,
                "ports": [
                  "53"
                ],
                "protocol": "tcp",
                "rule_number": 1101,
                "traffic_type": "egress",
                "uuids": {
                  "53": "da719f49-a7fd-4638-88e5-eb49b288ca29"
                }
              },
              {
                "action": "allow",
                "cidr_list": [
                  "10.252.1.0/24"
                ],
                "description": "dns:udp: allow egress",
                "icmp_code": 0,
                "icmp_type": 0,
                "ports": [
                  "53"
                ],
                "protocol": "udp",
                "rule_number": 1102,
                "traffic_type": "egress",
                "uuids": {
                  "53": "5a954980-5bee-449d-8eb8-85a715845dbb"
                }
              },
              {
                "action": "allow",
                "cidr_list": [
                  "10.252.2.0/24"
                ],
                "description": "http and https mirror: allow egress",
                "icmp_code": 0,
                "icmp_type": 0,
                "ports": [
                  "443"
                ],
                "protocol": "tcp",
                "rule_number": 1202,
                "traffic_type": "egress",
                "uuids": {
                  "443": "abe20efa-a4f7-4e4b-a04d-439f8e2c4c4e"
                }
              },
              {
                "action": "allow",
                "cidr_list": [
                  "10.252.2.0/24"
                ],
                "description": "http mirror: allow egress",
                "icmp_code": 0,
                "icmp_type": 0,
                "ports": [
                  "80"
                ],
                "protocol": "tcp",
                "rule_number": 1201,
                "traffic_type": "egress",
                "uuids": {
                  "80": "a51d3d29-e737-4521-894b-ee3107e8141d"
                }
              },
              {
                "action": "allow",
                "cidr_list": [
                  "10.252.3.0/24"
                ],
                "description": "IPA http: allow egress",
                "icmp_code": 0,
                "icmp_type": 0,
                "ports": [
                  "80"
                ],
                "protocol": "tcp",
                "rule_number": 1301,
                "traffic_type": "egress",
                "uuids": {
                  "80": "ff9e4fa6-d33b-4ed7-8883-0ddded1d7459"
                }
              },
              {
                "action": "allow",
                "cidr_list": [
                  "10.252.3.0/24"
                ],
                "description": "IPA https: allow egress",
                "icmp_code": 0,
                "icmp_type": 0,
                "ports": [
                  "443"
                ],
                "protocol": "tcp",
                "rule_number": 1302,
                "traffic_type": "egress",
                "uuids": {
                  "443": "0dccc0c1-07ba-4c07-99dd-568dfdb91c97"
                }
              },
              {
                "action": "allow",
                "cidr_list": [
                  "10.252.3.0/24"
                ],
                "description": "IPA ldap: allow egress",
                "icmp_code": 0,
                "icmp_type": 0,
                "ports": [
                  "389"
                ],
                "protocol": "tcp",
                "rule_number": 1303,
                "traffic_type": "egress",
                "uuids": {
                  "389": "0d6f8ce4-836b-427d-ae69-e2a4254bbf55"
                }
              },
              {
                "action": "allow",
                "cidr_list": [
                  "10.252.3.0/24"
                ],
                "description": "IPA ldaps: allow egress",
                "icmp_code": 0,
                "icmp_type": 0,
                "ports": [
                  "636"
                ],
                "protocol": "tcp",
                "rule_number": 1304,
                "traffic_type": "egress",
                "uuids": {
                  "636": "8cdbe12d-aa2c-40b0-9707-4e52b134959e"
                }
              },
              {
                "action": "allow",
                "cidr_list": [
                  "10.252.3.0/24"
                ],
                "description": "kerberos tcp: allow egress",
                "icmp_code": 0,
                "icmp_type": 0,
                "ports": [
                  "88"
                ],
                "protocol": "tcp",
                "rule_number": 1307,
                "traffic_type": "egress",
                "uuids": {
                  "88": "243b7430-a79e-4886-95ed-d28d6c0104ce"
                }
              },
              {
                "action": "allow",
                "cidr_list": [
                  "10.252.3.0/24"
                ],
                "description": "kerberos udp: allow egress",
                "icmp_code": 0,
                "icmp_type": 0,
                "ports": [
                  "88"
                ],
                "protocol": "udp",
                "rule_number": 1305,
                "traffic_type": "egress",
                "uuids": {
                  "88": "a53d12df-ef94-438e-8ac2-039c72a2a3b2"
                }
              },
              {
                "action": "allow",
                "cidr_list": [
                  "10.252.3.0/24"
                ],
                "description": "kpasswd tcp: allow egress",
                "icmp_code": 0,
                "icmp_type": 0,
                "ports": [
                  "464"
                ],
                "protocol": "tcp",
                "rule_number": 1308,
                "traffic_type": "egress",
                "uuids": {
                  "464": "ba9d0ec3-1461-40ef-a1b8-95708db03f50"
                }
              },
              {
                "action": "allow",
                "cidr_list": [
                  "10.252.3.0/24"
                ],
                "description": "kpasswd udp: allow egress",
                "icmp_code": 0,
                "icmp_type": 0,
                "ports": [
                  "464"
                ],
                "protocol": "udp",
                "rule_number": 1306,
                "traffic_type": "egress",
                "uuids": {
                  "464": "e6bec1ad-92f2-4d04-8c1f-69010f941d68"
                }
              },
              {
                "action": "allow",
                "cidr_list": [
                  "10.252.4.0/24"
                ],
                "description": "ntp: allow egress",
                "icmp_code": 0,
                "icmp_type": 0,
                "ports": [
                  "123"
                ],
                "protocol": "udp",
                "rule_number": 1401,
                "traffic_type": "egress",
                "uuids": {
                  "123": "d8601a3e-233d-426e-a75f-af9b48c34d8b"
                }
              },
              {
                "action": "deny",
                "cidr_list": [
                  "0.0.0.0/0"
                ],
                "description": "deny egress by default: deny egress",
                "icmp_code": 0,
                "icmp_type": 0,
                "ports": [],
                "protocol": "all",
                "rule_number": 65501,
                "traffic_type": "egress",
                "uuids": {
                  "all": "9a5980b6-8e90-492c-bcf0-a63d727dd95d"
                }
              }
            ]
          },
          "sensitive_attributes": [],
          "identity_schema_version": 0,
          "private": "bnVsbA==",
          "dependencies": [
            "cloudstack_network_acl.dns",
            "cloudstack_vpc.infra_vpc"
          ]
        }
      ]
    },
    {
      "module": "module.network_acl_hypervisor",
      "mode": "managed",
      "type": "cloudstack_network_acl_rule",
      "name": "this",
      "provider": "provider[\"registry.terraform.io/cloudstack/cloudstack\"]",
      "instances": [
        {
          "schema_version": 0,
          "attributes": {
            "acl_id": "346df974-6f58-4a8e-94ab-a6559e7bbf2f",
            "id": "346df974-6f58-4a8e-94ab-a6559e7bbf2f",
            "managed": true,
            "parallelism": 2,
            "project": null,
            "rule": [
              {
                "action": "allow",
                "cidr_list": [
                  "0.0.0.0/0"
                ],
                "description": "ceph mon v1: allow ingress",
                "icmp_code": 0,
                "icmp_type": 0,
                "ports": [
                  "6789"
                ],
                "protocol": "tcp",
                "rule_number": 30001,
                "traffic_type": "ingress",
                "uuids": {
                  "6789": "7dc29e0e-ed4d-4fde-876c-7608be22cd9b"
                }
              },
              {
                "action": "allow",
                "cidr_list": [
                  "0.0.0.0/0"
                ],
                "description": "ceph mon v2: allow ingress",
                "icmp_code": 0,
                "icmp_type": 0,
                "ports": [
                  "3300"
                ],
                "protocol": "tcp",
                "rule_number": 30002,
                "traffic_type": "ingress",
                "uuids": {
                  "3300": "0d832f8d-6fe4-4a6a-8803-c0f36126ef01"
                }
              },
              {
                "action": "allow",
                "cidr_list": [
                  "0.0.0.0/0"
                ],
                "description": "ceph osd and mds: allow ingress",
                "icmp_code": 0,
                "icmp_type": 0,
                "ports": [
                  "6800-7568"
                ],
                "protocol": "tcp",
                "rule_number": 30003,
                "traffic_type": "ingress",
                "uuids": {
                  "6800-7568": "0f5ab545-6b20-46b2-87af-0614b656a979"
                }
              },
              {
                "action": "allow",
                "cidr_list": [
                  "10.252.0.0/24"
                ],
                "description": "allow bastion connection to network: allow ingress",
                "icmp_code": 0,
                "icmp_type": 0,
                "ports": [
                  "22"
                ],
                "protocol": "tcp",
                "rule_number": 1001,
                "traffic_type": "ingress",
                "uuids": {
                  "22": "b5747d62-dd7b-4aef-8a4f-5e0d6454baa8"
                }
              },
              {
                "action": "allow",
                "cidr_list": [
                  "10.252.1.0/24"
                ],
                "description": "dns:tcp: allow egress",
                "icmp_code": 0,
                "icmp_type": 0,
                "ports": [
                  "53"
                ],
                "protocol": "tcp",
                "rule_number": 1101,
                "traffic_type": "egress",
                "uuids": {
                  "53": "18bbdc8c-f36d-46fb-b726-bda04e69c03b"
                }
              },
              {
                "action": "allow",
                "cidr_list": [
                  "10.252.1.0/24"
                ],
                "description": "dns:udp: allow egress",
                "icmp_code": 0,
                "icmp_type": 0,
                "ports": [
                  "53"
                ],
                "protocol": "udp",
                "rule_number": 1102,
                "traffic_type": "egress",
                "uuids": {
                  "53": "2fb85078-20b1-4fcd-a94a-ddcd2668900a"
                }
              },
              {
                "action": "allow",
                "cidr_list": [
                  "10.252.2.0/24"
                ],
                "description": "http and https mirror: allow egress",
                "icmp_code": 0,
                "icmp_type": 0,
                "ports": [
                  "443"
                ],
                "protocol": "tcp",
                "rule_number": 1202,
                "traffic_type": "egress",
                "uuids": {
                  "443": "b3382dc1-bc99-486d-b743-85ff3df77d6a"
                }
              },
              {
                "action": "allow",
                "cidr_list": [
                  "10.252.2.0/24"
                ],
                "description": "http mirror: allow egress",
                "icmp_code": 0,
                "icmp_type": 0,
                "ports": [
                  "80"
                ],
                "protocol": "tcp",
                "rule_number": 1201,
                "traffic_type": "egress",
                "uuids": {
                  "80": "30622b5b-7290-4194-b83a-036ac79d9724"
                }
              },
              {
                "action": "allow",
                "cidr_list": [
                  "10.252.3.0/24"
                ],
                "description": "IPA http: allow egress",
                "icmp_code": 0,
                "icmp_type": 0,
                "ports": [
                  "80"
                ],
                "protocol": "tcp",
                "rule_number": 1301,
                "traffic_type": "egress",
                "uuids": {
                  "80": "f92b4936-be5b-49cf-9da7-0159e5354e9f"
                }
              },
              {
                "action": "allow",
                "cidr_list": [
                  "10.252.3.0/24"
                ],
                "description": "IPA https: allow egress",
                "icmp_code": 0,
                "icmp_type": 0,
                "ports": [
                  "443"
                ],
                "protocol": "tcp",
                "rule_number": 1302,
                "traffic_type": "egress",
                "uuids": {
                  "443": "0aaa4415-351e-4cb0-ac4a-cd68a1b58db8"
                }
              },
              {
                "action": "allow",
                "cidr_list": [
                  "10.252.3.0/24"
                ],
                "description": "IPA ldap: allow egress",
                "icmp_code": 0,
                "icmp_type": 0,
                "ports": [
                  "389"
                ],
                "protocol": "tcp",
                "rule_number": 1303,
                "traffic_type": "egress",
                "uuids": {
                  "389": "8f30b7a6-6908-45be-b583-9c49dd96cbf2"
                }
              },
              {
                "action": "allow",
                "cidr_list": [
                  "10.252.3.0/24"
                ],
                "description": "IPA ldaps: allow egress",
                "icmp_code": 0,
                "icmp_type": 0,
                "ports": [
                  "636"
                ],
                "protocol": "tcp",
                "rule_number": 1304,
                "traffic_type": "egress",
                "uuids": {
                  "636": "9a3e2286-bf5a-4ee4-98a1-0a575367a774"
                }
              },
              {
                "action": "allow",
                "cidr_list": [
                  "10.252.3.0/24"
                ],
                "description": "kerberos tcp: allow egress",
                "icmp_code": 0,
                "icmp_type": 0,
                "ports": [
                  "88"
                ],
                "protocol": "tcp",
                "rule_number": 1307,
                "traffic_type": "egress",
                "uuids": {
                  "88": "a53b68b9-236c-41b1-8ac8-0988c13dc687"
                }
              },
              {
                "action": "allow",
                "cidr_list": [
                  "10.252.3.0/24"
                ],
                "description": "kerberos udp: allow egress",
                "icmp_code": 0,
                "icmp_type": 0,
                "ports": [
                  "88"
                ],
                "protocol": "udp",
                "rule_number": 1305,
                "traffic_type": "egress",
                "uuids": {
                  "88": "02806022-e56d-4be8-8165-64129feba4ff"
                }
              },
              {
                "action": "allow",
                "cidr_list": [
                  "10.252.3.0/24"
                ],
                "description": "kpasswd tcp: allow egress",
                "icmp_code": 0,
                "icmp_type": 0,
                "ports": [
                  "464"
                ],
                "protocol": "tcp",
                "rule_number": 1308,
                "traffic_type": "egress",
                "uuids": {
                  "464": "6843645c-5008-4679-ae21-bfbed9575fe9"
                }
              },
              {
                "action": "allow",
                "cidr_list": [
                  "10.252.3.0/24"
                ],
                "description": "kpasswd udp: allow egress",
                "icmp_code": 0,
                "icmp_type": 0,
                "ports": [
                  "464"
                ],
                "protocol": "udp",
                "rule_number": 1306,
                "traffic_type": "egress",
                "uuids": {
                  "464": "03fd3563-f194-47cd-a8aa-5d97766430dc"
                }
              },
              {
                "action": "allow",
                "cidr_list": [
                  "10.252.4.0/24"
                ],
                "description": "ntp: allow egress",
                "icmp_code": 0,
                "icmp_type": 0,
                "ports": [
                  "123"
                ],
                "protocol": "udp",
                "rule_number": 1401,
                "traffic_type": "egress",
                "uuids": {
                  "123": "16d48ce5-a00e-4b10-b068-5e81aae79db2"
                }
              }
            ]
          },
          "sensitive_attributes": [],
          "identity_schema_version": 0,
          "private": "bnVsbA==",
          "dependencies": [
            "cloudstack_network_acl.hypervisor",
            "cloudstack_vpc.infra_vpc"
          ]
        }
      ]
    },
    {
      "module": "module.network_acl_ipa",
      "mode": "managed",
      "type": "cloudstack_network_acl_rule",
      "name": "this",
      "provider": "provider[\"registry.terraform.io/cloudstack/cloudstack\"]",
      "instances": [
        {
          "schema_version": 0,
          "attributes": {
            "acl_id": "ce14cb8c-c957-42ed-b91c-e6017d4d0d10",
            "id": "ce14cb8c-c957-42ed-b91c-e6017d4d0d10",
            "managed": true,
            "parallelism": 2,
            "project": null,
            "rule": [
              {
                "action": "allow",
                "cidr_list": [
                  "0.0.0.0/0"
                ],
                "description": "IPA http: allow ingress",
                "icmp_code": 0,
                "icmp_type": 0,
                "ports": [
                  "80"
                ],
                "protocol": "tcp",
                "rule_number": 30001,
                "traffic_type": "ingress",
                "uuids": {
                  "80": "627d82c1-b7c6-409e-8b42-6479f2be1b51"
                }
              },
              {
                "action": "allow",
                "cidr_list": [
                  "0.0.0.0/0"
                ],
                "description": "IPA https: allow ingress",
                "icmp_code": 0,
                "icmp_type": 0,
                "ports": [
                  "443"
                ],
                "protocol": "tcp",
                "rule_number": 30002,
                "traffic_type": "ingress",
                "uuids": {
                  "443": "017a9891-b490-4757-a6dd-80c950e4277a"
                }
              },
              {
                "action": "allow",
                "cidr_list": [
                  "0.0.0.0/0"
                ],
                "description": "IPA ldap: allow ingress",
                "icmp_code": 0,
                "icmp_type": 0,
                "ports": [
                  "389"
                ],
                "protocol": "tcp",
                "rule_number": 30003,
                "traffic_type": "ingress",
                "uuids": {
                  "389": "2ab74768-bead-4e76-a004-5bc33a56a05a"
                }
              },
              {
                "action": "allow",
                "cidr_list": [
                  "0.0.0.0/0"
                ],
                "description": "IPA ldaps: allow ingress",
                "icmp_code": 0,
                "icmp_type": 0,
                "ports": [
                  "636"
                ],
                "protocol": "tcp",
                "rule_number": 30004,
                "traffic_type": "ingress",
                "uuids": {
                  "636": "4c951f38-4de0-4695-bebf-b61f7f0198fc"
                }
              },
              {
                "action": "allow",
                "cidr_list": [
                  "0.0.0.0/0"
                ],
                "description": "kerberos tcp: allow ingress",
                "icmp_code": 0,
                "icmp_type": 0,
                "ports": [
                  "88"
                ],
                "protocol": "tcp",
                "rule_number": 30007,
                "traffic_type": "ingress",
                "uuids": {
                  "88": "2daf03cd-ca4c-4587-935e-6d1f2492cfd2"
                }
              },
              {
                "action": "allow",
                "cidr_list": [
                  "0.0.0.0/0"
                ],
                "description": "kerberos udp: allow ingress",
                "icmp_code": 0,
                "icmp_type": 0,
                "ports": [
                  "88"
                ],
                "protocol": "udp",
                "rule_number": 30005,
                "traffic_type": "ingress",
                "uuids": {
                  "88": "fb70012a-2b41-4fd5-b9fc-297340469915"
                }
              },
              {
                "action": "allow",
                "cidr_list": [
                  "0.0.0.0/0"
                ],
                "description": "kpasswd tcp: allow ingress",
                "icmp_code": 0,
                "icmp_type": 0,
                "ports": [
                  "464"
                ],
                "protocol": "tcp",
                "rule_number": 30008,
                "traffic_type": "ingress",
                "uuids": {
                  "464": "db57fa91-0501-4cec-a418-84db0b929b51"
                }
              },
              {
                "action": "allow",
                "cidr_list": [
                  "0.0.0.0/0"
                ],
                "description": "kpasswd udp: allow ingress",
                "icmp_code": 0,
                "icmp_type": 0,
                "ports": [
                  "464"
                ],
                "protocol": "udp",
                "rule_number": 30006,
                "traffic_type": "ingress",
                "uuids": {
                  "464": "a66987e1-71c7-4115-97f9-90c119092445"
                }
              },
              {
                "action": "allow",
                "cidr_list": [
                  "10.252.0.0/24"
                ],
                "description": "allow bastion connection to network: allow ingress",
                "icmp_code": 0,
                "icmp_type": 0,
                "ports": [
                  "22"
                ],
                "protocol": "tcp",
                "rule_number": 1001,
                "traffic_type": "ingress",
                "uuids": {
                  "22": "1b9533c0-e608-45ec-87f0-01ed56c484d2"
                }
              },
              {
                "action": "allow",
                "cidr_list": [
                  "10.252.1.0/24"
                ],
                "description": "dns:tcp: allow egress",
                "icmp_code": 0,
                "icmp_type": 0,
                "ports": [
                  "53"
                ],
                "protocol": "tcp",
                "rule_number": 1101,
                "traffic_type": "egress",
                "uuids": {
                  "53": "18d992fe-02bf-452c-8f8a-b193d7a72fa4"
                }
              },
              {
                "action": "allow",
                "cidr_list": [
                  "10.252.1.0/24"
                ],
                "description": "dns:udp: allow egress",
                "icmp_code": 0,
                "icmp_type": 0,
                "ports": [
                  "53"
                ],
                "protocol": "udp",
                "rule_number": 1102,
                "traffic_type": "egress",
                "uuids": {
                  "53": "30401ed8-7192-4fbf-897c-6f10e095364b"
                }
              },
              {
                "action": "allow",
                "cidr_list": [
                  "10.252.2.0/24"
                ],
                "description": "http and https mirror: allow egress",
                "icmp_code": 0,
                "icmp_type": 0,
                "ports": [
                  "443"
                ],
                "protocol": "tcp",
                "rule_number": 1202,
                "traffic_type": "egress",
                "uuids": {
                  "443": "977ced7b-9ae5-4ed1-b886-4415124451ac"
                }
              },
              {
                "action": "allow",
                "cidr_list": [
                  "10.252.2.0/24"
                ],
                "description": "http mirror: allow egress",
                "icmp_code": 0,
                "icmp_type": 0,
                "ports": [
                  "80"
                ],
                "protocol": "tcp",
                "rule_number": 1201,
                "traffic_type": "egress",
                "uuids": {
                  "80": "0213e622-d349-41b0-8602-e93f9e0ca88f"
                }
              },
              {
                "action": "allow",
                "cidr_list": [
                  "10.252.3.0/24"
                ],
                "description": "IPA http: allow egress",
                "icmp_code": 0,
                "icmp_type": 0,
                "ports": [
                  "80"
                ],
                "protocol": "tcp",
                "rule_number": 1301,
                "traffic_type": "egress",
                "uuids": {
                  "80": "39d5079f-01d5-4b03-b944-3777c3268165"
                }
              },
              {
                "action": "allow",
                "cidr_list": [
                  "10.252.3.0/24"
                ],
                "description": "IPA https: allow egress",
                "icmp_code": 0,
                "icmp_type": 0,
                "ports": [
                  "443"
                ],
                "protocol": "tcp",
                "rule_number": 1302,
                "traffic_type": "egress",
                "uuids": {
                  "443": "79dc8ace-96fe-4e5e-9c24-8b5bd9e5b28e"
                }
              },
              {
                "action": "allow",
                "cidr_list": [
                  "10.252.3.0/24"
                ],
                "description": "IPA ldap: allow egress",
                "icmp_code": 0,
                "icmp_type": 0,
                "ports": [
                  "389"
                ],
                "protocol": "tcp",
                "rule_number": 1303,
                "traffic_type": "egress",
                "uuids": {
                  "389": "43a09b58-52f9-4f27-86e9-6d6c9637f80e"
                }
              },
              {
                "action": "allow",
                "cidr_list": [
                  "10.252.3.0/24"
                ],
                "description": "IPA ldaps: allow egress",
                "icmp_code": 0,
                "icmp_type": 0,
                "ports": [
                  "636"
                ],
                "protocol": "tcp",
                "rule_number": 1304,
                "traffic_type": "egress",
                "uuids": {
                  "636": "ef04f7e1-7d18-4203-aa72-f0294dc56508"
                }
              },
              {
                "action": "allow",
                "cidr_list": [
                  "10.252.3.0/24"
                ],
                "description": "kerberos tcp: allow egress",
                "icmp_code": 0,
                "icmp_type": 0,
                "ports": [
                  "88"
                ],
                "protocol": "tcp",
                "rule_number": 1307,
                "traffic_type": "egress",
                "uuids": {
                  "88": "9e5ac403-ed22-4b92-be3f-427b64b494b3"
                }
              },
              {
                "action": "allow",
                "cidr_list": [
                  "10.252.3.0/24"
                ],
                "description": "kerberos udp: allow egress",
                "icmp_code": 0,
                "icmp_type": 0,
                "ports": [
                  "88"
                ],
                "protocol": "udp",
                "rule_number": 1305,
                "traffic_type": "egress",
                "uuids": {
                  "88": "ae775ad4-46cf-4ba6-8a91-e3cec10e25d2"
                }
              },
              {
                "action": "allow",
                "cidr_list": [
                  "10.252.3.0/24"
                ],
                "description": "kpasswd tcp: allow egress",
                "icmp_code": 0,
                "icmp_type": 0,
                "ports": [
                  "464"
                ],
                "protocol": "tcp",
                "rule_number": 1308,
                "traffic_type": "egress",
                "uuids": {
                  "464": "a16b9376-9f4c-4010-a43b-8c95e116c00c"
                }
              },
              {
                "action": "allow",
                "cidr_list": [
                  "10.252.3.0/24"
                ],
                "description": "kpasswd udp: allow egress",
                "icmp_code": 0,
                "icmp_type": 0,
                "ports": [
                  "464"
                ],
                "protocol": "udp",
                "rule_number": 1306,
                "traffic_type": "egress",
                "uuids": {
                  "464": "57868342-4aa4-4410-995e-d4340019ab94"
                }
              },
              {
                "action": "allow",
                "cidr_list": [
                  "10.252.4.0/24"
                ],
                "description": "ntp: allow egress",
                "icmp_code": 0,
                "icmp_type": 0,
                "ports": [
                  "123"
                ],
                "protocol": "udp",
                "rule_number": 1401,
                "traffic_type": "egress",
                "uuids": {
                  "123": "beef571d-7f86-424d-ab5e-6371ff760b8e"
                }
              },
              {
                "action": "allow",
                "cidr_list": [
                  "10.252.5.11/24"
                ],
                "description": "proxy secureproxy: allow egress",
                "icmp_code": 0,
                "icmp_type": 0,
                "ports": [
                  "8080"
                ],
                "protocol": "tcp",
                "rule_number": 1501,
                "traffic_type": "egress",
                "uuids": {
                  "8080": "bb161b60-e0e4-4e64-a200-af829a5a02b0"
                }
              },
              {
                "action": "allow",
                "cidr_list": [
                  "10.252.6.0/24"
                ],
                "description": "ldap: allow egress",
                "icmp_code": 0,
                "icmp_type": 0,
                "ports": [
                  "389"
                ],
                "protocol": "tcp",
                "rule_number": 1601,
                "traffic_type": "egress",
                "uuids": {
                  "389": "d2271571-9208-4375-9eb2-a2dc6703571b"
                }
              },
              {
                "action": "allow",
                "cidr_list": [
                  "10.252.6.0/24"
                ],
                "description": "ldaps: allow egress",
                "icmp_code": 0,
                "icmp_type": 0,
                "ports": [
                  "636"
                ],
                "protocol": "tcp",
                "rule_number": 1602,
                "traffic_type": "egress",
                "uuids": {
                  "636": "74ed8a63-793c-4659-88cd-505ae63b1b38"
                }
              },
              {
                "action": "deny",
                "cidr_list": [
                  "0.0.0.0/0"
                ],
                "description": "deny egress by default: deny egress",
                "icmp_code": 0,
                "icmp_type": 0,
                "ports": [],
                "protocol": "all",
                "rule_number": 65501,
                "traffic_type": "egress",
                "uuids": {
                  "all": "fa33012b-a033-48c0-a5c5-700aacc8a4f0"
                }
              }
            ]
          },
          "sensitive_attributes": [],
          "identity_schema_version": 0,
          "private": "bnVsbA==",
          "dependencies": [
            "cloudstack_network_acl.ipa",
            "cloudstack_vpc.infra_vpc"
          ]
        }
      ]
    },
    {
      "module": "module.network_acl_ldapproxy",
      "mode": "managed",
      "type": "cloudstack_network_acl_rule",
      "name": "this",
      "provider": "provider[\"registry.terraform.io/cloudstack/cloudstack\"]",
      "instances": [
        {
          "schema_version": 0,
          "attributes": {
            "acl_id": "054a61e8-f0ab-4151-a933-971759afc9e9",
            "id": "054a61e8-f0ab-4151-a933-971759afc9e9",
            "managed": true,
            "parallelism": 2,
            "project": null,
            "rule": [
              {
                "action": "allow",
                "cidr_list": [
                  "0.0.0.0/0"
                ],
                "description": "ldap: allow egress",
                "icmp_code": 0,
                "icmp_type": 0,
                "ports": [
                  "389"
                ],
                "protocol": "tcp",
                "rule_number": 30003,
                "traffic_type": "egress",
                "uuids": {
                  "389": "e7e42414-441b-4f56-ad76-4c5f2e694683"
                }
              },
              {
                "action": "allow",
                "cidr_list": [
                  "0.0.0.0/0"
                ],
                "description": "ldap: allow ingress",
                "icmp_code": 0,
                "icmp_type": 0,
                "ports": [
                  "389"
                ],
                "protocol": "tcp",
                "rule_number": 30001,
                "traffic_type": "ingress",
                "uuids": {
                  "389": "70742513-e2dc-49b0-b15b-67f86f117e05"
                }
              },
              {
                "action": "allow",
                "cidr_list": [
                  "0.0.0.0/0"
                ],
                "description": "ldaps: allow egress",
                "icmp_code": 0,
                "icmp_type": 0,
                "ports": [
                  "636"
                ],
                "protocol": "tcp",
                "rule_number": 30004,
                "traffic_type": "egress",
                "uuids": {
                  "636": "326561f0-48bb-49d1-9a5c-514e5697e4a6"
                }
              },
              {
                "action": "allow",
                "cidr_list": [
                  "0.0.0.0/0"
                ],
                "description": "ldaps: allow ingress",
                "icmp_code": 0,
                "icmp_type": 0,
                "ports": [
                  "636"
                ],
                "protocol": "tcp",
                "rule_number": 30002,
                "traffic_type": "ingress",
                "uuids": {
                  "636": "de882bbb-967b-4082-ae5f-65339ad2a996"
                }
              },
              {
                "action": "allow",
                "cidr_list": [
                  "10.252.0.0/24"
                ],
                "description": "allow bastion connection to network: allow ingress",
                "icmp_code": 0,
                "icmp_type": 0,
                "ports": [
                  "22"
                ],
                "protocol": "tcp",
                "rule_number": 1001,
                "traffic_type": "ingress",
                "uuids": {
                  "22": "e522e85b-d4d0-42f6-bda3-173ff01378fe"
                }
              },
              {
                "action": "allow",
                "cidr_list": [
                  "10.252.1.0/24"
                ],
                "description": "dns:tcp: allow egress",
                "icmp_code": 0,
                "icmp_type": 0,
                "ports": [
                  "53"
                ],
                "protocol": "tcp",
                "rule_number": 1101,
                "traffic_type": "egress",
                "uuids": {
                  "53": "71ae242e-4a9d-4d18-aff7-d52b336aebb6"
                }
              },
              {
                "action": "allow",
                "cidr_list": [
                  "10.252.1.0/24"
                ],
                "description": "dns:udp: allow egress",
                "icmp_code": 0,
                "icmp_type": 0,
                "ports": [
                  "53"
                ],
                "protocol": "udp",
                "rule_number": 1102,
                "traffic_type": "egress",
                "uuids": {
                  "53": "e21b9e1e-3952-4612-af17-4307fb09f7d1"
                }
              },
              {
                "action": "allow",
                "cidr_list": [
                  "10.252.2.0/24"
                ],
                "description": "http and https mirror: allow egress",
                "icmp_code": 0,
                "icmp_type": 0,
                "ports": [
                  "443"
                ],
                "protocol": "tcp",
                "rule_number": 1202,
                "traffic_type": "egress",
                "uuids": {
                  "443": "3219f95d-7484-4e13-9ab3-bd6c897305be"
                }
              },
              {
                "action": "allow",
                "cidr_list": [
                  "10.252.2.0/24"
                ],
                "description": "http mirror: allow egress",
                "icmp_code": 0,
                "icmp_type": 0,
                "ports": [
                  "80"
                ],
                "protocol": "tcp",
                "rule_number": 1201,
                "traffic_type": "egress",
                "uuids": {
                  "80": "914b0a1b-1ff2-43ed-ad54-81e1c94c9a2b"
                }
              },
              {
                "action": "allow",
                "cidr_list": [
                  "10.252.3.0/24"
                ],
                "description": "IPA http: allow egress",
                "icmp_code": 0,
                "icmp_type": 0,
                "ports": [
                  "80"
                ],
                "protocol": "tcp",
                "rule_number": 1301,
                "traffic_type": "egress",
                "uuids": {
                  "80": "079a10b7-f8dd-4422-91a1-1356eba2488f"
                }
              },
              {
                "action": "allow",
                "cidr_list": [
                  "10.252.3.0/24"
                ],
                "description": "IPA https: allow egress",
                "icmp_code": 0,
                "icmp_type": 0,
                "ports": [
                  "443"
                ],
                "protocol": "tcp",
                "rule_number": 1302,
                "traffic_type": "egress",
                "uuids": {
                  "443": "7a658eb8-de72-46a2-82d9-942656e3c5cc"
                }
              },
              {
                "action": "allow",
                "cidr_list": [
                  "10.252.3.0/24"
                ],
                "description": "IPA ldap: allow egress",
                "icmp_code": 0,
                "icmp_type": 0,
                "ports": [
                  "389"
                ],
                "protocol": "tcp",
                "rule_number": 1303,
                "traffic_type": "egress",
                "uuids": {
                  "389": "157dcc15-1304-4b34-9177-c09de7f6d7ce"
                }
              },
              {
                "action": "allow",
                "cidr_list": [
                  "10.252.3.0/24"
                ],
                "description": "IPA ldaps: allow egress",
                "icmp_code": 0,
                "icmp_type": 0,
                "ports": [
                  "636"
                ],
                "protocol": "tcp",
                "rule_number": 1304,
                "traffic_type": "egress",
                "uuids": {
                  "636": "ef2e75e2-f35e-4fab-b31e-08b9d0f2ac6d"
                }
              },
              {
                "action": "allow",
                "cidr_list": [
                  "10.252.3.0/24"
                ],
                "description": "kerberos tcp: allow egress",
                "icmp_code": 0,
                "icmp_type": 0,
                "ports": [
                  "88"
                ],
                "protocol": "tcp",
                "rule_number": 1307,
                "traffic_type": "egress",
                "uuids": {
                  "88": "22faf119-195e-438c-b0a7-bb9feb198dfa"
                }
              },
              {
                "action": "allow",
                "cidr_list": [
                  "10.252.3.0/24"
                ],
                "description": "kerberos udp: allow egress",
                "icmp_code": 0,
                "icmp_type": 0,
                "ports": [
                  "88"
                ],
                "protocol": "udp",
                "rule_number": 1305,
                "traffic_type": "egress",
                "uuids": {
                  "88": "735953e9-23fd-4fd0-ba7e-719008b3988c"
                }
              },
              {
                "action": "allow",
                "cidr_list": [
                  "10.252.3.0/24"
                ],
                "description": "kpasswd tcp: allow egress",
                "icmp_code": 0,
                "icmp_type": 0,
                "ports": [
                  "464"
                ],
                "protocol": "tcp",
                "rule_number": 1308,
                "traffic_type": "egress",
                "uuids": {
                  "464": "756c4ab0-e807-4730-b963-639e3fbacbcb"
                }
              },
              {
                "action": "allow",
                "cidr_list": [
                  "10.252.3.0/24"
                ],
                "description": "kpasswd udp: allow egress",
                "icmp_code": 0,
                "icmp_type": 0,
                "ports": [
                  "464"
                ],
                "protocol": "udp",
                "rule_number": 1306,
                "traffic_type": "egress",
                "uuids": {
                  "464": "7de46ccc-ff94-4c74-9bc8-62d8458a76b1"
                }
              },
              {
                "action": "allow",
                "cidr_list": [
                  "10.252.4.0/24"
                ],
                "description": "ntp: allow egress",
                "icmp_code": 0,
                "icmp_type": 0,
                "ports": [
                  "123"
                ],
                "protocol": "udp",
                "rule_number": 1401,
                "traffic_type": "egress",
                "uuids": {
                  "123": "50c62f0c-b968-4dd6-9a97-6b84b43a9681"
                }
              },
              {
                "action": "allow",
                "cidr_list": [
                  "10.252.5.11/24"
                ],
                "description": "proxy secureproxy: allow egress",
                "icmp_code": 0,
                "icmp_type": 0,
                "ports": [
                  "8080"
                ],
                "protocol": "tcp",
                "rule_number": 1501,
                "traffic_type": "egress",
                "uuids": {
                  "8080": "c9d39070-5cbc-499f-b8eb-90a696bf3052"
                }
              },
              {
                "action": "deny",
                "cidr_list": [
                  "0.0.0.0/0"
                ],
                "description": "deny egress by default: deny egress",
                "icmp_code": 0,
                "icmp_type": 0,
                "ports": [],
                "protocol": "all",
                "rule_number": 65501,
                "traffic_type": "egress",
                "uuids": {
                  "all": "e5a251bf-68b2-4d00-a043-aba5f13c3ce4"
                }
              }
            ]
          },
          "sensitive_attributes": [],
          "identity_schema_version": 0,
          "private": "bnVsbA==",
          "dependencies": [
            "cloudstack_network_acl.ldapproxy",
            "cloudstack_vpc.infra_vpc"
          ]
        }
      ]
    },
    {
      "module": "module.network_acl_mirror",
      "mode": "managed",
      "type": "cloudstack_network_acl_rule",
      "name": "this",
      "provider": "provider[\"registry.terraform.io/cloudstack/cloudstack\"]",
      "instances": [
        {
          "schema_version": 0,
          "attributes": {
            "acl_id": "14db294d-3ca0-45e9-8f1c-a16ddbb008f5",
            "id": "14db294d-3ca0-45e9-8f1c-a16ddbb008f5",
            "managed": true,
            "parallelism": 2,
            "project": null,
            "rule": [
              {
                "action": "allow",
                "cidr_list": [
                  "0.0.0.0/0"
                ],
                "description": "http mirror: allow ingress",
                "icmp_code": 0,
                "icmp_type": 0,
                "ports": [
                  "80"
                ],
                "protocol": "tcp",
                "rule_number": 30001,
                "traffic_type": "ingress",
                "uuids": {
                  "80": "c4adf129-7a5a-41f0-b7bc-52a5f1e81503"
                }
              },
              {
                "action": "allow",
                "cidr_list": [
                  "0.0.0.0/0"
                ],
                "description": "http: allow egress",
                "icmp_code": 0,
                "icmp_type": 0,
                "ports": [
                  "80"
                ],
                "protocol": "tcp",
                "rule_number": 30003,
                "traffic_type": "egress",
                "uuids": {
                  "80": "84838df9-e010-4ab9-96bf-f8cea70cacda"
                }
              },
              {
                "action": "allow",
                "cidr_list": [
                  "0.0.0.0/0"
                ],
                "description": "https mirror: allow ingress",
                "icmp_code": 0,
                "icmp_type": 0,
                "ports": [
                  "443"
                ],
                "protocol": "tcp",
                "rule_number": 30002,
                "traffic_type": "ingress",
                "uuids": {
                  "443": "7a140efc-4672-46f1-94c8-3fe67b421403"
                }
              },
              {
                "action": "allow",
                "cidr_list": [
                  "0.0.0.0/0"
                ],
                "description": "https: allow egress",
                "icmp_code": 0,
                "icmp_type": 0,
                "ports": [
                  "443"
                ],
                "protocol": "tcp",
                "rule_number": 30004,
                "traffic_type": "egress",
                "uuids": {
                  "443": "6eda7291-ce48-43c0-bd3a-258283dc99f6"
                }
              },
              {
                "action": "allow",
                "cidr_list": [
                  "0.0.0.0/0"
                ],
                "description": "rsync: allow egress",
                "icmp_code": 0,
                "icmp_type": 0,
                "ports": [
                  "873"
                ],
                "protocol": "tcp",
                "rule_number": 30005,
                "traffic_type": "egress",
                "uuids": {
                  "873": "e388ff94-8361-4619-b1f1-4a3d806df3a2"
                }
              },
              {
                "action": "allow",
                "cidr_list": [
                  "10.252.0.0/24"
                ],
                "description": "allow bastion connection to network: allow ingress",
                "icmp_code": 0,
                "icmp_type": 0,
                "ports": [
                  "22"
                ],
                "protocol": "tcp",
                "rule_number": 1001,
                "traffic_type": "ingress",
                "uuids": {
                  "22": "efc4905b-95e5-4fe4-95ea-cfa9112d6a3f"
                }
              },
              {
                "action": "allow",
                "cidr_list": [
                  "10.252.1.0/24"
                ],
                "description": "dns:tcp: allow egress",
                "icmp_code": 0,
                "icmp_type": 0,
                "ports": [
                  "53"
                ],
                "protocol": "tcp",
                "rule_number": 1101,
                "traffic_type": "egress",
                "uuids": {
                  "53": "4e7d8c2a-ef6d-460b-81db-f0b88231e4f4"
                }
              },
              {
                "action": "allow",
                "cidr_list": [
                  "10.252.1.0/24"
                ],
                "description": "dns:udp: allow egress",
                "icmp_code": 0,
                "icmp_type": 0,
                "ports": [
                  "53"
                ],
                "protocol": "udp",
                "rule_number": 1102,
                "traffic_type": "egress",
                "uuids": {
                  "53": "b0a7258c-1f8b-4cc1-a051-0ba1ce1e97b6"
                }
              },
              {
                "action": "allow",
                "cidr_list": [
                  "10.252.2.0/24"
                ],
                "description": "http and https mirror: allow egress",
                "icmp_code": 0,
                "icmp_type": 0,
                "ports": [
                  "443"
                ],
                "protocol": "tcp",
                "rule_number": 1202,
                "traffic_type": "egress",
                "uuids": {
                  "443": "8183fc68-89b7-4db8-998a-ac1dafb6fb13"
                }
              },
              {
                "action": "allow",
                "cidr_list": [
                  "10.252.2.0/24"
                ],
                "description": "http mirror: allow egress",
                "icmp_code": 0,
                "icmp_type": 0,
                "ports": [
                  "80"
                ],
                "protocol": "tcp",
                "rule_number": 1201,
                "traffic_type": "egress",
                "uuids": {
                  "80": "4147f369-bcd6-4dcb-831d-657cc17d44e6"
                }
              },
              {
                "action": "allow",
                "cidr_list": [
                  "10.252.3.0/24"
                ],
                "description": "IPA http: allow egress",
                "icmp_code": 0,
                "icmp_type": 0,
                "ports": [
                  "80"
                ],
                "protocol": "tcp",
                "rule_number": 1301,
                "traffic_type": "egress",
                "uuids": {
                  "80": "70b974cb-86c6-472a-a735-fdb834b1ec22"
                }
              },
              {
                "action": "allow",
                "cidr_list": [
                  "10.252.3.0/24"
                ],
                "description": "IPA https: allow egress",
                "icmp_code": 0,
                "icmp_type": 0,
                "ports": [
                  "443"
                ],
                "protocol": "tcp",
                "rule_number": 1302,
                "traffic_type": "egress",
                "uuids": {
                  "443": "32f36e7a-54f3-4e07-bafd-58c6133bb17a"
                }
              },
              {
                "action": "allow",
                "cidr_list": [
                  "10.252.3.0/24"
                ],
                "description": "IPA ldap: allow egress",
                "icmp_code": 0,
                "icmp_type": 0,
                "ports": [
                  "389"
                ],
                "protocol": "tcp",
                "rule_number": 1303,
                "traffic_type": "egress",
                "uuids": {
                  "389": "95a5c8f5-20fe-4b4f-b797-d93a8a65b780"
                }
              },
              {
                "action": "allow",
                "cidr_list": [
                  "10.252.3.0/24"
                ],
                "description": "IPA ldaps: allow egress",
                "icmp_code": 0,
                "icmp_type": 0,
                "ports": [
                  "636"
                ],
                "protocol": "tcp",
                "rule_number": 1304,
                "traffic_type": "egress",
                "uuids": {
                  "636": "a6caaa47-c1a2-4e1b-9bef-ce743d1d5313"
                }
              },
              {
                "action": "allow",
                "cidr_list": [
                  "10.252.3.0/24"
                ],
                "description": "kerberos tcp: allow egress",
                "icmp_code": 0,
                "icmp_type": 0,
                "ports": [
                  "88"
                ],
                "protocol": "tcp",
                "rule_number": 1307,
                "traffic_type": "egress",
                "uuids": {
                  "88": "81130366-6b86-4956-8d06-69a392095272"
                }
              },
              {
                "action": "allow",
                "cidr_list": [
                  "10.252.3.0/24"
                ],
                "description": "kerberos udp: allow egress",
                "icmp_code": 0,
                "icmp_type": 0,
                "ports": [
                  "88"
                ],
                "protocol": "udp",
                "rule_number": 1305,
                "traffic_type": "egress",
                "uuids": {
                  "88": "ce5536e2-5256-47c1-9732-93c96107ea56"
                }
              },
              {
                "action": "allow",
                "cidr_list": [
                  "10.252.3.0/24"
                ],
                "description": "kpasswd tcp: allow egress",
                "icmp_code": 0,
                "icmp_type": 0,
                "ports": [
                  "464"
                ],
                "protocol": "tcp",
                "rule_number": 1308,
                "traffic_type": "egress",
                "uuids": {
                  "464": "708347c4-2737-4c3e-b009-623843bddb9b"
                }
              },
              {
                "action": "allow",
                "cidr_list": [
                  "10.252.3.0/24"
                ],
                "description": "kpasswd udp: allow egress",
                "icmp_code": 0,
                "icmp_type": 0,
                "ports": [
                  "464"
                ],
                "protocol": "udp",
                "rule_number": 1306,
                "traffic_type": "egress",
                "uuids": {
                  "464": "215b7259-524d-42f3-8677-cea19f15e1bd"
                }
              },
              {
                "action": "allow",
                "cidr_list": [
                  "10.252.4.0/24"
                ],
                "description": "ntp: allow egress",
                "icmp_code": 0,
                "icmp_type": 0,
                "ports": [
                  "123"
                ],
                "protocol": "udp",
                "rule_number": 1401,
                "traffic_type": "egress",
                "uuids": {
                  "123": "dd87a87b-bffc-48bc-b086-2085eecd8ffc"
                }
              },
              {
                "action": "allow",
                "cidr_list": [
                  "10.252.5.11/24"
                ],
                "description": "proxy secureproxy: allow egress",
                "icmp_code": 0,
                "icmp_type": 0,
                "ports": [
                  "8080"
                ],
                "protocol": "tcp",
                "rule_number": 1501,
                "traffic_type": "egress",
                "uuids": {
                  "8080": "976f4e75-174c-49cd-97bd-e9a20c90e39c"
                }
              },
              {
                "action": "deny",
                "cidr_list": [
                  "0.0.0.0/0"
                ],
                "description": "deny egress by default: deny egress",
                "icmp_code": 0,
                "icmp_type": 0,
                "ports": [],
                "protocol": "all",
                "rule_number": 65501,
                "traffic_type": "egress",
                "uuids": {
                  "all": "24078150-d24e-4c7b-a6c7-aeb3a688866e"
                }
              }
            ]
          },
          "sensitive_attributes": [],
          "identity_schema_version": 0,
          "private": "bnVsbA==",
          "dependencies": [
            "cloudstack_network_acl.mirror",
            "cloudstack_vpc.infra_vpc"
          ]
        }
      ]
    },
    {
      "module": "module.network_acl_nfs",
      "mode": "managed",
      "type": "cloudstack_network_acl_rule",
      "name": "this",
      "provider": "provider[\"registry.terraform.io/cloudstack/cloudstack\"]",
      "instances": [
        {
          "schema_version": 0,
          "attributes": {
            "acl_id": "3f6abcbb-f68b-4016-922a-732c3bacd7af",
            "id": "3f6abcbb-f68b-4016-922a-732c3bacd7af",
            "managed": true,
            "parallelism": 2,
            "project": null,
            "rule": [
              {
                "action": "allow",
                "cidr_list": [
                  "0.0.0.0/0"
                ],
                "description": "nfs: allow ingress",
                "icmp_code": 0,
                "icmp_type": 0,
                "ports": [
                  "2049"
                ],
                "protocol": "tcp",
                "rule_number": 30001,
                "traffic_type": "ingress",
                "uuids": {
                  "2049": "001e77b3-9228-4ea4-94c4-71a8f67db0e1"
                }
              },
              {
                "action": "allow",
                "cidr_list": [
                  "10.10.100.0/28"
                ],
                "description": "access ceph mon v1: allow egress",
                "icmp_code": 0,
                "icmp_type": 0,
                "ports": [
                  "6789"
                ],
                "protocol": "tcp",
                "rule_number": 40001,
                "traffic_type": "egress",
                "uuids": {
                  "6789": "2520de3f-3a69-4bb4-b779-8f49fe579294"
                }
              },
              {
                "action": "allow",
                "cidr_list": [
                  "10.10.100.0/28"
                ],
                "description": "access ceph mon v2: allow egress",
                "icmp_code": 0,
                "icmp_type": 0,
                "ports": [
                  "3300"
                ],
                "protocol": "tcp",
                "rule_number": 40002,
                "traffic_type": "egress",
                "uuids": {
                  "3300": "a7923d0e-b919-4bc9-8510-745379c0a75d"
                }
              },
              {
                "action": "allow",
                "cidr_list": [
                  "10.10.100.0/28"
                ],
                "description": "access ceph osd and mds: allow egress",
                "icmp_code": 0,
                "icmp_type": 0,
                "ports": [
                  "6800-7568"
                ],
                "protocol": "tcp",
                "rule_number": 40003,
                "traffic_type": "egress",
                "uuids": {
                  "6800-7568": "12519663-ed9e-4659-b6a1-83a31cfdcce5"
                }
              },
              {
                "action": "allow",
                "cidr_list": [
                  "10.252.0.0/24"
                ],
                "description": "allow bastion connection to network: allow ingress",
                "icmp_code": 0,
                "icmp_type": 0,
                "ports": [
                  "22"
                ],
                "protocol": "tcp",
                "rule_number": 1001,
                "traffic_type": "ingress",
                "uuids": {
                  "22": "a0f6ebf9-06cd-40dc-b82b-84e1975f8bb2"
                }
              },
              {
                "action": "allow",
                "cidr_list": [
                  "10.252.1.0/24"
                ],
                "description": "dns:tcp: allow egress",
                "icmp_code": 0,
                "icmp_type": 0,
                "ports": [
                  "53"
                ],
                "protocol": "tcp",
                "rule_number": 1101,
                "traffic_type": "egress",
                "uuids": {
                  "53": "81516cfd-4de7-43a4-b06f-cd2b65d20b4d"
                }
              },
              {
                "action": "allow",
                "cidr_list": [
                  "10.252.1.0/24"
                ],
                "description": "dns:udp: allow egress",
                "icmp_code": 0,
                "icmp_type": 0,
                "ports": [
                  "53"
                ],
                "protocol": "udp",
                "rule_number": 1102,
                "traffic_type": "egress",
                "uuids": {
                  "53": "9ec1381d-a0bc-4258-aaab-23abded032a2"
                }
              },
              {
                "action": "allow",
                "cidr_list": [
                  "10.252.2.0/24"
                ],
                "description": "http and https mirror: allow egress",
                "icmp_code": 0,
                "icmp_type": 0,
                "ports": [
                  "443"
                ],
                "protocol": "tcp",
                "rule_number": 1202,
                "traffic_type": "egress",
                "uuids": {
                  "443": "1081b463-c783-4145-87e1-7b83b19113fb"
                }
              },
              {
                "action": "allow",
                "cidr_list": [
                  "10.252.2.0/24"
                ],
                "description": "http mirror: allow egress",
                "icmp_code": 0,
                "icmp_type": 0,
                "ports": [
                  "80"
                ],
                "protocol": "tcp",
                "rule_number": 1201,
                "traffic_type": "egress",
                "uuids": {
                  "80": "fca44dcf-fb0d-4a8e-87d8-b17afa5de058"
                }
              },
              {
                "action": "allow",
                "cidr_list": [
                  "10.252.3.0/24"
                ],
                "description": "IPA http: allow egress",
                "icmp_code": 0,
                "icmp_type": 0,
                "ports": [
                  "80"
                ],
                "protocol": "tcp",
                "rule_number": 1301,
                "traffic_type": "egress",
                "uuids": {
                  "80": "caf20564-a26f-4f67-adc5-7eda12b2ab90"
                }
              },
              {
                "action": "allow",
                "cidr_list": [
                  "10.252.3.0/24"
                ],
                "description": "IPA https: allow egress",
                "icmp_code": 0,
                "icmp_type": 0,
                "ports": [
                  "443"
                ],
                "protocol": "tcp",
                "rule_number": 1302,
                "traffic_type": "egress",
                "uuids": {
                  "443": "f4233d84-f9ea-44f0-ba46-b1010717afbd"
                }
              },
              {
                "action": "allow",
                "cidr_list": [
                  "10.252.3.0/24"
                ],
                "description": "IPA ldap: allow egress",
                "icmp_code": 0,
                "icmp_type": 0,
                "ports": [
                  "389"
                ],
                "protocol": "tcp",
                "rule_number": 1303,
                "traffic_type": "egress",
                "uuids": {
                  "389": "b35c0769-d749-4421-a905-6e3f56afb771"
                }
              },
              {
                "action": "allow",
                "cidr_list": [
                  "10.252.3.0/24"
                ],
                "description": "IPA ldaps: allow egress",
                "icmp_code": 0,
                "icmp_type": 0,
                "ports": [
                  "636"
                ],
                "protocol": "tcp",
                "rule_number": 1304,
                "traffic_type": "egress",
                "uuids": {
                  "636": "2d07bf27-0094-4910-84e6-2d79a1c5e32a"
                }
              },
              {
                "action": "allow",
                "cidr_list": [
                  "10.252.3.0/24"
                ],
                "description": "kerberos tcp: allow egress",
                "icmp_code": 0,
                "icmp_type": 0,
                "ports": [
                  "88"
                ],
                "protocol": "tcp",
                "rule_number": 1307,
                "traffic_type": "egress",
                "uuids": {
                  "88": "51420241-9446-412e-bf92-46737bac9760"
                }
              },
              {
                "action": "allow",
                "cidr_list": [
                  "10.252.3.0/24"
                ],
                "description": "kerberos udp: allow egress",
                "icmp_code": 0,
                "icmp_type": 0,
                "ports": [
                  "88"
                ],
                "protocol": "udp",
                "rule_number": 1305,
                "traffic_type": "egress",
                "uuids": {
                  "88": "193964ea-f643-4768-86db-7d71a7da5b66"
                }
              },
              {
                "action": "allow",
                "cidr_list": [
                  "10.252.3.0/24"
                ],
                "description": "kpasswd tcp: allow egress",
                "icmp_code": 0,
                "icmp_type": 0,
                "ports": [
                  "464"
                ],
                "protocol": "tcp",
                "rule_number": 1308,
                "traffic_type": "egress",
                "uuids": {
                  "464": "7b2e98de-6b09-4b04-b610-aa87fa7f0497"
                }
              },
              {
                "action": "allow",
                "cidr_list": [
                  "10.252.3.0/24"
                ],
                "description": "kpasswd udp: allow egress",
                "icmp_code": 0,
                "icmp_type": 0,
                "ports": [
                  "464"
                ],
                "protocol": "udp",
                "rule_number": 1306,
                "traffic_type": "egress",
                "uuids": {
                  "464": "63feb7f5-15ca-4408-812d-44a13466e2ba"
                }
              },
              {
                "action": "allow",
                "cidr_list": [
                  "10.252.4.0/24"
                ],
                "description": "ntp: allow egress",
                "icmp_code": 0,
                "icmp_type": 0,
                "ports": [
                  "123"
                ],
                "protocol": "udp",
                "rule_number": 1401,
                "traffic_type": "egress",
                "uuids": {
                  "123": "afee5e9e-9aff-482b-bf76-9052b8b9b1d0"
                }
              },
              {
                "action": "deny",
                "cidr_list": [
                  "0.0.0.0/0"
                ],
                "description": "deny egress by default: deny egress",
                "icmp_code": 0,
                "icmp_type": 0,
                "ports": [],
                "protocol": "all",
                "rule_number": 65501,
                "traffic_type": "egress",
                "uuids": {
                  "all": "c61a36b0-4478-4a2f-9dc5-36348360bcab"
                }
              }
            ]
          },
          "sensitive_attributes": [],
          "identity_schema_version": 0,
          "private": "bnVsbA==",
          "dependencies": [
            "cloudstack_network_acl.nfs",
            "cloudstack_vpc.infra_vpc"
          ]
        }
      ]
    },
    {
      "module": "module.network_acl_ntp",
      "mode": "managed",
      "type": "cloudstack_network_acl_rule",
      "name": "this",
      "provider": "provider[\"registry.terraform.io/cloudstack/cloudstack\"]",
      "instances": [
        {
          "schema_version": 0,
          "attributes": {
            "acl_id": "55c4e7fe-626f-435d-85d5-1f80a773cf03",
            "id": "55c4e7fe-626f-435d-85d5-1f80a773cf03",
            "managed": true,
            "parallelism": 2,
            "project": null,
            "rule": [
              {
                "action": "allow",
                "cidr_list": [
                  "0.0.0.0/0"
                ],
                "description": "ntp: allow egress",
                "icmp_code": 0,
                "icmp_type": 0,
                "ports": [
                  "123"
                ],
                "protocol": "udp",
                "rule_number": 30001,
                "traffic_type": "egress",
                "uuids": {
                  "123": "4c24d8eb-a8b1-4c3c-b87d-cd2f362f567e"
                }
              },
              {
                "action": "allow",
                "cidr_list": [
                  "0.0.0.0/0"
                ],
                "description": "ntp: allow ingress",
                "icmp_code": 0,
                "icmp_type": 0,
                "ports": [
                  "123"
                ],
                "protocol": "udp",
                "rule_number": 30002,
                "traffic_type": "ingress",
                "uuids": {
                  "123": "b64f759a-8e8e-4fba-a8b0-be19777dd82d"
                }
              },
              {
                "action": "allow",
                "cidr_list": [
                  "10.252.0.0/24"
                ],
                "description": "allow bastion connection to network: allow ingress",
                "icmp_code": 0,
                "icmp_type": 0,
                "ports": [
                  "22"
                ],
                "protocol": "tcp",
                "rule_number": 1001,
                "traffic_type": "ingress",
                "uuids": {
                  "22": "9ac6da50-2605-455b-bcab-77ff85e4fdbe"
                }
              },
              {
                "action": "allow",
                "cidr_list": [
                  "10.252.1.0/24"
                ],
                "description": "dns:tcp: allow egress",
                "icmp_code": 0,
                "icmp_type": 0,
                "ports": [
                  "53"
                ],
                "protocol": "tcp",
                "rule_number": 1101,
                "traffic_type": "egress",
                "uuids": {
                  "53": "c7575bfb-ef15-4242-a52c-0dbd3d33a4de"
                }
              },
              {
                "action": "allow",
                "cidr_list": [
                  "10.252.1.0/24"
                ],
                "description": "dns:udp: allow egress",
                "icmp_code": 0,
                "icmp_type": 0,
                "ports": [
                  "53"
                ],
                "protocol": "udp",
                "rule_number": 1102,
                "traffic_type": "egress",
                "uuids": {
                  "53": "3edb2dd3-ced3-48ad-b026-140e2923cdbe"
                }
              },
              {
                "action": "allow",
                "cidr_list": [
                  "10.252.2.0/24"
                ],
                "description": "http and https mirror: allow egress",
                "icmp_code": 0,
                "icmp_type": 0,
                "ports": [
                  "443"
                ],
                "protocol": "tcp",
                "rule_number": 1202,
                "traffic_type": "egress",
                "uuids": {
                  "443": "a051d374-8e6c-40ba-a980-387c0932d33a"
                }
              },
              {
                "action": "allow",
                "cidr_list": [
                  "10.252.2.0/24"
                ],
                "description": "http mirror: allow egress",
                "icmp_code": 0,
                "icmp_type": 0,
                "ports": [
                  "80"
                ],
                "protocol": "tcp",
                "rule_number": 1201,
                "traffic_type": "egress",
                "uuids": {
                  "80": "41ccee5b-87c7-45dd-a138-cce0e72971ba"
                }
              },
              {
                "action": "allow",
                "cidr_list": [
                  "10.252.3.0/24"
                ],
                "description": "IPA http: allow egress",
                "icmp_code": 0,
                "icmp_type": 0,
                "ports": [
                  "80"
                ],
                "protocol": "tcp",
                "rule_number": 1301,
                "traffic_type": "egress",
                "uuids": {
                  "80": "44b5e407-a758-47f6-aadf-831c363ad5bb"
                }
              },
              {
                "action": "allow",
                "cidr_list": [
                  "10.252.3.0/24"
                ],
                "description": "IPA https: allow egress",
                "icmp_code": 0,
                "icmp_type": 0,
                "ports": [
                  "443"
                ],
                "protocol": "tcp",
                "rule_number": 1302,
                "traffic_type": "egress",
                "uuids": {
                  "443": "c95fd78a-125e-40a6-8093-c0db948e2190"
                }
              },
              {
                "action": "allow",
                "cidr_list": [
                  "10.252.3.0/24"
                ],
                "description": "IPA ldap: allow egress",
                "icmp_code": 0,
                "icmp_type": 0,
                "ports": [
                  "389"
                ],
                "protocol": "tcp",
                "rule_number": 1303,
                "traffic_type": "egress",
                "uuids": {
                  "389": "6305a2d0-02e7-4350-aa25-128d39010504"
                }
              },
              {
                "action": "allow",
                "cidr_list": [
                  "10.252.3.0/24"
                ],
                "description": "IPA ldaps: allow egress",
                "icmp_code": 0,
                "icmp_type": 0,
                "ports": [
                  "636"
                ],
                "protocol": "tcp",
                "rule_number": 1304,
                "traffic_type": "egress",
                "uuids": {
                  "636": "21fde47a-686a-44d9-9593-dd3f048a00f2"
                }
              },
              {
                "action": "allow",
                "cidr_list": [
                  "10.252.3.0/24"
                ],
                "description": "kerberos tcp: allow egress",
                "icmp_code": 0,
                "icmp_type": 0,
                "ports": [
                  "88"
                ],
                "protocol": "tcp",
                "rule_number": 1307,
                "traffic_type": "egress",
                "uuids": {
                  "88": "60b0966a-8da0-46a3-ad6e-79b0bf508569"
                }
              },
              {
                "action": "allow",
                "cidr_list": [
                  "10.252.3.0/24"
                ],
                "description": "kerberos udp: allow egress",
                "icmp_code": 0,
                "icmp_type": 0,
                "ports": [
                  "88"
                ],
                "protocol": "udp",
                "rule_number": 1305,
                "traffic_type": "egress",
                "uuids": {
                  "88": "83b99ffe-1836-4906-a73a-432d862f8e15"
                }
              },
              {
                "action": "allow",
                "cidr_list": [
                  "10.252.3.0/24"
                ],
                "description": "kpasswd tcp: allow egress",
                "icmp_code": 0,
                "icmp_type": 0,
                "ports": [
                  "464"
                ],
                "protocol": "tcp",
                "rule_number": 1308,
                "traffic_type": "egress",
                "uuids": {
                  "464": "93d3b04b-5ae4-4892-b605-c672a5473011"
                }
              },
              {
                "action": "allow",
                "cidr_list": [
                  "10.252.3.0/24"
                ],
                "description": "kpasswd udp: allow egress",
                "icmp_code": 0,
                "icmp_type": 0,
                "ports": [
                  "464"
                ],
                "protocol": "udp",
                "rule_number": 1306,
                "traffic_type": "egress",
                "uuids": {
                  "464": "e6028969-914e-4575-8608-e5966a3af57c"
                }
              },
              {
                "action": "allow",
                "cidr_list": [
                  "10.252.4.0/24"
                ],
                "description": "ntp: allow egress",
                "icmp_code": 0,
                "icmp_type": 0,
                "ports": [
                  "123"
                ],
                "protocol": "udp",
                "rule_number": 1401,
                "traffic_type": "egress",
                "uuids": {
                  "123": "c787e11b-3c08-49ea-a0c9-bcd2004c1d5b"
                }
              },
              {
                "action": "deny",
                "cidr_list": [
                  "0.0.0.0/0"
                ],
                "description": "deny egress by default: deny egress",
                "icmp_code": 0,
                "icmp_type": 0,
                "ports": [],
                "protocol": "all",
                "rule_number": 65501,
                "traffic_type": "egress",
                "uuids": {
                  "all": "1f537861-6aba-4efc-b081-53aceed8acaf"
                }
              }
            ]
          },
          "sensitive_attributes": [],
          "identity_schema_version": 0,
          "private": "bnVsbA==",
          "dependencies": [
            "cloudstack_network_acl.ntp",
            "cloudstack_vpc.infra_vpc"
          ]
        }
      ]
    },
    {
      "module": "module.network_acl_proxy",
      "mode": "managed",
      "type": "cloudstack_network_acl_rule",
      "name": "this",
      "provider": "provider[\"registry.terraform.io/cloudstack/cloudstack\"]",
      "instances": [
        {
          "schema_version": 0,
          "attributes": {
            "acl_id": "d6e47ee5-0815-4adf-9255-1bf84479d416",
            "id": "d6e47ee5-0815-4adf-9255-1bf84479d416",
            "managed": true,
            "parallelism": 2,
            "project": null,
            "rule": [
              {
                "action": "allow",
                "cidr_list": [
                  "0.0.0.0/0"
                ],
                "description": "Allow egress to world on 443: allow egress",
                "icmp_code": 0,
                "icmp_type": 0,
                "ports": [
                  "443"
                ],
                "protocol": "tcp",
                "rule_number": 30003,
                "traffic_type": "egress",
                "uuids": {
                  "443": "ee9fb2fa-e3ee-4a74-82ff-c73c16a1ac89"
                }
              },
              {
                "action": "allow",
                "cidr_list": [
                  "0.0.0.0/0"
                ],
                "description": "Allow egress to world on 80: allow egress",
                "icmp_code": 0,
                "icmp_type": 0,
                "ports": [
                  "80"
                ],
                "protocol": "tcp",
                "rule_number": 30002,
                "traffic_type": "egress",
                "uuids": {
                  "80": "578ec349-f605-4132-a61d-19c0216ee3cc"
                }
              },
              {
                "action": "allow",
                "cidr_list": [
                  "0.0.0.0/0"
                ],
                "description": "Allow ingress proxy: allow ingress",
                "icmp_code": 0,
                "icmp_type": 0,
                "ports": [
                  "8080"
                ],
                "protocol": "tcp",
                "rule_number": 30001,
                "traffic_type": "ingress",
                "uuids": {
                  "8080": "98867a09-6a66-4e14-b037-b22e78f78aca"
                }
              },
              {
                "action": "allow",
                "cidr_list": [
                  "10.252.0.0/24"
                ],
                "description": "allow bastion connection to network: allow ingress",
                "icmp_code": 0,
                "icmp_type": 0,
                "ports": [
                  "22"
                ],
                "protocol": "tcp",
                "rule_number": 1001,
                "traffic_type": "ingress",
                "uuids": {
                  "22": "488ab72c-f9a0-4897-903c-4815a62bdf18"
                }
              },
              {
                "action": "allow",
                "cidr_list": [
                  "10.252.1.0/24"
                ],
                "description": "dns:tcp: allow egress",
                "icmp_code": 0,
                "icmp_type": 0,
                "ports": [
                  "53"
                ],
                "protocol": "tcp",
                "rule_number": 1101,
                "traffic_type": "egress",
                "uuids": {
                  "53": "410c910a-4106-4ec3-9850-9df04d35d3ff"
                }
              },
              {
                "action": "allow",
                "cidr_list": [
                  "10.252.1.0/24"
                ],
                "description": "dns:udp: allow egress",
                "icmp_code": 0,
                "icmp_type": 0,
                "ports": [
                  "53"
                ],
                "protocol": "udp",
                "rule_number": 1102,
                "traffic_type": "egress",
                "uuids": {
                  "53": "c3dbefc9-098b-4f8a-87ad-dd9c22cc4639"
                }
              },
              {
                "action": "allow",
                "cidr_list": [
                  "10.252.2.0/24"
                ],
                "description": "http and https mirror: allow egress",
                "icmp_code": 0,
                "icmp_type": 0,
                "ports": [
                  "443"
                ],
                "protocol": "tcp",
                "rule_number": 1202,
                "traffic_type": "egress",
                "uuids": {
                  "443": "c066f2e7-9670-448b-849c-b0e9ea3a3c11"
                }
              },
              {
                "action": "allow",
                "cidr_list": [
                  "10.252.2.0/24"
                ],
                "description": "http mirror: allow egress",
                "icmp_code": 0,
                "icmp_type": 0,
                "ports": [
                  "80"
                ],
                "protocol": "tcp",
                "rule_number": 1201,
                "traffic_type": "egress",
                "uuids": {
                  "80": "98a558db-76f6-4578-8f42-3bc15b9b3bf3"
                }
              },
              {
                "action": "allow",
                "cidr_list": [
                  "10.252.3.0/24"
                ],
                "description": "IPA http: allow egress",
                "icmp_code": 0,
                "icmp_type": 0,
                "ports": [
                  "80"
                ],
                "protocol": "tcp",
                "rule_number": 1301,
                "traffic_type": "egress",
                "uuids": {
                  "80": "47c3cdcc-858a-410d-8048-cd6330d314d0"
                }
              },
              {
                "action": "allow",
                "cidr_list": [
                  "10.252.3.0/24"
                ],
                "description": "IPA https: allow egress",
                "icmp_code": 0,
                "icmp_type": 0,
                "ports": [
                  "443"
                ],
                "protocol": "tcp",
                "rule_number": 1302,
                "traffic_type": "egress",
                "uuids": {
                  "443": "00d9e4ff-9856-400e-b604-cbba5e96f3e1"
                }
              },
              {
                "action": "allow",
                "cidr_list": [
                  "10.252.3.0/24"
                ],
                "description": "IPA ldap: allow egress",
                "icmp_code": 0,
                "icmp_type": 0,
                "ports": [
                  "389"
                ],
                "protocol": "tcp",
                "rule_number": 1303,
                "traffic_type": "egress",
                "uuids": {
                  "389": "f60a0026-511b-4aa2-983f-9624ccf37f5e"
                }
              },
              {
                "action": "allow",
                "cidr_list": [
                  "10.252.3.0/24"
                ],
                "description": "IPA ldaps: allow egress",
                "icmp_code": 0,
                "icmp_type": 0,
                "ports": [
                  "636"
                ],
                "protocol": "tcp",
                "rule_number": 1304,
                "traffic_type": "egress",
                "uuids": {
                  "636": "4108205c-5533-401e-b10c-50d867930154"
                }
              },
              {
                "action": "allow",
                "cidr_list": [
                  "10.252.3.0/24"
                ],
                "description": "kerberos tcp: allow egress",
                "icmp_code": 0,
                "icmp_type": 0,
                "ports": [
                  "88"
                ],
                "protocol": "tcp",
                "rule_number": 1307,
                "traffic_type": "egress",
                "uuids": {
                  "88": "4758af6f-e880-4213-9f85-31e7fed7473a"
                }
              },
              {
                "action": "allow",
                "cidr_list": [
                  "10.252.3.0/24"
                ],
                "description": "kerberos udp: allow egress",
                "icmp_code": 0,
                "icmp_type": 0,
                "ports": [
                  "88"
                ],
                "protocol": "udp",
                "rule_number": 1305,
                "traffic_type": "egress",
                "uuids": {
                  "88": "d6f9c7d5-e0c5-4236-82bd-f84ea85d9de7"
                }
              },
              {
                "action": "allow",
                "cidr_list": [
                  "10.252.3.0/24"
                ],
                "description": "kpasswd tcp: allow egress",
                "icmp_code": 0,
                "icmp_type": 0,
                "ports": [
                  "464"
                ],
                "protocol": "tcp",
                "rule_number": 1308,
                "traffic_type": "egress",
                "uuids": {
                  "464": "d2dd84a8-731d-4554-9144-ddefd82babb7"
                }
              },
              {
                "action": "allow",
                "cidr_list": [
                  "10.252.3.0/24"
                ],
                "description": "kpasswd udp: allow egress",
                "icmp_code": 0,
                "icmp_type": 0,
                "ports": [
                  "464"
                ],
                "protocol": "udp",
                "rule_number": 1306,
                "traffic_type": "egress",
                "uuids": {
                  "464": "00cce30e-e832-49eb-b54a-cf245a7c376d"
                }
              },
              {
                "action": "allow",
                "cidr_list": [
                  "10.252.4.0/24"
                ],
                "description": "ntp: allow egress",
                "icmp_code": 0,
                "icmp_type": 0,
                "ports": [
                  "123"
                ],
                "protocol": "udp",
                "rule_number": 1401,
                "traffic_type": "egress",
                "uuids": {
                  "123": "e853d6bf-72ef-40c4-9c67-d629cab8b2e0"
                }
              },
              {
                "action": "deny",
                "cidr_list": [
                  "0.0.0.0/0"
                ],
                "description": "deny egress by default: deny egress",
                "icmp_code": 0,
                "icmp_type": 0,
                "ports": [],
                "protocol": "all",
                "rule_number": 65501,
                "traffic_type": "egress",
                "uuids": {
                  "all": "3057c4e1-e18c-4fe7-8616-382721a594d0"
                }
              }
            ]
          },
          "sensitive_attributes": [],
          "identity_schema_version": 0,
          "private": "bnVsbA==",
          "dependencies": [
            "cloudstack_network_acl.proxy",
            "cloudstack_vpc.infra_vpc"
          ]
        }
      ]
    },
    {
      "module": "module.network_acl_su",
      "mode": "managed",
      "type": "cloudstack_network_acl_rule",
      "name": "this",
      "provider": "provider[\"registry.terraform.io/cloudstack/cloudstack\"]",
      "instances": [
        {
          "schema_version": 0,
          "attributes": {
            "acl_id": "4185ff3d-3df8-43e6-ae6c-57597ec9a177",
            "id": "4185ff3d-3df8-43e6-ae6c-57597ec9a177",
            "managed": true,
            "parallelism": 2,
            "project": null,
            "rule": [
              {
                "action": "allow",
                "cidr_list": [
                  "0.0.0.0/0"
                ],
                "description": "allow public networks to SSH into bastion: allow ingress",
                "icmp_code": 0,
                "icmp_type": 0,
                "ports": [
                  "22"
                ],
                "protocol": "tcp",
                "rule_number": 30002,
                "traffic_type": "ingress",
                "uuids": {
                  "22": "2d8b82c6-b4fc-4d13-ab17-8f6f5c746e0d"
                }
              },
              {
                "action": "allow",
                "cidr_list": [
                  "10.252.0.0/16"
                ],
                "description": "allow bastion connection to network: allow egress",
                "icmp_code": 0,
                "icmp_type": 0,
                "ports": [
                  "22"
                ],
                "protocol": "tcp",
                "rule_number": 30003,
                "traffic_type": "egress",
                "uuids": {
                  "22": "1fed74d1-130a-4045-a488-eb2b8f33fe87"
                }
              },
              {
                "action": "allow",
                "cidr_list": [
                  "10.252.0.0/24"
                ],
                "description": "allow bastion connection to network: allow ingress",
                "icmp_code": 0,
                "icmp_type": 0,
                "ports": [
                  "22"
                ],
                "protocol": "tcp",
                "rule_number": 1001,
                "traffic_type": "ingress",
                "uuids": {
                  "22": "9cf1060d-c18f-408d-b7e8-964cb6302303"
                }
              },
              {
                "action": "allow",
                "cidr_list": [
                  "10.252.1.0/24"
                ],
                "description": "dns:tcp: allow egress",
                "icmp_code": 0,
                "icmp_type": 0,
                "ports": [
                  "53"
                ],
                "protocol": "tcp",
                "rule_number": 1101,
                "traffic_type": "egress",
                "uuids": {
                  "53": "0eb48b7f-0838-46a6-82c8-26d94555a4e1"
                }
              },
              {
                "action": "allow",
                "cidr_list": [
                  "10.252.1.0/24"
                ],
                "description": "dns:udp: allow egress",
                "icmp_code": 0,
                "icmp_type": 0,
                "ports": [
                  "53"
                ],
                "protocol": "udp",
                "rule_number": 1102,
                "traffic_type": "egress",
                "uuids": {
                  "53": "d4b43c14-a3db-4c30-a39f-db72dde4121d"
                }
              },
              {
                "action": "allow",
                "cidr_list": [
                  "10.252.2.0/24"
                ],
                "description": "http and https mirror: allow egress",
                "icmp_code": 0,
                "icmp_type": 0,
                "ports": [
                  "443"
                ],
                "protocol": "tcp",
                "rule_number": 1202,
                "traffic_type": "egress",
                "uuids": {
                  "443": "62323295-f067-4a91-9192-b4ac500e4c61"
                }
              },
              {
                "action": "allow",
                "cidr_list": [
                  "10.252.2.0/24"
                ],
                "description": "http mirror: allow egress",
                "icmp_code": 0,
                "icmp_type": 0,
                "ports": [
                  "80"
                ],
                "protocol": "tcp",
                "rule_number": 1201,
                "traffic_type": "egress",
                "uuids": {
                  "80": "d1107828-76a0-49e6-863c-261d7b4707d6"
                }
              },
              {
                "action": "allow",
                "cidr_list": [
                  "10.252.3.0/24"
                ],
                "description": "IPA http: allow egress",
                "icmp_code": 0,
                "icmp_type": 0,
                "ports": [
                  "80"
                ],
                "protocol": "tcp",
                "rule_number": 1301,
                "traffic_type": "egress",
                "uuids": {
                  "80": "1945f74f-8d0e-4230-80a6-2830fb11f0db"
                }
              },
              {
                "action": "allow",
                "cidr_list": [
                  "10.252.3.0/24"
                ],
                "description": "IPA https: allow egress",
                "icmp_code": 0,
                "icmp_type": 0,
                "ports": [
                  "443"
                ],
                "protocol": "tcp",
                "rule_number": 1302,
                "traffic_type": "egress",
                "uuids": {
                  "443": "1184f6c3-7fa2-4015-9ee4-310d728f61eb"
                }
              },
              {
                "action": "allow",
                "cidr_list": [
                  "10.252.3.0/24"
                ],
                "description": "IPA ldap: allow egress",
                "icmp_code": 0,
                "icmp_type": 0,
                "ports": [
                  "389"
                ],
                "protocol": "tcp",
                "rule_number": 1303,
                "traffic_type": "egress",
                "uuids": {
                  "389": "998fdcfb-aa2a-4cd2-9816-b461eda3fd10"
                }
              },
              {
                "action": "allow",
                "cidr_list": [
                  "10.252.3.0/24"
                ],
                "description": "IPA ldaps: allow egress",
                "icmp_code": 0,
                "icmp_type": 0,
                "ports": [
                  "636"
                ],
                "protocol": "tcp",
                "rule_number": 1304,
                "traffic_type": "egress",
                "uuids": {
                  "636": "0fb74373-4e9e-417a-bd65-65c9838962ae"
                }
              },
              {
                "action": "allow",
                "cidr_list": [
                  "10.252.3.0/24"
                ],
                "description": "kerberos tcp: allow egress",
                "icmp_code": 0,
                "icmp_type": 0,
                "ports": [
                  "88"
                ],
                "protocol": "tcp",
                "rule_number": 1307,
                "traffic_type": "egress",
                "uuids": {
                  "88": "2b04e96b-9e0d-4793-89ec-c211c4f04245"
                }
              },
              {
                "action": "allow",
                "cidr_list": [
                  "10.252.3.0/24"
                ],
                "description": "kerberos udp: allow egress",
                "icmp_code": 0,
                "icmp_type": 0,
                "ports": [
                  "88"
                ],
                "protocol": "udp",
                "rule_number": 1305,
                "traffic_type": "egress",
                "uuids": {
                  "88": "f4e30bb9-0044-40ec-a246-0f8251da30f0"
                }
              },
              {
                "action": "allow",
                "cidr_list": [
                  "10.252.3.0/24"
                ],
                "description": "kpasswd tcp: allow egress",
                "icmp_code": 0,
                "icmp_type": 0,
                "ports": [
                  "464"
                ],
                "protocol": "tcp",
                "rule_number": 1308,
                "traffic_type": "egress",
                "uuids": {
                  "464": "7b9c35ed-073d-49ca-9288-5d2d38280194"
                }
              },
              {
                "action": "allow",
                "cidr_list": [
                  "10.252.3.0/24"
                ],
                "description": "kpasswd udp: allow egress",
                "icmp_code": 0,
                "icmp_type": 0,
                "ports": [
                  "464"
                ],
                "protocol": "udp",
                "rule_number": 1306,
                "traffic_type": "egress",
                "uuids": {
                  "464": "68db4a95-42bc-473e-8f80-d5bdb5eca5f4"
                }
              },
              {
                "action": "allow",
                "cidr_list": [
                  "10.252.4.0/24"
                ],
                "description": "ntp: allow egress",
                "icmp_code": 0,
                "icmp_type": 0,
                "ports": [
                  "123"
                ],
                "protocol": "udp",
                "rule_number": 1401,
                "traffic_type": "egress",
                "uuids": {
                  "123": "35b27e8a-e0a6-43e2-811a-9e6c10c9dc97"
                }
              },
              {
                "action": "deny",
                "cidr_list": [
                  "0.0.0.0/0"
                ],
                "description": "deny egress by default: deny egress",
                "icmp_code": 0,
                "icmp_type": 0,
                "ports": [],
                "protocol": "all",
                "rule_number": 65501,
                "traffic_type": "egress",
                "uuids": {
                  "all": "f737e32f-2b40-4eaf-852f-184a1d3ee0eb"
                }
              },
              {
                "action": "deny",
                "cidr_list": [
                  "10.252.0.0/16"
                ],
                "description": "disallow VPC subnets from SSHing into bastion: deny ingress",
                "icmp_code": 0,
                "icmp_type": 0,
                "ports": [
                  "22"
                ],
                "protocol": "tcp",
                "rule_number": 30001,
                "traffic_type": "ingress",
                "uuids": {
                  "22": "263d9a99-9382-4c89-8d8d-5e00c54d846e"
                }
              }
            ]
          },
          "sensitive_attributes": [],
          "identity_schema_version": 0,
          "private": "bnVsbA==",
          "dependencies": [
            "cloudstack_network_acl.su",
            "cloudstack_vpc.infra_vpc"
          ]
        }
      ]
    }
  ],
  "check_results": null
}
