{
  "version": 4,
  "terraform_version": "1.13.3",
  "serial": 837,
  "lineage": "5c7ec528-6e13-aae8-2d88-a841454e49b0",
  "outputs": {},
  "resources": [
    {
      "mode": "managed",
      "type": "cloudstack_affinity_group",
      "name": "dns",
      "provider": "provider[\"registry.terraform.io/cloudstack/cloudstack\"]",
      "instances": [
        {
          "schema_version": 0,
          "attributes": {
            "description": "dns",
            "id": "12a4817d-6657-49ae-90fb-da26fe56fe16",
            "name": "dns",
            "project": "infra",
            "type": "non-strict host anti-affinity"
          },
          "sensitive_attributes": [],
          "identity_schema_version": 0
        }
      ]
    },
    {
      "mode": "managed",
      "type": "cloudstack_affinity_group",
      "name": "ipa",
      "provider": "provider[\"registry.terraform.io/cloudstack/cloudstack\"]",
      "instances": [
        {
          "schema_version": 0,
          "attributes": {
            "description": "ipa",
            "id": "b4f655a7-6744-4fcb-a6ba-2a20b39da203",
            "name": "ipa",
            "project": "infra",
            "type": "non-strict host anti-affinity"
          },
          "sensitive_attributes": [],
          "identity_schema_version": 0
        }
      ]
    },
    {
      "mode": "managed",
      "type": "cloudstack_affinity_group",
      "name": "nfs",
      "provider": "provider[\"registry.terraform.io/cloudstack/cloudstack\"]",
      "instances": [
        {
          "schema_version": 0,
          "attributes": {
            "description": "nfs",
            "id": "83c7c2d4-6a70-4968-ba28-ddcbfeef55d2",
            "name": "nfs",
            "project": "infra",
            "type": "non-strict host anti-affinity"
          },
          "sensitive_attributes": [],
          "identity_schema_version": 0
        }
      ]
    },
    {
      "mode": "managed",
      "type": "cloudstack_affinity_group",
      "name": "ntp",
      "provider": "provider[\"registry.terraform.io/cloudstack/cloudstack\"]",
      "instances": [
        {
          "schema_version": 0,
          "attributes": {
            "description": "ntp",
            "id": "59a28539-0da0-48dd-b95b-3ea497d1460f",
            "name": "ntp",
            "project": "infra",
            "type": "non-strict host anti-affinity"
          },
          "sensitive_attributes": [],
          "identity_schema_version": 0
        }
      ]
    },
    {
      "mode": "managed",
      "type": "cloudstack_disk",
      "name": "mirror_data_disk",
      "provider": "provider[\"registry.terraform.io/cloudstack/cloudstack\"]",
      "instances": [
        {
          "schema_version": 0,
          "attributes": {
            "attach": true,
            "device_id": 1,
            "disk_offering": "Custom - WriteBack",
            "id": "a519bdf9-bae3-46b5-8d10-d16193e2db82",
            "name": "mirror_data_disk",
            "project": "infra",
            "reattach_on_change": false,
            "shrink_ok": false,
            "size": 8192,
            "tags": {},
            "virtual_machine_id": "e4df9278-c24b-4533-aee2-8a096e75ff3c",
            "zone": "testlab"
          },
          "sensitive_attributes": [],
          "identity_schema_version": 0,
          "dependencies": [
            "cloudstack_network.mirror",
            "cloudstack_network_acl.mirror",
            "cloudstack_template.rocky10",
            "cloudstack_vpc.infra_vpc",
            "module.instance_mirror.cloudstack_instance.this"
          ]
        }
      ]
    },
    {
      "mode": "managed",
      "type": "cloudstack_ipaddress",
      "name": "bastion",
      "provider": "provider[\"registry.terraform.io/cloudstack/cloudstack\"]",
      "instances": [
        {
          "schema_version": 0,
          "attributes": {
            "id": "02aae2fe-ae43-4030-8123-8967931fd7e1",
            "ip_address": "192.168.1.93",
            "is_portable": false,
            "is_source_nat": false,
            "network_id": null,
            "project": "infra",
            "tags": {},
            "vpc_id": "62940001-aa31-4da1-abf4-5a8c4f7a7f76",
            "zone": "testlab"
          },
          "sensitive_attributes": [],
          "identity_schema_version": 0,
          "dependencies": [
            "cloudstack_vpc.infra_vpc"
          ]
        }
      ]
    },
    {
      "mode": "managed",
      "type": "cloudstack_network",
      "name": "dns",
      "provider": "provider[\"registry.terraform.io/cloudstack/cloudstack\"]",
      "instances": [
        {
          "schema_version": 0,
          "attributes": {
            "acl_id": "a6237028-b622-4df6-b296-81d007fa6288",
            "cidr": "10.252.1.0/24",
            "display_text": "dns",
            "endip": null,
            "gateway": "10.252.1.1",
            "id": "b0f8295b-02cf-4872-98b0-355599d75f19",
            "name": "dns",
            "network_domain": "pc.testenv.bradhouse.dev",
            "network_offering": "ConfigDriveIsolatedNetworkOfferingForVpcNetworks",
            "project": "infra",
            "source_nat_ip": null,
            "source_nat_ip_address": null,
            "source_nat_ip_id": null,
            "startip": null,
            "tags": {},
            "vlan": null,
            "vpc_id": "62940001-aa31-4da1-abf4-5a8c4f7a7f76",
            "zone": "testlab"
          },
          "sensitive_attributes": [],
          "identity_schema_version": 0,
          "dependencies": [
            "cloudstack_network_acl.dns",
            "cloudstack_vpc.infra_vpc"
          ]
        }
      ]
    },
    {
      "mode": "managed",
      "type": "cloudstack_network",
      "name": "ipa",
      "provider": "provider[\"registry.terraform.io/cloudstack/cloudstack\"]",
      "instances": [
        {
          "schema_version": 0,
          "attributes": {
            "acl_id": "2df7cb62-8b12-4cb8-a387-48bf7a9e5599",
            "cidr": "10.252.3.0/24",
            "display_text": "ipa",
            "endip": null,
            "gateway": "10.252.3.1",
            "id": "07cb517b-3cc0-4779-951f-245dad70ba99",
            "name": "ipa",
            "network_domain": "pc.testenv.bradhouse.dev",
            "network_offering": "ConfigDriveIsolatedNetworkOfferingForVpcNetworks",
            "project": "infra",
            "source_nat_ip": null,
            "source_nat_ip_address": null,
            "source_nat_ip_id": null,
            "startip": null,
            "tags": {},
            "vlan": null,
            "vpc_id": "62940001-aa31-4da1-abf4-5a8c4f7a7f76",
            "zone": "testlab"
          },
          "sensitive_attributes": [],
          "identity_schema_version": 0,
          "private": "bnVsbA==",
          "dependencies": [
            "cloudstack_network_acl.ipa",
            "cloudstack_vpc.infra_vpc"
          ]
        }
      ]
    },
    {
      "mode": "managed",
      "type": "cloudstack_network",
      "name": "ldapproxy",
      "provider": "provider[\"registry.terraform.io/cloudstack/cloudstack\"]",
      "instances": [
        {
          "schema_version": 0,
          "attributes": {
            "acl_id": "a8b53813-4741-4ae0-a0b9-188ac61e5f10",
            "cidr": "10.252.6.0/24",
            "display_text": "ldapproxy",
            "endip": null,
            "gateway": "10.252.6.1",
            "id": "d06e3f73-7fb6-4b15-bf2e-79b6210051fd",
            "name": "ldapproxy",
            "network_domain": "pc.testenv.bradhouse.dev",
            "network_offering": "ConfigDriveIsolatedNetworkOfferingForVpcNetworks",
            "project": "infra",
            "source_nat_ip": null,
            "source_nat_ip_address": null,
            "source_nat_ip_id": null,
            "startip": null,
            "tags": {},
            "vlan": null,
            "vpc_id": "62940001-aa31-4da1-abf4-5a8c4f7a7f76",
            "zone": "testlab"
          },
          "sensitive_attributes": [],
          "identity_schema_version": 0,
          "private": "bnVsbA==",
          "dependencies": [
            "cloudstack_network_acl.ldapproxy",
            "cloudstack_vpc.infra_vpc"
          ]
        }
      ]
    },
    {
      "mode": "managed",
      "type": "cloudstack_network",
      "name": "mirror",
      "provider": "provider[\"registry.terraform.io/cloudstack/cloudstack\"]",
      "instances": [
        {
          "schema_version": 0,
          "attributes": {
            "acl_id": "14db294d-3ca0-45e9-8f1c-a16ddbb008f5",
            "cidr": "10.252.2.0/24",
            "display_text": "mirror",
            "endip": null,
            "gateway": "10.252.2.1",
            "id": "8bd5d3ff-8d02-4a63-af36-f3c6de56fbd8",
            "name": "mirror",
            "network_domain": "pc.testenv.bradhouse.dev",
            "network_offering": "ConfigDriveIsolatedNetworkOfferingForVpcNetworks",
            "project": "infra",
            "source_nat_ip": null,
            "source_nat_ip_address": null,
            "source_nat_ip_id": null,
            "startip": null,
            "tags": {},
            "vlan": null,
            "vpc_id": "62940001-aa31-4da1-abf4-5a8c4f7a7f76",
            "zone": "testlab"
          },
          "sensitive_attributes": [],
          "identity_schema_version": 0,
          "dependencies": [
            "cloudstack_network_acl.mirror",
            "cloudstack_vpc.infra_vpc"
          ]
        }
      ]
    },
    {
      "mode": "managed",
      "type": "cloudstack_network",
      "name": "nfs",
      "provider": "provider[\"registry.terraform.io/cloudstack/cloudstack\"]",
      "instances": [
        {
          "schema_version": 0,
          "attributes": {
            "acl_id": "dede0d6c-b348-4967-8e52-19b91ef10e8e",
            "cidr": "10.252.7.0/24",
            "display_text": "nfs",
            "endip": null,
            "gateway": "10.252.7.1",
            "id": "deef9f41-5d52-4394-b2a0-aecba2dc5bdd",
            "name": "nfs",
            "network_domain": "pc.testenv.bradhouse.dev",
            "network_offering": "ConfigDriveIsolatedNetworkOfferingForVpcNetworks",
            "project": "infra",
            "source_nat_ip": null,
            "source_nat_ip_address": null,
            "source_nat_ip_id": null,
            "startip": null,
            "tags": {},
            "vlan": null,
            "vpc_id": "62940001-aa31-4da1-abf4-5a8c4f7a7f76",
            "zone": "testlab"
          },
          "sensitive_attributes": [],
          "identity_schema_version": 0,
          "private": "bnVsbA==",
          "dependencies": [
            "cloudstack_network_acl.nfs",
            "cloudstack_vpc.infra_vpc"
          ]
        }
      ]
    },
    {
      "mode": "managed",
      "type": "cloudstack_network",
      "name": "ntp",
      "provider": "provider[\"registry.terraform.io/cloudstack/cloudstack\"]",
      "instances": [
        {
          "schema_version": 0,
          "attributes": {
            "acl_id": "f35bbb0d-bc9d-46f2-a611-d6f12cde193c",
            "cidr": "10.252.4.0/24",
            "display_text": "ntp",
            "endip": null,
            "gateway": "10.252.4.1",
            "id": "3df604b7-964a-44d8-90e9-cf1354d61fe8",
            "name": "ntp",
            "network_domain": "pc.testenv.bradhouse.dev",
            "network_offering": "ConfigDriveIsolatedNetworkOfferingForVpcNetworks",
            "project": "infra",
            "source_nat_ip": null,
            "source_nat_ip_address": null,
            "source_nat_ip_id": null,
            "startip": null,
            "tags": {},
            "vlan": null,
            "vpc_id": "62940001-aa31-4da1-abf4-5a8c4f7a7f76",
            "zone": "testlab"
          },
          "sensitive_attributes": [],
          "identity_schema_version": 0,
          "private": "bnVsbA==",
          "dependencies": [
            "cloudstack_network_acl.ntp",
            "cloudstack_vpc.infra_vpc"
          ]
        }
      ]
    },
    {
      "mode": "managed",
      "type": "cloudstack_network",
      "name": "proxy",
      "provider": "provider[\"registry.terraform.io/cloudstack/cloudstack\"]",
      "instances": [
        {
          "schema_version": 0,
          "attributes": {
            "acl_id": "c40b98fc-9f65-4c42-91eb-fb7a150e1c6a",
            "cidr": "10.252.5.0/24",
            "display_text": "proxy",
            "endip": null,
            "gateway": "10.252.5.1",
            "id": "52cb5613-f145-495a-a5f6-e70d96b5731b",
            "name": "proxy",
            "network_domain": "pc.testenv.bradhouse.dev",
            "network_offering": "ConfigDriveIsolatedNetworkOfferingForVpcNetworks",
            "project": "infra",
            "source_nat_ip": null,
            "source_nat_ip_address": null,
            "source_nat_ip_id": null,
            "startip": null,
            "tags": {},
            "vlan": null,
            "vpc_id": "62940001-aa31-4da1-abf4-5a8c4f7a7f76",
            "zone": "testlab"
          },
          "sensitive_attributes": [],
          "identity_schema_version": 0,
          "private": "bnVsbA==",
          "dependencies": [
            "cloudstack_network_acl.proxy",
            "cloudstack_vpc.infra_vpc"
          ]
        }
      ]
    },
    {
      "mode": "managed",
      "type": "cloudstack_network",
      "name": "su",
      "provider": "provider[\"registry.terraform.io/cloudstack/cloudstack\"]",
      "instances": [
        {
          "schema_version": 0,
          "attributes": {
            "acl_id": "4185ff3d-3df8-43e6-ae6c-57597ec9a177",
            "cidr": "10.252.0.0/24",
            "display_text": "su",
            "endip": null,
            "gateway": "10.252.0.1",
            "id": "74a82486-2419-4902-92ec-3604f4f1ebf1",
            "name": "su",
            "network_domain": "pc.testenv.bradhouse.dev",
            "network_offering": "ConfigDriveIsolatedNetworkOfferingForVpcNetworks",
            "project": "infra",
            "source_nat_ip": null,
            "source_nat_ip_address": null,
            "source_nat_ip_id": null,
            "startip": null,
            "tags": {},
            "vlan": null,
            "vpc_id": "62940001-aa31-4da1-abf4-5a8c4f7a7f76",
            "zone": "testlab"
          },
          "sensitive_attributes": [],
          "identity_schema_version": 0,
          "dependencies": [
            "cloudstack_network_acl.su",
            "cloudstack_vpc.infra_vpc"
          ]
        }
      ]
    },
    {
      "mode": "managed",
      "type": "cloudstack_network_acl",
      "name": "dns",
      "provider": "provider[\"registry.terraform.io/cloudstack/cloudstack\"]",
      "instances": [
        {
          "schema_version": 0,
          "attributes": {
            "description": "dns",
            "id": "a6237028-b622-4df6-b296-81d007fa6288",
            "name": "dns",
            "project": null,
            "vpc_id": "62940001-aa31-4da1-abf4-5a8c4f7a7f76"
          },
          "sensitive_attributes": [],
          "identity_schema_version": 0,
          "dependencies": [
            "cloudstack_vpc.infra_vpc"
          ]
        }
      ]
    },
    {
      "mode": "managed",
      "type": "cloudstack_network_acl",
      "name": "hypervisor",
      "provider": "provider[\"registry.terraform.io/cloudstack/cloudstack\"]",
      "instances": [
        {
          "schema_version": 0,
          "attributes": {
            "description": "hypervisor",
            "id": "a36b3e1a-d957-46e8-8526-ab45a3225dc5",
            "name": "hypervisor",
            "project": null,
            "vpc_id": "62940001-aa31-4da1-abf4-5a8c4f7a7f76"
          },
          "sensitive_attributes": [],
          "identity_schema_version": 0,
          "private": "bnVsbA==",
          "dependencies": [
            "cloudstack_vpc.infra_vpc"
          ]
        }
      ]
    },
    {
      "mode": "managed",
      "type": "cloudstack_network_acl",
      "name": "ipa",
      "provider": "provider[\"registry.terraform.io/cloudstack/cloudstack\"]",
      "instances": [
        {
          "schema_version": 0,
          "attributes": {
            "description": "ipa",
            "id": "2df7cb62-8b12-4cb8-a387-48bf7a9e5599",
            "name": "ipa",
            "project": null,
            "vpc_id": "62940001-aa31-4da1-abf4-5a8c4f7a7f76"
          },
          "sensitive_attributes": [],
          "identity_schema_version": 0,
          "private": "bnVsbA==",
          "dependencies": [
            "cloudstack_vpc.infra_vpc"
          ]
        }
      ]
    },
    {
      "mode": "managed",
      "type": "cloudstack_network_acl",
      "name": "ldapproxy",
      "provider": "provider[\"registry.terraform.io/cloudstack/cloudstack\"]",
      "instances": [
        {
          "schema_version": 0,
          "attributes": {
            "description": "ldapproxy",
            "id": "a8b53813-4741-4ae0-a0b9-188ac61e5f10",
            "name": "ldapproxy",
            "project": null,
            "vpc_id": "62940001-aa31-4da1-abf4-5a8c4f7a7f76"
          },
          "sensitive_attributes": [],
          "identity_schema_version": 0,
          "private": "bnVsbA==",
          "dependencies": [
            "cloudstack_vpc.infra_vpc"
          ]
        }
      ]
    },
    {
      "mode": "managed",
      "type": "cloudstack_network_acl",
      "name": "mirror",
      "provider": "provider[\"registry.terraform.io/cloudstack/cloudstack\"]",
      "instances": [
        {
          "schema_version": 0,
          "attributes": {
            "description": "mirror",
            "id": "14db294d-3ca0-45e9-8f1c-a16ddbb008f5",
            "name": "mirror",
            "project": null,
            "vpc_id": "62940001-aa31-4da1-abf4-5a8c4f7a7f76"
          },
          "sensitive_attributes": [],
          "identity_schema_version": 0,
          "dependencies": [
            "cloudstack_vpc.infra_vpc"
          ]
        }
      ]
    },
    {
      "mode": "managed",
      "type": "cloudstack_network_acl",
      "name": "nfs",
      "provider": "provider[\"registry.terraform.io/cloudstack/cloudstack\"]",
      "instances": [
        {
          "schema_version": 0,
          "attributes": {
            "description": "nfs",
            "id": "dede0d6c-b348-4967-8e52-19b91ef10e8e",
            "name": "nfs",
            "project": null,
            "vpc_id": "62940001-aa31-4da1-abf4-5a8c4f7a7f76"
          },
          "sensitive_attributes": [],
          "identity_schema_version": 0,
          "private": "bnVsbA==",
          "dependencies": [
            "cloudstack_vpc.infra_vpc"
          ]
        }
      ]
    },
    {
      "mode": "managed",
      "type": "cloudstack_network_acl",
      "name": "ntp",
      "provider": "provider[\"registry.terraform.io/cloudstack/cloudstack\"]",
      "instances": [
        {
          "schema_version": 0,
          "attributes": {
            "description": "ntp",
            "id": "f35bbb0d-bc9d-46f2-a611-d6f12cde193c",
            "name": "ntp",
            "project": null,
            "vpc_id": "62940001-aa31-4da1-abf4-5a8c4f7a7f76"
          },
          "sensitive_attributes": [],
          "identity_schema_version": 0,
          "private": "bnVsbA==",
          "dependencies": [
            "cloudstack_vpc.infra_vpc"
          ]
        }
      ]
    },
    {
      "mode": "managed",
      "type": "cloudstack_network_acl",
      "name": "proxy",
      "provider": "provider[\"registry.terraform.io/cloudstack/cloudstack\"]",
      "instances": [
        {
          "schema_version": 0,
          "attributes": {
            "description": "proxy",
            "id": "c40b98fc-9f65-4c42-91eb-fb7a150e1c6a",
            "name": "proxy",
            "project": null,
            "vpc_id": "62940001-aa31-4da1-abf4-5a8c4f7a7f76"
          },
          "sensitive_attributes": [],
          "identity_schema_version": 0,
          "private": "bnVsbA==",
          "dependencies": [
            "cloudstack_vpc.infra_vpc"
          ]
        }
      ]
    },
    {
      "mode": "managed",
      "type": "cloudstack_network_acl",
      "name": "su",
      "provider": "provider[\"registry.terraform.io/cloudstack/cloudstack\"]",
      "instances": [
        {
          "schema_version": 0,
          "attributes": {
            "description": "su",
            "id": "4185ff3d-3df8-43e6-ae6c-57597ec9a177",
            "name": "su",
            "project": null,
            "vpc_id": "62940001-aa31-4da1-abf4-5a8c4f7a7f76"
          },
          "sensitive_attributes": [],
          "identity_schema_version": 0,
          "dependencies": [
            "cloudstack_vpc.infra_vpc"
          ]
        }
      ]
    },
    {
      "mode": "managed",
      "type": "cloudstack_port_forward",
      "name": "bastion",
      "provider": "provider[\"registry.terraform.io/cloudstack/cloudstack\"]",
      "instances": [
        {
          "status": "tainted",
          "schema_version": 0,
          "attributes": {
            "forward": [
              {
                "private_end_port": 0,
                "private_port": 22,
                "protocol": "tcp",
                "public_end_port": 0,
                "public_port": 5022,
                "uuid": "",
                "virtual_machine_id": "bebcac94-65f5-4c73-8586-e6e860bcc17e",
                "vm_guest_ip": ""
              }
            ],
            "id": "02aae2fe-ae43-4030-8123-8967931fd7e1",
            "ip_address_id": "02aae2fe-ae43-4030-8123-8967931fd7e1",
            "managed": false,
            "project": null
          },
          "sensitive_attributes": [],
          "identity_schema_version": 0,
          "private": "bnVsbA==",
          "dependencies": [
            "cloudstack_ipaddress.bastion",
            "cloudstack_network.su",
            "cloudstack_network_acl.su",
            "cloudstack_template.rocky10",
            "cloudstack_vpc.infra_vpc",
            "module.instance_bastion.cloudstack_instance.this"
          ]
        }
      ]
    },
    {
      "mode": "managed",
      "type": "cloudstack_template",
      "name": "alma10",
      "provider": "provider[\"registry.terraform.io/cloudstack/cloudstack\"]",
      "instances": [
        {
          "schema_version": 0,
          "attributes": {
            "display_text": "AlmaLinux 10",
            "for_cks": false,
            "format": "QCOW2",
            "hypervisor": "KVM",
            "id": "a9bdc7f8-403b-4788-b391-125681bb19bb",
            "is_dynamically_scalable": false,
            "is_extractable": false,
            "is_featured": false,
            "is_public": false,
            "is_ready": true,
            "is_ready_timeout": 300,
            "name": "AlmaLinux 10",
            "os_type": "AlmaLinux 10",
            "password_enabled": false,
            "project": "infra",
            "tags": {},
            "url": "https://repo.almalinux.org/almalinux/10/cloud/x86_64_v2/images/AlmaLinux-10-GenericCloud-latest.x86_64_v2.qcow2",
            "userdata_link": [],
            "zone": "testlab"
          },
          "sensitive_attributes": [],
          "identity_schema_version": 0
        }
      ]
    },
    {
      "mode": "managed",
      "type": "cloudstack_template",
      "name": "alma9",
      "provider": "provider[\"registry.terraform.io/cloudstack/cloudstack\"]",
      "instances": [
        {
          "schema_version": 0,
          "attributes": {
            "display_text": "AlmaLinux 9",
            "for_cks": false,
            "format": "QCOW2",
            "hypervisor": "KVM",
            "id": "f281c5fe-cd4d-48b3-953b-5f2d6b58ea42",
            "is_dynamically_scalable": false,
            "is_extractable": false,
            "is_featured": false,
            "is_public": false,
            "is_ready": true,
            "is_ready_timeout": 300,
            "name": "AlmaLinux 9",
            "os_type": "AlmaLinux 9",
            "password_enabled": false,
            "project": "infra",
            "tags": {},
            "url": "https://repo.almalinux.org/almalinux/9/cloud/x86_64/images/AlmaLinux-9-GenericCloud-latest.x86_64.qcow2",
            "userdata_link": [],
            "zone": "testlab"
          },
          "sensitive_attributes": [],
          "identity_schema_version": 0
        }
      ]
    },
    {
      "mode": "managed",
      "type": "cloudstack_template",
      "name": "rocky10",
      "provider": "provider[\"registry.terraform.io/cloudstack/cloudstack\"]",
      "instances": [
        {
          "schema_version": 0,
          "attributes": {
            "display_text": "Rocky Linux 10",
            "for_cks": false,
            "format": "QCOW2",
            "hypervisor": "KVM",
            "id": "97ce9ec1-785b-41af-8594-6d4e140f7033",
            "is_dynamically_scalable": false,
            "is_extractable": false,
            "is_featured": false,
            "is_public": false,
            "is_ready": true,
            "is_ready_timeout": 300,
            "name": "Rocky Linux 10",
            "os_type": "Rocky Linux 10",
            "password_enabled": false,
            "project": "infra",
            "tags": {},
            "url": "https://dl.rockylinux.org/pub/rocky/10/images/x86_64/Rocky-10-GenericCloud-Base.latest.x86_64.qcow2",
            "userdata_link": [],
            "zone": "testlab"
          },
          "sensitive_attributes": [],
          "identity_schema_version": 0
        }
      ]
    },
    {
      "mode": "managed",
      "type": "cloudstack_template",
      "name": "rocky9",
      "provider": "provider[\"registry.terraform.io/cloudstack/cloudstack\"]",
      "instances": [
        {
          "schema_version": 0,
          "attributes": {
            "display_text": "Rocky Linux 9 Base",
            "for_cks": false,
            "format": "QCOW2",
            "hypervisor": "KVM",
            "id": "59475338-9ff3-4288-afe3-385ac12da162",
            "is_dynamically_scalable": false,
            "is_extractable": false,
            "is_featured": false,
            "is_public": false,
            "is_ready": true,
            "is_ready_timeout": 300,
            "name": "Rocky Linux 9",
            "os_type": "Rocky Linux 9",
            "password_enabled": false,
            "project": "infra",
            "tags": {},
            "url": "https://dl.rockylinux.org/pub/rocky/9/images/x86_64/Rocky-9-GenericCloud.latest.x86_64.qcow2",
            "userdata_link": [],
            "zone": "testlab"
          },
          "sensitive_attributes": [],
          "identity_schema_version": 0
        }
      ]
    },
    {
      "mode": "managed",
      "type": "cloudstack_template",
      "name": "ubuntu24",
      "provider": "provider[\"registry.terraform.io/cloudstack/cloudstack\"]",
      "instances": [
        {
          "schema_version": 0,
          "attributes": {
            "display_text": "Ubuntu 24.04 LTS x64",
            "for_cks": false,
            "format": "QCOW2",
            "hypervisor": "KVM",
            "id": "f6ea8026-0e94-4222-9335-f3935d5dbe0d",
            "is_dynamically_scalable": false,
            "is_extractable": false,
            "is_featured": false,
            "is_public": false,
            "is_ready": true,
            "is_ready_timeout": 300,
            "name": "Ubuntu 24.04 LTS x64",
            "os_type": "Ubuntu 24.04 LTS",
            "password_enabled": false,
            "project": "infra",
            "tags": {},
            "url": "https://cloud-images.ubuntu.com/noble/current/noble-server-cloudimg-amd64.img",
            "userdata_link": [],
            "zone": "testlab"
          },
          "sensitive_attributes": [],
          "identity_schema_version": 0
        }
      ]
    },
    {
      "mode": "managed",
      "type": "cloudstack_vpc",
      "name": "infra_vpc",
      "provider": "provider[\"registry.terraform.io/cloudstack/cloudstack\"]",
      "instances": [
        {
          "schema_version": 0,
          "attributes": {
            "cidr": "10.252.0.0/16",
            "display_text": "infra_vpc",
            "id": "62940001-aa31-4da1-abf4-5a8c4f7a7f76",
            "name": "infra_vpc",
            "network_domain": "pc.testenv.bradhouse.dev",
            "project": "infra",
            "source_nat_ip": "192.168.1.92",
            "tags": {},
            "vpc_offering": "VPC HA",
            "zone": "testlab"
          },
          "sensitive_attributes": [],
          "identity_schema_version": 0
        }
      ]
    },
    {
      "module": "module.instance_bastion",
      "mode": "managed",
      "type": "cloudstack_instance",
      "name": "this",
      "provider": "provider[\"registry.terraform.io/cloudstack/cloudstack\"]",
      "instances": [
        {
          "schema_version": 0,
          "attributes": {
            "affinity_group_ids": null,
            "affinity_group_names": null,
            "boot_mode": "legacy",
            "cluster_id": null,
            "details": {
              "dataDiskController": "scsi",
              "io.policy": "io_uring",
              "iothreads": "1",
              "rootDiskController": "scsi"
            },
            "disk_offering": "",
            "display_name": "bastion",
            "expunge": true,
            "group": "bastion",
            "host_id": null,
            "id": "bebcac94-65f5-4c73-8586-e6e860bcc17e",
            "ip_address": "10.252.0.10",
            "keypair": null,
            "keypairs": null,
            "name": "bastion",
            "network_id": "74a82486-2419-4902-92ec-3604f4f1ebf1",
            "nicnetworklist": null,
            "override_disk_offering": null,
            "pod_id": null,
            "project": "infra",
            "properties": null,
            "root_disk_size": 20,
            "security_group_ids": null,
            "security_group_names": null,
            "service_offering": "g1.1c2g",
            "start_vm": true,
            "tags": {},
            "template": "97ce9ec1-785b-41af-8594-6d4e140f7033",
            "uefi": true,
            "user_data": "",
            "userdata_details": null,
            "userdata_id": null,
            "zone": "testlab"
          },
          "sensitive_attributes": [],
          "identity_schema_version": 0,
          "dependencies": [
            "cloudstack_network.su",
            "cloudstack_network_acl.su",
            "cloudstack_template.rocky10",
            "cloudstack_vpc.infra_vpc"
          ]
        }
      ]
    },
    {
      "module": "module.instance_cacheproxy",
      "mode": "managed",
      "type": "cloudstack_instance",
      "name": "this",
      "provider": "provider[\"registry.terraform.io/cloudstack/cloudstack\"]",
      "instances": [
        {
          "schema_version": 0,
          "attributes": {
            "affinity_group_ids": null,
            "affinity_group_names": null,
            "boot_mode": "legacy",
            "cluster_id": null,
            "details": {
              "dataDiskController": "scsi",
              "io.policy": "io_uring",
              "iothreads": "1",
              "rootDiskController": "scsi"
            },
            "disk_offering": "",
            "display_name": "cacheproxy1",
            "expunge": true,
            "group": "cacheproxy",
            "host_id": null,
            "id": "da6a96d1-c831-4244-8b05-2fbd31dfb0f7",
            "ip_address": "10.252.5.21",
            "keypair": null,
            "keypairs": null,
            "name": "cacheproxy1",
            "network_id": "52cb5613-f145-495a-a5f6-e70d96b5731b",
            "nicnetworklist": null,
            "override_disk_offering": null,
            "pod_id": null,
            "project": "infra",
            "properties": null,
            "root_disk_size": 100,
            "security_group_ids": null,
            "security_group_names": null,
            "service_offering": "g1.2c4g",
            "start_vm": true,
            "tags": {},
            "template": "97ce9ec1-785b-41af-8594-6d4e140f7033",
            "uefi": true,
            "user_data": "ce99b9b6c43075884992677cc93102b6a8e9b4d7",
            "userdata_details": null,
            "userdata_id": null,
            "zone": "testlab"
          },
          "sensitive_attributes": [],
          "identity_schema_version": 0,
          "private": "bnVsbA==",
          "dependencies": [
            "cloudstack_network.proxy",
            "cloudstack_network_acl.proxy",
            "cloudstack_template.rocky10",
            "cloudstack_vpc.infra_vpc"
          ]
        }
      ]
    },
    {
      "module": "module.instance_dns1",
      "mode": "managed",
      "type": "cloudstack_instance",
      "name": "this",
      "provider": "provider[\"registry.terraform.io/cloudstack/cloudstack\"]",
      "instances": [
        {
          "schema_version": 0,
          "attributes": {
            "affinity_group_ids": null,
            "affinity_group_names": null,
            "boot_mode": "legacy",
            "cluster_id": null,
            "details": {
              "dataDiskController": "scsi",
              "io.policy": "io_uring",
              "iothreads": "1",
              "rootDiskController": "scsi"
            },
            "disk_offering": "",
            "display_name": "dns1",
            "expunge": true,
            "group": "dns",
            "host_id": null,
            "id": "b7e0d07e-0a43-4a95-aa6f-0a839cf44d90",
            "ip_address": "10.252.1.11",
            "keypair": null,
            "keypairs": null,
            "name": "dns1",
            "network_id": "b0f8295b-02cf-4872-98b0-355599d75f19",
            "nicnetworklist": null,
            "override_disk_offering": null,
            "pod_id": null,
            "project": "infra",
            "properties": null,
            "root_disk_size": 20,
            "security_group_ids": null,
            "security_group_names": null,
            "service_offering": "g1.1c2g",
            "start_vm": true,
            "tags": {},
            "template": "97ce9ec1-785b-41af-8594-6d4e140f7033",
            "uefi": true,
            "user_data": "",
            "userdata_details": null,
            "userdata_id": null,
            "zone": "testlab"
          },
          "sensitive_attributes": [],
          "identity_schema_version": 0,
          "dependencies": [
            "cloudstack_network.dns",
            "cloudstack_network_acl.dns",
            "cloudstack_template.rocky10",
            "cloudstack_vpc.infra_vpc"
          ]
        }
      ]
    },
    {
      "module": "module.instance_dns2",
      "mode": "managed",
      "type": "cloudstack_instance",
      "name": "this",
      "provider": "provider[\"registry.terraform.io/cloudstack/cloudstack\"]",
      "instances": [
        {
          "schema_version": 0,
          "attributes": {
            "affinity_group_ids": null,
            "affinity_group_names": null,
            "boot_mode": "legacy",
            "cluster_id": null,
            "details": {
              "dataDiskController": "scsi",
              "io.policy": "io_uring",
              "iothreads": "1",
              "rootDiskController": "scsi"
            },
            "disk_offering": "",
            "display_name": "dns2",
            "expunge": true,
            "group": "dns",
            "host_id": null,
            "id": "919d8bf4-2153-4e83-a793-32899168a5e5",
            "ip_address": "10.252.1.12",
            "keypair": null,
            "keypairs": null,
            "name": "dns2",
            "network_id": "b0f8295b-02cf-4872-98b0-355599d75f19",
            "nicnetworklist": null,
            "override_disk_offering": null,
            "pod_id": null,
            "project": "infra",
            "properties": null,
            "root_disk_size": 20,
            "security_group_ids": null,
            "security_group_names": null,
            "service_offering": "g1.1c2g",
            "start_vm": true,
            "tags": {},
            "template": "97ce9ec1-785b-41af-8594-6d4e140f7033",
            "uefi": true,
            "user_data": "",
            "userdata_details": null,
            "userdata_id": null,
            "zone": "testlab"
          },
          "sensitive_attributes": [],
          "identity_schema_version": 0,
          "dependencies": [
            "cloudstack_network.dns",
            "cloudstack_network_acl.dns",
            "cloudstack_template.rocky10",
            "cloudstack_vpc.infra_vpc"
          ]
        }
      ]
    },
    {
      "module": "module.instance_gutproxy",
      "mode": "managed",
      "type": "cloudstack_instance",
      "name": "this",
      "provider": "provider[\"registry.terraform.io/cloudstack/cloudstack\"]",
      "instances": [
        {
          "schema_version": 0,
          "attributes": {
            "affinity_group_ids": null,
            "affinity_group_names": null,
            "boot_mode": "legacy",
            "cluster_id": null,
            "details": {
              "dataDiskController": "scsi",
              "io.policy": "io_uring",
              "iothreads": "1",
              "rootDiskController": "scsi"
            },
            "disk_offering": "",
            "display_name": "gitproxy1",
            "expunge": true,
            "group": "gitproxy",
            "host_id": null,
            "id": "b60d5f9b-bbff-4c5a-b36a-0e8ebc0f3834",
            "ip_address": "10.252.5.31",
            "keypair": null,
            "keypairs": null,
            "name": "gitproxy1",
            "network_id": "52cb5613-f145-495a-a5f6-e70d96b5731b",
            "nicnetworklist": null,
            "override_disk_offering": null,
            "pod_id": null,
            "project": "infra",
            "properties": null,
            "root_disk_size": 100,
            "security_group_ids": null,
            "security_group_names": null,
            "service_offering": "g1.2c4g",
            "start_vm": true,
            "tags": {},
            "template": "97ce9ec1-785b-41af-8594-6d4e140f7033",
            "uefi": true,
            "user_data": "ce99b9b6c43075884992677cc93102b6a8e9b4d7",
            "userdata_details": null,
            "userdata_id": null,
            "zone": "testlab"
          },
          "sensitive_attributes": [],
          "identity_schema_version": 0,
          "private": "bnVsbA==",
          "dependencies": [
            "cloudstack_network.proxy",
            "cloudstack_network_acl.proxy",
            "cloudstack_template.rocky10",
            "cloudstack_vpc.infra_vpc"
          ]
        }
      ]
    },
    {
      "module": "module.instance_ipa1",
      "mode": "managed",
      "type": "cloudstack_instance",
      "name": "this",
      "provider": "provider[\"registry.terraform.io/cloudstack/cloudstack\"]",
      "instances": [
        {
          "schema_version": 0,
          "attributes": {
            "affinity_group_ids": null,
            "affinity_group_names": null,
            "boot_mode": "legacy",
            "cluster_id": null,
            "details": {
              "dataDiskController": "scsi",
              "io.policy": "io_uring",
              "iothreads": "1",
              "rootDiskController": "scsi"
            },
            "disk_offering": "",
            "display_name": "ipa1",
            "expunge": true,
            "group": "ipa",
            "host_id": null,
            "id": "d25183f4-8e7b-40b2-b05e-9d508bb1073c",
            "ip_address": "10.252.3.11",
            "keypair": null,
            "keypairs": null,
            "name": "ipa1",
            "network_id": "07cb517b-3cc0-4779-951f-245dad70ba99",
            "nicnetworklist": null,
            "override_disk_offering": null,
            "pod_id": null,
            "project": "infra",
            "properties": null,
            "root_disk_size": 40,
            "security_group_ids": null,
            "security_group_names": null,
            "service_offering": "g1.2c4g",
            "start_vm": true,
            "tags": {},
            "template": "97ce9ec1-785b-41af-8594-6d4e140f7033",
            "uefi": true,
            "user_data": "ce99b9b6c43075884992677cc93102b6a8e9b4d7",
            "userdata_details": null,
            "userdata_id": null,
            "zone": "testlab"
          },
          "sensitive_attributes": [],
          "identity_schema_version": 0,
          "private": "bnVsbA==",
          "dependencies": [
            "cloudstack_network.ipa",
            "cloudstack_network_acl.ipa",
            "cloudstack_template.rocky10",
            "cloudstack_vpc.infra_vpc"
          ]
        }
      ]
    },
    {
      "module": "module.instance_ipa2",
      "mode": "managed",
      "type": "cloudstack_instance",
      "name": "this",
      "provider": "provider[\"registry.terraform.io/cloudstack/cloudstack\"]",
      "instances": [
        {
          "schema_version": 0,
          "attributes": {
            "affinity_group_ids": null,
            "affinity_group_names": null,
            "boot_mode": "legacy",
            "cluster_id": null,
            "details": {
              "dataDiskController": "scsi",
              "io.policy": "io_uring",
              "iothreads": "1",
              "rootDiskController": "scsi"
            },
            "disk_offering": "",
            "display_name": "ipa2",
            "expunge": true,
            "group": "ipa",
            "host_id": null,
            "id": "8b4261ee-f1bc-4eea-976e-1c8b1d29c162",
            "ip_address": "10.252.3.12",
            "keypair": null,
            "keypairs": null,
            "name": "ipa2",
            "network_id": "07cb517b-3cc0-4779-951f-245dad70ba99",
            "nicnetworklist": null,
            "override_disk_offering": null,
            "pod_id": null,
            "project": "infra",
            "properties": null,
            "root_disk_size": 40,
            "security_group_ids": null,
            "security_group_names": null,
            "service_offering": "g1.2c4g",
            "start_vm": true,
            "tags": {},
            "template": "97ce9ec1-785b-41af-8594-6d4e140f7033",
            "uefi": true,
            "user_data": "ce99b9b6c43075884992677cc93102b6a8e9b4d7",
            "userdata_details": null,
            "userdata_id": null,
            "zone": "testlab"
          },
          "sensitive_attributes": [],
          "identity_schema_version": 0,
          "private": "bnVsbA==",
          "dependencies": [
            "cloudstack_network.ipa",
            "cloudstack_network_acl.ipa",
            "cloudstack_template.rocky10",
            "cloudstack_vpc.infra_vpc"
          ]
        }
      ]
    },
    {
      "module": "module.instance_ipa3",
      "mode": "managed",
      "type": "cloudstack_instance",
      "name": "this",
      "provider": "provider[\"registry.terraform.io/cloudstack/cloudstack\"]",
      "instances": [
        {
          "schema_version": 0,
          "attributes": {
            "affinity_group_ids": null,
            "affinity_group_names": null,
            "boot_mode": "legacy",
            "cluster_id": null,
            "details": {
              "dataDiskController": "scsi",
              "io.policy": "io_uring",
              "iothreads": "1",
              "rootDiskController": "scsi"
            },
            "disk_offering": "",
            "display_name": "ipa3",
            "expunge": true,
            "group": "ipa",
            "host_id": null,
            "id": "65efdbe7-32df-4c84-a177-037b07845883",
            "ip_address": "10.252.3.13",
            "keypair": null,
            "keypairs": null,
            "name": "ipa3",
            "network_id": "07cb517b-3cc0-4779-951f-245dad70ba99",
            "nicnetworklist": null,
            "override_disk_offering": null,
            "pod_id": null,
            "project": "infra",
            "properties": null,
            "root_disk_size": 40,
            "security_group_ids": null,
            "security_group_names": null,
            "service_offering": "g1.2c4g",
            "start_vm": true,
            "tags": {},
            "template": "97ce9ec1-785b-41af-8594-6d4e140f7033",
            "uefi": true,
            "user_data": "ce99b9b6c43075884992677cc93102b6a8e9b4d7",
            "userdata_details": null,
            "userdata_id": null,
            "zone": "testlab"
          },
          "sensitive_attributes": [],
          "identity_schema_version": 0,
          "private": "bnVsbA==",
          "dependencies": [
            "cloudstack_network.ipa",
            "cloudstack_network_acl.ipa",
            "cloudstack_template.rocky10",
            "cloudstack_vpc.infra_vpc"
          ]
        }
      ]
    },
    {
      "module": "module.instance_ldapproxy",
      "mode": "managed",
      "type": "cloudstack_instance",
      "name": "this",
      "provider": "provider[\"registry.terraform.io/cloudstack/cloudstack\"]",
      "instances": [
        {
          "schema_version": 0,
          "attributes": {
            "affinity_group_ids": null,
            "affinity_group_names": null,
            "boot_mode": "legacy",
            "cluster_id": null,
            "details": {
              "dataDiskController": "scsi",
              "io.policy": "io_uring",
              "iothreads": "1",
              "rootDiskController": "scsi"
            },
            "disk_offering": "",
            "display_name": "ldapproxy1",
            "expunge": true,
            "group": "ldapproxy",
            "host_id": null,
            "id": "294fed21-7e76-404a-9315-230cd6909628",
            "ip_address": "10.252.6.11",
            "keypair": null,
            "keypairs": null,
            "name": "ldapproxy1",
            "network_id": "d06e3f73-7fb6-4b15-bf2e-79b6210051fd",
            "nicnetworklist": null,
            "override_disk_offering": null,
            "pod_id": null,
            "project": "infra",
            "properties": null,
            "root_disk_size": 20,
            "security_group_ids": null,
            "security_group_names": null,
            "service_offering": "g1.2c4g",
            "start_vm": true,
            "tags": {},
            "template": "97ce9ec1-785b-41af-8594-6d4e140f7033",
            "uefi": true,
            "user_data": "ce99b9b6c43075884992677cc93102b6a8e9b4d7",
            "userdata_details": null,
            "userdata_id": null,
            "zone": "testlab"
          },
          "sensitive_attributes": [],
          "identity_schema_version": 0,
          "private": "bnVsbA==",
          "dependencies": [
            "cloudstack_network.ldapproxy",
            "cloudstack_network_acl.ldapproxy",
            "cloudstack_template.rocky10",
            "cloudstack_vpc.infra_vpc"
          ]
        }
      ]
    },
    {
      "module": "module.instance_mirror",
      "mode": "managed",
      "type": "cloudstack_instance",
      "name": "this",
      "provider": "provider[\"registry.terraform.io/cloudstack/cloudstack\"]",
      "instances": [
        {
          "schema_version": 0,
          "attributes": {
            "affinity_group_ids": null,
            "affinity_group_names": null,
            "boot_mode": "legacy",
            "cluster_id": null,
            "details": {
              "dataDiskController": "scsi",
              "io.policy": "io_uring",
              "iothreads": "1",
              "rootDiskController": "scsi"
            },
            "disk_offering": "Custom - WriteBack",
            "display_name": "mirror1",
            "expunge": true,
            "group": "mirror",
            "host_id": null,
            "id": "e4df9278-c24b-4533-aee2-8a096e75ff3c",
            "ip_address": "10.252.2.11",
            "keypair": null,
            "keypairs": null,
            "name": "mirror1",
            "network_id": "8bd5d3ff-8d02-4a63-af36-f3c6de56fbd8",
            "nicnetworklist": null,
            "override_disk_offering": null,
            "pod_id": null,
            "project": "infra",
            "properties": null,
            "root_disk_size": 20,
            "security_group_ids": null,
            "security_group_names": null,
            "service_offering": "g1.2c4g",
            "start_vm": true,
            "tags": {},
            "template": "97ce9ec1-785b-41af-8594-6d4e140f7033",
            "uefi": true,
            "user_data": "d86384efb40452af9b8209e92f2ded49e93096dc",
            "userdata_details": null,
            "userdata_id": null,
            "zone": "testlab"
          },
          "sensitive_attributes": [],
          "identity_schema_version": 0,
          "dependencies": [
            "cloudstack_network.mirror",
            "cloudstack_network_acl.mirror",
            "cloudstack_template.rocky10",
            "cloudstack_vpc.infra_vpc"
          ]
        }
      ]
    },
    {
      "module": "module.instance_nfs1",
      "mode": "managed",
      "type": "cloudstack_instance",
      "name": "this",
      "provider": "provider[\"registry.terraform.io/cloudstack/cloudstack\"]",
      "instances": [
        {
          "schema_version": 0,
          "attributes": {
            "affinity_group_ids": null,
            "affinity_group_names": null,
            "boot_mode": "legacy",
            "cluster_id": null,
            "details": {
              "dataDiskController": "scsi",
              "io.policy": "io_uring",
              "iothreads": "1",
              "rootDiskController": "scsi"
            },
            "disk_offering": "",
            "display_name": "nfs1",
            "expunge": true,
            "group": "nfs",
            "host_id": null,
            "id": "06f01adc-2436-4d89-8916-125cd1d1a307",
            "ip_address": "10.252.7.11",
            "keypair": null,
            "keypairs": null,
            "name": "nfs1",
            "network_id": "deef9f41-5d52-4394-b2a0-aecba2dc5bdd",
            "nicnetworklist": null,
            "override_disk_offering": null,
            "pod_id": null,
            "project": "infra",
            "properties": null,
            "root_disk_size": 20,
            "security_group_ids": null,
            "security_group_names": null,
            "service_offering": "g1.2c4g",
            "start_vm": true,
            "tags": {},
            "template": "97ce9ec1-785b-41af-8594-6d4e140f7033",
            "uefi": true,
            "user_data": "ce99b9b6c43075884992677cc93102b6a8e9b4d7",
            "userdata_details": null,
            "userdata_id": null,
            "zone": "testlab"
          },
          "sensitive_attributes": [],
          "identity_schema_version": 0,
          "private": "bnVsbA==",
          "dependencies": [
            "cloudstack_network.nfs",
            "cloudstack_network_acl.nfs",
            "cloudstack_template.rocky10",
            "cloudstack_vpc.infra_vpc"
          ]
        }
      ]
    },
    {
      "module": "module.instance_nfs2",
      "mode": "managed",
      "type": "cloudstack_instance",
      "name": "this",
      "provider": "provider[\"registry.terraform.io/cloudstack/cloudstack\"]",
      "instances": [
        {
          "schema_version": 0,
          "attributes": {
            "affinity_group_ids": null,
            "affinity_group_names": null,
            "boot_mode": "legacy",
            "cluster_id": null,
            "details": {
              "dataDiskController": "scsi",
              "io.policy": "io_uring",
              "iothreads": "1",
              "rootDiskController": "scsi"
            },
            "disk_offering": "",
            "display_name": "nfs2",
            "expunge": true,
            "group": "nfs",
            "host_id": null,
            "id": "aeeba71a-2684-4381-8b60-88b9b7fec8ed",
            "ip_address": "10.252.7.12",
            "keypair": null,
            "keypairs": null,
            "name": "nfs2",
            "network_id": "deef9f41-5d52-4394-b2a0-aecba2dc5bdd",
            "nicnetworklist": null,
            "override_disk_offering": null,
            "pod_id": null,
            "project": "infra",
            "properties": null,
            "root_disk_size": 20,
            "security_group_ids": null,
            "security_group_names": null,
            "service_offering": "g1.2c4g",
            "start_vm": true,
            "tags": {},
            "template": "97ce9ec1-785b-41af-8594-6d4e140f7033",
            "uefi": true,
            "user_data": "ce99b9b6c43075884992677cc93102b6a8e9b4d7",
            "userdata_details": null,
            "userdata_id": null,
            "zone": "testlab"
          },
          "sensitive_attributes": [],
          "identity_schema_version": 0,
          "private": "bnVsbA==",
          "dependencies": [
            "cloudstack_network.nfs",
            "cloudstack_network_acl.nfs",
            "cloudstack_template.rocky10",
            "cloudstack_vpc.infra_vpc"
          ]
        }
      ]
    },
    {
      "module": "module.instance_ntp1",
      "mode": "managed",
      "type": "cloudstack_instance",
      "name": "this",
      "provider": "provider[\"registry.terraform.io/cloudstack/cloudstack\"]",
      "instances": [
        {
          "schema_version": 0,
          "attributes": {
            "affinity_group_ids": null,
            "affinity_group_names": null,
            "boot_mode": "legacy",
            "cluster_id": null,
            "details": {
              "dataDiskController": "scsi",
              "io.policy": "io_uring",
              "iothreads": "1",
              "rootDiskController": "scsi"
            },
            "disk_offering": "",
            "display_name": "ntp1",
            "expunge": true,
            "group": "ntp",
            "host_id": null,
            "id": "8b590759-bd0b-4d0c-91a7-a0de66d8c283",
            "ip_address": "10.252.4.11",
            "keypair": null,
            "keypairs": null,
            "name": "ntp1",
            "network_id": "3df604b7-964a-44d8-90e9-cf1354d61fe8",
            "nicnetworklist": null,
            "override_disk_offering": null,
            "pod_id": null,
            "project": "infra",
            "properties": null,
            "root_disk_size": 20,
            "security_group_ids": null,
            "security_group_names": null,
            "service_offering": "g1.1c2g",
            "start_vm": true,
            "tags": {},
            "template": "97ce9ec1-785b-41af-8594-6d4e140f7033",
            "uefi": true,
            "user_data": "ce99b9b6c43075884992677cc93102b6a8e9b4d7",
            "userdata_details": null,
            "userdata_id": null,
            "zone": "testlab"
          },
          "sensitive_attributes": [],
          "identity_schema_version": 0,
          "private": "bnVsbA==",
          "dependencies": [
            "cloudstack_network.ntp",
            "cloudstack_network_acl.ntp",
            "cloudstack_template.rocky10",
            "cloudstack_vpc.infra_vpc"
          ]
        }
      ]
    },
    {
      "module": "module.instance_ntp2",
      "mode": "managed",
      "type": "cloudstack_instance",
      "name": "this",
      "provider": "provider[\"registry.terraform.io/cloudstack/cloudstack\"]",
      "instances": [
        {
          "schema_version": 0,
          "attributes": {
            "affinity_group_ids": null,
            "affinity_group_names": null,
            "boot_mode": "legacy",
            "cluster_id": null,
            "details": {
              "dataDiskController": "scsi",
              "io.policy": "io_uring",
              "iothreads": "1",
              "rootDiskController": "scsi"
            },
            "disk_offering": "",
            "display_name": "ntp2",
            "expunge": true,
            "group": "ntp",
            "host_id": null,
            "id": "059ff5be-6652-4d3b-bfa9-d9e9dfcf616c",
            "ip_address": "10.252.4.12",
            "keypair": null,
            "keypairs": null,
            "name": "ntp2",
            "network_id": "3df604b7-964a-44d8-90e9-cf1354d61fe8",
            "nicnetworklist": null,
            "override_disk_offering": null,
            "pod_id": null,
            "project": "infra",
            "properties": null,
            "root_disk_size": 20,
            "security_group_ids": null,
            "security_group_names": null,
            "service_offering": "g1.1c2g",
            "start_vm": true,
            "tags": {},
            "template": "97ce9ec1-785b-41af-8594-6d4e140f7033",
            "uefi": true,
            "user_data": "ce99b9b6c43075884992677cc93102b6a8e9b4d7",
            "userdata_details": null,
            "userdata_id": null,
            "zone": "testlab"
          },
          "sensitive_attributes": [],
          "identity_schema_version": 0,
          "private": "bnVsbA==",
          "dependencies": [
            "cloudstack_network.ntp",
            "cloudstack_network_acl.ntp",
            "cloudstack_template.rocky10",
            "cloudstack_vpc.infra_vpc"
          ]
        }
      ]
    },
    {
      "module": "module.instance_secureproxy",
      "mode": "managed",
      "type": "cloudstack_instance",
      "name": "this",
      "provider": "provider[\"registry.terraform.io/cloudstack/cloudstack\"]",
      "instances": [
        {
          "schema_version": 0,
          "attributes": {
            "affinity_group_ids": null,
            "affinity_group_names": null,
            "boot_mode": "legacy",
            "cluster_id": null,
            "details": {
              "dataDiskController": "scsi",
              "io.policy": "io_uring",
              "iothreads": "1",
              "rootDiskController": "scsi"
            },
            "disk_offering": "",
            "display_name": "secureproxy1",
            "expunge": true,
            "group": "secureproxy",
            "host_id": null,
            "id": "8ca7197b-4627-4128-b4e7-1c374448b1ac",
            "ip_address": "10.252.5.11",
            "keypair": null,
            "keypairs": null,
            "name": "secureproxy1",
            "network_id": "52cb5613-f145-495a-a5f6-e70d96b5731b",
            "nicnetworklist": null,
            "override_disk_offering": null,
            "pod_id": null,
            "project": "infra",
            "properties": null,
            "root_disk_size": 20,
            "security_group_ids": null,
            "security_group_names": null,
            "service_offering": "g1.2c4g",
            "start_vm": true,
            "tags": {},
            "template": "97ce9ec1-785b-41af-8594-6d4e140f7033",
            "uefi": true,
            "user_data": "ce99b9b6c43075884992677cc93102b6a8e9b4d7",
            "userdata_details": null,
            "userdata_id": null,
            "zone": "testlab"
          },
          "sensitive_attributes": [],
          "identity_schema_version": 0,
          "private": "bnVsbA==",
          "dependencies": [
            "cloudstack_network.proxy",
            "cloudstack_network_acl.proxy",
            "cloudstack_template.rocky10",
            "cloudstack_vpc.infra_vpc"
          ]
        }
      ]
    },
    {
      "module": "module.network_acl_dns",
      "mode": "managed",
      "type": "cloudstack_network_acl_rule",
      "name": "this",
      "provider": "provider[\"registry.terraform.io/cloudstack/cloudstack\"]",
      "instances": [
        {
          "schema_version": 0,
          "attributes": {
            "acl_id": "a6237028-b622-4df6-b296-81d007fa6288",
            "id": "a6237028-b622-4df6-b296-81d007fa6288",
            "managed": true,
            "parallelism": 2,
            "project": null,
            "rule": [
              {
                "action": "allow",
                "cidr_list": [
                  "10.252.1.0/24"
                ],
                "description": "dns:tcp: allow egress",
                "icmp_code": 0,
                "icmp_type": 0,
                "port": "53",
                "ports": [],
                "protocol": "tcp",
                "rule_number": 1101,
                "traffic_type": "egress",
                "uuids": {
                  "53": "f00d5b65-d396-4265-9c82-030d815e9b1e"
                }
              },
              {
                "action": "allow",
                "cidr_list": [
                  "10.252.1.0/24"
                ],
                "description": "dns:udp: allow egress",
                "icmp_code": 0,
                "icmp_type": 0,
                "port": "53",
                "ports": [],
                "protocol": "udp",
                "rule_number": 1102,
                "traffic_type": "egress",
                "uuids": {
                  "53": "21d8e391-1829-4ddf-88f2-cb37068facb6"
                }
              },
              {
                "action": "allow",
                "cidr_list": [
                  "10.252.3.0/24"
                ],
                "description": "IPA http: allow egress",
                "icmp_code": 0,
                "icmp_type": 0,
                "port": "80",
                "ports": [],
                "protocol": "tcp",
                "rule_number": 1301,
                "traffic_type": "egress",
                "uuids": {
                  "80": "9fcc9c3e-9556-45fd-94f8-145e4358140e"
                }
              },
              {
                "action": "allow",
                "cidr_list": [
                  "10.252.3.0/24"
                ],
                "description": "IPA https: allow egress",
                "icmp_code": 0,
                "icmp_type": 0,
                "port": "443",
                "ports": [],
                "protocol": "tcp",
                "rule_number": 1302,
                "traffic_type": "egress",
                "uuids": {
                  "443": "1a0d6bb2-3c49-49fb-b8b5-e4b5e84c5055"
                }
              },
              {
                "action": "allow",
                "cidr_list": [
                  "10.252.3.0/24"
                ],
                "description": "IPA ldap: allow egress",
                "icmp_code": 0,
                "icmp_type": 0,
                "port": "389",
                "ports": [],
                "protocol": "tcp",
                "rule_number": 1303,
                "traffic_type": "egress",
                "uuids": {
                  "389": "fba2036d-f582-47e3-84f6-a104a583648f"
                }
              },
              {
                "action": "allow",
                "cidr_list": [
                  "10.252.3.0/24"
                ],
                "description": "IPA ldaps: allow egress",
                "icmp_code": 0,
                "icmp_type": 0,
                "port": "636",
                "ports": [],
                "protocol": "tcp",
                "rule_number": 1304,
                "traffic_type": "egress",
                "uuids": {
                  "636": "71471025-8aeb-4ab4-93c5-b14b008bf537"
                }
              },
              {
                "action": "allow",
                "cidr_list": [
                  "10.252.3.0/24"
                ],
                "description": "kerberos udp: allow egress",
                "icmp_code": 0,
                "icmp_type": 0,
                "port": "88",
                "ports": [],
                "protocol": "udp",
                "rule_number": 1305,
                "traffic_type": "egress",
                "uuids": {
                  "88": "760a149e-2eaa-4932-b4a2-556b2f2cf7b0"
                }
              },
              {
                "action": "allow",
                "cidr_list": [
                  "10.252.3.0/24"
                ],
                "description": "kpasswd udp: allow egress",
                "icmp_code": 0,
                "icmp_type": 0,
                "port": "464",
                "ports": [],
                "protocol": "udp",
                "rule_number": 1306,
                "traffic_type": "egress",
                "uuids": {
                  "464": "8ffa0a53-d014-493b-be09-7f98ffa8c427"
                }
              },
              {
                "action": "allow",
                "cidr_list": [
                  "10.252.3.0/24"
                ],
                "description": "kerberos tcp: allow egress",
                "icmp_code": 0,
                "icmp_type": 0,
                "port": "88",
                "ports": [],
                "protocol": "tcp",
                "rule_number": 1307,
                "traffic_type": "egress",
                "uuids": {
                  "88": "bd4a86cb-7d5a-477f-989e-5c6c7ce66653"
                }
              },
              {
                "action": "allow",
                "cidr_list": [
                  "10.252.3.0/24"
                ],
                "description": "kpasswd tcp: allow egress",
                "icmp_code": 0,
                "icmp_type": 0,
                "port": "464",
                "ports": [],
                "protocol": "tcp",
                "rule_number": 1308,
                "traffic_type": "egress",
                "uuids": {
                  "464": "84c585b1-482d-48ef-9b5d-cd004c7f7660"
                }
              },
              {
                "action": "allow",
                "cidr_list": [
                  "10.252.0.0/24"
                ],
                "description": "allow bastion connection to network: allow ingress",
                "icmp_code": 0,
                "icmp_type": 0,
                "port": "22",
                "ports": [],
                "protocol": "tcp",
                "rule_number": 1001,
                "traffic_type": "ingress",
                "uuids": {
                  "22": "9af859b1-cc15-4d1a-8c5a-e27beb93b202"
                }
              },
              {
                "action": "allow",
                "cidr_list": [
                  "10.252.2.0/24"
                ],
                "description": "http mirror: allow egress",
                "icmp_code": 0,
                "icmp_type": 0,
                "port": "80",
                "ports": [],
                "protocol": "tcp",
                "rule_number": 1201,
                "traffic_type": "egress",
                "uuids": {
                  "80": "355ef22a-076f-44fd-866e-d0046c6c3df5"
                }
              },
              {
                "action": "allow",
                "cidr_list": [
                  "10.252.2.0/24"
                ],
                "description": "http and https mirror: allow egress",
                "icmp_code": 0,
                "icmp_type": 0,
                "port": "443",
                "ports": [],
                "protocol": "tcp",
                "rule_number": 1202,
                "traffic_type": "egress",
                "uuids": {
                  "443": "9965800f-45f4-4660-843d-3b0cb4debf5f"
                }
              },
              {
                "action": "allow",
                "cidr_list": [
                  "10.252.4.0/24"
                ],
                "description": "ntp: allow egress",
                "icmp_code": 0,
                "icmp_type": 0,
                "port": "123",
                "ports": [],
                "protocol": "udp",
                "rule_number": 1401,
                "traffic_type": "egress",
                "uuids": {
                  "123": "3bb8fc71-8bf0-4584-9a5f-9ea159a2ee18"
                }
              },
              {
                "action": "deny",
                "cidr_list": [
                  "0.0.0.0/0"
                ],
                "description": "deny egress by default: deny egress",
                "icmp_code": 0,
                "icmp_type": 0,
                "port": "",
                "ports": [],
                "protocol": "all",
                "rule_number": 65501,
                "traffic_type": "egress",
                "uuids": {
                  "all": "ea9bc137-cefa-4d9b-b3d8-e6de86bc4183"
                }
              },
              {
                "action": "allow",
                "cidr_list": [
                  "0.0.0.0/0"
                ],
                "description": "dns:tcp: allow ingress",
                "icmp_code": 0,
                "icmp_type": 0,
                "port": "53",
                "ports": [],
                "protocol": "tcp",
                "rule_number": 30001,
                "traffic_type": "ingress",
                "uuids": {
                  "53": "2e30aa13-0f5e-437c-a6e8-238a04e2de7a"
                }
              },
              {
                "action": "allow",
                "cidr_list": [
                  "0.0.0.0/0"
                ],
                "description": "dns:udp: allow ingress",
                "icmp_code": 0,
                "icmp_type": 0,
                "port": "53",
                "ports": [],
                "protocol": "udp",
                "rule_number": 30002,
                "traffic_type": "ingress",
                "uuids": {
                  "53": "151805a1-21c5-4541-9c38-817c273a04b7"
                }
              },
              {
                "action": "allow",
                "cidr_list": [
                  "0.0.0.0/0"
                ],
                "description": "dns:tcp: allow egress",
                "icmp_code": 0,
                "icmp_type": 0,
                "port": "53",
                "ports": [],
                "protocol": "tcp",
                "rule_number": 30003,
                "traffic_type": "egress",
                "uuids": {
                  "53": "fdda36ab-d6ef-4482-82ed-3eae3d5c56a2"
                }
              },
              {
                "action": "allow",
                "cidr_list": [
                  "0.0.0.0/0"
                ],
                "description": "dns:udp: allow egress",
                "icmp_code": 0,
                "icmp_type": 0,
                "port": "53",
                "ports": [],
                "protocol": "udp",
                "rule_number": 30004,
                "traffic_type": "egress",
                "uuids": {
                  "53": "ab7b3123-9397-4985-ab2b-9168d05f2be5"
                }
              }
            ]
          },
          "sensitive_attributes": [],
          "identity_schema_version": 0,
          "private": "bnVsbA==",
          "dependencies": [
            "cloudstack_network_acl.dns",
            "cloudstack_vpc.infra_vpc"
          ]
        }
      ]
    },
    {
      "module": "module.network_acl_hypervisor",
      "mode": "managed",
      "type": "cloudstack_network_acl_rule",
      "name": "this",
      "provider": "provider[\"registry.terraform.io/cloudstack/cloudstack\"]",
      "instances": [
        {
          "schema_version": 0,
          "attributes": {
            "acl_id": "a36b3e1a-d957-46e8-8526-ab45a3225dc5",
            "id": "a36b3e1a-d957-46e8-8526-ab45a3225dc5",
            "managed": true,
            "parallelism": 2,
            "project": null,
            "rule": [
              {
                "action": "allow",
                "cidr_list": [
                  "10.252.1.0/24"
                ],
                "description": "dns:tcp: allow egress",
                "icmp_code": 0,
                "icmp_type": 0,
                "port": "53",
                "ports": [],
                "protocol": "tcp",
                "rule_number": 1101,
                "traffic_type": "egress",
                "uuids": {
                  "53": "c0cb857b-89bf-4c32-84f3-e58506cb0cd6"
                }
              },
              {
                "action": "allow",
                "cidr_list": [
                  "10.252.1.0/24"
                ],
                "description": "dns:udp: allow egress",
                "icmp_code": 0,
                "icmp_type": 0,
                "port": "53",
                "ports": [],
                "protocol": "udp",
                "rule_number": 1102,
                "traffic_type": "egress",
                "uuids": {
                  "53": "7776e470-6b7b-440f-be5f-813340a5b0c1"
                }
              },
              {
                "action": "allow",
                "cidr_list": [
                  "10.252.3.0/24"
                ],
                "description": "IPA http: allow egress",
                "icmp_code": 0,
                "icmp_type": 0,
                "port": "80",
                "ports": [],
                "protocol": "tcp",
                "rule_number": 1301,
                "traffic_type": "egress",
                "uuids": {
                  "80": "76371af9-21db-4ed2-8fce-a0278f1a3cfa"
                }
              },
              {
                "action": "allow",
                "cidr_list": [
                  "10.252.3.0/24"
                ],
                "description": "IPA https: allow egress",
                "icmp_code": 0,
                "icmp_type": 0,
                "port": "443",
                "ports": [],
                "protocol": "tcp",
                "rule_number": 1302,
                "traffic_type": "egress",
                "uuids": {
                  "443": "40faaaf1-a5aa-47a2-bdff-e61ee421be6d"
                }
              },
              {
                "action": "allow",
                "cidr_list": [
                  "10.252.3.0/24"
                ],
                "description": "IPA ldap: allow egress",
                "icmp_code": 0,
                "icmp_type": 0,
                "port": "389",
                "ports": [],
                "protocol": "tcp",
                "rule_number": 1303,
                "traffic_type": "egress",
                "uuids": {
                  "389": "f3a1ce75-3a98-4739-adf3-177d641bf013"
                }
              },
              {
                "action": "allow",
                "cidr_list": [
                  "10.252.3.0/24"
                ],
                "description": "IPA ldaps: allow egress",
                "icmp_code": 0,
                "icmp_type": 0,
                "port": "636",
                "ports": [],
                "protocol": "tcp",
                "rule_number": 1304,
                "traffic_type": "egress",
                "uuids": {
                  "636": "cf0cd2cb-ac0d-46c0-a718-55682c7fa5b2"
                }
              },
              {
                "action": "allow",
                "cidr_list": [
                  "10.252.3.0/24"
                ],
                "description": "kerberos udp: allow egress",
                "icmp_code": 0,
                "icmp_type": 0,
                "port": "88",
                "ports": [],
                "protocol": "udp",
                "rule_number": 1305,
                "traffic_type": "egress",
                "uuids": {
                  "88": "e01ce00b-1278-450f-9968-5d86b22540ca"
                }
              },
              {
                "action": "allow",
                "cidr_list": [
                  "10.252.3.0/24"
                ],
                "description": "kpasswd udp: allow egress",
                "icmp_code": 0,
                "icmp_type": 0,
                "port": "464",
                "ports": [],
                "protocol": "udp",
                "rule_number": 1306,
                "traffic_type": "egress",
                "uuids": {
                  "464": "09d6daf2-5de1-4147-a2e7-97667313c49c"
                }
              },
              {
                "action": "allow",
                "cidr_list": [
                  "10.252.3.0/24"
                ],
                "description": "kerberos tcp: allow egress",
                "icmp_code": 0,
                "icmp_type": 0,
                "port": "88",
                "ports": [],
                "protocol": "tcp",
                "rule_number": 1307,
                "traffic_type": "egress",
                "uuids": {
                  "88": "508e4ba4-03d9-43df-abb4-61380bd82e3b"
                }
              },
              {
                "action": "allow",
                "cidr_list": [
                  "10.252.3.0/24"
                ],
                "description": "kpasswd tcp: allow egress",
                "icmp_code": 0,
                "icmp_type": 0,
                "port": "464",
                "ports": [],
                "protocol": "tcp",
                "rule_number": 1308,
                "traffic_type": "egress",
                "uuids": {
                  "464": "2783f040-89f0-4a50-9155-37df8f4cab4f"
                }
              },
              {
                "action": "allow",
                "cidr_list": [
                  "10.252.0.0/24"
                ],
                "description": "allow bastion connection to network: allow ingress",
                "icmp_code": 0,
                "icmp_type": 0,
                "port": "22",
                "ports": [],
                "protocol": "tcp",
                "rule_number": 1001,
                "traffic_type": "ingress",
                "uuids": {
                  "22": "715379ef-a095-43de-946c-97da39ebf4b0"
                }
              },
              {
                "action": "allow",
                "cidr_list": [
                  "10.252.2.0/24"
                ],
                "description": "http mirror: allow egress",
                "icmp_code": 0,
                "icmp_type": 0,
                "port": "80",
                "ports": [],
                "protocol": "tcp",
                "rule_number": 1201,
                "traffic_type": "egress",
                "uuids": {
                  "80": "d9bbc411-14ac-4774-971a-7bc21f2c59ad"
                }
              },
              {
                "action": "allow",
                "cidr_list": [
                  "10.252.2.0/24"
                ],
                "description": "http and https mirror: allow egress",
                "icmp_code": 0,
                "icmp_type": 0,
                "port": "443",
                "ports": [],
                "protocol": "tcp",
                "rule_number": 1202,
                "traffic_type": "egress",
                "uuids": {
                  "443": "68269990-164d-4cce-acc2-74594ce80c7e"
                }
              },
              {
                "action": "allow",
                "cidr_list": [
                  "10.252.4.0/24"
                ],
                "description": "ntp: allow egress",
                "icmp_code": 0,
                "icmp_type": 0,
                "port": "123",
                "ports": [],
                "protocol": "udp",
                "rule_number": 1401,
                "traffic_type": "egress",
                "uuids": {
                  "123": "6eda9e7a-4218-46b8-8561-82cd5bf06cdf"
                }
              },
              {
                "action": "allow",
                "cidr_list": [
                  "0.0.0.0/0"
                ],
                "description": "ceph mon v1: allow ingress",
                "icmp_code": 0,
                "icmp_type": 0,
                "port": "6789",
                "ports": [],
                "protocol": "tcp",
                "rule_number": 30001,
                "traffic_type": "ingress",
                "uuids": {
                  "6789": "2dd6248b-20dd-4ef1-a1a7-4410fa726c57"
                }
              },
              {
                "action": "allow",
                "cidr_list": [
                  "0.0.0.0/0"
                ],
                "description": "ceph mon v2: allow ingress",
                "icmp_code": 0,
                "icmp_type": 0,
                "port": "3300",
                "ports": [],
                "protocol": "tcp",
                "rule_number": 30002,
                "traffic_type": "ingress",
                "uuids": {
                  "3300": "47d2d83c-c399-4857-a8ea-324fdd1a5bea"
                }
              },
              {
                "action": "allow",
                "cidr_list": [
                  "0.0.0.0/0"
                ],
                "description": "ceph osd and mds: allow ingress",
                "icmp_code": 0,
                "icmp_type": 0,
                "port": "6800-7568",
                "ports": [],
                "protocol": "tcp",
                "rule_number": 30003,
                "traffic_type": "ingress",
                "uuids": {
                  "6800-7568": "c9881bdb-24cb-4459-85b7-d322776786c7"
                }
              }
            ]
          },
          "sensitive_attributes": [],
          "identity_schema_version": 0,
          "private": "bnVsbA==",
          "dependencies": [
            "cloudstack_network_acl.hypervisor",
            "cloudstack_vpc.infra_vpc"
          ]
        }
      ]
    },
    {
      "module": "module.network_acl_ipa",
      "mode": "managed",
      "type": "cloudstack_network_acl_rule",
      "name": "this",
      "provider": "provider[\"registry.terraform.io/cloudstack/cloudstack\"]",
      "instances": [
        {
          "schema_version": 0,
          "attributes": {
            "acl_id": "2df7cb62-8b12-4cb8-a387-48bf7a9e5599",
            "id": "2df7cb62-8b12-4cb8-a387-48bf7a9e5599",
            "managed": true,
            "parallelism": 2,
            "project": null,
            "rule": [
              {
                "action": "allow",
                "cidr_list": [
                  "10.252.1.0/24"
                ],
                "description": "dns:tcp: allow egress",
                "icmp_code": 0,
                "icmp_type": 0,
                "port": "53",
                "ports": [],
                "protocol": "tcp",
                "rule_number": 1101,
                "traffic_type": "egress",
                "uuids": {
                  "53": "3424021c-7b97-4e57-a094-f26435a91e21"
                }
              },
              {
                "action": "allow",
                "cidr_list": [
                  "10.252.1.0/24"
                ],
                "description": "dns:udp: allow egress",
                "icmp_code": 0,
                "icmp_type": 0,
                "port": "53",
                "ports": [],
                "protocol": "udp",
                "rule_number": 1102,
                "traffic_type": "egress",
                "uuids": {
                  "53": "b5afd754-1922-4f5a-836c-afa5ddf30c7f"
                }
              },
              {
                "action": "allow",
                "cidr_list": [
                  "10.252.3.0/24"
                ],
                "description": "IPA http: allow egress",
                "icmp_code": 0,
                "icmp_type": 0,
                "port": "80",
                "ports": [],
                "protocol": "tcp",
                "rule_number": 1301,
                "traffic_type": "egress",
                "uuids": {
                  "80": "974e35bf-0f90-4256-8147-eba84a4560a2"
                }
              },
              {
                "action": "allow",
                "cidr_list": [
                  "10.252.3.0/24"
                ],
                "description": "IPA https: allow egress",
                "icmp_code": 0,
                "icmp_type": 0,
                "port": "443",
                "ports": [],
                "protocol": "tcp",
                "rule_number": 1302,
                "traffic_type": "egress",
                "uuids": {
                  "443": "85d4a730-87d1-442d-9f9f-3e8399ab8c89"
                }
              },
              {
                "action": "allow",
                "cidr_list": [
                  "10.252.3.0/24"
                ],
                "description": "IPA ldap: allow egress",
                "icmp_code": 0,
                "icmp_type": 0,
                "port": "389",
                "ports": [],
                "protocol": "tcp",
                "rule_number": 1303,
                "traffic_type": "egress",
                "uuids": {
                  "389": "78f8fbfa-4cec-460f-b0e5-69dacbdbe0a2"
                }
              },
              {
                "action": "allow",
                "cidr_list": [
                  "10.252.3.0/24"
                ],
                "description": "IPA ldaps: allow egress",
                "icmp_code": 0,
                "icmp_type": 0,
                "port": "636",
                "ports": [],
                "protocol": "tcp",
                "rule_number": 1304,
                "traffic_type": "egress",
                "uuids": {
                  "636": "110de661-7cfc-4bea-bd2f-ccd1d948f321"
                }
              },
              {
                "action": "allow",
                "cidr_list": [
                  "10.252.3.0/24"
                ],
                "description": "kerberos udp: allow egress",
                "icmp_code": 0,
                "icmp_type": 0,
                "port": "88",
                "ports": [],
                "protocol": "udp",
                "rule_number": 1305,
                "traffic_type": "egress",
                "uuids": {
                  "88": "377b9c98-bc9d-4030-9d24-b06b3505aad9"
                }
              },
              {
                "action": "allow",
                "cidr_list": [
                  "10.252.3.0/24"
                ],
                "description": "kpasswd udp: allow egress",
                "icmp_code": 0,
                "icmp_type": 0,
                "port": "464",
                "ports": [],
                "protocol": "udp",
                "rule_number": 1306,
                "traffic_type": "egress",
                "uuids": {
                  "464": "445e3c88-2fec-4b61-aa9a-a53dcf80b2bb"
                }
              },
              {
                "action": "allow",
                "cidr_list": [
                  "10.252.3.0/24"
                ],
                "description": "kerberos tcp: allow egress",
                "icmp_code": 0,
                "icmp_type": 0,
                "port": "88",
                "ports": [],
                "protocol": "tcp",
                "rule_number": 1307,
                "traffic_type": "egress",
                "uuids": {
                  "88": "6d6f127d-56f1-4626-aa98-b36fb491c763"
                }
              },
              {
                "action": "allow",
                "cidr_list": [
                  "10.252.3.0/24"
                ],
                "description": "kpasswd tcp: allow egress",
                "icmp_code": 0,
                "icmp_type": 0,
                "port": "464",
                "ports": [],
                "protocol": "tcp",
                "rule_number": 1308,
                "traffic_type": "egress",
                "uuids": {
                  "464": "c117925a-fad1-4e2e-867a-0f7ec00344cc"
                }
              },
              {
                "action": "allow",
                "cidr_list": [
                  "10.252.0.0/24"
                ],
                "description": "allow bastion connection to network: allow ingress",
                "icmp_code": 0,
                "icmp_type": 0,
                "port": "22",
                "ports": [],
                "protocol": "tcp",
                "rule_number": 1001,
                "traffic_type": "ingress",
                "uuids": {
                  "22": "16fb944a-387d-427d-8212-3db447dff350"
                }
              },
              {
                "action": "allow",
                "cidr_list": [
                  "10.252.2.0/24"
                ],
                "description": "http mirror: allow egress",
                "icmp_code": 0,
                "icmp_type": 0,
                "port": "80",
                "ports": [],
                "protocol": "tcp",
                "rule_number": 1201,
                "traffic_type": "egress",
                "uuids": {
                  "80": "9f97e62e-89b9-47c2-8f20-af1b636ea12b"
                }
              },
              {
                "action": "allow",
                "cidr_list": [
                  "10.252.2.0/24"
                ],
                "description": "http and https mirror: allow egress",
                "icmp_code": 0,
                "icmp_type": 0,
                "port": "443",
                "ports": [],
                "protocol": "tcp",
                "rule_number": 1202,
                "traffic_type": "egress",
                "uuids": {
                  "443": "594d54b7-0d15-468d-b3aa-90220ca45783"
                }
              },
              {
                "action": "allow",
                "cidr_list": [
                  "10.252.4.0/24"
                ],
                "description": "ntp: allow egress",
                "icmp_code": 0,
                "icmp_type": 0,
                "port": "123",
                "ports": [],
                "protocol": "udp",
                "rule_number": 1401,
                "traffic_type": "egress",
                "uuids": {
                  "123": "7ae022b1-05d9-4ef6-88b2-fc20c4b6a23e"
                }
              },
              {
                "action": "deny",
                "cidr_list": [
                  "0.0.0.0/0"
                ],
                "description": "deny egress by default: deny egress",
                "icmp_code": 0,
                "icmp_type": 0,
                "port": "",
                "ports": [],
                "protocol": "all",
                "rule_number": 65501,
                "traffic_type": "egress",
                "uuids": {
                  "all": "79c3d198-2a44-46c2-95a1-73832d71a0ce"
                }
              },
              {
                "action": "allow",
                "cidr_list": [
                  "0.0.0.0/0"
                ],
                "description": "IPA http: allow ingress",
                "icmp_code": 0,
                "icmp_type": 0,
                "port": "80",
                "ports": [],
                "protocol": "tcp",
                "rule_number": 30001,
                "traffic_type": "ingress",
                "uuids": {
                  "80": "0e76718c-d1af-4175-84cb-a637e4e134fc"
                }
              },
              {
                "action": "allow",
                "cidr_list": [
                  "0.0.0.0/0"
                ],
                "description": "IPA https: allow ingress",
                "icmp_code": 0,
                "icmp_type": 0,
                "port": "443",
                "ports": [],
                "protocol": "tcp",
                "rule_number": 30002,
                "traffic_type": "ingress",
                "uuids": {
                  "443": "f408f9f4-fc43-4bcf-8f7b-be625eb917f1"
                }
              },
              {
                "action": "allow",
                "cidr_list": [
                  "0.0.0.0/0"
                ],
                "description": "IPA ldap: allow ingress",
                "icmp_code": 0,
                "icmp_type": 0,
                "port": "389",
                "ports": [],
                "protocol": "tcp",
                "rule_number": 30003,
                "traffic_type": "ingress",
                "uuids": {
                  "389": "c378b277-6468-4fee-9abd-a8b107c459be"
                }
              },
              {
                "action": "allow",
                "cidr_list": [
                  "0.0.0.0/0"
                ],
                "description": "IPA ldaps: allow ingress",
                "icmp_code": 0,
                "icmp_type": 0,
                "port": "636",
                "ports": [],
                "protocol": "tcp",
                "rule_number": 30004,
                "traffic_type": "ingress",
                "uuids": {
                  "636": "8c87df6a-c206-4e0a-be04-db909ed63038"
                }
              },
              {
                "action": "allow",
                "cidr_list": [
                  "0.0.0.0/0"
                ],
                "description": "kerberos udp: allow ingress",
                "icmp_code": 0,
                "icmp_type": 0,
                "port": "88",
                "ports": [],
                "protocol": "udp",
                "rule_number": 30005,
                "traffic_type": "ingress",
                "uuids": {
                  "88": "8fb406a3-c1b2-4e72-ac10-f4f454d43535"
                }
              },
              {
                "action": "allow",
                "cidr_list": [
                  "0.0.0.0/0"
                ],
                "description": "kpasswd udp: allow ingress",
                "icmp_code": 0,
                "icmp_type": 0,
                "port": "464",
                "ports": [],
                "protocol": "udp",
                "rule_number": 30006,
                "traffic_type": "ingress",
                "uuids": {
                  "464": "f5ec780b-d35f-4178-82da-0c669c3dda44"
                }
              },
              {
                "action": "allow",
                "cidr_list": [
                  "0.0.0.0/0"
                ],
                "description": "kerberos tcp: allow ingress",
                "icmp_code": 0,
                "icmp_type": 0,
                "port": "88",
                "ports": [],
                "protocol": "tcp",
                "rule_number": 30007,
                "traffic_type": "ingress",
                "uuids": {
                  "88": "68aa1436-0fe6-4742-b1e3-7c738760bc54"
                }
              },
              {
                "action": "allow",
                "cidr_list": [
                  "0.0.0.0/0"
                ],
                "description": "kpasswd tcp: allow ingress",
                "icmp_code": 0,
                "icmp_type": 0,
                "port": "464",
                "ports": [],
                "protocol": "tcp",
                "rule_number": 30008,
                "traffic_type": "ingress",
                "uuids": {
                  "464": "800ff347-d250-4cb6-b35f-1bb20b9cc5a9"
                }
              },
              {
                "action": "allow",
                "cidr_list": [
                  "10.252.5.11/24"
                ],
                "description": "proxy secureproxy: allow egress",
                "icmp_code": 0,
                "icmp_type": 0,
                "port": "8080",
                "ports": [],
                "protocol": "tcp",
                "rule_number": 1501,
                "traffic_type": "egress",
                "uuids": {
                  "8080": "825b1123-7860-4d25-b155-e17e6eb87c87"
                }
              },
              {
                "action": "allow",
                "cidr_list": [
                  "10.252.6.0/24"
                ],
                "description": "ldap: allow egress",
                "icmp_code": 0,
                "icmp_type": 0,
                "port": "389",
                "ports": [],
                "protocol": "tcp",
                "rule_number": 1601,
                "traffic_type": "egress",
                "uuids": {
                  "389": "72ed1237-c04e-483d-9faf-c7fcc70f323d"
                }
              },
              {
                "action": "allow",
                "cidr_list": [
                  "10.252.6.0/24"
                ],
                "description": "ldaps: allow egress",
                "icmp_code": 0,
                "icmp_type": 0,
                "port": "636",
                "ports": [],
                "protocol": "tcp",
                "rule_number": 1602,
                "traffic_type": "egress",
                "uuids": {
                  "636": "28ff7f30-72ef-4aad-9a53-4d5ed5e87f29"
                }
              }
            ]
          },
          "sensitive_attributes": [],
          "identity_schema_version": 0,
          "private": "bnVsbA==",
          "dependencies": [
            "cloudstack_network_acl.ipa",
            "cloudstack_vpc.infra_vpc"
          ]
        }
      ]
    },
    {
      "module": "module.network_acl_ldapproxy",
      "mode": "managed",
      "type": "cloudstack_network_acl_rule",
      "name": "this",
      "provider": "provider[\"registry.terraform.io/cloudstack/cloudstack\"]",
      "instances": [
        {
          "schema_version": 0,
          "attributes": {
            "acl_id": "a8b53813-4741-4ae0-a0b9-188ac61e5f10",
            "id": "a8b53813-4741-4ae0-a0b9-188ac61e5f10",
            "managed": true,
            "parallelism": 2,
            "project": null,
            "rule": [
              {
                "action": "allow",
                "cidr_list": [
                  "10.252.1.0/24"
                ],
                "description": "dns:tcp: allow egress",
                "icmp_code": 0,
                "icmp_type": 0,
                "port": "53",
                "ports": [],
                "protocol": "tcp",
                "rule_number": 1101,
                "traffic_type": "egress",
                "uuids": {
                  "53": "7d08ec63-dc22-48a3-9747-3c3836e20330"
                }
              },
              {
                "action": "allow",
                "cidr_list": [
                  "10.252.1.0/24"
                ],
                "description": "dns:udp: allow egress",
                "icmp_code": 0,
                "icmp_type": 0,
                "port": "53",
                "ports": [],
                "protocol": "udp",
                "rule_number": 1102,
                "traffic_type": "egress",
                "uuids": {
                  "53": "c6e1d415-ec9f-4f48-b1fa-a3b74aee5c55"
                }
              },
              {
                "action": "allow",
                "cidr_list": [
                  "10.252.3.0/24"
                ],
                "description": "IPA http: allow egress",
                "icmp_code": 0,
                "icmp_type": 0,
                "port": "80",
                "ports": [],
                "protocol": "tcp",
                "rule_number": 1301,
                "traffic_type": "egress",
                "uuids": {
                  "80": "92988e09-f7f9-473d-bca8-f2339d71ee3c"
                }
              },
              {
                "action": "allow",
                "cidr_list": [
                  "10.252.3.0/24"
                ],
                "description": "IPA https: allow egress",
                "icmp_code": 0,
                "icmp_type": 0,
                "port": "443",
                "ports": [],
                "protocol": "tcp",
                "rule_number": 1302,
                "traffic_type": "egress",
                "uuids": {
                  "443": "0b0cbe7c-7a1d-48b1-952d-d43aa895dee5"
                }
              },
              {
                "action": "allow",
                "cidr_list": [
                  "10.252.3.0/24"
                ],
                "description": "IPA ldap: allow egress",
                "icmp_code": 0,
                "icmp_type": 0,
                "port": "389",
                "ports": [],
                "protocol": "tcp",
                "rule_number": 1303,
                "traffic_type": "egress",
                "uuids": {
                  "389": "ddc773b7-c61a-4bb4-82fe-ae65295cb483"
                }
              },
              {
                "action": "allow",
                "cidr_list": [
                  "10.252.3.0/24"
                ],
                "description": "IPA ldaps: allow egress",
                "icmp_code": 0,
                "icmp_type": 0,
                "port": "636",
                "ports": [],
                "protocol": "tcp",
                "rule_number": 1304,
                "traffic_type": "egress",
                "uuids": {
                  "636": "07438d7d-446f-47d4-a66e-e91ebf580482"
                }
              },
              {
                "action": "allow",
                "cidr_list": [
                  "10.252.3.0/24"
                ],
                "description": "kerberos udp: allow egress",
                "icmp_code": 0,
                "icmp_type": 0,
                "port": "88",
                "ports": [],
                "protocol": "udp",
                "rule_number": 1305,
                "traffic_type": "egress",
                "uuids": {
                  "88": "fd83f088-f60e-439e-9463-7b2c4204f0fe"
                }
              },
              {
                "action": "allow",
                "cidr_list": [
                  "10.252.3.0/24"
                ],
                "description": "kpasswd udp: allow egress",
                "icmp_code": 0,
                "icmp_type": 0,
                "port": "464",
                "ports": [],
                "protocol": "udp",
                "rule_number": 1306,
                "traffic_type": "egress",
                "uuids": {
                  "464": "23522157-91c8-402c-8615-fbada8e3f0ba"
                }
              },
              {
                "action": "allow",
                "cidr_list": [
                  "10.252.3.0/24"
                ],
                "description": "kerberos tcp: allow egress",
                "icmp_code": 0,
                "icmp_type": 0,
                "port": "88",
                "ports": [],
                "protocol": "tcp",
                "rule_number": 1307,
                "traffic_type": "egress",
                "uuids": {
                  "88": "caab8b1c-6212-4ffe-a9c2-f0d66b235bd0"
                }
              },
              {
                "action": "allow",
                "cidr_list": [
                  "10.252.3.0/24"
                ],
                "description": "kpasswd tcp: allow egress",
                "icmp_code": 0,
                "icmp_type": 0,
                "port": "464",
                "ports": [],
                "protocol": "tcp",
                "rule_number": 1308,
                "traffic_type": "egress",
                "uuids": {
                  "464": "0aa1aa4a-fb17-488e-ac9b-3c30aad92993"
                }
              },
              {
                "action": "allow",
                "cidr_list": [
                  "10.252.0.0/24"
                ],
                "description": "allow bastion connection to network: allow ingress",
                "icmp_code": 0,
                "icmp_type": 0,
                "port": "22",
                "ports": [],
                "protocol": "tcp",
                "rule_number": 1001,
                "traffic_type": "ingress",
                "uuids": {
                  "22": "64127f86-baab-43f5-8dd2-8fe5d6623874"
                }
              },
              {
                "action": "allow",
                "cidr_list": [
                  "10.252.2.0/24"
                ],
                "description": "http mirror: allow egress",
                "icmp_code": 0,
                "icmp_type": 0,
                "port": "80",
                "ports": [],
                "protocol": "tcp",
                "rule_number": 1201,
                "traffic_type": "egress",
                "uuids": {
                  "80": "74555210-52cd-48a6-bd79-491ece04b0b3"
                }
              },
              {
                "action": "allow",
                "cidr_list": [
                  "10.252.2.0/24"
                ],
                "description": "http and https mirror: allow egress",
                "icmp_code": 0,
                "icmp_type": 0,
                "port": "443",
                "ports": [],
                "protocol": "tcp",
                "rule_number": 1202,
                "traffic_type": "egress",
                "uuids": {
                  "443": "c5f700f7-dfbb-42c9-b2bd-dc9f5969e521"
                }
              },
              {
                "action": "allow",
                "cidr_list": [
                  "10.252.4.0/24"
                ],
                "description": "ntp: allow egress",
                "icmp_code": 0,
                "icmp_type": 0,
                "port": "123",
                "ports": [],
                "protocol": "udp",
                "rule_number": 1401,
                "traffic_type": "egress",
                "uuids": {
                  "123": "ea20ddb3-5887-4d15-8d13-d27dc3b0d1b6"
                }
              },
              {
                "action": "deny",
                "cidr_list": [
                  "0.0.0.0/0"
                ],
                "description": "deny egress by default: deny egress",
                "icmp_code": 0,
                "icmp_type": 0,
                "port": "",
                "ports": [],
                "protocol": "all",
                "rule_number": 65501,
                "traffic_type": "egress",
                "uuids": {
                  "all": "f02dad64-b860-427f-9a92-044ec8926c53"
                }
              },
              {
                "action": "allow",
                "cidr_list": [
                  "10.252.5.11/24"
                ],
                "description": "proxy secureproxy: allow egress",
                "icmp_code": 0,
                "icmp_type": 0,
                "port": "8080",
                "ports": [],
                "protocol": "tcp",
                "rule_number": 1501,
                "traffic_type": "egress",
                "uuids": {
                  "8080": "b0786122-abbc-466b-b913-9c0fa36add86"
                }
              },
              {
                "action": "allow",
                "cidr_list": [
                  "0.0.0.0/0"
                ],
                "description": "ldap: allow ingress",
                "icmp_code": 0,
                "icmp_type": 0,
                "port": "389",
                "ports": [],
                "protocol": "tcp",
                "rule_number": 30001,
                "traffic_type": "ingress",
                "uuids": {
                  "389": "574737bd-7c03-4ae9-93fe-3cd399f0062d"
                }
              },
              {
                "action": "allow",
                "cidr_list": [
                  "0.0.0.0/0"
                ],
                "description": "ldaps: allow ingress",
                "icmp_code": 0,
                "icmp_type": 0,
                "port": "636",
                "ports": [],
                "protocol": "tcp",
                "rule_number": 30002,
                "traffic_type": "ingress",
                "uuids": {
                  "636": "0b2a80e5-c591-49b5-bbef-7d42af3b189e"
                }
              },
              {
                "action": "allow",
                "cidr_list": [
                  "0.0.0.0/0"
                ],
                "description": "ldap: allow egress",
                "icmp_code": 0,
                "icmp_type": 0,
                "port": "389",
                "ports": [],
                "protocol": "tcp",
                "rule_number": 30003,
                "traffic_type": "egress",
                "uuids": {
                  "389": "6e604c22-a917-44ad-999c-8b824b30990e"
                }
              },
              {
                "action": "allow",
                "cidr_list": [
                  "0.0.0.0/0"
                ],
                "description": "ldaps: allow egress",
                "icmp_code": 0,
                "icmp_type": 0,
                "port": "636",
                "ports": [],
                "protocol": "tcp",
                "rule_number": 30004,
                "traffic_type": "egress",
                "uuids": {
                  "636": "8279f5eb-7f1e-459e-9e2e-802106a19934"
                }
              }
            ]
          },
          "sensitive_attributes": [],
          "identity_schema_version": 0,
          "private": "bnVsbA==",
          "dependencies": [
            "cloudstack_network_acl.ldapproxy",
            "cloudstack_vpc.infra_vpc"
          ]
        }
      ]
    },
    {
      "module": "module.network_acl_mirror",
      "mode": "managed",
      "type": "cloudstack_network_acl_rule",
      "name": "this",
      "provider": "provider[\"registry.terraform.io/cloudstack/cloudstack\"]",
      "instances": [
        {
          "schema_version": 0,
          "attributes": {
            "acl_id": "14db294d-3ca0-45e9-8f1c-a16ddbb008f5",
            "id": "14db294d-3ca0-45e9-8f1c-a16ddbb008f5",
            "managed": true,
            "parallelism": 2,
            "project": null,
            "rule": [
              {
                "action": "allow",
                "cidr_list": [
                  "10.252.1.0/24"
                ],
                "description": "dns:tcp: allow egress",
                "icmp_code": 0,
                "icmp_type": 0,
                "port": "53",
                "ports": [],
                "protocol": "tcp",
                "rule_number": 1101,
                "traffic_type": "egress",
                "uuids": {
                  "53": "5cfd9d4d-6ebd-4365-8ca2-0a705b65e80f"
                }
              },
              {
                "action": "allow",
                "cidr_list": [
                  "10.252.1.0/24"
                ],
                "description": "dns:udp: allow egress",
                "icmp_code": 0,
                "icmp_type": 0,
                "port": "53",
                "ports": [],
                "protocol": "udp",
                "rule_number": 1102,
                "traffic_type": "egress",
                "uuids": {
                  "53": "ea8297ba-1814-4649-a0a3-cc58670328e0"
                }
              },
              {
                "action": "allow",
                "cidr_list": [
                  "10.252.3.0/24"
                ],
                "description": "IPA http: allow egress",
                "icmp_code": 0,
                "icmp_type": 0,
                "port": "80",
                "ports": [],
                "protocol": "tcp",
                "rule_number": 1301,
                "traffic_type": "egress",
                "uuids": {
                  "80": "4296a2b8-0318-4144-b623-b22cb185e015"
                }
              },
              {
                "action": "allow",
                "cidr_list": [
                  "10.252.3.0/24"
                ],
                "description": "IPA https: allow egress",
                "icmp_code": 0,
                "icmp_type": 0,
                "port": "443",
                "ports": [],
                "protocol": "tcp",
                "rule_number": 1302,
                "traffic_type": "egress",
                "uuids": {
                  "443": "23cc1f91-f07e-460d-b688-6c2d3a8b30e5"
                }
              },
              {
                "action": "allow",
                "cidr_list": [
                  "10.252.3.0/24"
                ],
                "description": "IPA ldap: allow egress",
                "icmp_code": 0,
                "icmp_type": 0,
                "port": "389",
                "ports": [],
                "protocol": "tcp",
                "rule_number": 1303,
                "traffic_type": "egress",
                "uuids": {
                  "389": "fd1fe531-22df-4423-af1a-32be73926a21"
                }
              },
              {
                "action": "allow",
                "cidr_list": [
                  "10.252.3.0/24"
                ],
                "description": "IPA ldaps: allow egress",
                "icmp_code": 0,
                "icmp_type": 0,
                "port": "636",
                "ports": [],
                "protocol": "tcp",
                "rule_number": 1304,
                "traffic_type": "egress",
                "uuids": {
                  "636": "c946e70d-9790-445e-a6b5-35420a3eda4b"
                }
              },
              {
                "action": "allow",
                "cidr_list": [
                  "10.252.3.0/24"
                ],
                "description": "kerberos udp: allow egress",
                "icmp_code": 0,
                "icmp_type": 0,
                "port": "88",
                "ports": [],
                "protocol": "udp",
                "rule_number": 1305,
                "traffic_type": "egress",
                "uuids": {
                  "88": "99d032c2-ecd8-48db-9494-8eeebdba8760"
                }
              },
              {
                "action": "allow",
                "cidr_list": [
                  "10.252.3.0/24"
                ],
                "description": "kpasswd udp: allow egress",
                "icmp_code": 0,
                "icmp_type": 0,
                "port": "464",
                "ports": [],
                "protocol": "udp",
                "rule_number": 1306,
                "traffic_type": "egress",
                "uuids": {
                  "464": "6a5b36bc-ccae-445a-83e4-044a05b66629"
                }
              },
              {
                "action": "allow",
                "cidr_list": [
                  "10.252.3.0/24"
                ],
                "description": "kerberos tcp: allow egress",
                "icmp_code": 0,
                "icmp_type": 0,
                "port": "88",
                "ports": [],
                "protocol": "tcp",
                "rule_number": 1307,
                "traffic_type": "egress",
                "uuids": {
                  "88": "441c8f62-5bad-47a3-be61-e318f625bc2c"
                }
              },
              {
                "action": "allow",
                "cidr_list": [
                  "10.252.3.0/24"
                ],
                "description": "kpasswd tcp: allow egress",
                "icmp_code": 0,
                "icmp_type": 0,
                "port": "464",
                "ports": [],
                "protocol": "tcp",
                "rule_number": 1308,
                "traffic_type": "egress",
                "uuids": {
                  "464": "d17ae67f-8521-4511-94ee-ea3553b15355"
                }
              },
              {
                "action": "allow",
                "cidr_list": [
                  "10.252.0.0/24"
                ],
                "description": "allow bastion connection to network: allow ingress",
                "icmp_code": 0,
                "icmp_type": 0,
                "port": "22",
                "ports": [],
                "protocol": "tcp",
                "rule_number": 1001,
                "traffic_type": "ingress",
                "uuids": {
                  "22": "5b2a69d3-6b4d-4194-87d5-62c017ef467d"
                }
              },
              {
                "action": "allow",
                "cidr_list": [
                  "10.252.2.0/24"
                ],
                "description": "http mirror: allow egress",
                "icmp_code": 0,
                "icmp_type": 0,
                "port": "80",
                "ports": [],
                "protocol": "tcp",
                "rule_number": 1201,
                "traffic_type": "egress",
                "uuids": {
                  "80": "11fdbfdd-d8f3-4756-8eb4-b5a0e7857864"
                }
              },
              {
                "action": "allow",
                "cidr_list": [
                  "10.252.2.0/24"
                ],
                "description": "http and https mirror: allow egress",
                "icmp_code": 0,
                "icmp_type": 0,
                "port": "443",
                "ports": [],
                "protocol": "tcp",
                "rule_number": 1202,
                "traffic_type": "egress",
                "uuids": {
                  "443": "b19d9ed0-69eb-41f7-b610-1dcdb92fc6f6"
                }
              },
              {
                "action": "allow",
                "cidr_list": [
                  "10.252.4.0/24"
                ],
                "description": "ntp: allow egress",
                "icmp_code": 0,
                "icmp_type": 0,
                "port": "123",
                "ports": [],
                "protocol": "udp",
                "rule_number": 1401,
                "traffic_type": "egress",
                "uuids": {
                  "123": "22ac646b-a382-4495-9baa-85a87fcc8c14"
                }
              },
              {
                "action": "deny",
                "cidr_list": [
                  "0.0.0.0/0"
                ],
                "description": "deny egress by default: deny egress",
                "icmp_code": 0,
                "icmp_type": 0,
                "port": "",
                "ports": [],
                "protocol": "all",
                "rule_number": 65501,
                "traffic_type": "egress",
                "uuids": {
                  "all": "4a89d8f2-c473-4326-bcbf-7890d1f9b0d8"
                }
              },
              {
                "action": "allow",
                "cidr_list": [
                  "10.252.5.11/24"
                ],
                "description": "proxy secureproxy: allow egress",
                "icmp_code": 0,
                "icmp_type": 0,
                "port": "8080",
                "ports": [],
                "protocol": "tcp",
                "rule_number": 1501,
                "traffic_type": "egress",
                "uuids": {
                  "8080": "d03eece4-17b8-4ce2-955e-cadad51a150d"
                }
              },
              {
                "action": "allow",
                "cidr_list": [
                  "0.0.0.0/0"
                ],
                "description": "http mirror: allow ingress",
                "icmp_code": 0,
                "icmp_type": 0,
                "port": "80",
                "ports": [],
                "protocol": "tcp",
                "rule_number": 30001,
                "traffic_type": "ingress",
                "uuids": {
                  "80": "46b85888-875d-4bf6-a818-62c280dee3b1"
                }
              },
              {
                "action": "allow",
                "cidr_list": [
                  "0.0.0.0/0"
                ],
                "description": "https mirror: allow ingress",
                "icmp_code": 0,
                "icmp_type": 0,
                "port": "443",
                "ports": [],
                "protocol": "tcp",
                "rule_number": 30002,
                "traffic_type": "ingress",
                "uuids": {
                  "443": "6ac9de8e-74bf-4197-872e-6f44fc1b1804"
                }
              },
              {
                "action": "allow",
                "cidr_list": [
                  "0.0.0.0/0"
                ],
                "description": "http: allow egress",
                "icmp_code": 0,
                "icmp_type": 0,
                "port": "80",
                "ports": [],
                "protocol": "tcp",
                "rule_number": 30003,
                "traffic_type": "egress",
                "uuids": {
                  "80": "cd591cec-94e6-45fa-9978-95207cd4002d"
                }
              },
              {
                "action": "allow",
                "cidr_list": [
                  "0.0.0.0/0"
                ],
                "description": "https: allow egress",
                "icmp_code": 0,
                "icmp_type": 0,
                "port": "443",
                "ports": [],
                "protocol": "tcp",
                "rule_number": 30004,
                "traffic_type": "egress",
                "uuids": {
                  "443": "b970e724-cbb7-41e9-8666-9e76b15104d9"
                }
              },
              {
                "action": "allow",
                "cidr_list": [
                  "0.0.0.0/0"
                ],
                "description": "rsync: allow egress",
                "icmp_code": 0,
                "icmp_type": 0,
                "port": "873",
                "ports": [],
                "protocol": "tcp",
                "rule_number": 30005,
                "traffic_type": "egress",
                "uuids": {
                  "873": "509ceee2-e7d7-4ddb-ba7c-d23413f2a8b9"
                }
              }
            ]
          },
          "sensitive_attributes": [],
          "identity_schema_version": 0,
          "private": "bnVsbA==",
          "dependencies": [
            "cloudstack_network_acl.mirror",
            "cloudstack_vpc.infra_vpc"
          ]
        }
      ]
    },
    {
      "module": "module.network_acl_nfs",
      "mode": "managed",
      "type": "cloudstack_network_acl_rule",
      "name": "this",
      "provider": "provider[\"registry.terraform.io/cloudstack/cloudstack\"]",
      "instances": [
        {
          "schema_version": 0,
          "attributes": {
            "acl_id": "dede0d6c-b348-4967-8e52-19b91ef10e8e",
            "id": "dede0d6c-b348-4967-8e52-19b91ef10e8e",
            "managed": true,
            "parallelism": 2,
            "project": null,
            "rule": [
              {
                "action": "allow",
                "cidr_list": [
                  "10.252.1.0/24"
                ],
                "description": "dns:tcp: allow egress",
                "icmp_code": 0,
                "icmp_type": 0,
                "port": "53",
                "ports": [],
                "protocol": "tcp",
                "rule_number": 1101,
                "traffic_type": "egress",
                "uuids": {
                  "53": "4c253bef-0ded-45f0-8979-89ac18ff6f24"
                }
              },
              {
                "action": "allow",
                "cidr_list": [
                  "10.252.1.0/24"
                ],
                "description": "dns:udp: allow egress",
                "icmp_code": 0,
                "icmp_type": 0,
                "port": "53",
                "ports": [],
                "protocol": "udp",
                "rule_number": 1102,
                "traffic_type": "egress",
                "uuids": {
                  "53": "772ff606-2013-4dc7-bdde-49c4f416486d"
                }
              },
              {
                "action": "allow",
                "cidr_list": [
                  "10.252.3.0/24"
                ],
                "description": "IPA http: allow egress",
                "icmp_code": 0,
                "icmp_type": 0,
                "port": "80",
                "ports": [],
                "protocol": "tcp",
                "rule_number": 1301,
                "traffic_type": "egress",
                "uuids": {
                  "80": "f4ac2482-680e-4838-9271-383e098c58d1"
                }
              },
              {
                "action": "allow",
                "cidr_list": [
                  "10.252.3.0/24"
                ],
                "description": "IPA https: allow egress",
                "icmp_code": 0,
                "icmp_type": 0,
                "port": "443",
                "ports": [],
                "protocol": "tcp",
                "rule_number": 1302,
                "traffic_type": "egress",
                "uuids": {
                  "443": "e4a15300-b440-4c0d-914a-5c04ca1c6ee6"
                }
              },
              {
                "action": "allow",
                "cidr_list": [
                  "10.252.3.0/24"
                ],
                "description": "IPA ldap: allow egress",
                "icmp_code": 0,
                "icmp_type": 0,
                "port": "389",
                "ports": [],
                "protocol": "tcp",
                "rule_number": 1303,
                "traffic_type": "egress",
                "uuids": {
                  "389": "e024937c-b175-4051-9588-6ec87f798e97"
                }
              },
              {
                "action": "allow",
                "cidr_list": [
                  "10.252.3.0/24"
                ],
                "description": "IPA ldaps: allow egress",
                "icmp_code": 0,
                "icmp_type": 0,
                "port": "636",
                "ports": [],
                "protocol": "tcp",
                "rule_number": 1304,
                "traffic_type": "egress",
                "uuids": {
                  "636": "4c8c0c89-3dd4-45f8-96f9-7bf6de2b27e8"
                }
              },
              {
                "action": "allow",
                "cidr_list": [
                  "10.252.3.0/24"
                ],
                "description": "kerberos udp: allow egress",
                "icmp_code": 0,
                "icmp_type": 0,
                "port": "88",
                "ports": [],
                "protocol": "udp",
                "rule_number": 1305,
                "traffic_type": "egress",
                "uuids": {
                  "88": "208ee346-e9b0-4bd9-bffa-97f2b360f1de"
                }
              },
              {
                "action": "allow",
                "cidr_list": [
                  "10.252.3.0/24"
                ],
                "description": "kpasswd udp: allow egress",
                "icmp_code": 0,
                "icmp_type": 0,
                "port": "464",
                "ports": [],
                "protocol": "udp",
                "rule_number": 1306,
                "traffic_type": "egress",
                "uuids": {
                  "464": "87872b1f-e6f8-4383-a6d4-c74c605ea7ef"
                }
              },
              {
                "action": "allow",
                "cidr_list": [
                  "10.252.3.0/24"
                ],
                "description": "kerberos tcp: allow egress",
                "icmp_code": 0,
                "icmp_type": 0,
                "port": "88",
                "ports": [],
                "protocol": "tcp",
                "rule_number": 1307,
                "traffic_type": "egress",
                "uuids": {
                  "88": "e95d8d39-7c03-47b7-8eca-34f495c5d31c"
                }
              },
              {
                "action": "allow",
                "cidr_list": [
                  "10.252.3.0/24"
                ],
                "description": "kpasswd tcp: allow egress",
                "icmp_code": 0,
                "icmp_type": 0,
                "port": "464",
                "ports": [],
                "protocol": "tcp",
                "rule_number": 1308,
                "traffic_type": "egress",
                "uuids": {
                  "464": "ebede972-8205-4631-bf06-3379c43f580f"
                }
              },
              {
                "action": "allow",
                "cidr_list": [
                  "10.252.0.0/24"
                ],
                "description": "allow bastion connection to network: allow ingress",
                "icmp_code": 0,
                "icmp_type": 0,
                "port": "22",
                "ports": [],
                "protocol": "tcp",
                "rule_number": 1001,
                "traffic_type": "ingress",
                "uuids": {
                  "22": "bebec977-3f55-40be-b2af-0f0af57890cd"
                }
              },
              {
                "action": "allow",
                "cidr_list": [
                  "10.252.2.0/24"
                ],
                "description": "http mirror: allow egress",
                "icmp_code": 0,
                "icmp_type": 0,
                "port": "80",
                "ports": [],
                "protocol": "tcp",
                "rule_number": 1201,
                "traffic_type": "egress",
                "uuids": {
                  "80": "499f86d0-90cd-45ef-aaf9-b5108883acb9"
                }
              },
              {
                "action": "allow",
                "cidr_list": [
                  "10.252.2.0/24"
                ],
                "description": "http and https mirror: allow egress",
                "icmp_code": 0,
                "icmp_type": 0,
                "port": "443",
                "ports": [],
                "protocol": "tcp",
                "rule_number": 1202,
                "traffic_type": "egress",
                "uuids": {
                  "443": "426cb9a2-9c10-466f-8029-32ed862e65c2"
                }
              },
              {
                "action": "allow",
                "cidr_list": [
                  "10.252.4.0/24"
                ],
                "description": "ntp: allow egress",
                "icmp_code": 0,
                "icmp_type": 0,
                "port": "123",
                "ports": [],
                "protocol": "udp",
                "rule_number": 1401,
                "traffic_type": "egress",
                "uuids": {
                  "123": "5c272fd2-60d5-47b0-8149-453fc83290c2"
                }
              },
              {
                "action": "deny",
                "cidr_list": [
                  "0.0.0.0/0"
                ],
                "description": "deny egress by default: deny egress",
                "icmp_code": 0,
                "icmp_type": 0,
                "port": "",
                "ports": [],
                "protocol": "all",
                "rule_number": 65501,
                "traffic_type": "egress",
                "uuids": {
                  "all": "d3736ee6-c520-4e7e-a976-2a88f10572ee"
                }
              },
              {
                "action": "allow",
                "cidr_list": [
                  "10.10.100.0/28"
                ],
                "description": "access ceph mon v1: allow egress",
                "icmp_code": 0,
                "icmp_type": 0,
                "port": "6789",
                "ports": [],
                "protocol": "tcp",
                "rule_number": 40001,
                "traffic_type": "egress",
                "uuids": {
                  "6789": "415c85cc-9eb4-4976-babc-ba8c99299495"
                }
              },
              {
                "action": "allow",
                "cidr_list": [
                  "10.10.100.0/28"
                ],
                "description": "access ceph mon v2: allow egress",
                "icmp_code": 0,
                "icmp_type": 0,
                "port": "3300",
                "ports": [],
                "protocol": "tcp",
                "rule_number": 40002,
                "traffic_type": "egress",
                "uuids": {
                  "3300": "8c1a489d-9473-44e9-a1f6-ba7b7be5fbff"
                }
              },
              {
                "action": "allow",
                "cidr_list": [
                  "10.10.100.0/28"
                ],
                "description": "access ceph osd and mds: allow egress",
                "icmp_code": 0,
                "icmp_type": 0,
                "port": "6800-7568",
                "ports": [],
                "protocol": "tcp",
                "rule_number": 40003,
                "traffic_type": "egress",
                "uuids": {
                  "6800-7568": "96268ab6-8154-4e7a-baf0-610371d9a3e2"
                }
              },
              {
                "action": "allow",
                "cidr_list": [
                  "0.0.0.0/0"
                ],
                "description": "nfs: allow ingress",
                "icmp_code": 0,
                "icmp_type": 0,
                "port": "2049",
                "ports": [],
                "protocol": "tcp",
                "rule_number": 30001,
                "traffic_type": "ingress",
                "uuids": {
                  "2049": "8e7a1384-bfc4-4b55-9278-38900d1d388d"
                }
              }
            ]
          },
          "sensitive_attributes": [],
          "identity_schema_version": 0,
          "private": "bnVsbA==",
          "dependencies": [
            "cloudstack_network_acl.nfs",
            "cloudstack_vpc.infra_vpc"
          ]
        }
      ]
    },
    {
      "module": "module.network_acl_ntp",
      "mode": "managed",
      "type": "cloudstack_network_acl_rule",
      "name": "this",
      "provider": "provider[\"registry.terraform.io/cloudstack/cloudstack\"]",
      "instances": [
        {
          "schema_version": 0,
          "attributes": {
            "acl_id": "f35bbb0d-bc9d-46f2-a611-d6f12cde193c",
            "id": "f35bbb0d-bc9d-46f2-a611-d6f12cde193c",
            "managed": true,
            "parallelism": 2,
            "project": null,
            "rule": [
              {
                "action": "allow",
                "cidr_list": [
                  "10.252.1.0/24"
                ],
                "description": "dns:tcp: allow egress",
                "icmp_code": 0,
                "icmp_type": 0,
                "port": "53",
                "ports": [],
                "protocol": "tcp",
                "rule_number": 1101,
                "traffic_type": "egress",
                "uuids": {
                  "53": "bf4d7f69-bd57-4c5b-8530-6b885dd3f033"
                }
              },
              {
                "action": "allow",
                "cidr_list": [
                  "10.252.1.0/24"
                ],
                "description": "dns:udp: allow egress",
                "icmp_code": 0,
                "icmp_type": 0,
                "port": "53",
                "ports": [],
                "protocol": "udp",
                "rule_number": 1102,
                "traffic_type": "egress",
                "uuids": {
                  "53": "6880e342-fdb2-4f00-b891-5de4b26463e1"
                }
              },
              {
                "action": "allow",
                "cidr_list": [
                  "10.252.3.0/24"
                ],
                "description": "IPA http: allow egress",
                "icmp_code": 0,
                "icmp_type": 0,
                "port": "80",
                "ports": [],
                "protocol": "tcp",
                "rule_number": 1301,
                "traffic_type": "egress",
                "uuids": {
                  "80": "b1fed187-d86c-4c21-8e4e-6e3fb057fc89"
                }
              },
              {
                "action": "allow",
                "cidr_list": [
                  "10.252.3.0/24"
                ],
                "description": "IPA https: allow egress",
                "icmp_code": 0,
                "icmp_type": 0,
                "port": "443",
                "ports": [],
                "protocol": "tcp",
                "rule_number": 1302,
                "traffic_type": "egress",
                "uuids": {
                  "443": "12d061d2-f8ae-4f1d-a7bb-7401839aacda"
                }
              },
              {
                "action": "allow",
                "cidr_list": [
                  "10.252.3.0/24"
                ],
                "description": "IPA ldap: allow egress",
                "icmp_code": 0,
                "icmp_type": 0,
                "port": "389",
                "ports": [],
                "protocol": "tcp",
                "rule_number": 1303,
                "traffic_type": "egress",
                "uuids": {
                  "389": "b14e3da7-d3a2-4f2c-9ff8-5c0410557655"
                }
              },
              {
                "action": "allow",
                "cidr_list": [
                  "10.252.3.0/24"
                ],
                "description": "IPA ldaps: allow egress",
                "icmp_code": 0,
                "icmp_type": 0,
                "port": "636",
                "ports": [],
                "protocol": "tcp",
                "rule_number": 1304,
                "traffic_type": "egress",
                "uuids": {
                  "636": "11953ade-95a7-4418-9610-168affb8726d"
                }
              },
              {
                "action": "allow",
                "cidr_list": [
                  "10.252.3.0/24"
                ],
                "description": "kerberos udp: allow egress",
                "icmp_code": 0,
                "icmp_type": 0,
                "port": "88",
                "ports": [],
                "protocol": "udp",
                "rule_number": 1305,
                "traffic_type": "egress",
                "uuids": {
                  "88": "0f340350-19fe-469d-b5b1-88cadfa3e86f"
                }
              },
              {
                "action": "allow",
                "cidr_list": [
                  "10.252.3.0/24"
                ],
                "description": "kpasswd udp: allow egress",
                "icmp_code": 0,
                "icmp_type": 0,
                "port": "464",
                "ports": [],
                "protocol": "udp",
                "rule_number": 1306,
                "traffic_type": "egress",
                "uuids": {
                  "464": "c86a43e7-b401-49d7-a022-437b46dadd55"
                }
              },
              {
                "action": "allow",
                "cidr_list": [
                  "10.252.3.0/24"
                ],
                "description": "kerberos tcp: allow egress",
                "icmp_code": 0,
                "icmp_type": 0,
                "port": "88",
                "ports": [],
                "protocol": "tcp",
                "rule_number": 1307,
                "traffic_type": "egress",
                "uuids": {
                  "88": "56a9851c-22e7-4f6c-b516-c57063616197"
                }
              },
              {
                "action": "allow",
                "cidr_list": [
                  "10.252.3.0/24"
                ],
                "description": "kpasswd tcp: allow egress",
                "icmp_code": 0,
                "icmp_type": 0,
                "port": "464",
                "ports": [],
                "protocol": "tcp",
                "rule_number": 1308,
                "traffic_type": "egress",
                "uuids": {
                  "464": "0fe7e1b4-4dba-418a-81ed-ee00f2c963f0"
                }
              },
              {
                "action": "allow",
                "cidr_list": [
                  "10.252.0.0/24"
                ],
                "description": "allow bastion connection to network: allow ingress",
                "icmp_code": 0,
                "icmp_type": 0,
                "port": "22",
                "ports": [],
                "protocol": "tcp",
                "rule_number": 1001,
                "traffic_type": "ingress",
                "uuids": {
                  "22": "838209cf-be52-4ccc-9ed9-d0d3f2688e9f"
                }
              },
              {
                "action": "allow",
                "cidr_list": [
                  "10.252.2.0/24"
                ],
                "description": "http mirror: allow egress",
                "icmp_code": 0,
                "icmp_type": 0,
                "port": "80",
                "ports": [],
                "protocol": "tcp",
                "rule_number": 1201,
                "traffic_type": "egress",
                "uuids": {
                  "80": "c939c6bf-ad7c-4690-8fb2-d0e4569d440f"
                }
              },
              {
                "action": "allow",
                "cidr_list": [
                  "10.252.2.0/24"
                ],
                "description": "http and https mirror: allow egress",
                "icmp_code": 0,
                "icmp_type": 0,
                "port": "443",
                "ports": [],
                "protocol": "tcp",
                "rule_number": 1202,
                "traffic_type": "egress",
                "uuids": {
                  "443": "58f618d0-b734-4848-ae9f-b75a6c46f2a4"
                }
              },
              {
                "action": "allow",
                "cidr_list": [
                  "10.252.4.0/24"
                ],
                "description": "ntp: allow egress",
                "icmp_code": 0,
                "icmp_type": 0,
                "port": "123",
                "ports": [],
                "protocol": "udp",
                "rule_number": 1401,
                "traffic_type": "egress",
                "uuids": {
                  "123": "aebadd3d-5657-4ba6-bd9a-9a8efb11633a"
                }
              },
              {
                "action": "deny",
                "cidr_list": [
                  "0.0.0.0/0"
                ],
                "description": "deny egress by default: deny egress",
                "icmp_code": 0,
                "icmp_type": 0,
                "port": "",
                "ports": [],
                "protocol": "all",
                "rule_number": 65501,
                "traffic_type": "egress",
                "uuids": {
                  "all": "fb7a1992-5c98-4a1d-882d-89da4582ee8e"
                }
              },
              {
                "action": "allow",
                "cidr_list": [
                  "0.0.0.0/0"
                ],
                "description": "ntp: allow egress",
                "icmp_code": 0,
                "icmp_type": 0,
                "port": "123",
                "ports": [],
                "protocol": "udp",
                "rule_number": 30001,
                "traffic_type": "egress",
                "uuids": {
                  "123": "72ab9c49-2f2b-48b8-a9ad-09b5a4e5a6b9"
                }
              },
              {
                "action": "allow",
                "cidr_list": [
                  "0.0.0.0/0"
                ],
                "description": "ntp: allow ingress",
                "icmp_code": 0,
                "icmp_type": 0,
                "port": "123",
                "ports": [],
                "protocol": "udp",
                "rule_number": 30002,
                "traffic_type": "ingress",
                "uuids": {
                  "123": "fbf531e4-5a2f-4910-b1a5-db59261b1d94"
                }
              }
            ]
          },
          "sensitive_attributes": [],
          "identity_schema_version": 0,
          "private": "bnVsbA==",
          "dependencies": [
            "cloudstack_network_acl.ntp",
            "cloudstack_vpc.infra_vpc"
          ]
        }
      ]
    },
    {
      "module": "module.network_acl_proxy",
      "mode": "managed",
      "type": "cloudstack_network_acl_rule",
      "name": "this",
      "provider": "provider[\"registry.terraform.io/cloudstack/cloudstack\"]",
      "instances": [
        {
          "schema_version": 0,
          "attributes": {
            "acl_id": "c40b98fc-9f65-4c42-91eb-fb7a150e1c6a",
            "id": "c40b98fc-9f65-4c42-91eb-fb7a150e1c6a",
            "managed": true,
            "parallelism": 2,
            "project": null,
            "rule": [
              {
                "action": "allow",
                "cidr_list": [
                  "10.252.1.0/24"
                ],
                "description": "dns:tcp: allow egress",
                "icmp_code": 0,
                "icmp_type": 0,
                "port": "53",
                "ports": [],
                "protocol": "tcp",
                "rule_number": 1101,
                "traffic_type": "egress",
                "uuids": {
                  "53": "6dbfcb99-e9cc-4f26-83e5-399487d0c44a"
                }
              },
              {
                "action": "allow",
                "cidr_list": [
                  "10.252.1.0/24"
                ],
                "description": "dns:udp: allow egress",
                "icmp_code": 0,
                "icmp_type": 0,
                "port": "53",
                "ports": [],
                "protocol": "udp",
                "rule_number": 1102,
                "traffic_type": "egress",
                "uuids": {
                  "53": "9652dd96-98f9-47aa-a06f-0e0470650d6c"
                }
              },
              {
                "action": "allow",
                "cidr_list": [
                  "10.252.3.0/24"
                ],
                "description": "IPA http: allow egress",
                "icmp_code": 0,
                "icmp_type": 0,
                "port": "80",
                "ports": [],
                "protocol": "tcp",
                "rule_number": 1301,
                "traffic_type": "egress",
                "uuids": {
                  "80": "a76742eb-d541-4b2f-b206-c70b28fd13e6"
                }
              },
              {
                "action": "allow",
                "cidr_list": [
                  "10.252.3.0/24"
                ],
                "description": "IPA https: allow egress",
                "icmp_code": 0,
                "icmp_type": 0,
                "port": "443",
                "ports": [],
                "protocol": "tcp",
                "rule_number": 1302,
                "traffic_type": "egress",
                "uuids": {
                  "443": "df388ba1-64dd-436e-beb2-056e35274b09"
                }
              },
              {
                "action": "allow",
                "cidr_list": [
                  "10.252.3.0/24"
                ],
                "description": "IPA ldap: allow egress",
                "icmp_code": 0,
                "icmp_type": 0,
                "port": "389",
                "ports": [],
                "protocol": "tcp",
                "rule_number": 1303,
                "traffic_type": "egress",
                "uuids": {
                  "389": "1629875b-8d86-42e6-98ab-421d564aca25"
                }
              },
              {
                "action": "allow",
                "cidr_list": [
                  "10.252.3.0/24"
                ],
                "description": "IPA ldaps: allow egress",
                "icmp_code": 0,
                "icmp_type": 0,
                "port": "636",
                "ports": [],
                "protocol": "tcp",
                "rule_number": 1304,
                "traffic_type": "egress",
                "uuids": {
                  "636": "8c7b5e41-7207-48fa-8d09-483b00235697"
                }
              },
              {
                "action": "allow",
                "cidr_list": [
                  "10.252.3.0/24"
                ],
                "description": "kerberos udp: allow egress",
                "icmp_code": 0,
                "icmp_type": 0,
                "port": "88",
                "ports": [],
                "protocol": "udp",
                "rule_number": 1305,
                "traffic_type": "egress",
                "uuids": {
                  "88": "e847a09b-3a46-4bd5-b5f2-f4107ff073ec"
                }
              },
              {
                "action": "allow",
                "cidr_list": [
                  "10.252.3.0/24"
                ],
                "description": "kpasswd udp: allow egress",
                "icmp_code": 0,
                "icmp_type": 0,
                "port": "464",
                "ports": [],
                "protocol": "udp",
                "rule_number": 1306,
                "traffic_type": "egress",
                "uuids": {
                  "464": "ade7cc4a-e25e-4731-8dc5-0c708ceff46b"
                }
              },
              {
                "action": "allow",
                "cidr_list": [
                  "10.252.3.0/24"
                ],
                "description": "kerberos tcp: allow egress",
                "icmp_code": 0,
                "icmp_type": 0,
                "port": "88",
                "ports": [],
                "protocol": "tcp",
                "rule_number": 1307,
                "traffic_type": "egress",
                "uuids": {
                  "88": "d87e232f-22ba-4afb-bc71-d3305790c1b0"
                }
              },
              {
                "action": "allow",
                "cidr_list": [
                  "10.252.3.0/24"
                ],
                "description": "kpasswd tcp: allow egress",
                "icmp_code": 0,
                "icmp_type": 0,
                "port": "464",
                "ports": [],
                "protocol": "tcp",
                "rule_number": 1308,
                "traffic_type": "egress",
                "uuids": {
                  "464": "c1abf389-b38e-4870-9383-18ad6a1eba67"
                }
              },
              {
                "action": "allow",
                "cidr_list": [
                  "10.252.0.0/24"
                ],
                "description": "allow bastion connection to network: allow ingress",
                "icmp_code": 0,
                "icmp_type": 0,
                "port": "22",
                "ports": [],
                "protocol": "tcp",
                "rule_number": 1001,
                "traffic_type": "ingress",
                "uuids": {
                  "22": "600e775f-c0e3-4d68-9fad-626f3ebc6015"
                }
              },
              {
                "action": "allow",
                "cidr_list": [
                  "10.252.2.0/24"
                ],
                "description": "http mirror: allow egress",
                "icmp_code": 0,
                "icmp_type": 0,
                "port": "80",
                "ports": [],
                "protocol": "tcp",
                "rule_number": 1201,
                "traffic_type": "egress",
                "uuids": {
                  "80": "1f75cdbf-01e3-4b7d-a3e3-633f654bcc55"
                }
              },
              {
                "action": "allow",
                "cidr_list": [
                  "10.252.2.0/24"
                ],
                "description": "http and https mirror: allow egress",
                "icmp_code": 0,
                "icmp_type": 0,
                "port": "443",
                "ports": [],
                "protocol": "tcp",
                "rule_number": 1202,
                "traffic_type": "egress",
                "uuids": {
                  "443": "ba465797-7840-404f-bb41-ecbfe26a3ea4"
                }
              },
              {
                "action": "allow",
                "cidr_list": [
                  "10.252.4.0/24"
                ],
                "description": "ntp: allow egress",
                "icmp_code": 0,
                "icmp_type": 0,
                "port": "123",
                "ports": [],
                "protocol": "udp",
                "rule_number": 1401,
                "traffic_type": "egress",
                "uuids": {
                  "123": "1707083c-acd5-4a67-9ec7-3d807402a984"
                }
              },
              {
                "action": "deny",
                "cidr_list": [
                  "0.0.0.0/0"
                ],
                "description": "deny egress by default: deny egress",
                "icmp_code": 0,
                "icmp_type": 0,
                "port": "",
                "ports": [],
                "protocol": "all",
                "rule_number": 65501,
                "traffic_type": "egress",
                "uuids": {
                  "all": "5cbdea93-a067-4802-a7bc-a3f54248efa9"
                }
              },
              {
                "action": "allow",
                "cidr_list": [
                  "0.0.0.0/0"
                ],
                "description": "Allow ingress proxy: allow ingress",
                "icmp_code": 0,
                "icmp_type": 0,
                "port": "8080",
                "ports": [],
                "protocol": "tcp",
                "rule_number": 30001,
                "traffic_type": "ingress",
                "uuids": {
                  "8080": "381de4c8-3505-4f09-bbe6-9fca76d1ba8f"
                }
              },
              {
                "action": "allow",
                "cidr_list": [
                  "0.0.0.0/0"
                ],
                "description": "Allow egress to world on 80: allow egress",
                "icmp_code": 0,
                "icmp_type": 0,
                "port": "80",
                "ports": [],
                "protocol": "tcp",
                "rule_number": 30002,
                "traffic_type": "egress",
                "uuids": {
                  "80": "d7fdb8c7-b672-421b-acb7-b4646e8e146e"
                }
              },
              {
                "action": "allow",
                "cidr_list": [
                  "0.0.0.0/0"
                ],
                "description": "Allow egress to world on 443: allow egress",
                "icmp_code": 0,
                "icmp_type": 0,
                "port": "443",
                "ports": [],
                "protocol": "tcp",
                "rule_number": 30003,
                "traffic_type": "egress",
                "uuids": {
                  "443": "d09474ee-158c-4122-8391-c7713bb02d48"
                }
              }
            ]
          },
          "sensitive_attributes": [],
          "identity_schema_version": 0,
          "private": "bnVsbA==",
          "dependencies": [
            "cloudstack_network_acl.proxy",
            "cloudstack_vpc.infra_vpc"
          ]
        }
      ]
    },
    {
      "module": "module.network_acl_su",
      "mode": "managed",
      "type": "cloudstack_network_acl_rule",
      "name": "this",
      "provider": "provider[\"registry.terraform.io/cloudstack/cloudstack\"]",
      "instances": [
        {
          "schema_version": 0,
          "attributes": {
            "acl_id": "4185ff3d-3df8-43e6-ae6c-57597ec9a177",
            "id": "4185ff3d-3df8-43e6-ae6c-57597ec9a177",
            "managed": true,
            "parallelism": 2,
            "project": null,
            "rule": [
              {
                "action": "allow",
                "cidr_list": [
                  "10.252.1.0/24"
                ],
                "description": "dns:tcp: allow egress",
                "icmp_code": 0,
                "icmp_type": 0,
                "port": "53",
                "ports": [],
                "protocol": "tcp",
                "rule_number": 1101,
                "traffic_type": "egress",
                "uuids": {
                  "53": "9e79ae6a-0946-4ddd-83da-fd5f5983caed"
                }
              },
              {
                "action": "allow",
                "cidr_list": [
                  "10.252.1.0/24"
                ],
                "description": "dns:udp: allow egress",
                "icmp_code": 0,
                "icmp_type": 0,
                "port": "53",
                "ports": [],
                "protocol": "udp",
                "rule_number": 1102,
                "traffic_type": "egress",
                "uuids": {
                  "53": "c7dbe77a-3c05-4ff4-a8e1-62f53cc86f11"
                }
              },
              {
                "action": "allow",
                "cidr_list": [
                  "10.252.3.0/24"
                ],
                "description": "IPA http: allow egress",
                "icmp_code": 0,
                "icmp_type": 0,
                "port": "80",
                "ports": [],
                "protocol": "tcp",
                "rule_number": 1301,
                "traffic_type": "egress",
                "uuids": {
                  "80": "b3eddd80-4c77-4d56-b535-b5155187f6e9"
                }
              },
              {
                "action": "allow",
                "cidr_list": [
                  "10.252.3.0/24"
                ],
                "description": "IPA https: allow egress",
                "icmp_code": 0,
                "icmp_type": 0,
                "port": "443",
                "ports": [],
                "protocol": "tcp",
                "rule_number": 1302,
                "traffic_type": "egress",
                "uuids": {
                  "443": "e265a5fc-ac73-4ff5-9171-d4589dd8164b"
                }
              },
              {
                "action": "allow",
                "cidr_list": [
                  "10.252.3.0/24"
                ],
                "description": "IPA ldap: allow egress",
                "icmp_code": 0,
                "icmp_type": 0,
                "port": "389",
                "ports": [],
                "protocol": "tcp",
                "rule_number": 1303,
                "traffic_type": "egress",
                "uuids": {
                  "389": "3c009535-c241-4ec7-a998-2f57ed74c4a0"
                }
              },
              {
                "action": "allow",
                "cidr_list": [
                  "10.252.3.0/24"
                ],
                "description": "IPA ldaps: allow egress",
                "icmp_code": 0,
                "icmp_type": 0,
                "port": "636",
                "ports": [],
                "protocol": "tcp",
                "rule_number": 1304,
                "traffic_type": "egress",
                "uuids": {
                  "636": "383eb737-b3b7-427a-960c-e7270c359160"
                }
              },
              {
                "action": "allow",
                "cidr_list": [
                  "10.252.3.0/24"
                ],
                "description": "kerberos udp: allow egress",
                "icmp_code": 0,
                "icmp_type": 0,
                "port": "88",
                "ports": [],
                "protocol": "udp",
                "rule_number": 1305,
                "traffic_type": "egress",
                "uuids": {
                  "88": "be6c54cd-4691-43c9-9004-4f555013ea00"
                }
              },
              {
                "action": "allow",
                "cidr_list": [
                  "10.252.3.0/24"
                ],
                "description": "kpasswd udp: allow egress",
                "icmp_code": 0,
                "icmp_type": 0,
                "port": "464",
                "ports": [],
                "protocol": "udp",
                "rule_number": 1306,
                "traffic_type": "egress",
                "uuids": {
                  "464": "e4e1ac99-f8ae-4d36-b1b9-de6bbd530665"
                }
              },
              {
                "action": "allow",
                "cidr_list": [
                  "10.252.3.0/24"
                ],
                "description": "kerberos tcp: allow egress",
                "icmp_code": 0,
                "icmp_type": 0,
                "port": "88",
                "ports": [],
                "protocol": "tcp",
                "rule_number": 1307,
                "traffic_type": "egress",
                "uuids": {
                  "88": "87aac606-57e7-4c96-9691-48899f4bdd70"
                }
              },
              {
                "action": "allow",
                "cidr_list": [
                  "10.252.3.0/24"
                ],
                "description": "kpasswd tcp: allow egress",
                "icmp_code": 0,
                "icmp_type": 0,
                "port": "464",
                "ports": [],
                "protocol": "tcp",
                "rule_number": 1308,
                "traffic_type": "egress",
                "uuids": {
                  "464": "b2ec53dd-d4bf-47cd-92b7-28c2e4375bff"
                }
              },
              {
                "action": "allow",
                "cidr_list": [
                  "10.252.0.0/24"
                ],
                "description": "allow bastion connection to network: allow ingress",
                "icmp_code": 0,
                "icmp_type": 0,
                "port": "22",
                "ports": [],
                "protocol": "tcp",
                "rule_number": 1001,
                "traffic_type": "ingress",
                "uuids": {
                  "22": "e93f594e-350d-48a6-9f23-765e21536390"
                }
              },
              {
                "action": "allow",
                "cidr_list": [
                  "10.252.2.0/24"
                ],
                "description": "http mirror: allow egress",
                "icmp_code": 0,
                "icmp_type": 0,
                "port": "80",
                "ports": [],
                "protocol": "tcp",
                "rule_number": 1201,
                "traffic_type": "egress",
                "uuids": {
                  "80": "30c6d21c-8b57-442c-9b07-46cc578387b2"
                }
              },
              {
                "action": "allow",
                "cidr_list": [
                  "10.252.2.0/24"
                ],
                "description": "http and https mirror: allow egress",
                "icmp_code": 0,
                "icmp_type": 0,
                "port": "443",
                "ports": [],
                "protocol": "tcp",
                "rule_number": 1202,
                "traffic_type": "egress",
                "uuids": {
                  "443": "e1165b73-dcf1-410c-ac88-0f4aa491f9e9"
                }
              },
              {
                "action": "allow",
                "cidr_list": [
                  "10.252.4.0/24"
                ],
                "description": "ntp: allow egress",
                "icmp_code": 0,
                "icmp_type": 0,
                "port": "123",
                "ports": [],
                "protocol": "udp",
                "rule_number": 1401,
                "traffic_type": "egress",
                "uuids": {
                  "123": "2e8a6374-d32c-4cf8-8239-06ccb89ce683"
                }
              },
              {
                "action": "deny",
                "cidr_list": [
                  "0.0.0.0/0"
                ],
                "description": "deny egress by default: deny egress",
                "icmp_code": 0,
                "icmp_type": 0,
                "port": "",
                "ports": [],
                "protocol": "all",
                "rule_number": 65501,
                "traffic_type": "egress",
                "uuids": {
                  "all": "ed17f832-094d-4240-8ff8-dac809e9c770"
                }
              },
              {
                "action": "deny",
                "cidr_list": [
                  "10.252.0.0/16"
                ],
                "description": "disallow VPC subnets from SSHing into bastion: deny ingress",
                "icmp_code": 0,
                "icmp_type": 0,
                "port": "22",
                "ports": [],
                "protocol": "tcp",
                "rule_number": 30001,
                "traffic_type": "ingress",
                "uuids": {
                  "22": "24687afd-cc17-41a2-aedf-891bbf8ddc77"
                }
              },
              {
                "action": "allow",
                "cidr_list": [
                  "0.0.0.0/0"
                ],
                "description": "allow public networks to SSH into bastion: allow ingress",
                "icmp_code": 0,
                "icmp_type": 0,
                "port": "22",
                "ports": [],
                "protocol": "tcp",
                "rule_number": 30002,
                "traffic_type": "ingress",
                "uuids": {
                  "22": "9be2641c-0945-4c4d-928d-a9a257089fec"
                }
              },
              {
                "action": "allow",
                "cidr_list": [
                  "10.252.0.0/16"
                ],
                "description": "allow bastion connection to network: allow egress",
                "icmp_code": 0,
                "icmp_type": 0,
                "port": "22",
                "ports": [],
                "protocol": "tcp",
                "rule_number": 30003,
                "traffic_type": "egress",
                "uuids": {
                  "22": "3de3090f-b0f6-4e1f-b9a3-5ae8f3fc974d"
                }
              }
            ]
          },
          "sensitive_attributes": [],
          "identity_schema_version": 0,
          "private": "bnVsbA==",
          "dependencies": [
            "cloudstack_network_acl.su",
            "cloudstack_vpc.infra_vpc"
          ]
        }
      ]
    }
  ],
  "check_results": null
}
