{
  "version": 4,
  "terraform_version": "1.14.6",
  "serial": 87,
  "lineage": "c07d30c9-af42-f978-07b1-90c1c9f2a5c0",
  "outputs": {},
  "resources": [
    {
      "mode": "managed",
      "type": "cloudstack_affinity_group",
      "name": "dns",
      "provider": "provider[\"local/cloudstack/cloudstack\"]",
      "instances": [
        {
          "schema_version": 0,
          "attributes": {
            "description": "dns",
            "id": "7f1dfe04-1b68-4822-adfb-8f38a6e4893e",
            "name": "dns",
            "project": "infra",
            "type": "non-strict host anti-affinity"
          },
          "sensitive_attributes": [],
          "identity_schema_version": 0,
          "private": "bnVsbA=="
        }
      ]
    },
    {
      "mode": "managed",
      "type": "cloudstack_affinity_group",
      "name": "ipa",
      "provider": "provider[\"local/cloudstack/cloudstack\"]",
      "instances": [
        {
          "schema_version": 0,
          "attributes": {
            "description": "ipa",
            "id": "a3d18a74-56b8-4f5f-9625-87d40950e773",
            "name": "ipa",
            "project": "infra",
            "type": "non-strict host anti-affinity"
          },
          "sensitive_attributes": [],
          "identity_schema_version": 0,
          "private": "bnVsbA=="
        }
      ]
    },
    {
      "mode": "managed",
      "type": "cloudstack_affinity_group",
      "name": "nfs",
      "provider": "provider[\"local/cloudstack/cloudstack\"]",
      "instances": [
        {
          "schema_version": 0,
          "attributes": {
            "description": "nfs",
            "id": "f45d8ff1-1ead-4110-a556-1de512961b3b",
            "name": "nfs",
            "project": "infra",
            "type": "non-strict host anti-affinity"
          },
          "sensitive_attributes": [],
          "identity_schema_version": 0,
          "private": "bnVsbA=="
        }
      ]
    },
    {
      "mode": "managed",
      "type": "cloudstack_affinity_group",
      "name": "ntp",
      "provider": "provider[\"local/cloudstack/cloudstack\"]",
      "instances": [
        {
          "schema_version": 0,
          "attributes": {
            "description": "ntp",
            "id": "e3339745-bbc0-4754-8238-ae2040fa6214",
            "name": "ntp",
            "project": "infra",
            "type": "non-strict host anti-affinity"
          },
          "sensitive_attributes": [],
          "identity_schema_version": 0,
          "private": "bnVsbA=="
        }
      ]
    },
    {
      "mode": "managed",
      "type": "cloudstack_disk",
      "name": "mirror_data_disk",
      "provider": "provider[\"local/cloudstack/cloudstack\"]",
      "instances": [
        {
          "schema_version": 0,
          "attributes": {
            "attach": true,
            "device_id": 1,
            "disk_offering": "Custom - WriteBack",
            "id": "78e255b9-4f2e-482e-bd0b-9ecacbec3199",
            "name": "mirror_data_disk",
            "project": "infra",
            "reattach_on_change": false,
            "shrink_ok": false,
            "size": 8192,
            "tags": {},
            "virtual_machine_id": "cb2b63e9-55a2-4358-87e4-26c605053e11",
            "zone": "testlab"
          },
          "sensitive_attributes": [],
          "identity_schema_version": 0,
          "private": "bnVsbA==",
          "dependencies": [
            "cloudstack_network.mirror",
            "cloudstack_network_acl.mirror",
            "cloudstack_template.rocky10",
            "cloudstack_vpc.infra_vpc",
            "module.instance_mirror.cloudstack_instance.this"
          ]
        }
      ]
    },
    {
      "mode": "managed",
      "type": "cloudstack_ipaddress",
      "name": "bastion",
      "provider": "provider[\"local/cloudstack/cloudstack\"]",
      "instances": [
        {
          "schema_version": 0,
          "attributes": {
            "id": "78e67e0c-98d8-4a7b-8e9b-8a18aa36c63b",
            "ip_address": "192.168.1.99",
            "is_portable": false,
            "is_source_nat": false,
            "network_id": null,
            "project": "infra",
            "tags": {},
            "vpc_id": "a1b9cf13-53cc-44fa-be51-314eecf993c8",
            "zone": "testlab"
          },
          "sensitive_attributes": [],
          "identity_schema_version": 0,
          "private": "bnVsbA==",
          "dependencies": [
            "cloudstack_vpc.infra_vpc"
          ]
        }
      ]
    },
    {
      "mode": "managed",
      "type": "cloudstack_network",
      "name": "dns",
      "provider": "provider[\"local/cloudstack/cloudstack\"]",
      "instances": [
        {
          "schema_version": 0,
          "attributes": {
            "acl_id": "7769f264-2dac-4250-9db6-361a965d13cf",
            "cidr": "10.252.1.0/24",
            "display_text": "dns",
            "endip": null,
            "endipv6": null,
            "gateway": "10.252.1.1",
            "id": "35e00ceb-075f-4c67-a98a-5a2e14f3db4d",
            "ip6cidr": "",
            "ip6gateway": "",
            "name": "dns",
            "network_domain": "pc.testenv.bradhouse.dev",
            "network_offering": "ConfigDriveIsolatedNetworkOfferingForVpcNetworks",
            "project": "infra",
            "source_nat_ip": null,
            "source_nat_ip_address": null,
            "source_nat_ip_id": null,
            "startip": null,
            "startipv6": null,
            "tags": {},
            "vlan": null,
            "vpc_id": "a1b9cf13-53cc-44fa-be51-314eecf993c8",
            "zone": "testlab"
          },
          "sensitive_attributes": [],
          "identity_schema_version": 0,
          "private": "bnVsbA==",
          "dependencies": [
            "cloudstack_network_acl.dns",
            "cloudstack_vpc.infra_vpc"
          ]
        }
      ]
    },
    {
      "mode": "managed",
      "type": "cloudstack_network",
      "name": "ipa",
      "provider": "provider[\"local/cloudstack/cloudstack\"]",
      "instances": [
        {
          "schema_version": 0,
          "attributes": {
            "acl_id": "aeab25dc-3236-4c95-b0b7-4ac8240876c6",
            "cidr": "10.252.3.0/24",
            "display_text": "ipa",
            "endip": null,
            "endipv6": null,
            "gateway": "10.252.3.1",
            "id": "4e0cb147-a594-4cd7-b21e-7b520696096c",
            "ip6cidr": "",
            "ip6gateway": "",
            "name": "ipa",
            "network_domain": "pc.testenv.bradhouse.dev",
            "network_offering": "ConfigDriveIsolatedNetworkOfferingForVpcNetworks",
            "project": "infra",
            "source_nat_ip": null,
            "source_nat_ip_address": null,
            "source_nat_ip_id": null,
            "startip": null,
            "startipv6": null,
            "tags": {},
            "vlan": null,
            "vpc_id": "a1b9cf13-53cc-44fa-be51-314eecf993c8",
            "zone": "testlab"
          },
          "sensitive_attributes": [],
          "identity_schema_version": 0,
          "private": "bnVsbA==",
          "dependencies": [
            "cloudstack_network_acl.ipa",
            "cloudstack_vpc.infra_vpc"
          ]
        }
      ]
    },
    {
      "mode": "managed",
      "type": "cloudstack_network",
      "name": "ldapproxy",
      "provider": "provider[\"local/cloudstack/cloudstack\"]",
      "instances": [
        {
          "schema_version": 0,
          "attributes": {
            "acl_id": "443a01bc-19fe-42d5-9e2f-b1791659a1f3",
            "cidr": "10.252.6.0/24",
            "display_text": "ldapproxy",
            "endip": null,
            "endipv6": null,
            "gateway": "10.252.6.1",
            "id": "aec7c2a5-51e3-46be-a76d-9f50736526d8",
            "ip6cidr": "",
            "ip6gateway": "",
            "name": "ldapproxy",
            "network_domain": "pc.testenv.bradhouse.dev",
            "network_offering": "ConfigDriveIsolatedNetworkOfferingForVpcNetworks",
            "project": "infra",
            "source_nat_ip": null,
            "source_nat_ip_address": null,
            "source_nat_ip_id": null,
            "startip": null,
            "startipv6": null,
            "tags": {},
            "vlan": null,
            "vpc_id": "a1b9cf13-53cc-44fa-be51-314eecf993c8",
            "zone": "testlab"
          },
          "sensitive_attributes": [],
          "identity_schema_version": 0,
          "private": "bnVsbA==",
          "dependencies": [
            "cloudstack_network_acl.ldapproxy",
            "cloudstack_vpc.infra_vpc"
          ]
        }
      ]
    },
    {
      "mode": "managed",
      "type": "cloudstack_network",
      "name": "mirror",
      "provider": "provider[\"local/cloudstack/cloudstack\"]",
      "instances": [
        {
          "schema_version": 0,
          "attributes": {
            "acl_id": "39cfbafa-1461-4bf5-b6d3-1857bf394acf",
            "cidr": "10.252.2.0/24",
            "display_text": "mirror",
            "endip": null,
            "endipv6": null,
            "gateway": "10.252.2.1",
            "id": "28b5db8a-343a-43b5-a89a-6923035690a3",
            "ip6cidr": "",
            "ip6gateway": "",
            "name": "mirror",
            "network_domain": "pc.testenv.bradhouse.dev",
            "network_offering": "ConfigDriveIsolatedNetworkOfferingForVpcNetworks",
            "project": "infra",
            "source_nat_ip": null,
            "source_nat_ip_address": null,
            "source_nat_ip_id": null,
            "startip": null,
            "startipv6": null,
            "tags": {},
            "vlan": null,
            "vpc_id": "a1b9cf13-53cc-44fa-be51-314eecf993c8",
            "zone": "testlab"
          },
          "sensitive_attributes": [],
          "identity_schema_version": 0,
          "private": "bnVsbA==",
          "dependencies": [
            "cloudstack_network_acl.mirror",
            "cloudstack_vpc.infra_vpc"
          ]
        }
      ]
    },
    {
      "mode": "managed",
      "type": "cloudstack_network",
      "name": "nfs",
      "provider": "provider[\"local/cloudstack/cloudstack\"]",
      "instances": [
        {
          "schema_version": 0,
          "attributes": {
            "acl_id": "354fd509-a8e0-45b3-8dd8-d607ad726f8f",
            "cidr": "10.252.7.0/24",
            "display_text": "nfs",
            "endip": null,
            "endipv6": null,
            "gateway": "10.252.7.1",
            "id": "c902997b-912e-4b2a-8ad6-3d6667fb9353",
            "ip6cidr": "",
            "ip6gateway": "",
            "name": "nfs",
            "network_domain": "pc.testenv.bradhouse.dev",
            "network_offering": "ConfigDriveIsolatedNetworkOfferingForVpcNetworks",
            "project": "infra",
            "source_nat_ip": null,
            "source_nat_ip_address": null,
            "source_nat_ip_id": null,
            "startip": null,
            "startipv6": null,
            "tags": {},
            "vlan": null,
            "vpc_id": "a1b9cf13-53cc-44fa-be51-314eecf993c8",
            "zone": "testlab"
          },
          "sensitive_attributes": [],
          "identity_schema_version": 0,
          "private": "bnVsbA==",
          "dependencies": [
            "cloudstack_network_acl.nfs",
            "cloudstack_vpc.infra_vpc"
          ]
        }
      ]
    },
    {
      "mode": "managed",
      "type": "cloudstack_network",
      "name": "ntp",
      "provider": "provider[\"local/cloudstack/cloudstack\"]",
      "instances": [
        {
          "schema_version": 0,
          "attributes": {
            "acl_id": "b15b3e24-2c30-4915-a488-5c11fe2dce9b",
            "cidr": "10.252.4.0/24",
            "display_text": "ntp",
            "endip": null,
            "endipv6": null,
            "gateway": "10.252.4.1",
            "id": "c8886b62-b7a7-4738-9217-3c12d98820fa",
            "ip6cidr": "",
            "ip6gateway": "",
            "name": "ntp",
            "network_domain": "pc.testenv.bradhouse.dev",
            "network_offering": "ConfigDriveIsolatedNetworkOfferingForVpcNetworks",
            "project": "infra",
            "source_nat_ip": null,
            "source_nat_ip_address": null,
            "source_nat_ip_id": null,
            "startip": null,
            "startipv6": null,
            "tags": {},
            "vlan": null,
            "vpc_id": "a1b9cf13-53cc-44fa-be51-314eecf993c8",
            "zone": "testlab"
          },
          "sensitive_attributes": [],
          "identity_schema_version": 0,
          "private": "bnVsbA==",
          "dependencies": [
            "cloudstack_network_acl.ntp",
            "cloudstack_vpc.infra_vpc"
          ]
        }
      ]
    },
    {
      "mode": "managed",
      "type": "cloudstack_network",
      "name": "proxy",
      "provider": "provider[\"local/cloudstack/cloudstack\"]",
      "instances": [
        {
          "schema_version": 0,
          "attributes": {
            "acl_id": "7e0516ab-a2da-4b68-93fa-ca05c1135fd6",
            "cidr": "10.252.5.0/24",
            "display_text": "proxy",
            "endip": null,
            "endipv6": null,
            "gateway": "10.252.5.1",
            "id": "bebc4544-bb38-495d-a9e2-7f2b83f1b4f2",
            "ip6cidr": "",
            "ip6gateway": "",
            "name": "proxy",
            "network_domain": "pc.testenv.bradhouse.dev",
            "network_offering": "ConfigDriveIsolatedNetworkOfferingForVpcNetworks",
            "project": "infra",
            "source_nat_ip": null,
            "source_nat_ip_address": null,
            "source_nat_ip_id": null,
            "startip": null,
            "startipv6": null,
            "tags": {},
            "vlan": null,
            "vpc_id": "a1b9cf13-53cc-44fa-be51-314eecf993c8",
            "zone": "testlab"
          },
          "sensitive_attributes": [],
          "identity_schema_version": 0,
          "private": "bnVsbA==",
          "dependencies": [
            "cloudstack_network_acl.proxy",
            "cloudstack_vpc.infra_vpc"
          ]
        }
      ]
    },
    {
      "mode": "managed",
      "type": "cloudstack_network",
      "name": "su",
      "provider": "provider[\"local/cloudstack/cloudstack\"]",
      "instances": [
        {
          "schema_version": 0,
          "attributes": {
            "acl_id": "8c6fe862-7a3e-404e-958b-57ee99d317ae",
            "cidr": "10.252.0.0/24",
            "display_text": "su",
            "endip": null,
            "endipv6": null,
            "gateway": "10.252.0.1",
            "id": "3b932e97-2ff6-43a6-8db1-44ff55d91151",
            "ip6cidr": "",
            "ip6gateway": "",
            "name": "su",
            "network_domain": "pc.testenv.bradhouse.dev",
            "network_offering": "ConfigDriveIsolatedNetworkOfferingForVpcNetworks",
            "project": "infra",
            "source_nat_ip": null,
            "source_nat_ip_address": null,
            "source_nat_ip_id": null,
            "startip": null,
            "startipv6": null,
            "tags": {},
            "vlan": null,
            "vpc_id": "a1b9cf13-53cc-44fa-be51-314eecf993c8",
            "zone": "testlab"
          },
          "sensitive_attributes": [],
          "identity_schema_version": 0,
          "private": "bnVsbA==",
          "dependencies": [
            "cloudstack_network_acl.su",
            "cloudstack_vpc.infra_vpc"
          ]
        }
      ]
    },
    {
      "mode": "managed",
      "type": "cloudstack_network_acl",
      "name": "dns",
      "provider": "provider[\"local/cloudstack/cloudstack\"]",
      "instances": [
        {
          "schema_version": 0,
          "attributes": {
            "description": "dns",
            "id": "7769f264-2dac-4250-9db6-361a965d13cf",
            "name": "dns",
            "project": "infra",
            "vpc_id": "a1b9cf13-53cc-44fa-be51-314eecf993c8"
          },
          "sensitive_attributes": [],
          "identity_schema_version": 0,
          "private": "bnVsbA==",
          "dependencies": [
            "cloudstack_vpc.infra_vpc"
          ]
        }
      ]
    },
    {
      "mode": "managed",
      "type": "cloudstack_network_acl",
      "name": "hypervisor",
      "provider": "provider[\"local/cloudstack/cloudstack\"]",
      "instances": [
        {
          "schema_version": 0,
          "attributes": {
            "description": "hypervisor",
            "id": "d5f2883d-6116-42c1-9c5a-5de9326aaf50",
            "name": "hypervisor",
            "project": "infra",
            "vpc_id": "a1b9cf13-53cc-44fa-be51-314eecf993c8"
          },
          "sensitive_attributes": [],
          "identity_schema_version": 0,
          "private": "bnVsbA==",
          "dependencies": [
            "cloudstack_vpc.infra_vpc"
          ]
        }
      ]
    },
    {
      "mode": "managed",
      "type": "cloudstack_network_acl",
      "name": "ipa",
      "provider": "provider[\"local/cloudstack/cloudstack\"]",
      "instances": [
        {
          "schema_version": 0,
          "attributes": {
            "description": "ipa",
            "id": "aeab25dc-3236-4c95-b0b7-4ac8240876c6",
            "name": "ipa",
            "project": "infra",
            "vpc_id": "a1b9cf13-53cc-44fa-be51-314eecf993c8"
          },
          "sensitive_attributes": [],
          "identity_schema_version": 0,
          "private": "bnVsbA==",
          "dependencies": [
            "cloudstack_vpc.infra_vpc"
          ]
        }
      ]
    },
    {
      "mode": "managed",
      "type": "cloudstack_network_acl",
      "name": "ldapproxy",
      "provider": "provider[\"local/cloudstack/cloudstack\"]",
      "instances": [
        {
          "schema_version": 0,
          "attributes": {
            "description": "ldapproxy",
            "id": "443a01bc-19fe-42d5-9e2f-b1791659a1f3",
            "name": "ldapproxy",
            "project": "infra",
            "vpc_id": "a1b9cf13-53cc-44fa-be51-314eecf993c8"
          },
          "sensitive_attributes": [],
          "identity_schema_version": 0,
          "private": "bnVsbA==",
          "dependencies": [
            "cloudstack_vpc.infra_vpc"
          ]
        }
      ]
    },
    {
      "mode": "managed",
      "type": "cloudstack_network_acl",
      "name": "mirror",
      "provider": "provider[\"local/cloudstack/cloudstack\"]",
      "instances": [
        {
          "schema_version": 0,
          "attributes": {
            "description": "mirror",
            "id": "39cfbafa-1461-4bf5-b6d3-1857bf394acf",
            "name": "mirror",
            "project": "infra",
            "vpc_id": "a1b9cf13-53cc-44fa-be51-314eecf993c8"
          },
          "sensitive_attributes": [],
          "identity_schema_version": 0,
          "private": "bnVsbA==",
          "dependencies": [
            "cloudstack_vpc.infra_vpc"
          ]
        }
      ]
    },
    {
      "mode": "managed",
      "type": "cloudstack_network_acl",
      "name": "nfs",
      "provider": "provider[\"local/cloudstack/cloudstack\"]",
      "instances": [
        {
          "schema_version": 0,
          "attributes": {
            "description": "nfs",
            "id": "354fd509-a8e0-45b3-8dd8-d607ad726f8f",
            "name": "nfs",
            "project": "infra",
            "vpc_id": "a1b9cf13-53cc-44fa-be51-314eecf993c8"
          },
          "sensitive_attributes": [],
          "identity_schema_version": 0,
          "private": "bnVsbA==",
          "dependencies": [
            "cloudstack_vpc.infra_vpc"
          ]
        }
      ]
    },
    {
      "mode": "managed",
      "type": "cloudstack_network_acl",
      "name": "ntp",
      "provider": "provider[\"local/cloudstack/cloudstack\"]",
      "instances": [
        {
          "schema_version": 0,
          "attributes": {
            "description": "ntp",
            "id": "b15b3e24-2c30-4915-a488-5c11fe2dce9b",
            "name": "ntp",
            "project": "infra",
            "vpc_id": "a1b9cf13-53cc-44fa-be51-314eecf993c8"
          },
          "sensitive_attributes": [],
          "identity_schema_version": 0,
          "private": "bnVsbA==",
          "dependencies": [
            "cloudstack_vpc.infra_vpc"
          ]
        }
      ]
    },
    {
      "mode": "managed",
      "type": "cloudstack_network_acl",
      "name": "proxy",
      "provider": "provider[\"local/cloudstack/cloudstack\"]",
      "instances": [
        {
          "schema_version": 0,
          "attributes": {
            "description": "proxy",
            "id": "7e0516ab-a2da-4b68-93fa-ca05c1135fd6",
            "name": "proxy",
            "project": "infra",
            "vpc_id": "a1b9cf13-53cc-44fa-be51-314eecf993c8"
          },
          "sensitive_attributes": [],
          "identity_schema_version": 0,
          "private": "bnVsbA==",
          "dependencies": [
            "cloudstack_vpc.infra_vpc"
          ]
        }
      ]
    },
    {
      "mode": "managed",
      "type": "cloudstack_network_acl",
      "name": "su",
      "provider": "provider[\"local/cloudstack/cloudstack\"]",
      "instances": [
        {
          "schema_version": 0,
          "attributes": {
            "description": "su",
            "id": "8c6fe862-7a3e-404e-958b-57ee99d317ae",
            "name": "su",
            "project": "infra",
            "vpc_id": "a1b9cf13-53cc-44fa-be51-314eecf993c8"
          },
          "sensitive_attributes": [],
          "identity_schema_version": 0,
          "private": "bnVsbA==",
          "dependencies": [
            "cloudstack_vpc.infra_vpc"
          ]
        }
      ]
    },
    {
      "mode": "managed",
      "type": "cloudstack_port_forward",
      "name": "bastion",
      "provider": "provider[\"local/cloudstack/cloudstack\"]",
      "instances": [
        {
          "schema_version": 0,
          "attributes": {
            "forward": [
              {
                "private_end_port": 0,
                "private_port": 22,
                "protocol": "tcp",
                "public_end_port": 0,
                "public_port": 5022,
                "uuid": "1d5f73d8-5e52-4ef8-b5ae-e01bf8ac54f7",
                "virtual_machine_id": "02000c07-6e1f-4db6-bd63-06da018d5548",
                "vm_guest_ip": ""
              }
            ],
            "id": "78e67e0c-98d8-4a7b-8e9b-8a18aa36c63b",
            "ip_address_id": "78e67e0c-98d8-4a7b-8e9b-8a18aa36c63b",
            "managed": false,
            "project": "infra"
          },
          "sensitive_attributes": [],
          "identity_schema_version": 0,
          "private": "bnVsbA==",
          "dependencies": [
            "cloudstack_ipaddress.bastion",
            "cloudstack_network.su",
            "cloudstack_network_acl.su",
            "cloudstack_template.rocky10",
            "cloudstack_vpc.infra_vpc",
            "module.instance_bastion.cloudstack_instance.this"
          ]
        }
      ]
    },
    {
      "mode": "managed",
      "type": "cloudstack_template",
      "name": "alma10",
      "provider": "provider[\"local/cloudstack/cloudstack\"]",
      "instances": [
        {
          "schema_version": 0,
          "attributes": {
            "display_text": "AlmaLinux 10",
            "for_cks": false,
            "format": "QCOW2",
            "hypervisor": "KVM",
            "id": "2bb6a1d6-97ad-4b8f-8e5c-ba0538a42191",
            "is_dynamically_scalable": false,
            "is_extractable": false,
            "is_featured": false,
            "is_public": false,
            "is_ready": true,
            "is_ready_timeout": 300,
            "name": "AlmaLinux 10",
            "os_type": "AlmaLinux 10",
            "password_enabled": false,
            "project": "infra",
            "tags": {},
            "url": "https://repo.almalinux.org/almalinux/10/cloud/x86_64_v2/images/AlmaLinux-10-GenericCloud-latest.x86_64_v2.qcow2",
            "userdata_link": [],
            "zone": "testlab"
          },
          "sensitive_attributes": [],
          "identity_schema_version": 0,
          "private": "bnVsbA=="
        }
      ]
    },
    {
      "mode": "managed",
      "type": "cloudstack_template",
      "name": "alma9",
      "provider": "provider[\"local/cloudstack/cloudstack\"]",
      "instances": [
        {
          "schema_version": 0,
          "attributes": {
            "display_text": "AlmaLinux 9",
            "for_cks": false,
            "format": "QCOW2",
            "hypervisor": "KVM",
            "id": "542d4abf-a2c1-4864-95c6-4d1e68c2ba26",
            "is_dynamically_scalable": false,
            "is_extractable": false,
            "is_featured": false,
            "is_public": false,
            "is_ready": true,
            "is_ready_timeout": 300,
            "name": "AlmaLinux 9",
            "os_type": "AlmaLinux 9",
            "password_enabled": false,
            "project": "infra",
            "tags": {},
            "url": "https://repo.almalinux.org/almalinux/9/cloud/x86_64/images/AlmaLinux-9-GenericCloud-latest.x86_64.qcow2",
            "userdata_link": [],
            "zone": "testlab"
          },
          "sensitive_attributes": [],
          "identity_schema_version": 0,
          "private": "bnVsbA=="
        }
      ]
    },
    {
      "mode": "managed",
      "type": "cloudstack_template",
      "name": "rocky10",
      "provider": "provider[\"local/cloudstack/cloudstack\"]",
      "instances": [
        {
          "schema_version": 0,
          "attributes": {
            "display_text": "Rocky Linux 10",
            "for_cks": false,
            "format": "QCOW2",
            "hypervisor": "KVM",
            "id": "cad9fcae-11b4-4639-9c35-372fdd9d90c0",
            "is_dynamically_scalable": false,
            "is_extractable": false,
            "is_featured": false,
            "is_public": false,
            "is_ready": true,
            "is_ready_timeout": 300,
            "name": "Rocky Linux 10",
            "os_type": "Rocky Linux 10",
            "password_enabled": false,
            "project": "infra",
            "tags": {},
            "url": "https://dl.rockylinux.org/pub/rocky/10/images/x86_64/Rocky-10-GenericCloud-Base.latest.x86_64.qcow2",
            "userdata_link": [],
            "zone": "testlab"
          },
          "sensitive_attributes": [],
          "identity_schema_version": 0,
          "private": "bnVsbA=="
        }
      ]
    },
    {
      "mode": "managed",
      "type": "cloudstack_template",
      "name": "rocky9",
      "provider": "provider[\"local/cloudstack/cloudstack\"]",
      "instances": [
        {
          "schema_version": 0,
          "attributes": {
            "display_text": "Rocky Linux 9",
            "for_cks": false,
            "format": "QCOW2",
            "hypervisor": "KVM",
            "id": "483a344b-c217-4696-af55-5e142beed9f7",
            "is_dynamically_scalable": false,
            "is_extractable": false,
            "is_featured": false,
            "is_public": false,
            "is_ready": true,
            "is_ready_timeout": 300,
            "name": "Rocky Linux 9",
            "os_type": "Rocky Linux 9",
            "password_enabled": false,
            "project": "infra",
            "tags": {},
            "url": "https://dl.rockylinux.org/pub/rocky/9/images/x86_64/Rocky-9-GenericCloud.latest.x86_64.qcow2",
            "userdata_link": [],
            "zone": "testlab"
          },
          "sensitive_attributes": [],
          "identity_schema_version": 0,
          "private": "bnVsbA=="
        }
      ]
    },
    {
      "mode": "managed",
      "type": "cloudstack_template",
      "name": "ubuntu24",
      "provider": "provider[\"local/cloudstack/cloudstack\"]",
      "instances": [
        {
          "schema_version": 0,
          "attributes": {
            "display_text": "Ubuntu 24.04 LTS x64",
            "for_cks": false,
            "format": "QCOW2",
            "hypervisor": "KVM",
            "id": "a1ef1fd0-0253-4f73-b9a2-26a7afeb69c4",
            "is_dynamically_scalable": false,
            "is_extractable": false,
            "is_featured": false,
            "is_public": false,
            "is_ready": true,
            "is_ready_timeout": 300,
            "name": "Ubuntu 24.04 LTS x64",
            "os_type": "Ubuntu 24.04 LTS",
            "password_enabled": false,
            "project": "infra",
            "tags": {},
            "url": "https://cloud-images.ubuntu.com/noble/current/noble-server-cloudimg-amd64.img",
            "userdata_link": [],
            "zone": "testlab"
          },
          "sensitive_attributes": [],
          "identity_schema_version": 0,
          "private": "bnVsbA=="
        }
      ]
    },
    {
      "mode": "managed",
      "type": "cloudstack_vpc",
      "name": "infra_vpc",
      "provider": "provider[\"local/cloudstack/cloudstack\"]",
      "instances": [
        {
          "schema_version": 0,
          "attributes": {
            "cidr": "10.252.0.0/16",
            "display_text": "infra_vpc",
            "id": "a1b9cf13-53cc-44fa-be51-314eecf993c8",
            "name": "infra_vpc",
            "network_domain": "pc.testenv.bradhouse.dev",
            "project": "infra",
            "source_nat_ip": "192.168.1.98",
            "tags": {},
            "vpc_offering": "VPC HA",
            "zone": "testlab"
          },
          "sensitive_attributes": [],
          "identity_schema_version": 0,
          "private": "bnVsbA=="
        }
      ]
    },
    {
      "module": "module.instance_bastion",
      "mode": "managed",
      "type": "cloudstack_instance",
      "name": "this",
      "provider": "provider[\"local/cloudstack/cloudstack\"]",
      "instances": [
        {
          "schema_version": 0,
          "attributes": {
            "affinity_group_ids": null,
            "affinity_group_names": null,
            "boot_mode": "legacy",
            "cluster_id": null,
            "details": {
              "dataDiskController": "scsi",
              "io.policy": "io_uring",
              "iothreads": "1",
              "rootDiskController": "scsi"
            },
            "disk_offering": "",
            "display_name": "bastion",
            "expunge": true,
            "group": "bastion",
            "host_id": null,
            "id": "02000c07-6e1f-4db6-bd63-06da018d5548",
            "ip_address": "10.252.0.10",
            "keypair": null,
            "keypairs": null,
            "name": "bastion",
            "network_id": "3b932e97-2ff6-43a6-8db1-44ff55d91151",
            "nicnetworklist": null,
            "override_disk_offering": null,
            "pod_id": null,
            "project": "infra",
            "properties": null,
            "root_disk_size": 20,
            "security_group_ids": null,
            "security_group_names": null,
            "service_offering": "g1.1c2g",
            "start_vm": true,
            "tags": {},
            "template": "cad9fcae-11b4-4639-9c35-372fdd9d90c0",
            "uefi": true,
            "user_data": "ce99b9b6c43075884992677cc93102b6a8e9b4d7",
            "userdata_details": null,
            "userdata_id": null,
            "zone": "testlab"
          },
          "sensitive_attributes": [],
          "identity_schema_version": 0,
          "private": "bnVsbA==",
          "dependencies": [
            "cloudstack_network.su",
            "cloudstack_network_acl.su",
            "cloudstack_template.rocky10",
            "cloudstack_vpc.infra_vpc"
          ]
        }
      ]
    },
    {
      "module": "module.instance_cacheproxy",
      "mode": "managed",
      "type": "cloudstack_instance",
      "name": "this",
      "provider": "provider[\"local/cloudstack/cloudstack\"]",
      "instances": [
        {
          "schema_version": 0,
          "attributes": {
            "affinity_group_ids": null,
            "affinity_group_names": null,
            "boot_mode": "legacy",
            "cluster_id": null,
            "details": {
              "dataDiskController": "scsi",
              "io.policy": "io_uring",
              "iothreads": "1",
              "rootDiskController": "scsi"
            },
            "disk_offering": "",
            "display_name": "cacheproxy1",
            "expunge": true,
            "group": "cacheproxy",
            "host_id": null,
            "id": "17914028-a853-41a0-b85a-3cdb8332603d",
            "ip_address": "10.252.5.21",
            "keypair": null,
            "keypairs": null,
            "name": "cacheproxy1",
            "network_id": "bebc4544-bb38-495d-a9e2-7f2b83f1b4f2",
            "nicnetworklist": null,
            "override_disk_offering": null,
            "pod_id": null,
            "project": "infra",
            "properties": null,
            "root_disk_size": 100,
            "security_group_ids": null,
            "security_group_names": null,
            "service_offering": "g1.2c4g",
            "start_vm": true,
            "tags": {},
            "template": "cad9fcae-11b4-4639-9c35-372fdd9d90c0",
            "uefi": true,
            "user_data": "ce99b9b6c43075884992677cc93102b6a8e9b4d7",
            "userdata_details": null,
            "userdata_id": null,
            "zone": "testlab"
          },
          "sensitive_attributes": [],
          "identity_schema_version": 0,
          "private": "bnVsbA==",
          "dependencies": [
            "cloudstack_network.proxy",
            "cloudstack_network_acl.proxy",
            "cloudstack_template.rocky10",
            "cloudstack_vpc.infra_vpc"
          ]
        }
      ]
    },
    {
      "module": "module.instance_dns1",
      "mode": "managed",
      "type": "cloudstack_instance",
      "name": "this",
      "provider": "provider[\"local/cloudstack/cloudstack\"]",
      "instances": [
        {
          "schema_version": 0,
          "attributes": {
            "affinity_group_ids": null,
            "affinity_group_names": null,
            "boot_mode": "legacy",
            "cluster_id": null,
            "details": {
              "dataDiskController": "scsi",
              "io.policy": "io_uring",
              "iothreads": "1",
              "rootDiskController": "scsi"
            },
            "disk_offering": "",
            "display_name": "dns1",
            "expunge": true,
            "group": "dns",
            "host_id": null,
            "id": "eacc2920-9c92-4034-9f81-182aa05944b1",
            "ip_address": "10.252.1.11",
            "keypair": null,
            "keypairs": null,
            "name": "dns1",
            "network_id": "35e00ceb-075f-4c67-a98a-5a2e14f3db4d",
            "nicnetworklist": null,
            "override_disk_offering": null,
            "pod_id": null,
            "project": "infra",
            "properties": null,
            "root_disk_size": 20,
            "security_group_ids": null,
            "security_group_names": null,
            "service_offering": "g1.1c2g",
            "start_vm": true,
            "tags": {},
            "template": "cad9fcae-11b4-4639-9c35-372fdd9d90c0",
            "uefi": true,
            "user_data": "ce99b9b6c43075884992677cc93102b6a8e9b4d7",
            "userdata_details": null,
            "userdata_id": null,
            "zone": "testlab"
          },
          "sensitive_attributes": [],
          "identity_schema_version": 0,
          "private": "bnVsbA==",
          "dependencies": [
            "cloudstack_network.dns",
            "cloudstack_network_acl.dns",
            "cloudstack_template.rocky10",
            "cloudstack_vpc.infra_vpc"
          ]
        }
      ]
    },
    {
      "module": "module.instance_dns2",
      "mode": "managed",
      "type": "cloudstack_instance",
      "name": "this",
      "provider": "provider[\"local/cloudstack/cloudstack\"]",
      "instances": [
        {
          "schema_version": 0,
          "attributes": {
            "affinity_group_ids": null,
            "affinity_group_names": null,
            "boot_mode": "legacy",
            "cluster_id": null,
            "details": {
              "dataDiskController": "scsi",
              "io.policy": "io_uring",
              "iothreads": "1",
              "rootDiskController": "scsi"
            },
            "disk_offering": "",
            "display_name": "dns2",
            "expunge": true,
            "group": "dns",
            "host_id": null,
            "id": "66d9354e-e369-4774-83b1-9a42a0e137d1",
            "ip_address": "10.252.1.12",
            "keypair": null,
            "keypairs": null,
            "name": "dns2",
            "network_id": "35e00ceb-075f-4c67-a98a-5a2e14f3db4d",
            "nicnetworklist": null,
            "override_disk_offering": null,
            "pod_id": null,
            "project": "infra",
            "properties": null,
            "root_disk_size": 20,
            "security_group_ids": null,
            "security_group_names": null,
            "service_offering": "g1.1c2g",
            "start_vm": true,
            "tags": {},
            "template": "cad9fcae-11b4-4639-9c35-372fdd9d90c0",
            "uefi": true,
            "user_data": "ce99b9b6c43075884992677cc93102b6a8e9b4d7",
            "userdata_details": null,
            "userdata_id": null,
            "zone": "testlab"
          },
          "sensitive_attributes": [],
          "identity_schema_version": 0,
          "private": "bnVsbA==",
          "dependencies": [
            "cloudstack_network.dns",
            "cloudstack_network_acl.dns",
            "cloudstack_template.rocky10",
            "cloudstack_vpc.infra_vpc"
          ]
        }
      ]
    },
    {
      "module": "module.instance_gutproxy",
      "mode": "managed",
      "type": "cloudstack_instance",
      "name": "this",
      "provider": "provider[\"local/cloudstack/cloudstack\"]",
      "instances": [
        {
          "schema_version": 0,
          "attributes": {
            "affinity_group_ids": null,
            "affinity_group_names": null,
            "boot_mode": "legacy",
            "cluster_id": null,
            "details": {
              "dataDiskController": "scsi",
              "io.policy": "io_uring",
              "iothreads": "1",
              "rootDiskController": "scsi"
            },
            "disk_offering": "",
            "display_name": "gitproxy1",
            "expunge": true,
            "group": "gitproxy",
            "host_id": null,
            "id": "795f8554-97bc-4529-b6c1-aa0a9d767a54",
            "ip_address": "10.252.5.31",
            "keypair": null,
            "keypairs": null,
            "name": "gitproxy1",
            "network_id": "bebc4544-bb38-495d-a9e2-7f2b83f1b4f2",
            "nicnetworklist": null,
            "override_disk_offering": null,
            "pod_id": null,
            "project": "infra",
            "properties": null,
            "root_disk_size": 100,
            "security_group_ids": null,
            "security_group_names": null,
            "service_offering": "g1.2c4g",
            "start_vm": true,
            "tags": {},
            "template": "cad9fcae-11b4-4639-9c35-372fdd9d90c0",
            "uefi": true,
            "user_data": "ce99b9b6c43075884992677cc93102b6a8e9b4d7",
            "userdata_details": null,
            "userdata_id": null,
            "zone": "testlab"
          },
          "sensitive_attributes": [],
          "identity_schema_version": 0,
          "private": "bnVsbA==",
          "dependencies": [
            "cloudstack_network.proxy",
            "cloudstack_network_acl.proxy",
            "cloudstack_template.rocky10",
            "cloudstack_vpc.infra_vpc"
          ]
        }
      ]
    },
    {
      "module": "module.instance_ipa1",
      "mode": "managed",
      "type": "cloudstack_instance",
      "name": "this",
      "provider": "provider[\"local/cloudstack/cloudstack\"]",
      "instances": [
        {
          "schema_version": 0,
          "attributes": {
            "affinity_group_ids": null,
            "affinity_group_names": null,
            "boot_mode": "legacy",
            "cluster_id": null,
            "details": {
              "dataDiskController": "scsi",
              "io.policy": "io_uring",
              "iothreads": "1",
              "rootDiskController": "scsi"
            },
            "disk_offering": "",
            "display_name": "ipa1",
            "expunge": true,
            "group": "ipa",
            "host_id": null,
            "id": "34db0da7-8bb5-44b3-9ede-5813e96ebf19",
            "ip_address": "10.252.3.11",
            "keypair": null,
            "keypairs": null,
            "name": "ipa1",
            "network_id": "4e0cb147-a594-4cd7-b21e-7b520696096c",
            "nicnetworklist": null,
            "override_disk_offering": null,
            "pod_id": null,
            "project": "infra",
            "properties": null,
            "root_disk_size": 40,
            "security_group_ids": null,
            "security_group_names": null,
            "service_offering": "g1.2c4g",
            "start_vm": true,
            "tags": {},
            "template": "cad9fcae-11b4-4639-9c35-372fdd9d90c0",
            "uefi": true,
            "user_data": "ce99b9b6c43075884992677cc93102b6a8e9b4d7",
            "userdata_details": null,
            "userdata_id": null,
            "zone": "testlab"
          },
          "sensitive_attributes": [],
          "identity_schema_version": 0,
          "private": "bnVsbA==",
          "dependencies": [
            "cloudstack_network.ipa",
            "cloudstack_network_acl.ipa",
            "cloudstack_template.rocky10",
            "cloudstack_vpc.infra_vpc"
          ]
        }
      ]
    },
    {
      "module": "module.instance_ipa2",
      "mode": "managed",
      "type": "cloudstack_instance",
      "name": "this",
      "provider": "provider[\"local/cloudstack/cloudstack\"]",
      "instances": [
        {
          "schema_version": 0,
          "attributes": {
            "affinity_group_ids": null,
            "affinity_group_names": null,
            "boot_mode": "legacy",
            "cluster_id": null,
            "details": {
              "dataDiskController": "scsi",
              "io.policy": "io_uring",
              "iothreads": "1",
              "rootDiskController": "scsi"
            },
            "disk_offering": "",
            "display_name": "ipa2",
            "expunge": true,
            "group": "ipa",
            "host_id": null,
            "id": "263fceda-2d62-471d-829e-7ef8ec64dfbe",
            "ip_address": "10.252.3.12",
            "keypair": null,
            "keypairs": null,
            "name": "ipa2",
            "network_id": "4e0cb147-a594-4cd7-b21e-7b520696096c",
            "nicnetworklist": null,
            "override_disk_offering": null,
            "pod_id": null,
            "project": "infra",
            "properties": null,
            "root_disk_size": 40,
            "security_group_ids": null,
            "security_group_names": null,
            "service_offering": "g1.2c4g",
            "start_vm": true,
            "tags": {},
            "template": "cad9fcae-11b4-4639-9c35-372fdd9d90c0",
            "uefi": true,
            "user_data": "ce99b9b6c43075884992677cc93102b6a8e9b4d7",
            "userdata_details": null,
            "userdata_id": null,
            "zone": "testlab"
          },
          "sensitive_attributes": [],
          "identity_schema_version": 0,
          "private": "bnVsbA==",
          "dependencies": [
            "cloudstack_network.ipa",
            "cloudstack_network_acl.ipa",
            "cloudstack_template.rocky10",
            "cloudstack_vpc.infra_vpc"
          ]
        }
      ]
    },
    {
      "module": "module.instance_ipa3",
      "mode": "managed",
      "type": "cloudstack_instance",
      "name": "this",
      "provider": "provider[\"local/cloudstack/cloudstack\"]",
      "instances": [
        {
          "schema_version": 0,
          "attributes": {
            "affinity_group_ids": null,
            "affinity_group_names": null,
            "boot_mode": "legacy",
            "cluster_id": null,
            "details": {
              "dataDiskController": "scsi",
              "io.policy": "io_uring",
              "iothreads": "1",
              "rootDiskController": "scsi"
            },
            "disk_offering": "",
            "display_name": "ipa3",
            "expunge": true,
            "group": "ipa",
            "host_id": null,
            "id": "d35e6a94-6838-4818-b5f4-d9f6b6279585",
            "ip_address": "10.252.3.13",
            "keypair": null,
            "keypairs": null,
            "name": "ipa3",
            "network_id": "4e0cb147-a594-4cd7-b21e-7b520696096c",
            "nicnetworklist": null,
            "override_disk_offering": null,
            "pod_id": null,
            "project": "infra",
            "properties": null,
            "root_disk_size": 40,
            "security_group_ids": null,
            "security_group_names": null,
            "service_offering": "g1.2c4g",
            "start_vm": true,
            "tags": {},
            "template": "cad9fcae-11b4-4639-9c35-372fdd9d90c0",
            "uefi": true,
            "user_data": "ce99b9b6c43075884992677cc93102b6a8e9b4d7",
            "userdata_details": null,
            "userdata_id": null,
            "zone": "testlab"
          },
          "sensitive_attributes": [],
          "identity_schema_version": 0,
          "private": "bnVsbA==",
          "dependencies": [
            "cloudstack_network.ipa",
            "cloudstack_network_acl.ipa",
            "cloudstack_template.rocky10",
            "cloudstack_vpc.infra_vpc"
          ]
        }
      ]
    },
    {
      "module": "module.instance_ldapproxy",
      "mode": "managed",
      "type": "cloudstack_instance",
      "name": "this",
      "provider": "provider[\"local/cloudstack/cloudstack\"]",
      "instances": [
        {
          "schema_version": 0,
          "attributes": {
            "affinity_group_ids": null,
            "affinity_group_names": null,
            "boot_mode": "legacy",
            "cluster_id": null,
            "details": {
              "dataDiskController": "scsi",
              "io.policy": "io_uring",
              "iothreads": "1",
              "rootDiskController": "scsi"
            },
            "disk_offering": "",
            "display_name": "ldapproxy1",
            "expunge": true,
            "group": "ldapproxy",
            "host_id": null,
            "id": "b5e0fed8-6adf-417e-b435-0a02acc4a903",
            "ip_address": "10.252.6.11",
            "keypair": null,
            "keypairs": null,
            "name": "ldapproxy1",
            "network_id": "aec7c2a5-51e3-46be-a76d-9f50736526d8",
            "nicnetworklist": null,
            "override_disk_offering": null,
            "pod_id": null,
            "project": "infra",
            "properties": null,
            "root_disk_size": 20,
            "security_group_ids": null,
            "security_group_names": null,
            "service_offering": "g1.2c4g",
            "start_vm": true,
            "tags": {},
            "template": "cad9fcae-11b4-4639-9c35-372fdd9d90c0",
            "uefi": true,
            "user_data": "ce99b9b6c43075884992677cc93102b6a8e9b4d7",
            "userdata_details": null,
            "userdata_id": null,
            "zone": "testlab"
          },
          "sensitive_attributes": [],
          "identity_schema_version": 0,
          "private": "bnVsbA==",
          "dependencies": [
            "cloudstack_network.ldapproxy",
            "cloudstack_network_acl.ldapproxy",
            "cloudstack_template.rocky10",
            "cloudstack_vpc.infra_vpc"
          ]
        }
      ]
    },
    {
      "module": "module.instance_mirror",
      "mode": "managed",
      "type": "cloudstack_instance",
      "name": "this",
      "provider": "provider[\"local/cloudstack/cloudstack\"]",
      "instances": [
        {
          "schema_version": 0,
          "attributes": {
            "affinity_group_ids": null,
            "affinity_group_names": null,
            "boot_mode": "legacy",
            "cluster_id": null,
            "details": {
              "dataDiskController": "scsi",
              "io.policy": "io_uring",
              "iothreads": "1",
              "rootDiskController": "scsi"
            },
            "disk_offering": "Custom - WriteBack",
            "display_name": "mirror1",
            "expunge": true,
            "group": "mirror",
            "host_id": null,
            "id": "cb2b63e9-55a2-4358-87e4-26c605053e11",
            "ip_address": "10.252.2.11",
            "keypair": null,
            "keypairs": null,
            "name": "mirror1",
            "network_id": "28b5db8a-343a-43b5-a89a-6923035690a3",
            "nicnetworklist": null,
            "override_disk_offering": null,
            "pod_id": null,
            "project": "infra",
            "properties": null,
            "root_disk_size": 20,
            "security_group_ids": null,
            "security_group_names": null,
            "service_offering": "g1.2c4g",
            "start_vm": true,
            "tags": {},
            "template": "cad9fcae-11b4-4639-9c35-372fdd9d90c0",
            "uefi": true,
            "user_data": "ce99b9b6c43075884992677cc93102b6a8e9b4d7",
            "userdata_details": null,
            "userdata_id": null,
            "zone": "testlab"
          },
          "sensitive_attributes": [],
          "identity_schema_version": 0,
          "private": "bnVsbA==",
          "dependencies": [
            "cloudstack_network.mirror",
            "cloudstack_network_acl.mirror",
            "cloudstack_template.rocky10",
            "cloudstack_vpc.infra_vpc"
          ]
        }
      ]
    },
    {
      "module": "module.instance_nfs1",
      "mode": "managed",
      "type": "cloudstack_instance",
      "name": "this",
      "provider": "provider[\"local/cloudstack/cloudstack\"]",
      "instances": [
        {
          "schema_version": 0,
          "attributes": {
            "affinity_group_ids": null,
            "affinity_group_names": null,
            "boot_mode": "legacy",
            "cluster_id": null,
            "details": {
              "dataDiskController": "scsi",
              "io.policy": "io_uring",
              "iothreads": "1",
              "rootDiskController": "scsi"
            },
            "disk_offering": "",
            "display_name": "nfs1",
            "expunge": true,
            "group": "nfs",
            "host_id": null,
            "id": "8e8771fe-8d56-4c0e-8678-f9643db65614",
            "ip_address": "10.252.7.11",
            "keypair": null,
            "keypairs": null,
            "name": "nfs1",
            "network_id": "c902997b-912e-4b2a-8ad6-3d6667fb9353",
            "nicnetworklist": null,
            "override_disk_offering": null,
            "pod_id": null,
            "project": "infra",
            "properties": null,
            "root_disk_size": 20,
            "security_group_ids": null,
            "security_group_names": null,
            "service_offering": "g1.2c4g",
            "start_vm": true,
            "tags": {},
            "template": "cad9fcae-11b4-4639-9c35-372fdd9d90c0",
            "uefi": true,
            "user_data": "ce99b9b6c43075884992677cc93102b6a8e9b4d7",
            "userdata_details": null,
            "userdata_id": null,
            "zone": "testlab"
          },
          "sensitive_attributes": [],
          "identity_schema_version": 0,
          "private": "bnVsbA==",
          "dependencies": [
            "cloudstack_network.nfs",
            "cloudstack_network_acl.nfs",
            "cloudstack_template.rocky10",
            "cloudstack_vpc.infra_vpc"
          ]
        }
      ]
    },
    {
      "module": "module.instance_nfs2",
      "mode": "managed",
      "type": "cloudstack_instance",
      "name": "this",
      "provider": "provider[\"local/cloudstack/cloudstack\"]",
      "instances": [
        {
          "schema_version": 0,
          "attributes": {
            "affinity_group_ids": null,
            "affinity_group_names": null,
            "boot_mode": "legacy",
            "cluster_id": null,
            "details": {
              "dataDiskController": "scsi",
              "io.policy": "io_uring",
              "iothreads": "1",
              "rootDiskController": "scsi"
            },
            "disk_offering": "",
            "display_name": "nfs2",
            "expunge": true,
            "group": "nfs",
            "host_id": null,
            "id": "9451c96d-4dfd-4463-a26d-d0ac6d239cca",
            "ip_address": "10.252.7.12",
            "keypair": null,
            "keypairs": null,
            "name": "nfs2",
            "network_id": "c902997b-912e-4b2a-8ad6-3d6667fb9353",
            "nicnetworklist": null,
            "override_disk_offering": null,
            "pod_id": null,
            "project": "infra",
            "properties": null,
            "root_disk_size": 20,
            "security_group_ids": null,
            "security_group_names": null,
            "service_offering": "g1.2c4g",
            "start_vm": true,
            "tags": {},
            "template": "cad9fcae-11b4-4639-9c35-372fdd9d90c0",
            "uefi": true,
            "user_data": "ce99b9b6c43075884992677cc93102b6a8e9b4d7",
            "userdata_details": null,
            "userdata_id": null,
            "zone": "testlab"
          },
          "sensitive_attributes": [],
          "identity_schema_version": 0,
          "private": "bnVsbA==",
          "dependencies": [
            "cloudstack_network.nfs",
            "cloudstack_network_acl.nfs",
            "cloudstack_template.rocky10",
            "cloudstack_vpc.infra_vpc"
          ]
        }
      ]
    },
    {
      "module": "module.instance_ntp1",
      "mode": "managed",
      "type": "cloudstack_instance",
      "name": "this",
      "provider": "provider[\"local/cloudstack/cloudstack\"]",
      "instances": [
        {
          "schema_version": 0,
          "attributes": {
            "affinity_group_ids": null,
            "affinity_group_names": null,
            "boot_mode": "legacy",
            "cluster_id": null,
            "details": {
              "dataDiskController": "scsi",
              "io.policy": "io_uring",
              "iothreads": "1",
              "rootDiskController": "scsi"
            },
            "disk_offering": "",
            "display_name": "ntp1",
            "expunge": true,
            "group": "ntp",
            "host_id": null,
            "id": "39b4ed34-a78b-4621-85b5-70c9a877d400",
            "ip_address": "10.252.4.11",
            "keypair": null,
            "keypairs": null,
            "name": "ntp1",
            "network_id": "c8886b62-b7a7-4738-9217-3c12d98820fa",
            "nicnetworklist": null,
            "override_disk_offering": null,
            "pod_id": null,
            "project": "infra",
            "properties": null,
            "root_disk_size": 20,
            "security_group_ids": null,
            "security_group_names": null,
            "service_offering": "g1.1c2g",
            "start_vm": true,
            "tags": {},
            "template": "cad9fcae-11b4-4639-9c35-372fdd9d90c0",
            "uefi": true,
            "user_data": "ce99b9b6c43075884992677cc93102b6a8e9b4d7",
            "userdata_details": null,
            "userdata_id": null,
            "zone": "testlab"
          },
          "sensitive_attributes": [],
          "identity_schema_version": 0,
          "private": "bnVsbA==",
          "dependencies": [
            "cloudstack_network.ntp",
            "cloudstack_network_acl.ntp",
            "cloudstack_template.rocky10",
            "cloudstack_vpc.infra_vpc"
          ]
        }
      ]
    },
    {
      "module": "module.instance_ntp2",
      "mode": "managed",
      "type": "cloudstack_instance",
      "name": "this",
      "provider": "provider[\"local/cloudstack/cloudstack\"]",
      "instances": [
        {
          "schema_version": 0,
          "attributes": {
            "affinity_group_ids": null,
            "affinity_group_names": null,
            "boot_mode": "legacy",
            "cluster_id": null,
            "details": {
              "dataDiskController": "scsi",
              "io.policy": "io_uring",
              "iothreads": "1",
              "rootDiskController": "scsi"
            },
            "disk_offering": "",
            "display_name": "ntp2",
            "expunge": true,
            "group": "ntp",
            "host_id": null,
            "id": "be2c9abe-b5f8-4c61-bb18-0d26a3f6eeda",
            "ip_address": "10.252.4.12",
            "keypair": null,
            "keypairs": null,
            "name": "ntp2",
            "network_id": "c8886b62-b7a7-4738-9217-3c12d98820fa",
            "nicnetworklist": null,
            "override_disk_offering": null,
            "pod_id": null,
            "project": "infra",
            "properties": null,
            "root_disk_size": 20,
            "security_group_ids": null,
            "security_group_names": null,
            "service_offering": "g1.1c2g",
            "start_vm": true,
            "tags": {},
            "template": "cad9fcae-11b4-4639-9c35-372fdd9d90c0",
            "uefi": true,
            "user_data": "ce99b9b6c43075884992677cc93102b6a8e9b4d7",
            "userdata_details": null,
            "userdata_id": null,
            "zone": "testlab"
          },
          "sensitive_attributes": [],
          "identity_schema_version": 0,
          "private": "bnVsbA==",
          "dependencies": [
            "cloudstack_network.ntp",
            "cloudstack_network_acl.ntp",
            "cloudstack_template.rocky10",
            "cloudstack_vpc.infra_vpc"
          ]
        }
      ]
    },
    {
      "module": "module.instance_secureproxy",
      "mode": "managed",
      "type": "cloudstack_instance",
      "name": "this",
      "provider": "provider[\"local/cloudstack/cloudstack\"]",
      "instances": [
        {
          "schema_version": 0,
          "attributes": {
            "affinity_group_ids": null,
            "affinity_group_names": null,
            "boot_mode": "legacy",
            "cluster_id": null,
            "details": {
              "dataDiskController": "scsi",
              "io.policy": "io_uring",
              "iothreads": "1",
              "rootDiskController": "scsi"
            },
            "disk_offering": "",
            "display_name": "secureproxy1",
            "expunge": true,
            "group": "secureproxy",
            "host_id": null,
            "id": "1c1b5a42-1c7e-482f-b469-10f6c4aedef5",
            "ip_address": "10.252.5.11",
            "keypair": null,
            "keypairs": null,
            "name": "secureproxy1",
            "network_id": "bebc4544-bb38-495d-a9e2-7f2b83f1b4f2",
            "nicnetworklist": null,
            "override_disk_offering": null,
            "pod_id": null,
            "project": "infra",
            "properties": null,
            "root_disk_size": 20,
            "security_group_ids": null,
            "security_group_names": null,
            "service_offering": "g1.2c4g",
            "start_vm": true,
            "tags": {},
            "template": "cad9fcae-11b4-4639-9c35-372fdd9d90c0",
            "uefi": true,
            "user_data": "ce99b9b6c43075884992677cc93102b6a8e9b4d7",
            "userdata_details": null,
            "userdata_id": null,
            "zone": "testlab"
          },
          "sensitive_attributes": [],
          "identity_schema_version": 0,
          "private": "bnVsbA==",
          "dependencies": [
            "cloudstack_network.proxy",
            "cloudstack_network_acl.proxy",
            "cloudstack_template.rocky10",
            "cloudstack_vpc.infra_vpc"
          ]
        }
      ]
    },
    {
      "module": "module.network_acl_dns",
      "mode": "managed",
      "type": "cloudstack_network_acl_rule",
      "name": "this",
      "provider": "provider[\"local/cloudstack/cloudstack\"]",
      "instances": [
        {
          "schema_version": 0,
          "attributes": {
            "acl_id": "7769f264-2dac-4250-9db6-361a965d13cf",
            "id": "7769f264-2dac-4250-9db6-361a965d13cf",
            "managed": true,
            "parallelism": 2,
            "project": null,
            "rule": [],
            "ruleset": [
              {
                "action": "allow",
                "cidr_list": [
                  "0.0.0.0/0"
                ],
                "description": "dns:tcp: allow egress",
                "icmp_code": 0,
                "icmp_type": 0,
                "port": "53",
                "protocol": "tcp",
                "rule_number": 30003,
                "traffic_type": "egress",
                "uuid": "6d23d238-3996-422b-bb43-2f09f9e52942"
              },
              {
                "action": "allow",
                "cidr_list": [
                  "0.0.0.0/0"
                ],
                "description": "dns:tcp: allow ingress",
                "icmp_code": 0,
                "icmp_type": 0,
                "port": "53",
                "protocol": "tcp",
                "rule_number": 30001,
                "traffic_type": "ingress",
                "uuid": "53c0d884-c648-4fe7-9e42-07c65442afe1"
              },
              {
                "action": "allow",
                "cidr_list": [
                  "0.0.0.0/0"
                ],
                "description": "dns:udp: allow egress",
                "icmp_code": 0,
                "icmp_type": 0,
                "port": "53",
                "protocol": "udp",
                "rule_number": 30004,
                "traffic_type": "egress",
                "uuid": "57fdeb08-ecce-4817-8e79-df9506032fe5"
              },
              {
                "action": "allow",
                "cidr_list": [
                  "0.0.0.0/0"
                ],
                "description": "dns:udp: allow ingress",
                "icmp_code": 0,
                "icmp_type": 0,
                "port": "53",
                "protocol": "udp",
                "rule_number": 30002,
                "traffic_type": "ingress",
                "uuid": "6ab73a2b-fe28-422b-b1ef-8363fd5ba4b0"
              },
              {
                "action": "allow",
                "cidr_list": [
                  "10.252.0.0/24"
                ],
                "description": "allow bastion connection to network: allow ingress",
                "icmp_code": 0,
                "icmp_type": 0,
                "port": "22",
                "protocol": "tcp",
                "rule_number": 1001,
                "traffic_type": "ingress",
                "uuid": "9c96f362-6fc7-4f79-9b62-cc76606b1345"
              },
              {
                "action": "allow",
                "cidr_list": [
                  "10.252.1.0/24"
                ],
                "description": "dns:tcp: allow egress",
                "icmp_code": 0,
                "icmp_type": 0,
                "port": "53",
                "protocol": "tcp",
                "rule_number": 1101,
                "traffic_type": "egress",
                "uuid": "fb61d027-e3d0-41dd-a9e6-672887bcd9b5"
              },
              {
                "action": "allow",
                "cidr_list": [
                  "10.252.1.0/24"
                ],
                "description": "dns:udp: allow egress",
                "icmp_code": 0,
                "icmp_type": 0,
                "port": "53",
                "protocol": "udp",
                "rule_number": 1102,
                "traffic_type": "egress",
                "uuid": "192a338a-5e8d-4348-a175-08c02d549447"
              },
              {
                "action": "allow",
                "cidr_list": [
                  "10.252.2.0/24"
                ],
                "description": "http and https mirror: allow egress",
                "icmp_code": 0,
                "icmp_type": 0,
                "port": "443",
                "protocol": "tcp",
                "rule_number": 1202,
                "traffic_type": "egress",
                "uuid": "a9ef418b-e564-432e-8977-51139391ed07"
              },
              {
                "action": "allow",
                "cidr_list": [
                  "10.252.2.0/24"
                ],
                "description": "http mirror: allow egress",
                "icmp_code": 0,
                "icmp_type": 0,
                "port": "80",
                "protocol": "tcp",
                "rule_number": 1201,
                "traffic_type": "egress",
                "uuid": "195960e0-6ba5-41f9-ae44-7cc074275290"
              },
              {
                "action": "allow",
                "cidr_list": [
                  "10.252.3.0/24"
                ],
                "description": "IPA http: allow egress",
                "icmp_code": 0,
                "icmp_type": 0,
                "port": "80",
                "protocol": "tcp",
                "rule_number": 1301,
                "traffic_type": "egress",
                "uuid": "4116a534-f912-4df7-bde8-2ba15cbcb7f8"
              },
              {
                "action": "allow",
                "cidr_list": [
                  "10.252.3.0/24"
                ],
                "description": "IPA https: allow egress",
                "icmp_code": 0,
                "icmp_type": 0,
                "port": "443",
                "protocol": "tcp",
                "rule_number": 1302,
                "traffic_type": "egress",
                "uuid": "c1e0313e-8bae-40cd-88e5-3cbbf65f824f"
              },
              {
                "action": "allow",
                "cidr_list": [
                  "10.252.3.0/24"
                ],
                "description": "IPA ldap: allow egress",
                "icmp_code": 0,
                "icmp_type": 0,
                "port": "389",
                "protocol": "tcp",
                "rule_number": 1303,
                "traffic_type": "egress",
                "uuid": "8f458c2b-b31e-4e43-9015-e2671a155a81"
              },
              {
                "action": "allow",
                "cidr_list": [
                  "10.252.3.0/24"
                ],
                "description": "IPA ldaps: allow egress",
                "icmp_code": 0,
                "icmp_type": 0,
                "port": "636",
                "protocol": "tcp",
                "rule_number": 1304,
                "traffic_type": "egress",
                "uuid": "342073e2-a057-41cf-ad59-97b7b54b83b6"
              },
              {
                "action": "allow",
                "cidr_list": [
                  "10.252.3.0/24"
                ],
                "description": "kerberos tcp: allow egress",
                "icmp_code": 0,
                "icmp_type": 0,
                "port": "88",
                "protocol": "tcp",
                "rule_number": 1307,
                "traffic_type": "egress",
                "uuid": "8e31de38-5941-45df-9a4c-05765903ba66"
              },
              {
                "action": "allow",
                "cidr_list": [
                  "10.252.3.0/24"
                ],
                "description": "kerberos udp: allow egress",
                "icmp_code": 0,
                "icmp_type": 0,
                "port": "88",
                "protocol": "udp",
                "rule_number": 1305,
                "traffic_type": "egress",
                "uuid": "f1e98861-56a4-4643-b897-9a0e20929a36"
              },
              {
                "action": "allow",
                "cidr_list": [
                  "10.252.3.0/24"
                ],
                "description": "kpasswd tcp: allow egress",
                "icmp_code": 0,
                "icmp_type": 0,
                "port": "464",
                "protocol": "tcp",
                "rule_number": 1308,
                "traffic_type": "egress",
                "uuid": "cd2ee44e-5b89-445e-8edb-82dc7b12be8c"
              },
              {
                "action": "allow",
                "cidr_list": [
                  "10.252.3.0/24"
                ],
                "description": "kpasswd udp: allow egress",
                "icmp_code": 0,
                "icmp_type": 0,
                "port": "464",
                "protocol": "udp",
                "rule_number": 1306,
                "traffic_type": "egress",
                "uuid": "98e8e546-4f2e-46a5-81bd-bdcfee815f8f"
              },
              {
                "action": "allow",
                "cidr_list": [
                  "10.252.4.0/24"
                ],
                "description": "ntp: allow egress",
                "icmp_code": 0,
                "icmp_type": 0,
                "port": "123",
                "protocol": "udp",
                "rule_number": 1401,
                "traffic_type": "egress",
                "uuid": "62864d19-90a1-48b1-b260-8e91570a927e"
              },
              {
                "action": "deny",
                "cidr_list": [
                  "0.0.0.0/0"
                ],
                "description": "deny egress by default: deny egress",
                "icmp_code": 0,
                "icmp_type": 0,
                "port": "",
                "protocol": "all",
                "rule_number": 65501,
                "traffic_type": "egress",
                "uuid": "b98c422f-1228-4646-a537-b133949bce45"
              },
              {
                "action": "deny",
                "cidr_list": [
                  "1.2.3.4/32"
                ],
                "description": "deny egress by default: deny egress",
                "icmp_code": 0,
                "icmp_type": 0,
                "port": "",
                "protocol": "all",
                "rule_number": 65401,
                "traffic_type": "egress",
                "uuid": "33456ed0-c75c-49d5-97ac-2652822226f8"
              }
            ]
          },
          "sensitive_attributes": [],
          "identity_schema_version": 0,
          "private": "bnVsbA==",
          "dependencies": [
            "cloudstack_network_acl.dns",
            "cloudstack_vpc.infra_vpc"
          ]
        }
      ]
    },
    {
      "module": "module.network_acl_hypervisor",
      "mode": "managed",
      "type": "cloudstack_network_acl_rule",
      "name": "this",
      "provider": "provider[\"local/cloudstack/cloudstack\"]",
      "instances": [
        {
          "schema_version": 0,
          "attributes": {
            "acl_id": "d5f2883d-6116-42c1-9c5a-5de9326aaf50",
            "id": "d5f2883d-6116-42c1-9c5a-5de9326aaf50",
            "managed": true,
            "parallelism": 2,
            "project": null,
            "rule": [],
            "ruleset": [
              {
                "action": "allow",
                "cidr_list": [
                  "0.0.0.0/0"
                ],
                "description": "ceph mon v1: allow ingress",
                "icmp_code": 0,
                "icmp_type": 0,
                "port": "6789",
                "protocol": "tcp",
                "rule_number": 30001,
                "traffic_type": "ingress",
                "uuid": "546835ea-0d61-4b25-ab67-973e59b6a5b8"
              },
              {
                "action": "allow",
                "cidr_list": [
                  "0.0.0.0/0"
                ],
                "description": "ceph mon v2: allow ingress",
                "icmp_code": 0,
                "icmp_type": 0,
                "port": "3300",
                "protocol": "tcp",
                "rule_number": 30002,
                "traffic_type": "ingress",
                "uuid": "92f9c10e-9122-49b8-948c-aa7c8bdb8b8e"
              },
              {
                "action": "allow",
                "cidr_list": [
                  "0.0.0.0/0"
                ],
                "description": "ceph osd and mds: allow ingress",
                "icmp_code": 0,
                "icmp_type": 0,
                "port": "6800-7568",
                "protocol": "tcp",
                "rule_number": 30003,
                "traffic_type": "ingress",
                "uuid": "5e3c54e6-d1d9-4778-923e-ee45b3a0c6b7"
              },
              {
                "action": "allow",
                "cidr_list": [
                  "10.252.0.0/24"
                ],
                "description": "allow bastion connection to network: allow ingress",
                "icmp_code": 0,
                "icmp_type": 0,
                "port": "22",
                "protocol": "tcp",
                "rule_number": 1001,
                "traffic_type": "ingress",
                "uuid": "ab2d92d5-fc30-404b-8c5c-166faa6bbd2e"
              },
              {
                "action": "allow",
                "cidr_list": [
                  "10.252.1.0/24"
                ],
                "description": "dns:tcp: allow egress",
                "icmp_code": 0,
                "icmp_type": 0,
                "port": "53",
                "protocol": "tcp",
                "rule_number": 1101,
                "traffic_type": "egress",
                "uuid": "bfe24f70-8a5f-414d-88f1-de7cd81e9541"
              },
              {
                "action": "allow",
                "cidr_list": [
                  "10.252.1.0/24"
                ],
                "description": "dns:udp: allow egress",
                "icmp_code": 0,
                "icmp_type": 0,
                "port": "53",
                "protocol": "udp",
                "rule_number": 1102,
                "traffic_type": "egress",
                "uuid": "942f61a0-64da-4992-8e99-43b427fc46c6"
              },
              {
                "action": "allow",
                "cidr_list": [
                  "10.252.2.0/24"
                ],
                "description": "http and https mirror: allow egress",
                "icmp_code": 0,
                "icmp_type": 0,
                "port": "443",
                "protocol": "tcp",
                "rule_number": 1202,
                "traffic_type": "egress",
                "uuid": "ed6007d5-673a-4129-8f4f-d493f37c28e5"
              },
              {
                "action": "allow",
                "cidr_list": [
                  "10.252.2.0/24"
                ],
                "description": "http mirror: allow egress",
                "icmp_code": 0,
                "icmp_type": 0,
                "port": "80",
                "protocol": "tcp",
                "rule_number": 1201,
                "traffic_type": "egress",
                "uuid": "dc5c11b4-2d4c-4b83-a1e4-715d49e2869f"
              },
              {
                "action": "allow",
                "cidr_list": [
                  "10.252.3.0/24"
                ],
                "description": "IPA http: allow egress",
                "icmp_code": 0,
                "icmp_type": 0,
                "port": "80",
                "protocol": "tcp",
                "rule_number": 1301,
                "traffic_type": "egress",
                "uuid": "baf7a059-e698-4947-b311-607acbc2477c"
              },
              {
                "action": "allow",
                "cidr_list": [
                  "10.252.3.0/24"
                ],
                "description": "IPA https: allow egress",
                "icmp_code": 0,
                "icmp_type": 0,
                "port": "443",
                "protocol": "tcp",
                "rule_number": 1302,
                "traffic_type": "egress",
                "uuid": "6585806f-8af8-44bf-82c8-b4eac7be0093"
              },
              {
                "action": "allow",
                "cidr_list": [
                  "10.252.3.0/24"
                ],
                "description": "IPA ldap: allow egress",
                "icmp_code": 0,
                "icmp_type": 0,
                "port": "389",
                "protocol": "tcp",
                "rule_number": 1303,
                "traffic_type": "egress",
                "uuid": "2a4946be-5e13-4181-b6cd-e3b96067da6d"
              },
              {
                "action": "allow",
                "cidr_list": [
                  "10.252.3.0/24"
                ],
                "description": "IPA ldaps: allow egress",
                "icmp_code": 0,
                "icmp_type": 0,
                "port": "636",
                "protocol": "tcp",
                "rule_number": 1304,
                "traffic_type": "egress",
                "uuid": "74da0f4a-4d69-4453-bcab-9ec01a587056"
              },
              {
                "action": "allow",
                "cidr_list": [
                  "10.252.3.0/24"
                ],
                "description": "kerberos tcp: allow egress",
                "icmp_code": 0,
                "icmp_type": 0,
                "port": "88",
                "protocol": "tcp",
                "rule_number": 1307,
                "traffic_type": "egress",
                "uuid": "0332c411-98d2-493b-ab3d-dfada0a3f560"
              },
              {
                "action": "allow",
                "cidr_list": [
                  "10.252.3.0/24"
                ],
                "description": "kerberos udp: allow egress",
                "icmp_code": 0,
                "icmp_type": 0,
                "port": "88",
                "protocol": "udp",
                "rule_number": 1305,
                "traffic_type": "egress",
                "uuid": "46b1d885-de6e-495a-9c82-79c8915f178e"
              },
              {
                "action": "allow",
                "cidr_list": [
                  "10.252.3.0/24"
                ],
                "description": "kpasswd tcp: allow egress",
                "icmp_code": 0,
                "icmp_type": 0,
                "port": "464",
                "protocol": "tcp",
                "rule_number": 1308,
                "traffic_type": "egress",
                "uuid": "ff5f6f99-dbb4-4829-8e96-1ca2ffa600eb"
              },
              {
                "action": "allow",
                "cidr_list": [
                  "10.252.3.0/24"
                ],
                "description": "kpasswd udp: allow egress",
                "icmp_code": 0,
                "icmp_type": 0,
                "port": "464",
                "protocol": "udp",
                "rule_number": 1306,
                "traffic_type": "egress",
                "uuid": "f31112de-0779-4b14-93fc-970f787fb9f5"
              },
              {
                "action": "allow",
                "cidr_list": [
                  "10.252.4.0/24"
                ],
                "description": "ntp: allow egress",
                "icmp_code": 0,
                "icmp_type": 0,
                "port": "123",
                "protocol": "udp",
                "rule_number": 1401,
                "traffic_type": "egress",
                "uuid": "726d31d7-b0ca-4fc8-92a5-37e5b1f83664"
              }
            ]
          },
          "sensitive_attributes": [],
          "identity_schema_version": 0,
          "private": "bnVsbA==",
          "dependencies": [
            "cloudstack_network_acl.hypervisor",
            "cloudstack_vpc.infra_vpc"
          ]
        }
      ]
    },
    {
      "module": "module.network_acl_ipa",
      "mode": "managed",
      "type": "cloudstack_network_acl_rule",
      "name": "this",
      "provider": "provider[\"local/cloudstack/cloudstack\"]",
      "instances": [
        {
          "schema_version": 0,
          "attributes": {
            "acl_id": "aeab25dc-3236-4c95-b0b7-4ac8240876c6",
            "id": "aeab25dc-3236-4c95-b0b7-4ac8240876c6",
            "managed": true,
            "parallelism": 2,
            "project": null,
            "rule": [],
            "ruleset": [
              {
                "action": "allow",
                "cidr_list": [
                  "0.0.0.0/0"
                ],
                "description": "IPA http: allow ingress",
                "icmp_code": 0,
                "icmp_type": 0,
                "port": "80",
                "protocol": "tcp",
                "rule_number": 30001,
                "traffic_type": "ingress",
                "uuid": "39fab3ca-a85c-488f-a42c-da2b4dc9dbe1"
              },
              {
                "action": "allow",
                "cidr_list": [
                  "0.0.0.0/0"
                ],
                "description": "IPA https: allow ingress",
                "icmp_code": 0,
                "icmp_type": 0,
                "port": "443",
                "protocol": "tcp",
                "rule_number": 30002,
                "traffic_type": "ingress",
                "uuid": "b7de6747-a55b-4d31-98e3-72d2a27f9a1d"
              },
              {
                "action": "allow",
                "cidr_list": [
                  "0.0.0.0/0"
                ],
                "description": "IPA ldap: allow ingress",
                "icmp_code": 0,
                "icmp_type": 0,
                "port": "389",
                "protocol": "tcp",
                "rule_number": 30003,
                "traffic_type": "ingress",
                "uuid": "a78b8d84-5676-4706-9448-08a577ede2c5"
              },
              {
                "action": "allow",
                "cidr_list": [
                  "0.0.0.0/0"
                ],
                "description": "IPA ldaps: allow ingress",
                "icmp_code": 0,
                "icmp_type": 0,
                "port": "636",
                "protocol": "tcp",
                "rule_number": 30004,
                "traffic_type": "ingress",
                "uuid": "5fbdddd6-3091-4c94-b621-030822b481b1"
              },
              {
                "action": "allow",
                "cidr_list": [
                  "0.0.0.0/0"
                ],
                "description": "kerberos tcp: allow ingress",
                "icmp_code": 0,
                "icmp_type": 0,
                "port": "88",
                "protocol": "tcp",
                "rule_number": 30007,
                "traffic_type": "ingress",
                "uuid": "8815a7fd-44ed-46d2-a952-132a51671466"
              },
              {
                "action": "allow",
                "cidr_list": [
                  "0.0.0.0/0"
                ],
                "description": "kerberos udp: allow ingress",
                "icmp_code": 0,
                "icmp_type": 0,
                "port": "88",
                "protocol": "udp",
                "rule_number": 30005,
                "traffic_type": "ingress",
                "uuid": "e39d9185-fb92-4cf3-b154-547ec7bf3a1d"
              },
              {
                "action": "allow",
                "cidr_list": [
                  "0.0.0.0/0"
                ],
                "description": "kpasswd tcp: allow ingress",
                "icmp_code": 0,
                "icmp_type": 0,
                "port": "464",
                "protocol": "tcp",
                "rule_number": 30008,
                "traffic_type": "ingress",
                "uuid": "ec85f284-9af9-48a2-aa7b-2c1ede62fb1e"
              },
              {
                "action": "allow",
                "cidr_list": [
                  "0.0.0.0/0"
                ],
                "description": "kpasswd udp: allow ingress",
                "icmp_code": 0,
                "icmp_type": 0,
                "port": "464",
                "protocol": "udp",
                "rule_number": 30006,
                "traffic_type": "ingress",
                "uuid": "db31bee2-a71e-42a4-8b3f-7e2b3d723f31"
              },
              {
                "action": "allow",
                "cidr_list": [
                  "10.252.0.0/24"
                ],
                "description": "allow bastion connection to network: allow ingress",
                "icmp_code": 0,
                "icmp_type": 0,
                "port": "22",
                "protocol": "tcp",
                "rule_number": 1001,
                "traffic_type": "ingress",
                "uuid": "f16a0f7e-552c-4451-8266-4fd4c7f3c11a"
              },
              {
                "action": "allow",
                "cidr_list": [
                  "10.252.1.0/24"
                ],
                "description": "dns:tcp: allow egress",
                "icmp_code": 0,
                "icmp_type": 0,
                "port": "53",
                "protocol": "tcp",
                "rule_number": 1101,
                "traffic_type": "egress",
                "uuid": "60d6711e-e944-49d3-a292-e93a8fe4993e"
              },
              {
                "action": "allow",
                "cidr_list": [
                  "10.252.1.0/24"
                ],
                "description": "dns:udp: allow egress",
                "icmp_code": 0,
                "icmp_type": 0,
                "port": "53",
                "protocol": "udp",
                "rule_number": 1102,
                "traffic_type": "egress",
                "uuid": "e22a1836-3d34-4b21-9fe9-31ba454c697a"
              },
              {
                "action": "allow",
                "cidr_list": [
                  "10.252.2.0/24"
                ],
                "description": "http and https mirror: allow egress",
                "icmp_code": 0,
                "icmp_type": 0,
                "port": "443",
                "protocol": "tcp",
                "rule_number": 1202,
                "traffic_type": "egress",
                "uuid": "2fe3b98c-faac-4c1b-a92d-f0ebec76a54b"
              },
              {
                "action": "allow",
                "cidr_list": [
                  "10.252.2.0/24"
                ],
                "description": "http mirror: allow egress",
                "icmp_code": 0,
                "icmp_type": 0,
                "port": "80",
                "protocol": "tcp",
                "rule_number": 1201,
                "traffic_type": "egress",
                "uuid": "33410b75-a105-4571-888c-77983d25fe27"
              },
              {
                "action": "allow",
                "cidr_list": [
                  "10.252.3.0/24"
                ],
                "description": "IPA http: allow egress",
                "icmp_code": 0,
                "icmp_type": 0,
                "port": "80",
                "protocol": "tcp",
                "rule_number": 1301,
                "traffic_type": "egress",
                "uuid": "0f16cf26-6831-49ab-825b-2b42ae11a73b"
              },
              {
                "action": "allow",
                "cidr_list": [
                  "10.252.3.0/24"
                ],
                "description": "IPA https: allow egress",
                "icmp_code": 0,
                "icmp_type": 0,
                "port": "443",
                "protocol": "tcp",
                "rule_number": 1302,
                "traffic_type": "egress",
                "uuid": "a345e35e-6fa0-4247-bb28-d15f5da4fb0b"
              },
              {
                "action": "allow",
                "cidr_list": [
                  "10.252.3.0/24"
                ],
                "description": "IPA ldap: allow egress",
                "icmp_code": 0,
                "icmp_type": 0,
                "port": "389",
                "protocol": "tcp",
                "rule_number": 1303,
                "traffic_type": "egress",
                "uuid": "fe848e93-8137-424e-8175-c92ec0da4a32"
              },
              {
                "action": "allow",
                "cidr_list": [
                  "10.252.3.0/24"
                ],
                "description": "IPA ldaps: allow egress",
                "icmp_code": 0,
                "icmp_type": 0,
                "port": "636",
                "protocol": "tcp",
                "rule_number": 1304,
                "traffic_type": "egress",
                "uuid": "d946552a-d1ac-4063-9ca1-0cb8cba7a23d"
              },
              {
                "action": "allow",
                "cidr_list": [
                  "10.252.3.0/24"
                ],
                "description": "kerberos tcp: allow egress",
                "icmp_code": 0,
                "icmp_type": 0,
                "port": "88",
                "protocol": "tcp",
                "rule_number": 1307,
                "traffic_type": "egress",
                "uuid": "2e05ec53-9450-4634-a9ff-7b32adcff6ee"
              },
              {
                "action": "allow",
                "cidr_list": [
                  "10.252.3.0/24"
                ],
                "description": "kerberos udp: allow egress",
                "icmp_code": 0,
                "icmp_type": 0,
                "port": "88",
                "protocol": "udp",
                "rule_number": 1305,
                "traffic_type": "egress",
                "uuid": "b984d30b-a107-4e44-895a-016e7651cc64"
              },
              {
                "action": "allow",
                "cidr_list": [
                  "10.252.3.0/24"
                ],
                "description": "kpasswd tcp: allow egress",
                "icmp_code": 0,
                "icmp_type": 0,
                "port": "464",
                "protocol": "tcp",
                "rule_number": 1308,
                "traffic_type": "egress",
                "uuid": "5832a971-bcc1-4747-95b4-8eb19d86725a"
              },
              {
                "action": "allow",
                "cidr_list": [
                  "10.252.3.0/24"
                ],
                "description": "kpasswd udp: allow egress",
                "icmp_code": 0,
                "icmp_type": 0,
                "port": "464",
                "protocol": "udp",
                "rule_number": 1306,
                "traffic_type": "egress",
                "uuid": "1a2797ee-a6be-488c-8166-2ef06bc78c8a"
              },
              {
                "action": "allow",
                "cidr_list": [
                  "10.252.4.0/24"
                ],
                "description": "ntp: allow egress",
                "icmp_code": 0,
                "icmp_type": 0,
                "port": "123",
                "protocol": "udp",
                "rule_number": 1401,
                "traffic_type": "egress",
                "uuid": "4b961b79-018b-49fa-92c3-dd285de2f48e"
              },
              {
                "action": "allow",
                "cidr_list": [
                  "10.252.5.11/24"
                ],
                "description": "proxy secureproxy: allow egress",
                "icmp_code": 0,
                "icmp_type": 0,
                "port": "8080",
                "protocol": "tcp",
                "rule_number": 1501,
                "traffic_type": "egress",
                "uuid": "909baa52-3f5e-4028-b10f-078f87670490"
              },
              {
                "action": "allow",
                "cidr_list": [
                  "10.252.6.0/24"
                ],
                "description": "ldap: allow egress",
                "icmp_code": 0,
                "icmp_type": 0,
                "port": "389",
                "protocol": "tcp",
                "rule_number": 1601,
                "traffic_type": "egress",
                "uuid": "e57f0453-1bdb-449f-a37b-6b6f9e21e1f1"
              },
              {
                "action": "allow",
                "cidr_list": [
                  "10.252.6.0/24"
                ],
                "description": "ldaps: allow egress",
                "icmp_code": 0,
                "icmp_type": 0,
                "port": "636",
                "protocol": "tcp",
                "rule_number": 1602,
                "traffic_type": "egress",
                "uuid": "035d1959-b173-4d8a-b92e-d0f00c6a083c"
              },
              {
                "action": "deny",
                "cidr_list": [
                  "0.0.0.0/0"
                ],
                "description": "deny egress by default: deny egress",
                "icmp_code": 0,
                "icmp_type": 0,
                "port": "",
                "protocol": "all",
                "rule_number": 65501,
                "traffic_type": "egress",
                "uuid": "56f91bc7-a248-4c7d-a057-3d3a989ead50"
              },
              {
                "action": "deny",
                "cidr_list": [
                  "1.2.3.4/32"
                ],
                "description": "deny egress by default: deny egress",
                "icmp_code": 0,
                "icmp_type": 0,
                "port": "",
                "protocol": "all",
                "rule_number": 65401,
                "traffic_type": "egress",
                "uuid": "f2e7d078-522d-462d-b694-73a123941048"
              }
            ]
          },
          "sensitive_attributes": [],
          "identity_schema_version": 0,
          "private": "bnVsbA==",
          "dependencies": [
            "cloudstack_network_acl.ipa",
            "cloudstack_vpc.infra_vpc"
          ]
        }
      ]
    },
    {
      "module": "module.network_acl_ldapproxy",
      "mode": "managed",
      "type": "cloudstack_network_acl_rule",
      "name": "this",
      "provider": "provider[\"local/cloudstack/cloudstack\"]",
      "instances": [
        {
          "schema_version": 0,
          "attributes": {
            "acl_id": "443a01bc-19fe-42d5-9e2f-b1791659a1f3",
            "id": "443a01bc-19fe-42d5-9e2f-b1791659a1f3",
            "managed": true,
            "parallelism": 2,
            "project": null,
            "rule": [],
            "ruleset": [
              {
                "action": "allow",
                "cidr_list": [
                  "0.0.0.0/0"
                ],
                "description": "ldap: allow egress",
                "icmp_code": 0,
                "icmp_type": 0,
                "port": "389",
                "protocol": "tcp",
                "rule_number": 30003,
                "traffic_type": "egress",
                "uuid": "ae001ad0-5f1c-4fb5-b849-9134958b7f4a"
              },
              {
                "action": "allow",
                "cidr_list": [
                  "0.0.0.0/0"
                ],
                "description": "ldap: allow ingress",
                "icmp_code": 0,
                "icmp_type": 0,
                "port": "389",
                "protocol": "tcp",
                "rule_number": 30001,
                "traffic_type": "ingress",
                "uuid": "efcdfef8-dd40-452d-978d-170fc74503fd"
              },
              {
                "action": "allow",
                "cidr_list": [
                  "0.0.0.0/0"
                ],
                "description": "ldaps: allow egress",
                "icmp_code": 0,
                "icmp_type": 0,
                "port": "636",
                "protocol": "tcp",
                "rule_number": 30004,
                "traffic_type": "egress",
                "uuid": "7330c08b-ec6f-44f0-b191-ab870405b133"
              },
              {
                "action": "allow",
                "cidr_list": [
                  "0.0.0.0/0"
                ],
                "description": "ldaps: allow ingress",
                "icmp_code": 0,
                "icmp_type": 0,
                "port": "636",
                "protocol": "tcp",
                "rule_number": 30002,
                "traffic_type": "ingress",
                "uuid": "70b9115a-780a-4ded-b431-8655619d0144"
              },
              {
                "action": "allow",
                "cidr_list": [
                  "10.252.0.0/24"
                ],
                "description": "allow bastion connection to network: allow ingress",
                "icmp_code": 0,
                "icmp_type": 0,
                "port": "22",
                "protocol": "tcp",
                "rule_number": 1001,
                "traffic_type": "ingress",
                "uuid": "5d0b8c1f-c910-422a-834b-27e623ff99e7"
              },
              {
                "action": "allow",
                "cidr_list": [
                  "10.252.1.0/24"
                ],
                "description": "dns:tcp: allow egress",
                "icmp_code": 0,
                "icmp_type": 0,
                "port": "53",
                "protocol": "tcp",
                "rule_number": 1101,
                "traffic_type": "egress",
                "uuid": "34eba155-0e29-427e-bfe7-2f1e251f4d92"
              },
              {
                "action": "allow",
                "cidr_list": [
                  "10.252.1.0/24"
                ],
                "description": "dns:udp: allow egress",
                "icmp_code": 0,
                "icmp_type": 0,
                "port": "53",
                "protocol": "udp",
                "rule_number": 1102,
                "traffic_type": "egress",
                "uuid": "b4316a72-ba13-4586-b5fb-45f5c895e850"
              },
              {
                "action": "allow",
                "cidr_list": [
                  "10.252.2.0/24"
                ],
                "description": "http and https mirror: allow egress",
                "icmp_code": 0,
                "icmp_type": 0,
                "port": "443",
                "protocol": "tcp",
                "rule_number": 1202,
                "traffic_type": "egress",
                "uuid": "c1f74952-d1b7-40e9-ba11-d4d218062588"
              },
              {
                "action": "allow",
                "cidr_list": [
                  "10.252.2.0/24"
                ],
                "description": "http mirror: allow egress",
                "icmp_code": 0,
                "icmp_type": 0,
                "port": "80",
                "protocol": "tcp",
                "rule_number": 1201,
                "traffic_type": "egress",
                "uuid": "00549308-b4d4-4973-af89-68009a7ebb80"
              },
              {
                "action": "allow",
                "cidr_list": [
                  "10.252.3.0/24"
                ],
                "description": "IPA http: allow egress",
                "icmp_code": 0,
                "icmp_type": 0,
                "port": "80",
                "protocol": "tcp",
                "rule_number": 1301,
                "traffic_type": "egress",
                "uuid": "d30a7d11-7d09-46d7-a7cb-778daf206098"
              },
              {
                "action": "allow",
                "cidr_list": [
                  "10.252.3.0/24"
                ],
                "description": "IPA https: allow egress",
                "icmp_code": 0,
                "icmp_type": 0,
                "port": "443",
                "protocol": "tcp",
                "rule_number": 1302,
                "traffic_type": "egress",
                "uuid": "2a16f293-e6c2-46f5-a70e-4afd30df5682"
              },
              {
                "action": "allow",
                "cidr_list": [
                  "10.252.3.0/24"
                ],
                "description": "IPA ldap: allow egress",
                "icmp_code": 0,
                "icmp_type": 0,
                "port": "389",
                "protocol": "tcp",
                "rule_number": 1303,
                "traffic_type": "egress",
                "uuid": "5a761da8-d812-42b7-82e3-a0e0cd5ccbb6"
              },
              {
                "action": "allow",
                "cidr_list": [
                  "10.252.3.0/24"
                ],
                "description": "IPA ldaps: allow egress",
                "icmp_code": 0,
                "icmp_type": 0,
                "port": "636",
                "protocol": "tcp",
                "rule_number": 1304,
                "traffic_type": "egress",
                "uuid": "1a5712f4-cf8a-4c5f-a42c-866e94cae342"
              },
              {
                "action": "allow",
                "cidr_list": [
                  "10.252.3.0/24"
                ],
                "description": "kerberos tcp: allow egress",
                "icmp_code": 0,
                "icmp_type": 0,
                "port": "88",
                "protocol": "tcp",
                "rule_number": 1307,
                "traffic_type": "egress",
                "uuid": "7eeb3528-f095-4a90-9f61-645c27e8eb1a"
              },
              {
                "action": "allow",
                "cidr_list": [
                  "10.252.3.0/24"
                ],
                "description": "kerberos udp: allow egress",
                "icmp_code": 0,
                "icmp_type": 0,
                "port": "88",
                "protocol": "udp",
                "rule_number": 1305,
                "traffic_type": "egress",
                "uuid": "3ac6046f-bdfe-4d43-9405-4528d205fc46"
              },
              {
                "action": "allow",
                "cidr_list": [
                  "10.252.3.0/24"
                ],
                "description": "kpasswd tcp: allow egress",
                "icmp_code": 0,
                "icmp_type": 0,
                "port": "464",
                "protocol": "tcp",
                "rule_number": 1308,
                "traffic_type": "egress",
                "uuid": "428b9e57-69ed-4407-9abc-09cdf881e2b7"
              },
              {
                "action": "allow",
                "cidr_list": [
                  "10.252.3.0/24"
                ],
                "description": "kpasswd udp: allow egress",
                "icmp_code": 0,
                "icmp_type": 0,
                "port": "464",
                "protocol": "udp",
                "rule_number": 1306,
                "traffic_type": "egress",
                "uuid": "357ed52d-659d-4cf1-9708-79295876bd53"
              },
              {
                "action": "allow",
                "cidr_list": [
                  "10.252.4.0/24"
                ],
                "description": "ntp: allow egress",
                "icmp_code": 0,
                "icmp_type": 0,
                "port": "123",
                "protocol": "udp",
                "rule_number": 1401,
                "traffic_type": "egress",
                "uuid": "0bf2d7b2-5e19-4c70-8926-ad1484c7d080"
              },
              {
                "action": "allow",
                "cidr_list": [
                  "10.252.5.11/24"
                ],
                "description": "proxy secureproxy: allow egress",
                "icmp_code": 0,
                "icmp_type": 0,
                "port": "8080",
                "protocol": "tcp",
                "rule_number": 1501,
                "traffic_type": "egress",
                "uuid": "51e3bf73-259e-4b68-8b14-451338c472de"
              },
              {
                "action": "deny",
                "cidr_list": [
                  "0.0.0.0/0"
                ],
                "description": "deny egress by default: deny egress",
                "icmp_code": 0,
                "icmp_type": 0,
                "port": "",
                "protocol": "all",
                "rule_number": 65501,
                "traffic_type": "egress",
                "uuid": "676d41e9-6bc2-4c6d-80a6-85b71d4f0112"
              },
              {
                "action": "deny",
                "cidr_list": [
                  "1.2.3.4/32"
                ],
                "description": "deny egress by default: deny egress",
                "icmp_code": 0,
                "icmp_type": 0,
                "port": "",
                "protocol": "all",
                "rule_number": 65401,
                "traffic_type": "egress",
                "uuid": "2b159461-99d0-420a-aea3-24c9a2ce14ed"
              }
            ]
          },
          "sensitive_attributes": [],
          "identity_schema_version": 0,
          "private": "bnVsbA==",
          "dependencies": [
            "cloudstack_network_acl.ldapproxy",
            "cloudstack_vpc.infra_vpc"
          ]
        }
      ]
    },
    {
      "module": "module.network_acl_mirror",
      "mode": "managed",
      "type": "cloudstack_network_acl_rule",
      "name": "this",
      "provider": "provider[\"local/cloudstack/cloudstack\"]",
      "instances": [
        {
          "schema_version": 0,
          "attributes": {
            "acl_id": "39cfbafa-1461-4bf5-b6d3-1857bf394acf",
            "id": "39cfbafa-1461-4bf5-b6d3-1857bf394acf",
            "managed": true,
            "parallelism": 2,
            "project": null,
            "rule": [],
            "ruleset": [
              {
                "action": "allow",
                "cidr_list": [
                  "0.0.0.0/0"
                ],
                "description": "http mirror: allow ingress",
                "icmp_code": 0,
                "icmp_type": 0,
                "port": "80",
                "protocol": "tcp",
                "rule_number": 30001,
                "traffic_type": "ingress",
                "uuid": "1cca7a19-1a33-4fe2-8bf7-c4242f89692a"
              },
              {
                "action": "allow",
                "cidr_list": [
                  "0.0.0.0/0"
                ],
                "description": "http: allow egress",
                "icmp_code": 0,
                "icmp_type": 0,
                "port": "80",
                "protocol": "tcp",
                "rule_number": 30003,
                "traffic_type": "egress",
                "uuid": "d7eab796-d403-40cc-a250-6ac4dfcd8bc9"
              },
              {
                "action": "allow",
                "cidr_list": [
                  "0.0.0.0/0"
                ],
                "description": "https mirror: allow ingress",
                "icmp_code": 0,
                "icmp_type": 0,
                "port": "443",
                "protocol": "tcp",
                "rule_number": 30002,
                "traffic_type": "ingress",
                "uuid": "1f44e10a-69ea-4dea-9c44-6f13dfac76ce"
              },
              {
                "action": "allow",
                "cidr_list": [
                  "0.0.0.0/0"
                ],
                "description": "https: allow egress",
                "icmp_code": 0,
                "icmp_type": 0,
                "port": "443",
                "protocol": "tcp",
                "rule_number": 30004,
                "traffic_type": "egress",
                "uuid": "ae1f9f20-3f3b-4173-8a4e-b0f38bc30473"
              },
              {
                "action": "allow",
                "cidr_list": [
                  "0.0.0.0/0"
                ],
                "description": "rsync: allow egress",
                "icmp_code": 0,
                "icmp_type": 0,
                "port": "873",
                "protocol": "tcp",
                "rule_number": 30005,
                "traffic_type": "egress",
                "uuid": "208ca934-5cb3-4567-b971-3ee62b850ff5"
              },
              {
                "action": "allow",
                "cidr_list": [
                  "10.252.0.0/24"
                ],
                "description": "allow bastion connection to network: allow ingress",
                "icmp_code": 0,
                "icmp_type": 0,
                "port": "22",
                "protocol": "tcp",
                "rule_number": 1001,
                "traffic_type": "ingress",
                "uuid": "fc04b384-2270-4146-8318-06d2ae10dc57"
              },
              {
                "action": "allow",
                "cidr_list": [
                  "10.252.1.0/24"
                ],
                "description": "dns:tcp: allow egress",
                "icmp_code": 0,
                "icmp_type": 0,
                "port": "53",
                "protocol": "tcp",
                "rule_number": 1101,
                "traffic_type": "egress",
                "uuid": "0eacb626-373c-4fbf-937b-266fdbb9a49f"
              },
              {
                "action": "allow",
                "cidr_list": [
                  "10.252.1.0/24"
                ],
                "description": "dns:udp: allow egress",
                "icmp_code": 0,
                "icmp_type": 0,
                "port": "53",
                "protocol": "udp",
                "rule_number": 1102,
                "traffic_type": "egress",
                "uuid": "f388b17a-b450-4fac-a522-842ffdf5c5f2"
              },
              {
                "action": "allow",
                "cidr_list": [
                  "10.252.2.0/24"
                ],
                "description": "http and https mirror: allow egress",
                "icmp_code": 0,
                "icmp_type": 0,
                "port": "443",
                "protocol": "tcp",
                "rule_number": 1202,
                "traffic_type": "egress",
                "uuid": "0c3562ac-38d9-4d36-ab9f-ed16bb6e7193"
              },
              {
                "action": "allow",
                "cidr_list": [
                  "10.252.2.0/24"
                ],
                "description": "http mirror: allow egress",
                "icmp_code": 0,
                "icmp_type": 0,
                "port": "80",
                "protocol": "tcp",
                "rule_number": 1201,
                "traffic_type": "egress",
                "uuid": "d264888a-49f9-4780-a483-51e54309e99a"
              },
              {
                "action": "allow",
                "cidr_list": [
                  "10.252.3.0/24"
                ],
                "description": "IPA http: allow egress",
                "icmp_code": 0,
                "icmp_type": 0,
                "port": "80",
                "protocol": "tcp",
                "rule_number": 1301,
                "traffic_type": "egress",
                "uuid": "288a1d3a-e73c-48e3-8f52-75d229a0d77b"
              },
              {
                "action": "allow",
                "cidr_list": [
                  "10.252.3.0/24"
                ],
                "description": "IPA https: allow egress",
                "icmp_code": 0,
                "icmp_type": 0,
                "port": "443",
                "protocol": "tcp",
                "rule_number": 1302,
                "traffic_type": "egress",
                "uuid": "0790f43d-508c-4f39-b886-c5f4a170b611"
              },
              {
                "action": "allow",
                "cidr_list": [
                  "10.252.3.0/24"
                ],
                "description": "IPA ldap: allow egress",
                "icmp_code": 0,
                "icmp_type": 0,
                "port": "389",
                "protocol": "tcp",
                "rule_number": 1303,
                "traffic_type": "egress",
                "uuid": "df32079a-d55c-4c49-bf82-eadbdad5a1c1"
              },
              {
                "action": "allow",
                "cidr_list": [
                  "10.252.3.0/24"
                ],
                "description": "IPA ldaps: allow egress",
                "icmp_code": 0,
                "icmp_type": 0,
                "port": "636",
                "protocol": "tcp",
                "rule_number": 1304,
                "traffic_type": "egress",
                "uuid": "d3cc918b-64fd-47dc-a672-706eae2ff314"
              },
              {
                "action": "allow",
                "cidr_list": [
                  "10.252.3.0/24"
                ],
                "description": "kerberos tcp: allow egress",
                "icmp_code": 0,
                "icmp_type": 0,
                "port": "88",
                "protocol": "tcp",
                "rule_number": 1307,
                "traffic_type": "egress",
                "uuid": "fd2d10ae-c758-4516-8dee-2f00c4ba6598"
              },
              {
                "action": "allow",
                "cidr_list": [
                  "10.252.3.0/24"
                ],
                "description": "kerberos udp: allow egress",
                "icmp_code": 0,
                "icmp_type": 0,
                "port": "88",
                "protocol": "udp",
                "rule_number": 1305,
                "traffic_type": "egress",
                "uuid": "56f22efe-8ae1-4427-a8bb-d3c484fed4cb"
              },
              {
                "action": "allow",
                "cidr_list": [
                  "10.252.3.0/24"
                ],
                "description": "kpasswd tcp: allow egress",
                "icmp_code": 0,
                "icmp_type": 0,
                "port": "464",
                "protocol": "tcp",
                "rule_number": 1308,
                "traffic_type": "egress",
                "uuid": "c240ec00-8bc1-4600-811a-5834a01227f0"
              },
              {
                "action": "allow",
                "cidr_list": [
                  "10.252.3.0/24"
                ],
                "description": "kpasswd udp: allow egress",
                "icmp_code": 0,
                "icmp_type": 0,
                "port": "464",
                "protocol": "udp",
                "rule_number": 1306,
                "traffic_type": "egress",
                "uuid": "fe9a15a5-2bb6-4d4b-a6c7-1b90d0b53d73"
              },
              {
                "action": "allow",
                "cidr_list": [
                  "10.252.4.0/24"
                ],
                "description": "ntp: allow egress",
                "icmp_code": 0,
                "icmp_type": 0,
                "port": "123",
                "protocol": "udp",
                "rule_number": 1401,
                "traffic_type": "egress",
                "uuid": "1d30b2d8-8c1b-4eb6-ba29-688aa9b9cd65"
              },
              {
                "action": "allow",
                "cidr_list": [
                  "10.252.5.11/24"
                ],
                "description": "proxy secureproxy: allow egress",
                "icmp_code": 0,
                "icmp_type": 0,
                "port": "8080",
                "protocol": "tcp",
                "rule_number": 1501,
                "traffic_type": "egress",
                "uuid": "d27cdea8-5771-4b2e-bfb9-455c651c0cbc"
              },
              {
                "action": "deny",
                "cidr_list": [
                  "0.0.0.0/0"
                ],
                "description": "deny egress by default: deny egress",
                "icmp_code": 0,
                "icmp_type": 0,
                "port": "",
                "protocol": "all",
                "rule_number": 65501,
                "traffic_type": "egress",
                "uuid": "884f549c-7c1d-4221-88a9-6c0a1d2ba502"
              },
              {
                "action": "deny",
                "cidr_list": [
                  "1.2.3.4/32"
                ],
                "description": "deny egress by default: deny egress",
                "icmp_code": 0,
                "icmp_type": 0,
                "port": "",
                "protocol": "all",
                "rule_number": 65401,
                "traffic_type": "egress",
                "uuid": "71db3610-9e8e-48bd-bd1f-47a6d5606f62"
              }
            ]
          },
          "sensitive_attributes": [],
          "identity_schema_version": 0,
          "private": "bnVsbA==",
          "dependencies": [
            "cloudstack_network_acl.mirror",
            "cloudstack_vpc.infra_vpc"
          ]
        }
      ]
    },
    {
      "module": "module.network_acl_nfs",
      "mode": "managed",
      "type": "cloudstack_network_acl_rule",
      "name": "this",
      "provider": "provider[\"local/cloudstack/cloudstack\"]",
      "instances": [
        {
          "schema_version": 0,
          "attributes": {
            "acl_id": "354fd509-a8e0-45b3-8dd8-d607ad726f8f",
            "id": "354fd509-a8e0-45b3-8dd8-d607ad726f8f",
            "managed": true,
            "parallelism": 2,
            "project": null,
            "rule": [],
            "ruleset": [
              {
                "action": "allow",
                "cidr_list": [
                  "0.0.0.0/0"
                ],
                "description": "nfs: allow ingress",
                "icmp_code": 0,
                "icmp_type": 0,
                "port": "2049",
                "protocol": "tcp",
                "rule_number": 30001,
                "traffic_type": "ingress",
                "uuid": "16a78cb2-0637-45f6-942a-31bff680349c"
              },
              {
                "action": "allow",
                "cidr_list": [
                  "10.10.100.0/28"
                ],
                "description": "access ceph mon v1: allow egress",
                "icmp_code": 0,
                "icmp_type": 0,
                "port": "6789",
                "protocol": "tcp",
                "rule_number": 40001,
                "traffic_type": "egress",
                "uuid": "e550b01d-78f7-4ba4-8808-12f9d39f5541"
              },
              {
                "action": "allow",
                "cidr_list": [
                  "10.10.100.0/28"
                ],
                "description": "access ceph mon v2: allow egress",
                "icmp_code": 0,
                "icmp_type": 0,
                "port": "3300",
                "protocol": "tcp",
                "rule_number": 40002,
                "traffic_type": "egress",
                "uuid": "67d60cb3-e95e-485e-8ee7-e1e5ac73c519"
              },
              {
                "action": "allow",
                "cidr_list": [
                  "10.10.100.0/28"
                ],
                "description": "access ceph osd and mds: allow egress",
                "icmp_code": 0,
                "icmp_type": 0,
                "port": "6800-7568",
                "protocol": "tcp",
                "rule_number": 40003,
                "traffic_type": "egress",
                "uuid": "49dd601b-7e9c-4774-ab86-a998396f5bfe"
              },
              {
                "action": "allow",
                "cidr_list": [
                  "10.252.0.0/24"
                ],
                "description": "allow bastion connection to network: allow ingress",
                "icmp_code": 0,
                "icmp_type": 0,
                "port": "22",
                "protocol": "tcp",
                "rule_number": 1001,
                "traffic_type": "ingress",
                "uuid": "e919a49d-c640-4926-a7ea-6f5598f767e7"
              },
              {
                "action": "allow",
                "cidr_list": [
                  "10.252.1.0/24"
                ],
                "description": "dns:tcp: allow egress",
                "icmp_code": 0,
                "icmp_type": 0,
                "port": "53",
                "protocol": "tcp",
                "rule_number": 1101,
                "traffic_type": "egress",
                "uuid": "9d6936d4-a9e7-40c3-b583-8dc2eb4de11f"
              },
              {
                "action": "allow",
                "cidr_list": [
                  "10.252.1.0/24"
                ],
                "description": "dns:udp: allow egress",
                "icmp_code": 0,
                "icmp_type": 0,
                "port": "53",
                "protocol": "udp",
                "rule_number": 1102,
                "traffic_type": "egress",
                "uuid": "f398facc-2ca2-49d0-bdfa-e486d98d672f"
              },
              {
                "action": "allow",
                "cidr_list": [
                  "10.252.2.0/24"
                ],
                "description": "http and https mirror: allow egress",
                "icmp_code": 0,
                "icmp_type": 0,
                "port": "443",
                "protocol": "tcp",
                "rule_number": 1202,
                "traffic_type": "egress",
                "uuid": "49b9a32d-192a-4ff2-bae9-c29efce8404a"
              },
              {
                "action": "allow",
                "cidr_list": [
                  "10.252.2.0/24"
                ],
                "description": "http mirror: allow egress",
                "icmp_code": 0,
                "icmp_type": 0,
                "port": "80",
                "protocol": "tcp",
                "rule_number": 1201,
                "traffic_type": "egress",
                "uuid": "f88a64d3-216c-47a5-b885-bbddbe7cc66b"
              },
              {
                "action": "allow",
                "cidr_list": [
                  "10.252.3.0/24"
                ],
                "description": "IPA http: allow egress",
                "icmp_code": 0,
                "icmp_type": 0,
                "port": "80",
                "protocol": "tcp",
                "rule_number": 1301,
                "traffic_type": "egress",
                "uuid": "2f489e57-edd1-4ac8-85eb-b881e0e1f496"
              },
              {
                "action": "allow",
                "cidr_list": [
                  "10.252.3.0/24"
                ],
                "description": "IPA https: allow egress",
                "icmp_code": 0,
                "icmp_type": 0,
                "port": "443",
                "protocol": "tcp",
                "rule_number": 1302,
                "traffic_type": "egress",
                "uuid": "25edc238-0cb5-44f3-b95e-a5317e02389f"
              },
              {
                "action": "allow",
                "cidr_list": [
                  "10.252.3.0/24"
                ],
                "description": "IPA ldap: allow egress",
                "icmp_code": 0,
                "icmp_type": 0,
                "port": "389",
                "protocol": "tcp",
                "rule_number": 1303,
                "traffic_type": "egress",
                "uuid": "346028dc-910b-406b-8848-c60b9e801070"
              },
              {
                "action": "allow",
                "cidr_list": [
                  "10.252.3.0/24"
                ],
                "description": "IPA ldaps: allow egress",
                "icmp_code": 0,
                "icmp_type": 0,
                "port": "636",
                "protocol": "tcp",
                "rule_number": 1304,
                "traffic_type": "egress",
                "uuid": "23b4bfce-7a15-441a-94f4-8a312cd99917"
              },
              {
                "action": "allow",
                "cidr_list": [
                  "10.252.3.0/24"
                ],
                "description": "kerberos tcp: allow egress",
                "icmp_code": 0,
                "icmp_type": 0,
                "port": "88",
                "protocol": "tcp",
                "rule_number": 1307,
                "traffic_type": "egress",
                "uuid": "834aa110-0445-4176-88ea-fdd1028e6bb0"
              },
              {
                "action": "allow",
                "cidr_list": [
                  "10.252.3.0/24"
                ],
                "description": "kerberos udp: allow egress",
                "icmp_code": 0,
                "icmp_type": 0,
                "port": "88",
                "protocol": "udp",
                "rule_number": 1305,
                "traffic_type": "egress",
                "uuid": "9e667375-0a97-4db3-8f65-492bac16808d"
              },
              {
                "action": "allow",
                "cidr_list": [
                  "10.252.3.0/24"
                ],
                "description": "kpasswd tcp: allow egress",
                "icmp_code": 0,
                "icmp_type": 0,
                "port": "464",
                "protocol": "tcp",
                "rule_number": 1308,
                "traffic_type": "egress",
                "uuid": "f4db4857-c939-47c7-bccf-dfe156916f9a"
              },
              {
                "action": "allow",
                "cidr_list": [
                  "10.252.3.0/24"
                ],
                "description": "kpasswd udp: allow egress",
                "icmp_code": 0,
                "icmp_type": 0,
                "port": "464",
                "protocol": "udp",
                "rule_number": 1306,
                "traffic_type": "egress",
                "uuid": "3f79d847-2e13-4137-a19f-f36649d51239"
              },
              {
                "action": "allow",
                "cidr_list": [
                  "10.252.4.0/24"
                ],
                "description": "ntp: allow egress",
                "icmp_code": 0,
                "icmp_type": 0,
                "port": "123",
                "protocol": "udp",
                "rule_number": 1401,
                "traffic_type": "egress",
                "uuid": "5d1baec7-b575-438e-8d15-081e613d6f37"
              },
              {
                "action": "deny",
                "cidr_list": [
                  "0.0.0.0/0"
                ],
                "description": "deny egress by default: deny egress",
                "icmp_code": 0,
                "icmp_type": 0,
                "port": "",
                "protocol": "all",
                "rule_number": 65501,
                "traffic_type": "egress",
                "uuid": "18573f64-cb19-400e-84bb-6c5a1c54a6b5"
              },
              {
                "action": "deny",
                "cidr_list": [
                  "1.2.3.4/32"
                ],
                "description": "deny egress by default: deny egress",
                "icmp_code": 0,
                "icmp_type": 0,
                "port": "",
                "protocol": "all",
                "rule_number": 65401,
                "traffic_type": "egress",
                "uuid": "fca04a3d-f153-41b8-a1af-7e85179cc6df"
              }
            ]
          },
          "sensitive_attributes": [],
          "identity_schema_version": 0,
          "private": "bnVsbA==",
          "dependencies": [
            "cloudstack_network_acl.nfs",
            "cloudstack_vpc.infra_vpc"
          ]
        }
      ]
    },
    {
      "module": "module.network_acl_ntp",
      "mode": "managed",
      "type": "cloudstack_network_acl_rule",
      "name": "this",
      "provider": "provider[\"local/cloudstack/cloudstack\"]",
      "instances": [
        {
          "schema_version": 0,
          "attributes": {
            "acl_id": "b15b3e24-2c30-4915-a488-5c11fe2dce9b",
            "id": "b15b3e24-2c30-4915-a488-5c11fe2dce9b",
            "managed": true,
            "parallelism": 2,
            "project": null,
            "rule": [],
            "ruleset": [
              {
                "action": "allow",
                "cidr_list": [
                  "0.0.0.0/0"
                ],
                "description": "ntp: allow egress",
                "icmp_code": 0,
                "icmp_type": 0,
                "port": "123",
                "protocol": "udp",
                "rule_number": 30001,
                "traffic_type": "egress",
                "uuid": "5eb151a4-9925-4e6d-b61d-0fbe30b05bb3"
              },
              {
                "action": "allow",
                "cidr_list": [
                  "0.0.0.0/0"
                ],
                "description": "ntp: allow ingress",
                "icmp_code": 0,
                "icmp_type": 0,
                "port": "123",
                "protocol": "udp",
                "rule_number": 30002,
                "traffic_type": "ingress",
                "uuid": "5c4eb0c3-cbff-42b5-9062-7e926bba2c64"
              },
              {
                "action": "allow",
                "cidr_list": [
                  "10.252.0.0/24"
                ],
                "description": "allow bastion connection to network: allow ingress",
                "icmp_code": 0,
                "icmp_type": 0,
                "port": "22",
                "protocol": "tcp",
                "rule_number": 1001,
                "traffic_type": "ingress",
                "uuid": "18fd701e-1ce3-424d-8eff-cb67e1751cd3"
              },
              {
                "action": "allow",
                "cidr_list": [
                  "10.252.1.0/24"
                ],
                "description": "dns:tcp: allow egress",
                "icmp_code": 0,
                "icmp_type": 0,
                "port": "53",
                "protocol": "tcp",
                "rule_number": 1101,
                "traffic_type": "egress",
                "uuid": "d13b3d77-f74e-4ef6-9f2a-be90c6949cc5"
              },
              {
                "action": "allow",
                "cidr_list": [
                  "10.252.1.0/24"
                ],
                "description": "dns:udp: allow egress",
                "icmp_code": 0,
                "icmp_type": 0,
                "port": "53",
                "protocol": "udp",
                "rule_number": 1102,
                "traffic_type": "egress",
                "uuid": "bc31315d-754b-440d-8694-2f618f76a4d5"
              },
              {
                "action": "allow",
                "cidr_list": [
                  "10.252.2.0/24"
                ],
                "description": "http and https mirror: allow egress",
                "icmp_code": 0,
                "icmp_type": 0,
                "port": "443",
                "protocol": "tcp",
                "rule_number": 1202,
                "traffic_type": "egress",
                "uuid": "134fb928-abf7-4306-a4e5-ae3e2a7687c4"
              },
              {
                "action": "allow",
                "cidr_list": [
                  "10.252.2.0/24"
                ],
                "description": "http mirror: allow egress",
                "icmp_code": 0,
                "icmp_type": 0,
                "port": "80",
                "protocol": "tcp",
                "rule_number": 1201,
                "traffic_type": "egress",
                "uuid": "b3ddfa5d-7d40-4edf-b731-f01b7fd1b94d"
              },
              {
                "action": "allow",
                "cidr_list": [
                  "10.252.3.0/24"
                ],
                "description": "IPA http: allow egress",
                "icmp_code": 0,
                "icmp_type": 0,
                "port": "80",
                "protocol": "tcp",
                "rule_number": 1301,
                "traffic_type": "egress",
                "uuid": "7d6ad959-f602-4687-81fd-524b395e39df"
              },
              {
                "action": "allow",
                "cidr_list": [
                  "10.252.3.0/24"
                ],
                "description": "IPA https: allow egress",
                "icmp_code": 0,
                "icmp_type": 0,
                "port": "443",
                "protocol": "tcp",
                "rule_number": 1302,
                "traffic_type": "egress",
                "uuid": "ca5902d2-cd77-4ca4-bc84-bb49f3482113"
              },
              {
                "action": "allow",
                "cidr_list": [
                  "10.252.3.0/24"
                ],
                "description": "IPA ldap: allow egress",
                "icmp_code": 0,
                "icmp_type": 0,
                "port": "389",
                "protocol": "tcp",
                "rule_number": 1303,
                "traffic_type": "egress",
                "uuid": "f55c928f-4484-4894-8b39-7bdfe13003b7"
              },
              {
                "action": "allow",
                "cidr_list": [
                  "10.252.3.0/24"
                ],
                "description": "IPA ldaps: allow egress",
                "icmp_code": 0,
                "icmp_type": 0,
                "port": "636",
                "protocol": "tcp",
                "rule_number": 1304,
                "traffic_type": "egress",
                "uuid": "8a7b192d-6d8a-4592-870c-ee3544a8bd68"
              },
              {
                "action": "allow",
                "cidr_list": [
                  "10.252.3.0/24"
                ],
                "description": "kerberos tcp: allow egress",
                "icmp_code": 0,
                "icmp_type": 0,
                "port": "88",
                "protocol": "tcp",
                "rule_number": 1307,
                "traffic_type": "egress",
                "uuid": "411c1f1f-6dc5-4231-ba81-09fb651603a6"
              },
              {
                "action": "allow",
                "cidr_list": [
                  "10.252.3.0/24"
                ],
                "description": "kerberos udp: allow egress",
                "icmp_code": 0,
                "icmp_type": 0,
                "port": "88",
                "protocol": "udp",
                "rule_number": 1305,
                "traffic_type": "egress",
                "uuid": "5f959506-bd37-4f2b-b104-12f4464034cf"
              },
              {
                "action": "allow",
                "cidr_list": [
                  "10.252.3.0/24"
                ],
                "description": "kpasswd tcp: allow egress",
                "icmp_code": 0,
                "icmp_type": 0,
                "port": "464",
                "protocol": "tcp",
                "rule_number": 1308,
                "traffic_type": "egress",
                "uuid": "813fe2e0-084b-424c-83f0-7fed43738ad6"
              },
              {
                "action": "allow",
                "cidr_list": [
                  "10.252.3.0/24"
                ],
                "description": "kpasswd udp: allow egress",
                "icmp_code": 0,
                "icmp_type": 0,
                "port": "464",
                "protocol": "udp",
                "rule_number": 1306,
                "traffic_type": "egress",
                "uuid": "57ffe1a9-212c-41c7-b44a-0a4e08c8c689"
              },
              {
                "action": "allow",
                "cidr_list": [
                  "10.252.4.0/24"
                ],
                "description": "ntp: allow egress",
                "icmp_code": 0,
                "icmp_type": 0,
                "port": "123",
                "protocol": "udp",
                "rule_number": 1401,
                "traffic_type": "egress",
                "uuid": "086a7f2c-9812-49f3-b721-d0205b9f6e19"
              },
              {
                "action": "deny",
                "cidr_list": [
                  "0.0.0.0/0"
                ],
                "description": "deny egress by default: deny egress",
                "icmp_code": 0,
                "icmp_type": 0,
                "port": "",
                "protocol": "all",
                "rule_number": 65501,
                "traffic_type": "egress",
                "uuid": "8b28c75c-4568-4c26-b117-ec149d422f93"
              },
              {
                "action": "deny",
                "cidr_list": [
                  "1.2.3.4/32"
                ],
                "description": "deny egress by default: deny egress",
                "icmp_code": 0,
                "icmp_type": 0,
                "port": "",
                "protocol": "all",
                "rule_number": 65401,
                "traffic_type": "egress",
                "uuid": "da402e2c-b50b-4fdd-948b-7f02abd5dafe"
              }
            ]
          },
          "sensitive_attributes": [],
          "identity_schema_version": 0,
          "private": "bnVsbA==",
          "dependencies": [
            "cloudstack_network_acl.ntp",
            "cloudstack_vpc.infra_vpc"
          ]
        }
      ]
    },
    {
      "module": "module.network_acl_proxy",
      "mode": "managed",
      "type": "cloudstack_network_acl_rule",
      "name": "this",
      "provider": "provider[\"local/cloudstack/cloudstack\"]",
      "instances": [
        {
          "schema_version": 0,
          "attributes": {
            "acl_id": "7e0516ab-a2da-4b68-93fa-ca05c1135fd6",
            "id": "7e0516ab-a2da-4b68-93fa-ca05c1135fd6",
            "managed": true,
            "parallelism": 2,
            "project": null,
            "rule": [],
            "ruleset": [
              {
                "action": "allow",
                "cidr_list": [
                  "0.0.0.0/0"
                ],
                "description": "Allow egress to world on 443: allow egress",
                "icmp_code": 0,
                "icmp_type": 0,
                "port": "443",
                "protocol": "tcp",
                "rule_number": 30003,
                "traffic_type": "egress",
                "uuid": "d50d6114-41b9-43fb-8680-2f7ae06a8d8f"
              },
              {
                "action": "allow",
                "cidr_list": [
                  "0.0.0.0/0"
                ],
                "description": "Allow egress to world on 80: allow egress",
                "icmp_code": 0,
                "icmp_type": 0,
                "port": "80",
                "protocol": "tcp",
                "rule_number": 30002,
                "traffic_type": "egress",
                "uuid": "8ef4828c-e5ef-479f-a0c0-680223f5800d"
              },
              {
                "action": "allow",
                "cidr_list": [
                  "0.0.0.0/0"
                ],
                "description": "Allow ingress proxy: allow ingress",
                "icmp_code": 0,
                "icmp_type": 0,
                "port": "8080",
                "protocol": "tcp",
                "rule_number": 30001,
                "traffic_type": "ingress",
                "uuid": "2d9b87ea-117f-4c0a-9733-12dc64a609fb"
              },
              {
                "action": "allow",
                "cidr_list": [
                  "10.252.0.0/24"
                ],
                "description": "allow bastion connection to network: allow ingress",
                "icmp_code": 0,
                "icmp_type": 0,
                "port": "22",
                "protocol": "tcp",
                "rule_number": 1001,
                "traffic_type": "ingress",
                "uuid": "1b1e9f25-0fc3-41a7-abab-b7891c96d9cc"
              },
              {
                "action": "allow",
                "cidr_list": [
                  "10.252.1.0/24"
                ],
                "description": "dns:tcp: allow egress",
                "icmp_code": 0,
                "icmp_type": 0,
                "port": "53",
                "protocol": "tcp",
                "rule_number": 1101,
                "traffic_type": "egress",
                "uuid": "e686e9d2-10a5-4ef5-bdbc-ba760cf5182a"
              },
              {
                "action": "allow",
                "cidr_list": [
                  "10.252.1.0/24"
                ],
                "description": "dns:udp: allow egress",
                "icmp_code": 0,
                "icmp_type": 0,
                "port": "53",
                "protocol": "udp",
                "rule_number": 1102,
                "traffic_type": "egress",
                "uuid": "df8a6256-21a7-4df4-93e0-b13ada385849"
              },
              {
                "action": "allow",
                "cidr_list": [
                  "10.252.2.0/24"
                ],
                "description": "http and https mirror: allow egress",
                "icmp_code": 0,
                "icmp_type": 0,
                "port": "443",
                "protocol": "tcp",
                "rule_number": 1202,
                "traffic_type": "egress",
                "uuid": "e139ceb4-65fa-49cc-b2ae-cb8127829dd2"
              },
              {
                "action": "allow",
                "cidr_list": [
                  "10.252.2.0/24"
                ],
                "description": "http mirror: allow egress",
                "icmp_code": 0,
                "icmp_type": 0,
                "port": "80",
                "protocol": "tcp",
                "rule_number": 1201,
                "traffic_type": "egress",
                "uuid": "848776fc-6e8d-400f-a127-158850fce836"
              },
              {
                "action": "allow",
                "cidr_list": [
                  "10.252.3.0/24"
                ],
                "description": "IPA http: allow egress",
                "icmp_code": 0,
                "icmp_type": 0,
                "port": "80",
                "protocol": "tcp",
                "rule_number": 1301,
                "traffic_type": "egress",
                "uuid": "7871e369-8789-48b4-a649-d75259d0bc0e"
              },
              {
                "action": "allow",
                "cidr_list": [
                  "10.252.3.0/24"
                ],
                "description": "IPA https: allow egress",
                "icmp_code": 0,
                "icmp_type": 0,
                "port": "443",
                "protocol": "tcp",
                "rule_number": 1302,
                "traffic_type": "egress",
                "uuid": "04911727-3127-44c0-859f-53fc712f9056"
              },
              {
                "action": "allow",
                "cidr_list": [
                  "10.252.3.0/24"
                ],
                "description": "IPA ldap: allow egress",
                "icmp_code": 0,
                "icmp_type": 0,
                "port": "389",
                "protocol": "tcp",
                "rule_number": 1303,
                "traffic_type": "egress",
                "uuid": "f1d595ab-fb21-4ad5-9a7a-99bb4ceb386c"
              },
              {
                "action": "allow",
                "cidr_list": [
                  "10.252.3.0/24"
                ],
                "description": "IPA ldaps: allow egress",
                "icmp_code": 0,
                "icmp_type": 0,
                "port": "636",
                "protocol": "tcp",
                "rule_number": 1304,
                "traffic_type": "egress",
                "uuid": "be1d4c6a-52b4-40df-b5c0-f2ea7ea7e373"
              },
              {
                "action": "allow",
                "cidr_list": [
                  "10.252.3.0/24"
                ],
                "description": "kerberos tcp: allow egress",
                "icmp_code": 0,
                "icmp_type": 0,
                "port": "88",
                "protocol": "tcp",
                "rule_number": 1307,
                "traffic_type": "egress",
                "uuid": "14fcdf05-e461-4cf5-bb7a-31ac769afe98"
              },
              {
                "action": "allow",
                "cidr_list": [
                  "10.252.3.0/24"
                ],
                "description": "kerberos udp: allow egress",
                "icmp_code": 0,
                "icmp_type": 0,
                "port": "88",
                "protocol": "udp",
                "rule_number": 1305,
                "traffic_type": "egress",
                "uuid": "73ec00a2-e7e8-4de8-bd3f-8fc099539d3f"
              },
              {
                "action": "allow",
                "cidr_list": [
                  "10.252.3.0/24"
                ],
                "description": "kpasswd tcp: allow egress",
                "icmp_code": 0,
                "icmp_type": 0,
                "port": "464",
                "protocol": "tcp",
                "rule_number": 1308,
                "traffic_type": "egress",
                "uuid": "5365eed6-13b8-4577-9af1-38f25782b4c2"
              },
              {
                "action": "allow",
                "cidr_list": [
                  "10.252.3.0/24"
                ],
                "description": "kpasswd udp: allow egress",
                "icmp_code": 0,
                "icmp_type": 0,
                "port": "464",
                "protocol": "udp",
                "rule_number": 1306,
                "traffic_type": "egress",
                "uuid": "31a27f71-35c5-4087-8c0c-2de5fd13d8e5"
              },
              {
                "action": "allow",
                "cidr_list": [
                  "10.252.4.0/24"
                ],
                "description": "ntp: allow egress",
                "icmp_code": 0,
                "icmp_type": 0,
                "port": "123",
                "protocol": "udp",
                "rule_number": 1401,
                "traffic_type": "egress",
                "uuid": "65c3fb45-478b-415d-8c8e-6f9039f967c1"
              },
              {
                "action": "deny",
                "cidr_list": [
                  "0.0.0.0/0"
                ],
                "description": "deny egress by default: deny egress",
                "icmp_code": 0,
                "icmp_type": 0,
                "port": "",
                "protocol": "all",
                "rule_number": 65501,
                "traffic_type": "egress",
                "uuid": "05d85369-8af1-434a-b731-3e5fcb466d74"
              },
              {
                "action": "deny",
                "cidr_list": [
                  "1.2.3.4/32"
                ],
                "description": "deny egress by default: deny egress",
                "icmp_code": 0,
                "icmp_type": 0,
                "port": "",
                "protocol": "all",
                "rule_number": 65401,
                "traffic_type": "egress",
                "uuid": "945e7c65-0be7-418b-befd-ad81eccc3c26"
              }
            ]
          },
          "sensitive_attributes": [],
          "identity_schema_version": 0,
          "private": "bnVsbA==",
          "dependencies": [
            "cloudstack_network_acl.proxy",
            "cloudstack_vpc.infra_vpc"
          ]
        }
      ]
    },
    {
      "module": "module.network_acl_su",
      "mode": "managed",
      "type": "cloudstack_network_acl_rule",
      "name": "this",
      "provider": "provider[\"local/cloudstack/cloudstack\"]",
      "instances": [
        {
          "schema_version": 0,
          "attributes": {
            "acl_id": "8c6fe862-7a3e-404e-958b-57ee99d317ae",
            "id": "8c6fe862-7a3e-404e-958b-57ee99d317ae",
            "managed": true,
            "parallelism": 2,
            "project": null,
            "rule": [],
            "ruleset": [
              {
                "action": "allow",
                "cidr_list": [
                  "0.0.0.0/0"
                ],
                "description": "allow public networks to SSH into bastion: allow ingress",
                "icmp_code": 0,
                "icmp_type": 0,
                "port": "22",
                "protocol": "tcp",
                "rule_number": 30002,
                "traffic_type": "ingress",
                "uuid": "bcef97f7-a86c-4907-bebd-b089ea2cc73d"
              },
              {
                "action": "allow",
                "cidr_list": [
                  "10.252.0.0/16"
                ],
                "description": "allow bastion connection to network: allow egress",
                "icmp_code": 0,
                "icmp_type": 0,
                "port": "22",
                "protocol": "tcp",
                "rule_number": 30003,
                "traffic_type": "egress",
                "uuid": "095d8397-ff62-420e-adad-65417c528e91"
              },
              {
                "action": "allow",
                "cidr_list": [
                  "10.252.0.0/24"
                ],
                "description": "allow bastion connection to network: allow ingress",
                "icmp_code": 0,
                "icmp_type": 0,
                "port": "22",
                "protocol": "tcp",
                "rule_number": 1001,
                "traffic_type": "ingress",
                "uuid": "0655109a-4d3b-4b38-a3fa-bfb647ef75b1"
              },
              {
                "action": "allow",
                "cidr_list": [
                  "10.252.1.0/24"
                ],
                "description": "dns:tcp: allow egress",
                "icmp_code": 0,
                "icmp_type": 0,
                "port": "53",
                "protocol": "tcp",
                "rule_number": 1101,
                "traffic_type": "egress",
                "uuid": "6c1fd46b-ca39-4daf-afed-5456bcc57112"
              },
              {
                "action": "allow",
                "cidr_list": [
                  "10.252.1.0/24"
                ],
                "description": "dns:udp: allow egress",
                "icmp_code": 0,
                "icmp_type": 0,
                "port": "53",
                "protocol": "udp",
                "rule_number": 1102,
                "traffic_type": "egress",
                "uuid": "1b73fee5-30ed-4788-b80c-fbe8b3d1e1c2"
              },
              {
                "action": "allow",
                "cidr_list": [
                  "10.252.2.0/24"
                ],
                "description": "http and https mirror: allow egress",
                "icmp_code": 0,
                "icmp_type": 0,
                "port": "443",
                "protocol": "tcp",
                "rule_number": 1202,
                "traffic_type": "egress",
                "uuid": "92daf36e-c10a-42e8-8869-cb8c78b195c8"
              },
              {
                "action": "allow",
                "cidr_list": [
                  "10.252.2.0/24"
                ],
                "description": "http mirror: allow egress",
                "icmp_code": 0,
                "icmp_type": 0,
                "port": "80",
                "protocol": "tcp",
                "rule_number": 1201,
                "traffic_type": "egress",
                "uuid": "842a8bc8-b372-46cd-9faa-4020449b9f47"
              },
              {
                "action": "allow",
                "cidr_list": [
                  "10.252.3.0/24"
                ],
                "description": "IPA http: allow egress",
                "icmp_code": 0,
                "icmp_type": 0,
                "port": "80",
                "protocol": "tcp",
                "rule_number": 1301,
                "traffic_type": "egress",
                "uuid": "a6a46881-f571-409f-b8ca-7318ba5c227c"
              },
              {
                "action": "allow",
                "cidr_list": [
                  "10.252.3.0/24"
                ],
                "description": "IPA https: allow egress",
                "icmp_code": 0,
                "icmp_type": 0,
                "port": "443",
                "protocol": "tcp",
                "rule_number": 1302,
                "traffic_type": "egress",
                "uuid": "a1b30717-5984-410e-a9cb-db0ea1c63737"
              },
              {
                "action": "allow",
                "cidr_list": [
                  "10.252.3.0/24"
                ],
                "description": "IPA ldap: allow egress",
                "icmp_code": 0,
                "icmp_type": 0,
                "port": "389",
                "protocol": "tcp",
                "rule_number": 1303,
                "traffic_type": "egress",
                "uuid": "7e1052fc-8e80-4589-882c-871bb819b091"
              },
              {
                "action": "allow",
                "cidr_list": [
                  "10.252.3.0/24"
                ],
                "description": "IPA ldaps: allow egress",
                "icmp_code": 0,
                "icmp_type": 0,
                "port": "636",
                "protocol": "tcp",
                "rule_number": 1304,
                "traffic_type": "egress",
                "uuid": "f115aa5c-99b3-4b44-ba99-9236e244f7c8"
              },
              {
                "action": "allow",
                "cidr_list": [
                  "10.252.3.0/24"
                ],
                "description": "kerberos tcp: allow egress",
                "icmp_code": 0,
                "icmp_type": 0,
                "port": "88",
                "protocol": "tcp",
                "rule_number": 1307,
                "traffic_type": "egress",
                "uuid": "7f4a24b7-25a3-4f39-a1cc-b1d6ab91c3d4"
              },
              {
                "action": "allow",
                "cidr_list": [
                  "10.252.3.0/24"
                ],
                "description": "kerberos udp: allow egress",
                "icmp_code": 0,
                "icmp_type": 0,
                "port": "88",
                "protocol": "udp",
                "rule_number": 1305,
                "traffic_type": "egress",
                "uuid": "e0dda398-b566-4a9c-ada3-68327aae8029"
              },
              {
                "action": "allow",
                "cidr_list": [
                  "10.252.3.0/24"
                ],
                "description": "kpasswd tcp: allow egress",
                "icmp_code": 0,
                "icmp_type": 0,
                "port": "464",
                "protocol": "tcp",
                "rule_number": 1308,
                "traffic_type": "egress",
                "uuid": "2d2293f0-3e4c-47f7-9eee-9e592957e5eb"
              },
              {
                "action": "allow",
                "cidr_list": [
                  "10.252.3.0/24"
                ],
                "description": "kpasswd udp: allow egress",
                "icmp_code": 0,
                "icmp_type": 0,
                "port": "464",
                "protocol": "udp",
                "rule_number": 1306,
                "traffic_type": "egress",
                "uuid": "270f810c-e629-4954-ae05-7e2b3c557206"
              },
              {
                "action": "allow",
                "cidr_list": [
                  "10.252.4.0/24"
                ],
                "description": "ntp: allow egress",
                "icmp_code": 0,
                "icmp_type": 0,
                "port": "123",
                "protocol": "udp",
                "rule_number": 1401,
                "traffic_type": "egress",
                "uuid": "91ad781c-0a8f-43f9-9303-e93a8d48d204"
              },
              {
                "action": "deny",
                "cidr_list": [
                  "0.0.0.0/0"
                ],
                "description": "deny egress by default: deny egress",
                "icmp_code": 0,
                "icmp_type": 0,
                "port": "",
                "protocol": "all",
                "rule_number": 65501,
                "traffic_type": "egress",
                "uuid": "3b8d8dad-cf66-46ad-9b21-1de519cbbe2c"
              },
              {
                "action": "deny",
                "cidr_list": [
                  "1.2.3.4/32"
                ],
                "description": "deny egress by default: deny egress",
                "icmp_code": 0,
                "icmp_type": 0,
                "port": "",
                "protocol": "all",
                "rule_number": 65401,
                "traffic_type": "egress",
                "uuid": "f84bf49d-6112-4e71-85f4-e0bcc22fb73e"
              },
              {
                "action": "deny",
                "cidr_list": [
                  "10.252.0.0/16"
                ],
                "description": "disallow VPC subnets from SSHing into bastion: deny ingress",
                "icmp_code": 0,
                "icmp_type": 0,
                "port": "22",
                "protocol": "tcp",
                "rule_number": 30001,
                "traffic_type": "ingress",
                "uuid": "c202fde7-ebf6-4df9-938f-29337f30d85a"
              }
            ]
          },
          "sensitive_attributes": [],
          "identity_schema_version": 0,
          "private": "bnVsbA==",
          "dependencies": [
            "cloudstack_network_acl.su",
            "cloudstack_vpc.infra_vpc"
          ]
        }
      ]
    }
  ],
  "check_results": null
}
