{
  "version": 4,
  "terraform_version": "1.13.3",
  "serial": 813,
  "lineage": "5c7ec528-6e13-aae8-2d88-a841454e49b0",
  "outputs": {},
  "resources": [
    {
      "mode": "managed",
      "type": "cloudstack_affinity_group",
      "name": "dns",
      "provider": "provider[\"registry.terraform.io/cloudstack/cloudstack\"]",
      "instances": [
        {
          "schema_version": 0,
          "attributes": {
            "description": "dns",
            "id": "12a4817d-6657-49ae-90fb-da26fe56fe16",
            "name": "dns",
            "project": "infra",
            "type": "non-strict host anti-affinity"
          },
          "sensitive_attributes": [],
          "identity_schema_version": 0
        }
      ]
    },
    {
      "mode": "managed",
      "type": "cloudstack_affinity_group",
      "name": "ipa",
      "provider": "provider[\"registry.terraform.io/cloudstack/cloudstack\"]",
      "instances": [
        {
          "schema_version": 0,
          "attributes": {
            "description": "ipa",
            "id": "b4f655a7-6744-4fcb-a6ba-2a20b39da203",
            "name": "ipa",
            "project": "infra",
            "type": "non-strict host anti-affinity"
          },
          "sensitive_attributes": [],
          "identity_schema_version": 0
        }
      ]
    },
    {
      "mode": "managed",
      "type": "cloudstack_affinity_group",
      "name": "nfs",
      "provider": "provider[\"registry.terraform.io/cloudstack/cloudstack\"]",
      "instances": [
        {
          "schema_version": 0,
          "attributes": {
            "description": "nfs",
            "id": "83c7c2d4-6a70-4968-ba28-ddcbfeef55d2",
            "name": "nfs",
            "project": "infra",
            "type": "non-strict host anti-affinity"
          },
          "sensitive_attributes": [],
          "identity_schema_version": 0
        }
      ]
    },
    {
      "mode": "managed",
      "type": "cloudstack_affinity_group",
      "name": "ntp",
      "provider": "provider[\"registry.terraform.io/cloudstack/cloudstack\"]",
      "instances": [
        {
          "schema_version": 0,
          "attributes": {
            "description": "ntp",
            "id": "59a28539-0da0-48dd-b95b-3ea497d1460f",
            "name": "ntp",
            "project": "infra",
            "type": "non-strict host anti-affinity"
          },
          "sensitive_attributes": [],
          "identity_schema_version": 0
        }
      ]
    },
    {
      "mode": "managed",
      "type": "cloudstack_disk",
      "name": "mirror_data_disk",
      "provider": "provider[\"registry.terraform.io/cloudstack/cloudstack\"]",
      "instances": [
        {
          "schema_version": 0,
          "attributes": {
            "attach": true,
            "device_id": 1,
            "disk_offering": "Custom - WriteBack",
            "id": "a519bdf9-bae3-46b5-8d10-d16193e2db82",
            "name": "mirror_data_disk",
            "project": "infra",
            "reattach_on_change": false,
            "shrink_ok": false,
            "size": 8192,
            "tags": {},
            "virtual_machine_id": "e4df9278-c24b-4533-aee2-8a096e75ff3c",
            "zone": "testlab"
          },
          "sensitive_attributes": [],
          "identity_schema_version": 0,
          "dependencies": [
            "cloudstack_network.mirror",
            "cloudstack_network_acl.mirror",
            "cloudstack_template.rocky10",
            "cloudstack_vpc.infra_vpc",
            "module.instance_mirror.cloudstack_instance.this"
          ]
        }
      ]
    },
    {
      "mode": "managed",
      "type": "cloudstack_ipaddress",
      "name": "bastion",
      "provider": "provider[\"registry.terraform.io/cloudstack/cloudstack\"]",
      "instances": [
        {
          "schema_version": 0,
          "attributes": {
            "id": "02aae2fe-ae43-4030-8123-8967931fd7e1",
            "ip_address": "192.168.1.93",
            "is_portable": false,
            "is_source_nat": false,
            "network_id": null,
            "project": "infra",
            "tags": {},
            "vpc_id": "62940001-aa31-4da1-abf4-5a8c4f7a7f76",
            "zone": "testlab"
          },
          "sensitive_attributes": [],
          "identity_schema_version": 0,
          "dependencies": [
            "cloudstack_vpc.infra_vpc"
          ]
        }
      ]
    },
    {
      "mode": "managed",
      "type": "cloudstack_network",
      "name": "dns",
      "provider": "provider[\"registry.terraform.io/cloudstack/cloudstack\"]",
      "instances": [
        {
          "schema_version": 0,
          "attributes": {
            "acl_id": "a6237028-b622-4df6-b296-81d007fa6288",
            "cidr": "10.252.1.0/24",
            "display_text": "dns",
            "endip": null,
            "gateway": "10.252.1.1",
            "id": "b0f8295b-02cf-4872-98b0-355599d75f19",
            "name": "dns",
            "network_domain": "pc.testenv.bradhouse.dev",
            "network_offering": "ConfigDriveIsolatedNetworkOfferingForVpcNetworks",
            "project": "infra",
            "source_nat_ip": null,
            "source_nat_ip_address": null,
            "source_nat_ip_id": null,
            "startip": null,
            "tags": {},
            "vlan": null,
            "vpc_id": "62940001-aa31-4da1-abf4-5a8c4f7a7f76",
            "zone": "testlab"
          },
          "sensitive_attributes": [],
          "identity_schema_version": 0,
          "dependencies": [
            "cloudstack_network_acl.dns",
            "cloudstack_vpc.infra_vpc"
          ]
        }
      ]
    },
    {
      "mode": "managed",
      "type": "cloudstack_network",
      "name": "ipa",
      "provider": "provider[\"registry.terraform.io/cloudstack/cloudstack\"]",
      "instances": [
        {
          "schema_version": 0,
          "attributes": {
            "acl_id": "2df7cb62-8b12-4cb8-a387-48bf7a9e5599",
            "cidr": "10.252.3.0/24",
            "display_text": "ipa",
            "endip": null,
            "gateway": "10.252.3.1",
            "id": "07cb517b-3cc0-4779-951f-245dad70ba99",
            "name": "ipa",
            "network_domain": "pc.testenv.bradhouse.dev",
            "network_offering": "ConfigDriveIsolatedNetworkOfferingForVpcNetworks",
            "project": "infra",
            "source_nat_ip": null,
            "source_nat_ip_address": null,
            "source_nat_ip_id": null,
            "startip": null,
            "tags": {},
            "vlan": null,
            "vpc_id": "62940001-aa31-4da1-abf4-5a8c4f7a7f76",
            "zone": "testlab"
          },
          "sensitive_attributes": [],
          "identity_schema_version": 0,
          "private": "bnVsbA==",
          "dependencies": [
            "cloudstack_network_acl.ipa",
            "cloudstack_vpc.infra_vpc"
          ]
        }
      ]
    },
    {
      "mode": "managed",
      "type": "cloudstack_network",
      "name": "ldapproxy",
      "provider": "provider[\"registry.terraform.io/cloudstack/cloudstack\"]",
      "instances": [
        {
          "schema_version": 0,
          "attributes": {
            "acl_id": "a8b53813-4741-4ae0-a0b9-188ac61e5f10",
            "cidr": "10.252.6.0/24",
            "display_text": "ldapproxy",
            "endip": null,
            "gateway": "10.252.6.1",
            "id": "d06e3f73-7fb6-4b15-bf2e-79b6210051fd",
            "name": "ldapproxy",
            "network_domain": "pc.testenv.bradhouse.dev",
            "network_offering": "ConfigDriveIsolatedNetworkOfferingForVpcNetworks",
            "project": "infra",
            "source_nat_ip": null,
            "source_nat_ip_address": null,
            "source_nat_ip_id": null,
            "startip": null,
            "tags": {},
            "vlan": null,
            "vpc_id": "62940001-aa31-4da1-abf4-5a8c4f7a7f76",
            "zone": "testlab"
          },
          "sensitive_attributes": [],
          "identity_schema_version": 0,
          "private": "bnVsbA==",
          "dependencies": [
            "cloudstack_network_acl.ldapproxy",
            "cloudstack_vpc.infra_vpc"
          ]
        }
      ]
    },
    {
      "mode": "managed",
      "type": "cloudstack_network",
      "name": "mirror",
      "provider": "provider[\"registry.terraform.io/cloudstack/cloudstack\"]",
      "instances": [
        {
          "schema_version": 0,
          "attributes": {
            "acl_id": "14db294d-3ca0-45e9-8f1c-a16ddbb008f5",
            "cidr": "10.252.2.0/24",
            "display_text": "mirror",
            "endip": null,
            "gateway": "10.252.2.1",
            "id": "8bd5d3ff-8d02-4a63-af36-f3c6de56fbd8",
            "name": "mirror",
            "network_domain": "pc.testenv.bradhouse.dev",
            "network_offering": "ConfigDriveIsolatedNetworkOfferingForVpcNetworks",
            "project": "infra",
            "source_nat_ip": null,
            "source_nat_ip_address": null,
            "source_nat_ip_id": null,
            "startip": null,
            "tags": {},
            "vlan": null,
            "vpc_id": "62940001-aa31-4da1-abf4-5a8c4f7a7f76",
            "zone": "testlab"
          },
          "sensitive_attributes": [],
          "identity_schema_version": 0,
          "dependencies": [
            "cloudstack_network_acl.mirror",
            "cloudstack_vpc.infra_vpc"
          ]
        }
      ]
    },
    {
      "mode": "managed",
      "type": "cloudstack_network",
      "name": "nfs",
      "provider": "provider[\"registry.terraform.io/cloudstack/cloudstack\"]",
      "instances": [
        {
          "schema_version": 0,
          "attributes": {
            "acl_id": "dede0d6c-b348-4967-8e52-19b91ef10e8e",
            "cidr": "10.252.7.0/24",
            "display_text": "nfs",
            "endip": null,
            "gateway": "10.252.7.1",
            "id": "deef9f41-5d52-4394-b2a0-aecba2dc5bdd",
            "name": "nfs",
            "network_domain": "pc.testenv.bradhouse.dev",
            "network_offering": "ConfigDriveIsolatedNetworkOfferingForVpcNetworks",
            "project": "infra",
            "source_nat_ip": null,
            "source_nat_ip_address": null,
            "source_nat_ip_id": null,
            "startip": null,
            "tags": {},
            "vlan": null,
            "vpc_id": "62940001-aa31-4da1-abf4-5a8c4f7a7f76",
            "zone": "testlab"
          },
          "sensitive_attributes": [],
          "identity_schema_version": 0,
          "private": "bnVsbA==",
          "dependencies": [
            "cloudstack_network_acl.nfs",
            "cloudstack_vpc.infra_vpc"
          ]
        }
      ]
    },
    {
      "mode": "managed",
      "type": "cloudstack_network",
      "name": "ntp",
      "provider": "provider[\"registry.terraform.io/cloudstack/cloudstack\"]",
      "instances": [
        {
          "schema_version": 0,
          "attributes": {
            "acl_id": "f35bbb0d-bc9d-46f2-a611-d6f12cde193c",
            "cidr": "10.252.4.0/24",
            "display_text": "ntp",
            "endip": null,
            "gateway": "10.252.4.1",
            "id": "3df604b7-964a-44d8-90e9-cf1354d61fe8",
            "name": "ntp",
            "network_domain": "pc.testenv.bradhouse.dev",
            "network_offering": "ConfigDriveIsolatedNetworkOfferingForVpcNetworks",
            "project": "infra",
            "source_nat_ip": null,
            "source_nat_ip_address": null,
            "source_nat_ip_id": null,
            "startip": null,
            "tags": {},
            "vlan": null,
            "vpc_id": "62940001-aa31-4da1-abf4-5a8c4f7a7f76",
            "zone": "testlab"
          },
          "sensitive_attributes": [],
          "identity_schema_version": 0,
          "private": "bnVsbA==",
          "dependencies": [
            "cloudstack_network_acl.ntp",
            "cloudstack_vpc.infra_vpc"
          ]
        }
      ]
    },
    {
      "mode": "managed",
      "type": "cloudstack_network",
      "name": "proxy",
      "provider": "provider[\"registry.terraform.io/cloudstack/cloudstack\"]",
      "instances": [
        {
          "schema_version": 0,
          "attributes": {
            "acl_id": "d0307f9b-1a0e-42bc-8018-7596c287c00d",
            "cidr": "10.252.5.0/24",
            "display_text": "proxy",
            "endip": null,
            "gateway": "10.252.5.1",
            "id": "fd2c321a-4708-4bba-8e8f-85391837de3d",
            "name": "proxy",
            "network_domain": "pc.testenv.bradhouse.dev",
            "network_offering": "ConfigDriveIsolatedNetworkOfferingForVpcNetworks",
            "project": "infra",
            "source_nat_ip": null,
            "source_nat_ip_address": null,
            "source_nat_ip_id": null,
            "startip": null,
            "tags": {},
            "vlan": null,
            "vpc_id": "62940001-aa31-4da1-abf4-5a8c4f7a7f76",
            "zone": "testlab"
          },
          "sensitive_attributes": [],
          "identity_schema_version": 0,
          "private": "bnVsbA==",
          "dependencies": [
            "cloudstack_network_acl.proxy",
            "cloudstack_vpc.infra_vpc"
          ]
        }
      ]
    },
    {
      "mode": "managed",
      "type": "cloudstack_network",
      "name": "su",
      "provider": "provider[\"registry.terraform.io/cloudstack/cloudstack\"]",
      "instances": [
        {
          "schema_version": 0,
          "attributes": {
            "acl_id": "4185ff3d-3df8-43e6-ae6c-57597ec9a177",
            "cidr": "10.252.0.0/24",
            "display_text": "su",
            "endip": null,
            "gateway": "10.252.0.1",
            "id": "74a82486-2419-4902-92ec-3604f4f1ebf1",
            "name": "su",
            "network_domain": "pc.testenv.bradhouse.dev",
            "network_offering": "ConfigDriveIsolatedNetworkOfferingForVpcNetworks",
            "project": "infra",
            "source_nat_ip": null,
            "source_nat_ip_address": null,
            "source_nat_ip_id": null,
            "startip": null,
            "tags": {},
            "vlan": null,
            "vpc_id": "62940001-aa31-4da1-abf4-5a8c4f7a7f76",
            "zone": "testlab"
          },
          "sensitive_attributes": [],
          "identity_schema_version": 0,
          "dependencies": [
            "cloudstack_network_acl.su",
            "cloudstack_vpc.infra_vpc"
          ]
        }
      ]
    },
    {
      "mode": "managed",
      "type": "cloudstack_network_acl",
      "name": "dns",
      "provider": "provider[\"registry.terraform.io/cloudstack/cloudstack\"]",
      "instances": [
        {
          "schema_version": 0,
          "attributes": {
            "description": "dns",
            "id": "a6237028-b622-4df6-b296-81d007fa6288",
            "name": "dns",
            "project": null,
            "vpc_id": "62940001-aa31-4da1-abf4-5a8c4f7a7f76"
          },
          "sensitive_attributes": [],
          "identity_schema_version": 0,
          "dependencies": [
            "cloudstack_vpc.infra_vpc"
          ]
        }
      ]
    },
    {
      "mode": "managed",
      "type": "cloudstack_network_acl",
      "name": "hypervisor",
      "provider": "provider[\"registry.terraform.io/cloudstack/cloudstack\"]",
      "instances": [
        {
          "schema_version": 0,
          "attributes": {
            "description": "hypervisor",
            "id": "a36b3e1a-d957-46e8-8526-ab45a3225dc5",
            "name": "hypervisor",
            "project": null,
            "vpc_id": "62940001-aa31-4da1-abf4-5a8c4f7a7f76"
          },
          "sensitive_attributes": [],
          "identity_schema_version": 0,
          "private": "bnVsbA==",
          "dependencies": [
            "cloudstack_vpc.infra_vpc"
          ]
        }
      ]
    },
    {
      "mode": "managed",
      "type": "cloudstack_network_acl",
      "name": "ipa",
      "provider": "provider[\"registry.terraform.io/cloudstack/cloudstack\"]",
      "instances": [
        {
          "schema_version": 0,
          "attributes": {
            "description": "ipa",
            "id": "2df7cb62-8b12-4cb8-a387-48bf7a9e5599",
            "name": "ipa",
            "project": null,
            "vpc_id": "62940001-aa31-4da1-abf4-5a8c4f7a7f76"
          },
          "sensitive_attributes": [],
          "identity_schema_version": 0,
          "private": "bnVsbA==",
          "dependencies": [
            "cloudstack_vpc.infra_vpc"
          ]
        }
      ]
    },
    {
      "mode": "managed",
      "type": "cloudstack_network_acl",
      "name": "ldapproxy",
      "provider": "provider[\"registry.terraform.io/cloudstack/cloudstack\"]",
      "instances": [
        {
          "schema_version": 0,
          "attributes": {
            "description": "ldapproxy",
            "id": "a8b53813-4741-4ae0-a0b9-188ac61e5f10",
            "name": "ldapproxy",
            "project": null,
            "vpc_id": "62940001-aa31-4da1-abf4-5a8c4f7a7f76"
          },
          "sensitive_attributes": [],
          "identity_schema_version": 0,
          "private": "bnVsbA==",
          "dependencies": [
            "cloudstack_vpc.infra_vpc"
          ]
        }
      ]
    },
    {
      "mode": "managed",
      "type": "cloudstack_network_acl",
      "name": "mirror",
      "provider": "provider[\"registry.terraform.io/cloudstack/cloudstack\"]",
      "instances": [
        {
          "schema_version": 0,
          "attributes": {
            "description": "mirror",
            "id": "14db294d-3ca0-45e9-8f1c-a16ddbb008f5",
            "name": "mirror",
            "project": null,
            "vpc_id": "62940001-aa31-4da1-abf4-5a8c4f7a7f76"
          },
          "sensitive_attributes": [],
          "identity_schema_version": 0,
          "dependencies": [
            "cloudstack_vpc.infra_vpc"
          ]
        }
      ]
    },
    {
      "mode": "managed",
      "type": "cloudstack_network_acl",
      "name": "nfs",
      "provider": "provider[\"registry.terraform.io/cloudstack/cloudstack\"]",
      "instances": [
        {
          "schema_version": 0,
          "attributes": {
            "description": "nfs",
            "id": "dede0d6c-b348-4967-8e52-19b91ef10e8e",
            "name": "nfs",
            "project": null,
            "vpc_id": "62940001-aa31-4da1-abf4-5a8c4f7a7f76"
          },
          "sensitive_attributes": [],
          "identity_schema_version": 0,
          "private": "bnVsbA==",
          "dependencies": [
            "cloudstack_vpc.infra_vpc"
          ]
        }
      ]
    },
    {
      "mode": "managed",
      "type": "cloudstack_network_acl",
      "name": "ntp",
      "provider": "provider[\"registry.terraform.io/cloudstack/cloudstack\"]",
      "instances": [
        {
          "schema_version": 0,
          "attributes": {
            "description": "ntp",
            "id": "f35bbb0d-bc9d-46f2-a611-d6f12cde193c",
            "name": "ntp",
            "project": null,
            "vpc_id": "62940001-aa31-4da1-abf4-5a8c4f7a7f76"
          },
          "sensitive_attributes": [],
          "identity_schema_version": 0,
          "private": "bnVsbA==",
          "dependencies": [
            "cloudstack_vpc.infra_vpc"
          ]
        }
      ]
    },
    {
      "mode": "managed",
      "type": "cloudstack_network_acl",
      "name": "proxy",
      "provider": "provider[\"registry.terraform.io/cloudstack/cloudstack\"]",
      "instances": [
        {
          "schema_version": 0,
          "attributes": {
            "description": "proxy",
            "id": "d0307f9b-1a0e-42bc-8018-7596c287c00d",
            "name": "proxy",
            "project": null,
            "vpc_id": "62940001-aa31-4da1-abf4-5a8c4f7a7f76"
          },
          "sensitive_attributes": [],
          "identity_schema_version": 0,
          "private": "bnVsbA==",
          "dependencies": [
            "cloudstack_vpc.infra_vpc"
          ]
        }
      ]
    },
    {
      "mode": "managed",
      "type": "cloudstack_network_acl",
      "name": "su",
      "provider": "provider[\"registry.terraform.io/cloudstack/cloudstack\"]",
      "instances": [
        {
          "schema_version": 0,
          "attributes": {
            "description": "su",
            "id": "4185ff3d-3df8-43e6-ae6c-57597ec9a177",
            "name": "su",
            "project": null,
            "vpc_id": "62940001-aa31-4da1-abf4-5a8c4f7a7f76"
          },
          "sensitive_attributes": [],
          "identity_schema_version": 0,
          "dependencies": [
            "cloudstack_vpc.infra_vpc"
          ]
        }
      ]
    },
    {
      "mode": "managed",
      "type": "cloudstack_port_forward",
      "name": "bastion",
      "provider": "provider[\"registry.terraform.io/cloudstack/cloudstack\"]",
      "instances": [
        {
          "status": "tainted",
          "schema_version": 0,
          "attributes": {
            "forward": [
              {
                "private_end_port": 0,
                "private_port": 22,
                "protocol": "tcp",
                "public_end_port": 0,
                "public_port": 5022,
                "uuid": "",
                "virtual_machine_id": "bebcac94-65f5-4c73-8586-e6e860bcc17e",
                "vm_guest_ip": ""
              }
            ],
            "id": "02aae2fe-ae43-4030-8123-8967931fd7e1",
            "ip_address_id": "02aae2fe-ae43-4030-8123-8967931fd7e1",
            "managed": false,
            "project": null
          },
          "sensitive_attributes": [],
          "identity_schema_version": 0,
          "private": "bnVsbA==",
          "dependencies": [
            "cloudstack_ipaddress.bastion",
            "cloudstack_network.su",
            "cloudstack_network_acl.su",
            "cloudstack_template.rocky10",
            "cloudstack_vpc.infra_vpc",
            "module.instance_bastion.cloudstack_instance.this"
          ]
        }
      ]
    },
    {
      "mode": "managed",
      "type": "cloudstack_template",
      "name": "alma10",
      "provider": "provider[\"registry.terraform.io/cloudstack/cloudstack\"]",
      "instances": [
        {
          "schema_version": 0,
          "attributes": {
            "display_text": "AlmaLinux 10",
            "for_cks": false,
            "format": "QCOW2",
            "hypervisor": "KVM",
            "id": "a9bdc7f8-403b-4788-b391-125681bb19bb",
            "is_dynamically_scalable": false,
            "is_extractable": false,
            "is_featured": false,
            "is_public": false,
            "is_ready": true,
            "is_ready_timeout": 300,
            "name": "AlmaLinux 10",
            "os_type": "AlmaLinux 10",
            "password_enabled": false,
            "project": "infra",
            "tags": {},
            "url": "https://repo.almalinux.org/almalinux/10/cloud/x86_64_v2/images/AlmaLinux-10-GenericCloud-latest.x86_64_v2.qcow2",
            "zone": "testlab"
          },
          "sensitive_attributes": [],
          "identity_schema_version": 0
        }
      ]
    },
    {
      "mode": "managed",
      "type": "cloudstack_template",
      "name": "alma9",
      "provider": "provider[\"registry.terraform.io/cloudstack/cloudstack\"]",
      "instances": [
        {
          "schema_version": 0,
          "attributes": {
            "display_text": "AlmaLinux 9",
            "for_cks": false,
            "format": "QCOW2",
            "hypervisor": "KVM",
            "id": "f281c5fe-cd4d-48b3-953b-5f2d6b58ea42",
            "is_dynamically_scalable": false,
            "is_extractable": false,
            "is_featured": false,
            "is_public": false,
            "is_ready": true,
            "is_ready_timeout": 300,
            "name": "AlmaLinux 9",
            "os_type": "AlmaLinux 9",
            "password_enabled": false,
            "project": "infra",
            "tags": {},
            "url": "https://repo.almalinux.org/almalinux/9/cloud/x86_64/images/AlmaLinux-9-GenericCloud-latest.x86_64.qcow2",
            "zone": "testlab"
          },
          "sensitive_attributes": [],
          "identity_schema_version": 0
        }
      ]
    },
    {
      "mode": "managed",
      "type": "cloudstack_template",
      "name": "rocky10",
      "provider": "provider[\"registry.terraform.io/cloudstack/cloudstack\"]",
      "instances": [
        {
          "schema_version": 0,
          "attributes": {
            "display_text": "Rocky Linux 10",
            "for_cks": false,
            "format": "QCOW2",
            "hypervisor": "KVM",
            "id": "97ce9ec1-785b-41af-8594-6d4e140f7033",
            "is_dynamically_scalable": false,
            "is_extractable": false,
            "is_featured": false,
            "is_public": false,
            "is_ready": true,
            "is_ready_timeout": 300,
            "name": "Rocky Linux 10",
            "os_type": "Rocky Linux 10",
            "password_enabled": false,
            "project": "infra",
            "tags": {},
            "url": "https://dl.rockylinux.org/pub/rocky/10/images/x86_64/Rocky-10-GenericCloud-Base.latest.x86_64.qcow2",
            "zone": "testlab"
          },
          "sensitive_attributes": [],
          "identity_schema_version": 0
        }
      ]
    },
    {
      "mode": "managed",
      "type": "cloudstack_template",
      "name": "rocky9",
      "provider": "provider[\"registry.terraform.io/cloudstack/cloudstack\"]",
      "instances": [
        {
          "schema_version": 0,
          "attributes": {
            "display_text": "Rocky Linux 9 Base",
            "for_cks": false,
            "format": "QCOW2",
            "hypervisor": "KVM",
            "id": "59475338-9ff3-4288-afe3-385ac12da162",
            "is_dynamically_scalable": false,
            "is_extractable": false,
            "is_featured": false,
            "is_public": false,
            "is_ready": true,
            "is_ready_timeout": 300,
            "name": "Rocky Linux 9",
            "os_type": "Rocky Linux 9",
            "password_enabled": false,
            "project": "infra",
            "tags": {},
            "url": "https://dl.rockylinux.org/pub/rocky/9/images/x86_64/Rocky-9-GenericCloud.latest.x86_64.qcow2",
            "zone": "testlab"
          },
          "sensitive_attributes": [],
          "identity_schema_version": 0
        }
      ]
    },
    {
      "mode": "managed",
      "type": "cloudstack_template",
      "name": "ubuntu24",
      "provider": "provider[\"registry.terraform.io/cloudstack/cloudstack\"]",
      "instances": [
        {
          "schema_version": 0,
          "attributes": {
            "display_text": "Ubuntu 24.04 LTS x64",
            "for_cks": false,
            "format": "QCOW2",
            "hypervisor": "KVM",
            "id": "f6ea8026-0e94-4222-9335-f3935d5dbe0d",
            "is_dynamically_scalable": false,
            "is_extractable": false,
            "is_featured": false,
            "is_public": false,
            "is_ready": true,
            "is_ready_timeout": 300,
            "name": "Ubuntu 24.04 LTS x64",
            "os_type": "Ubuntu 24.04 LTS",
            "password_enabled": false,
            "project": "infra",
            "tags": {},
            "url": "https://cloud-images.ubuntu.com/noble/current/noble-server-cloudimg-amd64.img",
            "zone": "testlab"
          },
          "sensitive_attributes": [],
          "identity_schema_version": 0
        }
      ]
    },
    {
      "mode": "managed",
      "type": "cloudstack_vpc",
      "name": "infra_vpc",
      "provider": "provider[\"registry.terraform.io/cloudstack/cloudstack\"]",
      "instances": [
        {
          "schema_version": 0,
          "attributes": {
            "cidr": "10.252.0.0/16",
            "display_text": "infra_vpc",
            "id": "62940001-aa31-4da1-abf4-5a8c4f7a7f76",
            "name": "infra_vpc",
            "network_domain": "pc.testenv.bradhouse.dev",
            "project": "infra",
            "source_nat_ip": "192.168.1.92",
            "tags": {},
            "vpc_offering": "VPC HA",
            "zone": "testlab"
          },
          "sensitive_attributes": [],
          "identity_schema_version": 0
        }
      ]
    },
    {
      "module": "module.instance_bastion",
      "mode": "managed",
      "type": "cloudstack_instance",
      "name": "this",
      "provider": "provider[\"registry.terraform.io/cloudstack/cloudstack\"]",
      "instances": [
        {
          "schema_version": 0,
          "attributes": {
            "affinity_group_ids": null,
            "affinity_group_names": null,
            "cluster_id": null,
            "details": {
              "dataDiskController": "scsi",
              "io.policy": "io_uring",
              "iothreads": "1",
              "rootDiskController": "scsi"
            },
            "disk_offering": "",
            "display_name": "bastion",
            "expunge": true,
            "group": "bastion",
            "host_id": null,
            "id": "bebcac94-65f5-4c73-8586-e6e860bcc17e",
            "ip_address": "10.252.0.10",
            "keypair": null,
            "keypairs": null,
            "name": "bastion",
            "network_id": "74a82486-2419-4902-92ec-3604f4f1ebf1",
            "nicnetworklist": null,
            "override_disk_offering": null,
            "pod_id": null,
            "project": "infra",
            "properties": null,
            "root_disk_size": 20,
            "security_group_ids": null,
            "security_group_names": null,
            "service_offering": "g1.1c2g",
            "start_vm": true,
            "tags": {},
            "template": "97ce9ec1-785b-41af-8594-6d4e140f7033",
            "uefi": true,
            "user_data": "",
            "zone": "testlab"
          },
          "sensitive_attributes": [],
          "identity_schema_version": 0,
          "dependencies": [
            "cloudstack_network.su",
            "cloudstack_network_acl.su",
            "cloudstack_template.rocky10",
            "cloudstack_vpc.infra_vpc"
          ]
        }
      ]
    },
    {
      "module": "module.instance_cacheproxy",
      "mode": "managed",
      "type": "cloudstack_instance",
      "name": "this",
      "provider": "provider[\"registry.terraform.io/cloudstack/cloudstack\"]",
      "instances": [
        {
          "schema_version": 0,
          "attributes": {
            "affinity_group_ids": null,
            "affinity_group_names": null,
            "cluster_id": null,
            "details": {
              "dataDiskController": "scsi",
              "io.policy": "io_uring",
              "iothreads": "1",
              "rootDiskController": "scsi"
            },
            "disk_offering": "",
            "display_name": "cacheproxy1",
            "expunge": true,
            "group": "cacheproxy",
            "host_id": null,
            "id": "01159377-e829-40c4-911d-4f7cb8224ca7",
            "ip_address": "10.252.5.21",
            "keypair": null,
            "keypairs": null,
            "name": "cacheproxy1",
            "network_id": "fd2c321a-4708-4bba-8e8f-85391837de3d",
            "nicnetworklist": null,
            "override_disk_offering": null,
            "pod_id": null,
            "project": "infra",
            "properties": null,
            "root_disk_size": 100,
            "security_group_ids": null,
            "security_group_names": null,
            "service_offering": "g1.2c4g",
            "start_vm": true,
            "tags": {},
            "template": "97ce9ec1-785b-41af-8594-6d4e140f7033",
            "uefi": true,
            "user_data": "ce99b9b6c43075884992677cc93102b6a8e9b4d7",
            "zone": "testlab"
          },
          "sensitive_attributes": [],
          "identity_schema_version": 0,
          "private": "bnVsbA==",
          "dependencies": [
            "cloudstack_network.proxy",
            "cloudstack_network_acl.proxy",
            "cloudstack_template.rocky10",
            "cloudstack_vpc.infra_vpc"
          ]
        }
      ]
    },
    {
      "module": "module.instance_dns1",
      "mode": "managed",
      "type": "cloudstack_instance",
      "name": "this",
      "provider": "provider[\"registry.terraform.io/cloudstack/cloudstack\"]",
      "instances": [
        {
          "schema_version": 0,
          "attributes": {
            "affinity_group_ids": null,
            "affinity_group_names": null,
            "cluster_id": null,
            "details": {
              "dataDiskController": "scsi",
              "io.policy": "io_uring",
              "iothreads": "1",
              "rootDiskController": "scsi"
            },
            "disk_offering": "",
            "display_name": "dns1",
            "expunge": true,
            "group": "dns",
            "host_id": null,
            "id": "b7e0d07e-0a43-4a95-aa6f-0a839cf44d90",
            "ip_address": "10.252.1.11",
            "keypair": null,
            "keypairs": null,
            "name": "dns1",
            "network_id": "b0f8295b-02cf-4872-98b0-355599d75f19",
            "nicnetworklist": null,
            "override_disk_offering": null,
            "pod_id": null,
            "project": "infra",
            "properties": null,
            "root_disk_size": 20,
            "security_group_ids": null,
            "security_group_names": null,
            "service_offering": "g1.1c2g",
            "start_vm": true,
            "tags": {},
            "template": "97ce9ec1-785b-41af-8594-6d4e140f7033",
            "uefi": true,
            "user_data": "",
            "zone": "testlab"
          },
          "sensitive_attributes": [],
          "identity_schema_version": 0,
          "dependencies": [
            "cloudstack_network.dns",
            "cloudstack_network_acl.dns",
            "cloudstack_template.rocky10",
            "cloudstack_vpc.infra_vpc"
          ]
        }
      ]
    },
    {
      "module": "module.instance_dns2",
      "mode": "managed",
      "type": "cloudstack_instance",
      "name": "this",
      "provider": "provider[\"registry.terraform.io/cloudstack/cloudstack\"]",
      "instances": [
        {
          "schema_version": 0,
          "attributes": {
            "affinity_group_ids": null,
            "affinity_group_names": null,
            "cluster_id": null,
            "details": {
              "dataDiskController": "scsi",
              "io.policy": "io_uring",
              "iothreads": "1",
              "rootDiskController": "scsi"
            },
            "disk_offering": "",
            "display_name": "dns2",
            "expunge": true,
            "group": "dns",
            "host_id": null,
            "id": "919d8bf4-2153-4e83-a793-32899168a5e5",
            "ip_address": "10.252.1.12",
            "keypair": null,
            "keypairs": null,
            "name": "dns2",
            "network_id": "b0f8295b-02cf-4872-98b0-355599d75f19",
            "nicnetworklist": null,
            "override_disk_offering": null,
            "pod_id": null,
            "project": "infra",
            "properties": null,
            "root_disk_size": 20,
            "security_group_ids": null,
            "security_group_names": null,
            "service_offering": "g1.1c2g",
            "start_vm": true,
            "tags": {},
            "template": "97ce9ec1-785b-41af-8594-6d4e140f7033",
            "uefi": true,
            "user_data": "",
            "zone": "testlab"
          },
          "sensitive_attributes": [],
          "identity_schema_version": 0,
          "dependencies": [
            "cloudstack_network.dns",
            "cloudstack_network_acl.dns",
            "cloudstack_template.rocky10",
            "cloudstack_vpc.infra_vpc"
          ]
        }
      ]
    },
    {
      "module": "module.instance_gutproxy",
      "mode": "managed",
      "type": "cloudstack_instance",
      "name": "this",
      "provider": "provider[\"registry.terraform.io/cloudstack/cloudstack\"]",
      "instances": [
        {
          "schema_version": 0,
          "attributes": {
            "affinity_group_ids": null,
            "affinity_group_names": null,
            "cluster_id": null,
            "details": {
              "dataDiskController": "scsi",
              "io.policy": "io_uring",
              "iothreads": "1",
              "rootDiskController": "scsi"
            },
            "disk_offering": "",
            "display_name": "gitproxy1",
            "expunge": true,
            "group": "gitproxy",
            "host_id": null,
            "id": "bf3a6bc9-278a-466e-8099-c0e395686bed",
            "ip_address": "10.252.5.31",
            "keypair": null,
            "keypairs": null,
            "name": "gitproxy1",
            "network_id": "fd2c321a-4708-4bba-8e8f-85391837de3d",
            "nicnetworklist": null,
            "override_disk_offering": null,
            "pod_id": null,
            "project": "infra",
            "properties": null,
            "root_disk_size": 100,
            "security_group_ids": null,
            "security_group_names": null,
            "service_offering": "g1.2c4g",
            "start_vm": true,
            "tags": {},
            "template": "97ce9ec1-785b-41af-8594-6d4e140f7033",
            "uefi": true,
            "user_data": "ce99b9b6c43075884992677cc93102b6a8e9b4d7",
            "zone": "testlab"
          },
          "sensitive_attributes": [],
          "identity_schema_version": 0,
          "private": "bnVsbA==",
          "dependencies": [
            "cloudstack_network.proxy",
            "cloudstack_network_acl.proxy",
            "cloudstack_template.rocky10",
            "cloudstack_vpc.infra_vpc"
          ]
        }
      ]
    },
    {
      "module": "module.instance_ipa1",
      "mode": "managed",
      "type": "cloudstack_instance",
      "name": "this",
      "provider": "provider[\"registry.terraform.io/cloudstack/cloudstack\"]",
      "instances": [
        {
          "schema_version": 0,
          "attributes": {
            "affinity_group_ids": null,
            "affinity_group_names": null,
            "cluster_id": null,
            "details": {
              "dataDiskController": "scsi",
              "io.policy": "io_uring",
              "iothreads": "1",
              "rootDiskController": "scsi"
            },
            "disk_offering": "",
            "display_name": "ipa1",
            "expunge": true,
            "group": "ipa",
            "host_id": null,
            "id": "d25183f4-8e7b-40b2-b05e-9d508bb1073c",
            "ip_address": "10.252.3.11",
            "keypair": null,
            "keypairs": null,
            "name": "ipa1",
            "network_id": "07cb517b-3cc0-4779-951f-245dad70ba99",
            "nicnetworklist": null,
            "override_disk_offering": null,
            "pod_id": null,
            "project": "infra",
            "properties": null,
            "root_disk_size": 40,
            "security_group_ids": null,
            "security_group_names": null,
            "service_offering": "g1.2c4g",
            "start_vm": true,
            "tags": {},
            "template": "97ce9ec1-785b-41af-8594-6d4e140f7033",
            "uefi": true,
            "user_data": "ce99b9b6c43075884992677cc93102b6a8e9b4d7",
            "zone": "testlab"
          },
          "sensitive_attributes": [],
          "identity_schema_version": 0,
          "private": "bnVsbA==",
          "dependencies": [
            "cloudstack_network.ipa",
            "cloudstack_network_acl.ipa",
            "cloudstack_template.rocky10",
            "cloudstack_vpc.infra_vpc"
          ]
        }
      ]
    },
    {
      "module": "module.instance_ipa2",
      "mode": "managed",
      "type": "cloudstack_instance",
      "name": "this",
      "provider": "provider[\"registry.terraform.io/cloudstack/cloudstack\"]",
      "instances": [
        {
          "schema_version": 0,
          "attributes": {
            "affinity_group_ids": null,
            "affinity_group_names": null,
            "cluster_id": null,
            "details": {
              "dataDiskController": "scsi",
              "io.policy": "io_uring",
              "iothreads": "1",
              "rootDiskController": "scsi"
            },
            "disk_offering": "",
            "display_name": "ipa2",
            "expunge": true,
            "group": "ipa",
            "host_id": null,
            "id": "8b4261ee-f1bc-4eea-976e-1c8b1d29c162",
            "ip_address": "10.252.3.12",
            "keypair": null,
            "keypairs": null,
            "name": "ipa2",
            "network_id": "07cb517b-3cc0-4779-951f-245dad70ba99",
            "nicnetworklist": null,
            "override_disk_offering": null,
            "pod_id": null,
            "project": "infra",
            "properties": null,
            "root_disk_size": 40,
            "security_group_ids": null,
            "security_group_names": null,
            "service_offering": "g1.2c4g",
            "start_vm": true,
            "tags": {},
            "template": "97ce9ec1-785b-41af-8594-6d4e140f7033",
            "uefi": true,
            "user_data": "ce99b9b6c43075884992677cc93102b6a8e9b4d7",
            "zone": "testlab"
          },
          "sensitive_attributes": [],
          "identity_schema_version": 0,
          "private": "bnVsbA==",
          "dependencies": [
            "cloudstack_network.ipa",
            "cloudstack_network_acl.ipa",
            "cloudstack_template.rocky10",
            "cloudstack_vpc.infra_vpc"
          ]
        }
      ]
    },
    {
      "module": "module.instance_ipa3",
      "mode": "managed",
      "type": "cloudstack_instance",
      "name": "this",
      "provider": "provider[\"registry.terraform.io/cloudstack/cloudstack\"]",
      "instances": [
        {
          "schema_version": 0,
          "attributes": {
            "affinity_group_ids": null,
            "affinity_group_names": null,
            "cluster_id": null,
            "details": {
              "dataDiskController": "scsi",
              "io.policy": "io_uring",
              "iothreads": "1",
              "rootDiskController": "scsi"
            },
            "disk_offering": "",
            "display_name": "ipa3",
            "expunge": true,
            "group": "ipa",
            "host_id": null,
            "id": "65efdbe7-32df-4c84-a177-037b07845883",
            "ip_address": "10.252.3.13",
            "keypair": null,
            "keypairs": null,
            "name": "ipa3",
            "network_id": "07cb517b-3cc0-4779-951f-245dad70ba99",
            "nicnetworklist": null,
            "override_disk_offering": null,
            "pod_id": null,
            "project": "infra",
            "properties": null,
            "root_disk_size": 40,
            "security_group_ids": null,
            "security_group_names": null,
            "service_offering": "g1.2c4g",
            "start_vm": true,
            "tags": {},
            "template": "97ce9ec1-785b-41af-8594-6d4e140f7033",
            "uefi": true,
            "user_data": "ce99b9b6c43075884992677cc93102b6a8e9b4d7",
            "zone": "testlab"
          },
          "sensitive_attributes": [],
          "identity_schema_version": 0,
          "private": "bnVsbA==",
          "dependencies": [
            "cloudstack_network.ipa",
            "cloudstack_network_acl.ipa",
            "cloudstack_template.rocky10",
            "cloudstack_vpc.infra_vpc"
          ]
        }
      ]
    },
    {
      "module": "module.instance_ldapproxy",
      "mode": "managed",
      "type": "cloudstack_instance",
      "name": "this",
      "provider": "provider[\"registry.terraform.io/cloudstack/cloudstack\"]",
      "instances": [
        {
          "schema_version": 0,
          "attributes": {
            "affinity_group_ids": null,
            "affinity_group_names": null,
            "cluster_id": null,
            "details": {
              "dataDiskController": "scsi",
              "io.policy": "io_uring",
              "iothreads": "1",
              "rootDiskController": "scsi"
            },
            "disk_offering": "",
            "display_name": "ldapproxy1",
            "expunge": true,
            "group": "ldapproxy",
            "host_id": null,
            "id": "55988789-525d-4664-9130-e6299caa5737",
            "ip_address": "10.252.6.11",
            "keypair": null,
            "keypairs": null,
            "name": "ldapproxy1",
            "network_id": "d06e3f73-7fb6-4b15-bf2e-79b6210051fd",
            "nicnetworklist": null,
            "override_disk_offering": null,
            "pod_id": null,
            "project": "infra",
            "properties": null,
            "root_disk_size": 20,
            "security_group_ids": null,
            "security_group_names": null,
            "service_offering": "g1.2c4g",
            "start_vm": true,
            "tags": {},
            "template": "97ce9ec1-785b-41af-8594-6d4e140f7033",
            "uefi": true,
            "user_data": "ce99b9b6c43075884992677cc93102b6a8e9b4d7",
            "zone": "testlab"
          },
          "sensitive_attributes": [],
          "identity_schema_version": 0,
          "private": "bnVsbA==",
          "dependencies": [
            "cloudstack_network.ldapproxy",
            "cloudstack_network_acl.ldapproxy",
            "cloudstack_template.rocky10",
            "cloudstack_vpc.infra_vpc"
          ]
        }
      ]
    },
    {
      "module": "module.instance_mirror",
      "mode": "managed",
      "type": "cloudstack_instance",
      "name": "this",
      "provider": "provider[\"registry.terraform.io/cloudstack/cloudstack\"]",
      "instances": [
        {
          "schema_version": 0,
          "attributes": {
            "affinity_group_ids": null,
            "affinity_group_names": null,
            "cluster_id": null,
            "details": {
              "dataDiskController": "scsi",
              "io.policy": "io_uring",
              "iothreads": "1",
              "rootDiskController": "scsi"
            },
            "disk_offering": "Custom - WriteBack",
            "display_name": "mirror1",
            "expunge": true,
            "group": "mirror",
            "host_id": null,
            "id": "e4df9278-c24b-4533-aee2-8a096e75ff3c",
            "ip_address": "10.252.2.11",
            "keypair": null,
            "keypairs": null,
            "name": "mirror1",
            "network_id": "8bd5d3ff-8d02-4a63-af36-f3c6de56fbd8",
            "nicnetworklist": null,
            "override_disk_offering": null,
            "pod_id": null,
            "project": "infra",
            "properties": null,
            "root_disk_size": 20,
            "security_group_ids": null,
            "security_group_names": null,
            "service_offering": "g1.2c4g",
            "start_vm": true,
            "tags": {},
            "template": "97ce9ec1-785b-41af-8594-6d4e140f7033",
            "uefi": true,
            "user_data": "d86384efb40452af9b8209e92f2ded49e93096dc",
            "zone": "testlab"
          },
          "sensitive_attributes": [],
          "identity_schema_version": 0,
          "dependencies": [
            "cloudstack_network.mirror",
            "cloudstack_network_acl.mirror",
            "cloudstack_template.rocky10",
            "cloudstack_vpc.infra_vpc"
          ]
        }
      ]
    },
    {
      "module": "module.instance_nfs1",
      "mode": "managed",
      "type": "cloudstack_instance",
      "name": "this",
      "provider": "provider[\"registry.terraform.io/cloudstack/cloudstack\"]",
      "instances": [
        {
          "schema_version": 0,
          "attributes": {
            "affinity_group_ids": null,
            "affinity_group_names": null,
            "cluster_id": null,
            "details": {
              "dataDiskController": "scsi",
              "io.policy": "io_uring",
              "iothreads": "1",
              "rootDiskController": "scsi"
            },
            "disk_offering": "",
            "display_name": "nfs1",
            "expunge": true,
            "group": "nfs",
            "host_id": null,
            "id": "06f01adc-2436-4d89-8916-125cd1d1a307",
            "ip_address": "10.252.7.11",
            "keypair": null,
            "keypairs": null,
            "name": "nfs1",
            "network_id": "deef9f41-5d52-4394-b2a0-aecba2dc5bdd",
            "nicnetworklist": null,
            "override_disk_offering": null,
            "pod_id": null,
            "project": "infra",
            "properties": null,
            "root_disk_size": 20,
            "security_group_ids": null,
            "security_group_names": null,
            "service_offering": "g1.2c4g",
            "start_vm": true,
            "tags": {},
            "template": "97ce9ec1-785b-41af-8594-6d4e140f7033",
            "uefi": true,
            "user_data": "ce99b9b6c43075884992677cc93102b6a8e9b4d7",
            "zone": "testlab"
          },
          "sensitive_attributes": [],
          "identity_schema_version": 0,
          "private": "bnVsbA==",
          "dependencies": [
            "cloudstack_network.nfs",
            "cloudstack_network_acl.nfs",
            "cloudstack_template.rocky10",
            "cloudstack_vpc.infra_vpc"
          ]
        }
      ]
    },
    {
      "module": "module.instance_nfs2",
      "mode": "managed",
      "type": "cloudstack_instance",
      "name": "this",
      "provider": "provider[\"registry.terraform.io/cloudstack/cloudstack\"]",
      "instances": [
        {
          "schema_version": 0,
          "attributes": {
            "affinity_group_ids": null,
            "affinity_group_names": null,
            "cluster_id": null,
            "details": {
              "dataDiskController": "scsi",
              "io.policy": "io_uring",
              "iothreads": "1",
              "rootDiskController": "scsi"
            },
            "disk_offering": "",
            "display_name": "nfs2",
            "expunge": true,
            "group": "nfs",
            "host_id": null,
            "id": "aeeba71a-2684-4381-8b60-88b9b7fec8ed",
            "ip_address": "10.252.7.12",
            "keypair": null,
            "keypairs": null,
            "name": "nfs2",
            "network_id": "deef9f41-5d52-4394-b2a0-aecba2dc5bdd",
            "nicnetworklist": null,
            "override_disk_offering": null,
            "pod_id": null,
            "project": "infra",
            "properties": null,
            "root_disk_size": 20,
            "security_group_ids": null,
            "security_group_names": null,
            "service_offering": "g1.2c4g",
            "start_vm": true,
            "tags": {},
            "template": "97ce9ec1-785b-41af-8594-6d4e140f7033",
            "uefi": true,
            "user_data": "ce99b9b6c43075884992677cc93102b6a8e9b4d7",
            "zone": "testlab"
          },
          "sensitive_attributes": [],
          "identity_schema_version": 0,
          "private": "bnVsbA==",
          "dependencies": [
            "cloudstack_network.nfs",
            "cloudstack_network_acl.nfs",
            "cloudstack_template.rocky10",
            "cloudstack_vpc.infra_vpc"
          ]
        }
      ]
    },
    {
      "module": "module.instance_ntp1",
      "mode": "managed",
      "type": "cloudstack_instance",
      "name": "this",
      "provider": "provider[\"registry.terraform.io/cloudstack/cloudstack\"]",
      "instances": [
        {
          "schema_version": 0,
          "attributes": {
            "affinity_group_ids": null,
            "affinity_group_names": null,
            "cluster_id": null,
            "details": {
              "dataDiskController": "scsi",
              "io.policy": "io_uring",
              "iothreads": "1",
              "rootDiskController": "scsi"
            },
            "disk_offering": "",
            "display_name": "ntp1",
            "expunge": true,
            "group": "ntp",
            "host_id": null,
            "id": "8b590759-bd0b-4d0c-91a7-a0de66d8c283",
            "ip_address": "10.252.4.11",
            "keypair": null,
            "keypairs": null,
            "name": "ntp1",
            "network_id": "3df604b7-964a-44d8-90e9-cf1354d61fe8",
            "nicnetworklist": null,
            "override_disk_offering": null,
            "pod_id": null,
            "project": "infra",
            "properties": null,
            "root_disk_size": 20,
            "security_group_ids": null,
            "security_group_names": null,
            "service_offering": "g1.1c2g",
            "start_vm": true,
            "tags": {},
            "template": "97ce9ec1-785b-41af-8594-6d4e140f7033",
            "uefi": true,
            "user_data": "ce99b9b6c43075884992677cc93102b6a8e9b4d7",
            "zone": "testlab"
          },
          "sensitive_attributes": [],
          "identity_schema_version": 0,
          "private": "bnVsbA==",
          "dependencies": [
            "cloudstack_network.ntp",
            "cloudstack_network_acl.ntp",
            "cloudstack_template.rocky10",
            "cloudstack_vpc.infra_vpc"
          ]
        }
      ]
    },
    {
      "module": "module.instance_ntp2",
      "mode": "managed",
      "type": "cloudstack_instance",
      "name": "this",
      "provider": "provider[\"registry.terraform.io/cloudstack/cloudstack\"]",
      "instances": [
        {
          "schema_version": 0,
          "attributes": {
            "affinity_group_ids": null,
            "affinity_group_names": null,
            "cluster_id": null,
            "details": {
              "dataDiskController": "scsi",
              "io.policy": "io_uring",
              "iothreads": "1",
              "rootDiskController": "scsi"
            },
            "disk_offering": "",
            "display_name": "ntp2",
            "expunge": true,
            "group": "ntp",
            "host_id": null,
            "id": "059ff5be-6652-4d3b-bfa9-d9e9dfcf616c",
            "ip_address": "10.252.4.12",
            "keypair": null,
            "keypairs": null,
            "name": "ntp2",
            "network_id": "3df604b7-964a-44d8-90e9-cf1354d61fe8",
            "nicnetworklist": null,
            "override_disk_offering": null,
            "pod_id": null,
            "project": "infra",
            "properties": null,
            "root_disk_size": 20,
            "security_group_ids": null,
            "security_group_names": null,
            "service_offering": "g1.1c2g",
            "start_vm": true,
            "tags": {},
            "template": "97ce9ec1-785b-41af-8594-6d4e140f7033",
            "uefi": true,
            "user_data": "ce99b9b6c43075884992677cc93102b6a8e9b4d7",
            "zone": "testlab"
          },
          "sensitive_attributes": [],
          "identity_schema_version": 0,
          "private": "bnVsbA==",
          "dependencies": [
            "cloudstack_network.ntp",
            "cloudstack_network_acl.ntp",
            "cloudstack_template.rocky10",
            "cloudstack_vpc.infra_vpc"
          ]
        }
      ]
    },
    {
      "module": "module.instance_secureproxy",
      "mode": "managed",
      "type": "cloudstack_instance",
      "name": "this",
      "provider": "provider[\"registry.terraform.io/cloudstack/cloudstack\"]",
      "instances": [
        {
          "schema_version": 0,
          "attributes": {
            "affinity_group_ids": null,
            "affinity_group_names": null,
            "cluster_id": null,
            "details": {
              "dataDiskController": "scsi",
              "io.policy": "io_uring",
              "iothreads": "1",
              "rootDiskController": "scsi"
            },
            "disk_offering": "",
            "display_name": "secureproxy1",
            "expunge": true,
            "group": "secureproxy",
            "host_id": null,
            "id": "fea8ae6e-a458-4604-a4a6-d99d243c8026",
            "ip_address": "10.252.5.11",
            "keypair": null,
            "keypairs": null,
            "name": "secureproxy1",
            "network_id": "fd2c321a-4708-4bba-8e8f-85391837de3d",
            "nicnetworklist": null,
            "override_disk_offering": null,
            "pod_id": null,
            "project": "infra",
            "properties": null,
            "root_disk_size": 20,
            "security_group_ids": null,
            "security_group_names": null,
            "service_offering": "g1.2c4g",
            "start_vm": true,
            "tags": {},
            "template": "97ce9ec1-785b-41af-8594-6d4e140f7033",
            "uefi": true,
            "user_data": "ce99b9b6c43075884992677cc93102b6a8e9b4d7",
            "zone": "testlab"
          },
          "sensitive_attributes": [],
          "identity_schema_version": 0,
          "private": "bnVsbA==",
          "dependencies": [
            "cloudstack_network.proxy",
            "cloudstack_network_acl.proxy",
            "cloudstack_template.rocky10",
            "cloudstack_vpc.infra_vpc"
          ]
        }
      ]
    },
    {
      "module": "module.network_acl_dns",
      "mode": "managed",
      "type": "cloudstack_network_acl_rule",
      "name": "this",
      "provider": "provider[\"registry.terraform.io/cloudstack/cloudstack\"]",
      "instances": [
        {
          "schema_version": 0,
          "attributes": {
            "acl_id": "a6237028-b622-4df6-b296-81d007fa6288",
            "id": "a6237028-b622-4df6-b296-81d007fa6288",
            "managed": true,
            "parallelism": 2,
            "project": null,
            "rule": [
              {
                "action": "allow",
                "cidr_list": [
                  "0.0.0.0/0"
                ],
                "description": "dns:tcp: allow egress",
                "icmp_code": 0,
                "icmp_type": 0,
                "ports": [
                  "53"
                ],
                "protocol": "tcp",
                "rule_number": 30003,
                "traffic_type": "egress",
                "uuids": {
                  "53": "16a5482d-8209-4b30-b005-93ffb9a0e387"
                }
              },
              {
                "action": "allow",
                "cidr_list": [
                  "0.0.0.0/0"
                ],
                "description": "dns:tcp: allow ingress",
                "icmp_code": 0,
                "icmp_type": 0,
                "ports": [
                  "53"
                ],
                "protocol": "tcp",
                "rule_number": 30001,
                "traffic_type": "ingress",
                "uuids": {
                  "53": "df4205f0-62e0-428c-8523-6a5ee45e2c98"
                }
              },
              {
                "action": "allow",
                "cidr_list": [
                  "0.0.0.0/0"
                ],
                "description": "dns:udp: allow egress",
                "icmp_code": 0,
                "icmp_type": 0,
                "ports": [
                  "53"
                ],
                "protocol": "udp",
                "rule_number": 30004,
                "traffic_type": "egress",
                "uuids": {
                  "53": "7085ae6c-9bad-4c36-aab7-2712f9401f00"
                }
              },
              {
                "action": "allow",
                "cidr_list": [
                  "0.0.0.0/0"
                ],
                "description": "dns:udp: allow ingress",
                "icmp_code": 0,
                "icmp_type": 0,
                "ports": [
                  "53"
                ],
                "protocol": "udp",
                "rule_number": 30002,
                "traffic_type": "ingress",
                "uuids": {
                  "53": "d1baacf1-5a51-4a09-bc49-14d368eb106d"
                }
              },
              {
                "action": "allow",
                "cidr_list": [
                  "10.252.0.0/24"
                ],
                "description": "allow bastion connection to network: allow ingress",
                "icmp_code": 0,
                "icmp_type": 0,
                "ports": [
                  "22"
                ],
                "protocol": "tcp",
                "rule_number": 1001,
                "traffic_type": "ingress",
                "uuids": {
                  "22": "ab1f1354-da56-44ee-8be4-51a965992c27"
                }
              },
              {
                "action": "allow",
                "cidr_list": [
                  "10.252.1.0/24"
                ],
                "description": "dns:tcp: allow egress",
                "icmp_code": 0,
                "icmp_type": 0,
                "ports": [
                  "53"
                ],
                "protocol": "tcp",
                "rule_number": 1101,
                "traffic_type": "egress",
                "uuids": {
                  "53": "da719f49-a7fd-4638-88e5-eb49b288ca29"
                }
              },
              {
                "action": "allow",
                "cidr_list": [
                  "10.252.1.0/24"
                ],
                "description": "dns:udp: allow egress",
                "icmp_code": 0,
                "icmp_type": 0,
                "ports": [
                  "53"
                ],
                "protocol": "udp",
                "rule_number": 1102,
                "traffic_type": "egress",
                "uuids": {
                  "53": "5a954980-5bee-449d-8eb8-85a715845dbb"
                }
              },
              {
                "action": "allow",
                "cidr_list": [
                  "10.252.2.0/24"
                ],
                "description": "http and https mirror: allow egress",
                "icmp_code": 0,
                "icmp_type": 0,
                "ports": [
                  "443"
                ],
                "protocol": "tcp",
                "rule_number": 1202,
                "traffic_type": "egress",
                "uuids": {
                  "443": "abe20efa-a4f7-4e4b-a04d-439f8e2c4c4e"
                }
              },
              {
                "action": "allow",
                "cidr_list": [
                  "10.252.2.0/24"
                ],
                "description": "http mirror: allow egress",
                "icmp_code": 0,
                "icmp_type": 0,
                "ports": [
                  "80"
                ],
                "protocol": "tcp",
                "rule_number": 1201,
                "traffic_type": "egress",
                "uuids": {
                  "80": "a51d3d29-e737-4521-894b-ee3107e8141d"
                }
              },
              {
                "action": "allow",
                "cidr_list": [
                  "10.252.3.0/24"
                ],
                "description": "IPA http: allow egress",
                "icmp_code": 0,
                "icmp_type": 0,
                "ports": [
                  "80"
                ],
                "protocol": "tcp",
                "rule_number": 1301,
                "traffic_type": "egress",
                "uuids": {
                  "80": "ff9e4fa6-d33b-4ed7-8883-0ddded1d7459"
                }
              },
              {
                "action": "allow",
                "cidr_list": [
                  "10.252.3.0/24"
                ],
                "description": "IPA https: allow egress",
                "icmp_code": 0,
                "icmp_type": 0,
                "ports": [
                  "443"
                ],
                "protocol": "tcp",
                "rule_number": 1302,
                "traffic_type": "egress",
                "uuids": {
                  "443": "0dccc0c1-07ba-4c07-99dd-568dfdb91c97"
                }
              },
              {
                "action": "allow",
                "cidr_list": [
                  "10.252.3.0/24"
                ],
                "description": "IPA ldap: allow egress",
                "icmp_code": 0,
                "icmp_type": 0,
                "ports": [
                  "389"
                ],
                "protocol": "tcp",
                "rule_number": 1303,
                "traffic_type": "egress",
                "uuids": {
                  "389": "0d6f8ce4-836b-427d-ae69-e2a4254bbf55"
                }
              },
              {
                "action": "allow",
                "cidr_list": [
                  "10.252.3.0/24"
                ],
                "description": "IPA ldaps: allow egress",
                "icmp_code": 0,
                "icmp_type": 0,
                "ports": [
                  "636"
                ],
                "protocol": "tcp",
                "rule_number": 1304,
                "traffic_type": "egress",
                "uuids": {
                  "636": "8cdbe12d-aa2c-40b0-9707-4e52b134959e"
                }
              },
              {
                "action": "allow",
                "cidr_list": [
                  "10.252.3.0/24"
                ],
                "description": "kerberos tcp: allow egress",
                "icmp_code": 0,
                "icmp_type": 0,
                "ports": [
                  "88"
                ],
                "protocol": "tcp",
                "rule_number": 1307,
                "traffic_type": "egress",
                "uuids": {
                  "88": "243b7430-a79e-4886-95ed-d28d6c0104ce"
                }
              },
              {
                "action": "allow",
                "cidr_list": [
                  "10.252.3.0/24"
                ],
                "description": "kerberos udp: allow egress",
                "icmp_code": 0,
                "icmp_type": 0,
                "ports": [
                  "88"
                ],
                "protocol": "udp",
                "rule_number": 1305,
                "traffic_type": "egress",
                "uuids": {
                  "88": "a53d12df-ef94-438e-8ac2-039c72a2a3b2"
                }
              },
              {
                "action": "allow",
                "cidr_list": [
                  "10.252.3.0/24"
                ],
                "description": "kpasswd tcp: allow egress",
                "icmp_code": 0,
                "icmp_type": 0,
                "ports": [
                  "464"
                ],
                "protocol": "tcp",
                "rule_number": 1308,
                "traffic_type": "egress",
                "uuids": {
                  "464": "ba9d0ec3-1461-40ef-a1b8-95708db03f50"
                }
              },
              {
                "action": "allow",
                "cidr_list": [
                  "10.252.3.0/24"
                ],
                "description": "kpasswd udp: allow egress",
                "icmp_code": 0,
                "icmp_type": 0,
                "ports": [
                  "464"
                ],
                "protocol": "udp",
                "rule_number": 1306,
                "traffic_type": "egress",
                "uuids": {
                  "464": "e6bec1ad-92f2-4d04-8c1f-69010f941d68"
                }
              },
              {
                "action": "allow",
                "cidr_list": [
                  "10.252.4.0/24"
                ],
                "description": "ntp: allow egress",
                "icmp_code": 0,
                "icmp_type": 0,
                "ports": [
                  "123"
                ],
                "protocol": "udp",
                "rule_number": 1401,
                "traffic_type": "egress",
                "uuids": {
                  "123": "d8601a3e-233d-426e-a75f-af9b48c34d8b"
                }
              },
              {
                "action": "deny",
                "cidr_list": [
                  "0.0.0.0/0"
                ],
                "description": "deny egress by default: deny egress",
                "icmp_code": 0,
                "icmp_type": 0,
                "ports": [],
                "protocol": "all",
                "rule_number": 65501,
                "traffic_type": "egress",
                "uuids": {
                  "all": "9a5980b6-8e90-492c-bcf0-a63d727dd95d"
                }
              }
            ]
          },
          "sensitive_attributes": [],
          "identity_schema_version": 0,
          "private": "bnVsbA==",
          "dependencies": [
            "cloudstack_network_acl.dns",
            "cloudstack_vpc.infra_vpc"
          ]
        }
      ]
    },
    {
      "module": "module.network_acl_hypervisor",
      "mode": "managed",
      "type": "cloudstack_network_acl_rule",
      "name": "this",
      "provider": "provider[\"registry.terraform.io/cloudstack/cloudstack\"]",
      "instances": [
        {
          "schema_version": 0,
          "attributes": {
            "acl_id": "a36b3e1a-d957-46e8-8526-ab45a3225dc5",
            "id": "a36b3e1a-d957-46e8-8526-ab45a3225dc5",
            "managed": true,
            "parallelism": 2,
            "project": null,
            "rule": [
              {
                "action": "allow",
                "cidr_list": [
                  "0.0.0.0/0"
                ],
                "description": "ceph mon v1: allow ingress",
                "icmp_code": 0,
                "icmp_type": 0,
                "ports": [
                  "6789"
                ],
                "protocol": "tcp",
                "rule_number": 30001,
                "traffic_type": "ingress",
                "uuids": {
                  "6789": "d12ba218-b169-44f4-b0d9-840fc3e30e3f"
                }
              },
              {
                "action": "allow",
                "cidr_list": [
                  "0.0.0.0/0"
                ],
                "description": "ceph mon v2: allow ingress",
                "icmp_code": 0,
                "icmp_type": 0,
                "ports": [
                  "3300"
                ],
                "protocol": "tcp",
                "rule_number": 30002,
                "traffic_type": "ingress",
                "uuids": {
                  "3300": "f9f4fcf5-18d8-4412-bd05-29cd4c8793cf"
                }
              },
              {
                "action": "allow",
                "cidr_list": [
                  "0.0.0.0/0"
                ],
                "description": "ceph osd and mds: allow ingress",
                "icmp_code": 0,
                "icmp_type": 0,
                "ports": [
                  "6800-7568"
                ],
                "protocol": "tcp",
                "rule_number": 30003,
                "traffic_type": "ingress",
                "uuids": {
                  "6800-7568": "3a95ec00-de15-46f4-a627-64bb80e3b8b3"
                }
              },
              {
                "action": "allow",
                "cidr_list": [
                  "10.252.0.0/24"
                ],
                "description": "allow bastion connection to network: allow ingress",
                "icmp_code": 0,
                "icmp_type": 0,
                "ports": [
                  "22"
                ],
                "protocol": "tcp",
                "rule_number": 1001,
                "traffic_type": "ingress",
                "uuids": {
                  "22": "d138df36-7795-4044-87c1-ccbe8d274ced"
                }
              },
              {
                "action": "allow",
                "cidr_list": [
                  "10.252.1.0/24"
                ],
                "description": "dns:tcp: allow egress",
                "icmp_code": 0,
                "icmp_type": 0,
                "ports": [
                  "53"
                ],
                "protocol": "tcp",
                "rule_number": 1101,
                "traffic_type": "egress",
                "uuids": {
                  "53": "0c7403b8-4887-4c14-beac-f2a048fe2cf5"
                }
              },
              {
                "action": "allow",
                "cidr_list": [
                  "10.252.1.0/24"
                ],
                "description": "dns:udp: allow egress",
                "icmp_code": 0,
                "icmp_type": 0,
                "ports": [
                  "53"
                ],
                "protocol": "udp",
                "rule_number": 1102,
                "traffic_type": "egress",
                "uuids": {
                  "53": "0e09a5ed-bd19-4fc9-a7e4-9084ecc84097"
                }
              },
              {
                "action": "allow",
                "cidr_list": [
                  "10.252.2.0/24"
                ],
                "description": "http and https mirror: allow egress",
                "icmp_code": 0,
                "icmp_type": 0,
                "ports": [
                  "443"
                ],
                "protocol": "tcp",
                "rule_number": 1202,
                "traffic_type": "egress",
                "uuids": {
                  "443": "439fd758-e4d0-45c0-b95b-80e93c31d94e"
                }
              },
              {
                "action": "allow",
                "cidr_list": [
                  "10.252.2.0/24"
                ],
                "description": "http mirror: allow egress",
                "icmp_code": 0,
                "icmp_type": 0,
                "ports": [
                  "80"
                ],
                "protocol": "tcp",
                "rule_number": 1201,
                "traffic_type": "egress",
                "uuids": {
                  "80": "5920f79d-e881-4ca3-a9de-4c0e30af6e24"
                }
              },
              {
                "action": "allow",
                "cidr_list": [
                  "10.252.3.0/24"
                ],
                "description": "IPA http: allow egress",
                "icmp_code": 0,
                "icmp_type": 0,
                "ports": [
                  "80"
                ],
                "protocol": "tcp",
                "rule_number": 1301,
                "traffic_type": "egress",
                "uuids": {
                  "80": "d8e0b047-d1ef-4051-9b08-3876f7e6f652"
                }
              },
              {
                "action": "allow",
                "cidr_list": [
                  "10.252.3.0/24"
                ],
                "description": "IPA https: allow egress",
                "icmp_code": 0,
                "icmp_type": 0,
                "ports": [
                  "443"
                ],
                "protocol": "tcp",
                "rule_number": 1302,
                "traffic_type": "egress",
                "uuids": {
                  "443": "0a9e1e36-8bd5-46b9-875a-431e5cea3e97"
                }
              },
              {
                "action": "allow",
                "cidr_list": [
                  "10.252.3.0/24"
                ],
                "description": "IPA ldap: allow egress",
                "icmp_code": 0,
                "icmp_type": 0,
                "ports": [
                  "389"
                ],
                "protocol": "tcp",
                "rule_number": 1303,
                "traffic_type": "egress",
                "uuids": {
                  "389": "0d32243f-c7ba-472f-92c1-bc87410f11e2"
                }
              },
              {
                "action": "allow",
                "cidr_list": [
                  "10.252.3.0/24"
                ],
                "description": "IPA ldaps: allow egress",
                "icmp_code": 0,
                "icmp_type": 0,
                "ports": [
                  "636"
                ],
                "protocol": "tcp",
                "rule_number": 1304,
                "traffic_type": "egress",
                "uuids": {
                  "636": "38483942-4d9e-43f3-9309-d6b2a29c13c6"
                }
              },
              {
                "action": "allow",
                "cidr_list": [
                  "10.252.3.0/24"
                ],
                "description": "kerberos tcp: allow egress",
                "icmp_code": 0,
                "icmp_type": 0,
                "ports": [
                  "88"
                ],
                "protocol": "tcp",
                "rule_number": 1307,
                "traffic_type": "egress",
                "uuids": {
                  "88": "765f8973-5e27-4ac1-89b1-b4a3e2146cc6"
                }
              },
              {
                "action": "allow",
                "cidr_list": [
                  "10.252.3.0/24"
                ],
                "description": "kerberos udp: allow egress",
                "icmp_code": 0,
                "icmp_type": 0,
                "ports": [
                  "88"
                ],
                "protocol": "udp",
                "rule_number": 1305,
                "traffic_type": "egress",
                "uuids": {
                  "88": "2232a4b3-dab4-40d9-9a27-05a6a29ad6e6"
                }
              },
              {
                "action": "allow",
                "cidr_list": [
                  "10.252.3.0/24"
                ],
                "description": "kpasswd tcp: allow egress",
                "icmp_code": 0,
                "icmp_type": 0,
                "ports": [
                  "464"
                ],
                "protocol": "tcp",
                "rule_number": 1308,
                "traffic_type": "egress",
                "uuids": {
                  "464": "ffde88ee-b5f4-4b92-a907-a06d0eb2cb97"
                }
              },
              {
                "action": "allow",
                "cidr_list": [
                  "10.252.3.0/24"
                ],
                "description": "kpasswd udp: allow egress",
                "icmp_code": 0,
                "icmp_type": 0,
                "ports": [
                  "464"
                ],
                "protocol": "udp",
                "rule_number": 1306,
                "traffic_type": "egress",
                "uuids": {
                  "464": "bf4c5ad0-88a9-4f8a-8ee3-3fea1bd65ca3"
                }
              },
              {
                "action": "allow",
                "cidr_list": [
                  "10.252.4.0/24"
                ],
                "description": "ntp: allow egress",
                "icmp_code": 0,
                "icmp_type": 0,
                "ports": [
                  "123"
                ],
                "protocol": "udp",
                "rule_number": 1401,
                "traffic_type": "egress",
                "uuids": {
                  "123": "dcd1688b-14d6-4fcb-a6c3-ff8016a39d53"
                }
              }
            ]
          },
          "sensitive_attributes": [],
          "identity_schema_version": 0,
          "private": "bnVsbA==",
          "dependencies": [
            "cloudstack_network_acl.hypervisor",
            "cloudstack_vpc.infra_vpc"
          ]
        }
      ]
    },
    {
      "module": "module.network_acl_ipa",
      "mode": "managed",
      "type": "cloudstack_network_acl_rule",
      "name": "this",
      "provider": "provider[\"registry.terraform.io/cloudstack/cloudstack\"]",
      "instances": [
        {
          "schema_version": 0,
          "attributes": {
            "acl_id": "2df7cb62-8b12-4cb8-a387-48bf7a9e5599",
            "id": "2df7cb62-8b12-4cb8-a387-48bf7a9e5599",
            "managed": true,
            "parallelism": 2,
            "project": null,
            "rule": [
              {
                "action": "allow",
                "cidr_list": [
                  "0.0.0.0/0"
                ],
                "description": "IPA http: allow ingress",
                "icmp_code": 0,
                "icmp_type": 0,
                "ports": [
                  "80"
                ],
                "protocol": "tcp",
                "rule_number": 30001,
                "traffic_type": "ingress",
                "uuids": {
                  "80": "e884883b-4351-4e5a-9b6c-b1507c0e083c"
                }
              },
              {
                "action": "allow",
                "cidr_list": [
                  "0.0.0.0/0"
                ],
                "description": "IPA https: allow ingress",
                "icmp_code": 0,
                "icmp_type": 0,
                "ports": [
                  "443"
                ],
                "protocol": "tcp",
                "rule_number": 30002,
                "traffic_type": "ingress",
                "uuids": {
                  "443": "28e600b7-4be0-4365-b508-0844abb12275"
                }
              },
              {
                "action": "allow",
                "cidr_list": [
                  "0.0.0.0/0"
                ],
                "description": "IPA ldap: allow ingress",
                "icmp_code": 0,
                "icmp_type": 0,
                "ports": [
                  "389"
                ],
                "protocol": "tcp",
                "rule_number": 30003,
                "traffic_type": "ingress",
                "uuids": {
                  "389": "3f662c93-de7f-4a70-a799-da88b7313392"
                }
              },
              {
                "action": "allow",
                "cidr_list": [
                  "0.0.0.0/0"
                ],
                "description": "IPA ldaps: allow ingress",
                "icmp_code": 0,
                "icmp_type": 0,
                "ports": [
                  "636"
                ],
                "protocol": "tcp",
                "rule_number": 30004,
                "traffic_type": "ingress",
                "uuids": {
                  "636": "7b6013ff-1b85-4536-8ae9-706381ac5fa5"
                }
              },
              {
                "action": "allow",
                "cidr_list": [
                  "0.0.0.0/0"
                ],
                "description": "kerberos tcp: allow ingress",
                "icmp_code": 0,
                "icmp_type": 0,
                "ports": [
                  "88"
                ],
                "protocol": "tcp",
                "rule_number": 30007,
                "traffic_type": "ingress",
                "uuids": {
                  "88": "c61ae2d8-0d22-4605-ac01-d306b9bdbceb"
                }
              },
              {
                "action": "allow",
                "cidr_list": [
                  "0.0.0.0/0"
                ],
                "description": "kerberos udp: allow ingress",
                "icmp_code": 0,
                "icmp_type": 0,
                "ports": [
                  "88"
                ],
                "protocol": "udp",
                "rule_number": 30005,
                "traffic_type": "ingress",
                "uuids": {
                  "88": "0db16068-83cf-4754-af6d-f57a915068d1"
                }
              },
              {
                "action": "allow",
                "cidr_list": [
                  "0.0.0.0/0"
                ],
                "description": "kpasswd tcp: allow ingress",
                "icmp_code": 0,
                "icmp_type": 0,
                "ports": [
                  "464"
                ],
                "protocol": "tcp",
                "rule_number": 30008,
                "traffic_type": "ingress",
                "uuids": {
                  "464": "14443b3e-0977-4b1d-a02b-9e9f60041995"
                }
              },
              {
                "action": "allow",
                "cidr_list": [
                  "0.0.0.0/0"
                ],
                "description": "kpasswd udp: allow ingress",
                "icmp_code": 0,
                "icmp_type": 0,
                "ports": [
                  "464"
                ],
                "protocol": "udp",
                "rule_number": 30006,
                "traffic_type": "ingress",
                "uuids": {
                  "464": "fa52c001-f768-4273-b8ee-5ad17c765042"
                }
              },
              {
                "action": "allow",
                "cidr_list": [
                  "10.252.0.0/24"
                ],
                "description": "allow bastion connection to network: allow ingress",
                "icmp_code": 0,
                "icmp_type": 0,
                "ports": [
                  "22"
                ],
                "protocol": "tcp",
                "rule_number": 1001,
                "traffic_type": "ingress",
                "uuids": {
                  "22": "b69ba552-6455-4cf1-aced-25e0d17c4f21"
                }
              },
              {
                "action": "allow",
                "cidr_list": [
                  "10.252.1.0/24"
                ],
                "description": "dns:tcp: allow egress",
                "icmp_code": 0,
                "icmp_type": 0,
                "ports": [
                  "53"
                ],
                "protocol": "tcp",
                "rule_number": 1101,
                "traffic_type": "egress",
                "uuids": {
                  "53": "33cd4bc4-4ebd-4d45-9cdc-c78145640d18"
                }
              },
              {
                "action": "allow",
                "cidr_list": [
                  "10.252.1.0/24"
                ],
                "description": "dns:udp: allow egress",
                "icmp_code": 0,
                "icmp_type": 0,
                "ports": [
                  "53"
                ],
                "protocol": "udp",
                "rule_number": 1102,
                "traffic_type": "egress",
                "uuids": {
                  "53": "a36e6fd1-4846-4052-ac8d-38d6392ee8fc"
                }
              },
              {
                "action": "allow",
                "cidr_list": [
                  "10.252.2.0/24"
                ],
                "description": "http and https mirror: allow egress",
                "icmp_code": 0,
                "icmp_type": 0,
                "ports": [
                  "443"
                ],
                "protocol": "tcp",
                "rule_number": 1202,
                "traffic_type": "egress",
                "uuids": {
                  "443": "7f1c2689-d79e-48f4-bdae-081a2958cb6f"
                }
              },
              {
                "action": "allow",
                "cidr_list": [
                  "10.252.2.0/24"
                ],
                "description": "http mirror: allow egress",
                "icmp_code": 0,
                "icmp_type": 0,
                "ports": [
                  "80"
                ],
                "protocol": "tcp",
                "rule_number": 1201,
                "traffic_type": "egress",
                "uuids": {
                  "80": "090b3080-3dec-4be2-b6b2-279355fca946"
                }
              },
              {
                "action": "allow",
                "cidr_list": [
                  "10.252.3.0/24"
                ],
                "description": "IPA http: allow egress",
                "icmp_code": 0,
                "icmp_type": 0,
                "ports": [
                  "80"
                ],
                "protocol": "tcp",
                "rule_number": 1301,
                "traffic_type": "egress",
                "uuids": {
                  "80": "c3f1754f-f4d7-43cb-8d0c-508435df3b92"
                }
              },
              {
                "action": "allow",
                "cidr_list": [
                  "10.252.3.0/24"
                ],
                "description": "IPA https: allow egress",
                "icmp_code": 0,
                "icmp_type": 0,
                "ports": [
                  "443"
                ],
                "protocol": "tcp",
                "rule_number": 1302,
                "traffic_type": "egress",
                "uuids": {
                  "443": "8f1c5e4c-aeb9-4254-8d39-8ad44861524c"
                }
              },
              {
                "action": "allow",
                "cidr_list": [
                  "10.252.3.0/24"
                ],
                "description": "IPA ldap: allow egress",
                "icmp_code": 0,
                "icmp_type": 0,
                "ports": [
                  "389"
                ],
                "protocol": "tcp",
                "rule_number": 1303,
                "traffic_type": "egress",
                "uuids": {
                  "389": "72ba69f1-2de7-4fab-83de-f7e7365784cd"
                }
              },
              {
                "action": "allow",
                "cidr_list": [
                  "10.252.3.0/24"
                ],
                "description": "IPA ldaps: allow egress",
                "icmp_code": 0,
                "icmp_type": 0,
                "ports": [
                  "636"
                ],
                "protocol": "tcp",
                "rule_number": 1304,
                "traffic_type": "egress",
                "uuids": {
                  "636": "f24d6805-a6d8-43fe-a887-0fd068224e9e"
                }
              },
              {
                "action": "allow",
                "cidr_list": [
                  "10.252.3.0/24"
                ],
                "description": "kerberos tcp: allow egress",
                "icmp_code": 0,
                "icmp_type": 0,
                "ports": [
                  "88"
                ],
                "protocol": "tcp",
                "rule_number": 1307,
                "traffic_type": "egress",
                "uuids": {
                  "88": "9f1aaa3f-d781-43c6-acc6-3891cd58aeee"
                }
              },
              {
                "action": "allow",
                "cidr_list": [
                  "10.252.3.0/24"
                ],
                "description": "kerberos udp: allow egress",
                "icmp_code": 0,
                "icmp_type": 0,
                "ports": [
                  "88"
                ],
                "protocol": "udp",
                "rule_number": 1305,
                "traffic_type": "egress",
                "uuids": {
                  "88": "82f41278-16c2-4e74-a18f-cb5f3588f2a0"
                }
              },
              {
                "action": "allow",
                "cidr_list": [
                  "10.252.3.0/24"
                ],
                "description": "kpasswd tcp: allow egress",
                "icmp_code": 0,
                "icmp_type": 0,
                "ports": [
                  "464"
                ],
                "protocol": "tcp",
                "rule_number": 1308,
                "traffic_type": "egress",
                "uuids": {
                  "464": "df8462d1-34f4-4c08-8951-bd77c304bc42"
                }
              },
              {
                "action": "allow",
                "cidr_list": [
                  "10.252.3.0/24"
                ],
                "description": "kpasswd udp: allow egress",
                "icmp_code": 0,
                "icmp_type": 0,
                "ports": [
                  "464"
                ],
                "protocol": "udp",
                "rule_number": 1306,
                "traffic_type": "egress",
                "uuids": {
                  "464": "21e87d08-6532-4940-8b9a-5c08be1166c8"
                }
              },
              {
                "action": "allow",
                "cidr_list": [
                  "10.252.4.0/24"
                ],
                "description": "ntp: allow egress",
                "icmp_code": 0,
                "icmp_type": 0,
                "ports": [
                  "123"
                ],
                "protocol": "udp",
                "rule_number": 1401,
                "traffic_type": "egress",
                "uuids": {
                  "123": "c494603d-f3de-40aa-b4e3-58fe0a3bc4cf"
                }
              },
              {
                "action": "allow",
                "cidr_list": [
                  "10.252.5.11/24"
                ],
                "description": "proxy secureproxy: allow egress",
                "icmp_code": 0,
                "icmp_type": 0,
                "ports": [
                  "8080"
                ],
                "protocol": "tcp",
                "rule_number": 1501,
                "traffic_type": "egress",
                "uuids": {
                  "8080": "237b4897-9b64-4aa1-b141-794795b0b208"
                }
              },
              {
                "action": "allow",
                "cidr_list": [
                  "10.252.6.0/24"
                ],
                "description": "ldap: allow egress",
                "icmp_code": 0,
                "icmp_type": 0,
                "ports": [
                  "389"
                ],
                "protocol": "tcp",
                "rule_number": 1601,
                "traffic_type": "egress",
                "uuids": {
                  "389": "33e05f6f-43ee-4646-a499-b0df82351efc"
                }
              },
              {
                "action": "allow",
                "cidr_list": [
                  "10.252.6.0/24"
                ],
                "description": "ldaps: allow egress",
                "icmp_code": 0,
                "icmp_type": 0,
                "ports": [
                  "636"
                ],
                "protocol": "tcp",
                "rule_number": 1602,
                "traffic_type": "egress",
                "uuids": {
                  "636": "89c0bd4d-5658-4324-a755-45b00025ce91"
                }
              },
              {
                "action": "deny",
                "cidr_list": [
                  "0.0.0.0/0"
                ],
                "description": "deny egress by default: deny egress",
                "icmp_code": 0,
                "icmp_type": 0,
                "ports": [],
                "protocol": "all",
                "rule_number": 65501,
                "traffic_type": "egress",
                "uuids": {
                  "all": "21d3b8aa-1395-4834-99c9-e24fb7cc4c5b"
                }
              }
            ]
          },
          "sensitive_attributes": [],
          "identity_schema_version": 0,
          "private": "bnVsbA==",
          "dependencies": [
            "cloudstack_network_acl.ipa",
            "cloudstack_vpc.infra_vpc"
          ]
        }
      ]
    },
    {
      "module": "module.network_acl_ldapproxy",
      "mode": "managed",
      "type": "cloudstack_network_acl_rule",
      "name": "this",
      "provider": "provider[\"registry.terraform.io/cloudstack/cloudstack\"]",
      "instances": [
        {
          "schema_version": 0,
          "attributes": {
            "acl_id": "a8b53813-4741-4ae0-a0b9-188ac61e5f10",
            "id": "a8b53813-4741-4ae0-a0b9-188ac61e5f10",
            "managed": true,
            "parallelism": 2,
            "project": null,
            "rule": [
              {
                "action": "allow",
                "cidr_list": [
                  "0.0.0.0/0"
                ],
                "description": "ldap: allow egress",
                "icmp_code": 0,
                "icmp_type": 0,
                "ports": [
                  "389"
                ],
                "protocol": "tcp",
                "rule_number": 30003,
                "traffic_type": "egress",
                "uuids": {
                  "389": "cd01734d-4c72-4eb1-9117-1d5e0cb36d7a"
                }
              },
              {
                "action": "allow",
                "cidr_list": [
                  "0.0.0.0/0"
                ],
                "description": "ldap: allow ingress",
                "icmp_code": 0,
                "icmp_type": 0,
                "ports": [
                  "389"
                ],
                "protocol": "tcp",
                "rule_number": 30001,
                "traffic_type": "ingress",
                "uuids": {
                  "389": "21f1e899-7214-4d6c-870f-faabde2be7f2"
                }
              },
              {
                "action": "allow",
                "cidr_list": [
                  "0.0.0.0/0"
                ],
                "description": "ldaps: allow egress",
                "icmp_code": 0,
                "icmp_type": 0,
                "ports": [
                  "636"
                ],
                "protocol": "tcp",
                "rule_number": 30004,
                "traffic_type": "egress",
                "uuids": {
                  "636": "b39a80f7-0d5f-4737-8ab3-98b556cb44aa"
                }
              },
              {
                "action": "allow",
                "cidr_list": [
                  "0.0.0.0/0"
                ],
                "description": "ldaps: allow ingress",
                "icmp_code": 0,
                "icmp_type": 0,
                "ports": [
                  "636"
                ],
                "protocol": "tcp",
                "rule_number": 30002,
                "traffic_type": "ingress",
                "uuids": {
                  "636": "29cc3ac9-2730-4997-9c78-08728c1c23b1"
                }
              },
              {
                "action": "allow",
                "cidr_list": [
                  "10.252.0.0/24"
                ],
                "description": "allow bastion connection to network: allow ingress",
                "icmp_code": 0,
                "icmp_type": 0,
                "ports": [
                  "22"
                ],
                "protocol": "tcp",
                "rule_number": 1001,
                "traffic_type": "ingress",
                "uuids": {
                  "22": "e397e03e-d20d-415d-8cc7-e2c0b7717eab"
                }
              },
              {
                "action": "allow",
                "cidr_list": [
                  "10.252.1.0/24"
                ],
                "description": "dns:tcp: allow egress",
                "icmp_code": 0,
                "icmp_type": 0,
                "ports": [
                  "53"
                ],
                "protocol": "tcp",
                "rule_number": 1101,
                "traffic_type": "egress",
                "uuids": {
                  "53": "5df65814-f21d-4337-beee-555e22192257"
                }
              },
              {
                "action": "allow",
                "cidr_list": [
                  "10.252.1.0/24"
                ],
                "description": "dns:udp: allow egress",
                "icmp_code": 0,
                "icmp_type": 0,
                "ports": [
                  "53"
                ],
                "protocol": "udp",
                "rule_number": 1102,
                "traffic_type": "egress",
                "uuids": {
                  "53": "037cb77e-5e12-4d68-9d52-a2592ec2cb96"
                }
              },
              {
                "action": "allow",
                "cidr_list": [
                  "10.252.2.0/24"
                ],
                "description": "http and https mirror: allow egress",
                "icmp_code": 0,
                "icmp_type": 0,
                "ports": [
                  "443"
                ],
                "protocol": "tcp",
                "rule_number": 1202,
                "traffic_type": "egress",
                "uuids": {
                  "443": "e5b1aaba-2554-413d-bc50-7e5e8bbb48d9"
                }
              },
              {
                "action": "allow",
                "cidr_list": [
                  "10.252.2.0/24"
                ],
                "description": "http mirror: allow egress",
                "icmp_code": 0,
                "icmp_type": 0,
                "ports": [
                  "80"
                ],
                "protocol": "tcp",
                "rule_number": 1201,
                "traffic_type": "egress",
                "uuids": {
                  "80": "6bdf9ae4-911c-4080-995e-65acadd5d231"
                }
              },
              {
                "action": "allow",
                "cidr_list": [
                  "10.252.3.0/24"
                ],
                "description": "IPA http: allow egress",
                "icmp_code": 0,
                "icmp_type": 0,
                "ports": [
                  "80"
                ],
                "protocol": "tcp",
                "rule_number": 1301,
                "traffic_type": "egress",
                "uuids": {
                  "80": "e9261903-3524-4de9-8de1-50ba73b0a119"
                }
              },
              {
                "action": "allow",
                "cidr_list": [
                  "10.252.3.0/24"
                ],
                "description": "IPA https: allow egress",
                "icmp_code": 0,
                "icmp_type": 0,
                "ports": [
                  "443"
                ],
                "protocol": "tcp",
                "rule_number": 1302,
                "traffic_type": "egress",
                "uuids": {
                  "443": "a632782e-4460-44db-90be-10b117dd978e"
                }
              },
              {
                "action": "allow",
                "cidr_list": [
                  "10.252.3.0/24"
                ],
                "description": "IPA ldap: allow egress",
                "icmp_code": 0,
                "icmp_type": 0,
                "ports": [
                  "389"
                ],
                "protocol": "tcp",
                "rule_number": 1303,
                "traffic_type": "egress",
                "uuids": {
                  "389": "937cf43a-6ac6-482f-b27d-2edba0b68924"
                }
              },
              {
                "action": "allow",
                "cidr_list": [
                  "10.252.3.0/24"
                ],
                "description": "IPA ldaps: allow egress",
                "icmp_code": 0,
                "icmp_type": 0,
                "ports": [
                  "636"
                ],
                "protocol": "tcp",
                "rule_number": 1304,
                "traffic_type": "egress",
                "uuids": {
                  "636": "715e1f0d-072d-4acb-866e-9b2e07d5182f"
                }
              },
              {
                "action": "allow",
                "cidr_list": [
                  "10.252.3.0/24"
                ],
                "description": "kerberos tcp: allow egress",
                "icmp_code": 0,
                "icmp_type": 0,
                "ports": [
                  "88"
                ],
                "protocol": "tcp",
                "rule_number": 1307,
                "traffic_type": "egress",
                "uuids": {
                  "88": "58ffc0c0-e607-4517-9f34-e93e99e4797d"
                }
              },
              {
                "action": "allow",
                "cidr_list": [
                  "10.252.3.0/24"
                ],
                "description": "kerberos udp: allow egress",
                "icmp_code": 0,
                "icmp_type": 0,
                "ports": [
                  "88"
                ],
                "protocol": "udp",
                "rule_number": 1305,
                "traffic_type": "egress",
                "uuids": {
                  "88": "f0b8d6a4-d342-4f0d-9070-0b772e7ef2fd"
                }
              },
              {
                "action": "allow",
                "cidr_list": [
                  "10.252.3.0/24"
                ],
                "description": "kpasswd tcp: allow egress",
                "icmp_code": 0,
                "icmp_type": 0,
                "ports": [
                  "464"
                ],
                "protocol": "tcp",
                "rule_number": 1308,
                "traffic_type": "egress",
                "uuids": {
                  "464": "fbc3e7b0-79e3-4333-a4ad-1b30ed54c4d2"
                }
              },
              {
                "action": "allow",
                "cidr_list": [
                  "10.252.3.0/24"
                ],
                "description": "kpasswd udp: allow egress",
                "icmp_code": 0,
                "icmp_type": 0,
                "ports": [
                  "464"
                ],
                "protocol": "udp",
                "rule_number": 1306,
                "traffic_type": "egress",
                "uuids": {
                  "464": "7c4c8664-06f9-4ca1-8796-a3cc45474564"
                }
              },
              {
                "action": "allow",
                "cidr_list": [
                  "10.252.4.0/24"
                ],
                "description": "ntp: allow egress",
                "icmp_code": 0,
                "icmp_type": 0,
                "ports": [
                  "123"
                ],
                "protocol": "udp",
                "rule_number": 1401,
                "traffic_type": "egress",
                "uuids": {
                  "123": "253e5a54-e5b5-48f9-b19c-b9243bbfa1a0"
                }
              },
              {
                "action": "allow",
                "cidr_list": [
                  "10.252.5.11/24"
                ],
                "description": "proxy secureproxy: allow egress",
                "icmp_code": 0,
                "icmp_type": 0,
                "ports": [
                  "8080"
                ],
                "protocol": "tcp",
                "rule_number": 1501,
                "traffic_type": "egress",
                "uuids": {
                  "8080": "8262b01e-63f1-40be-8520-1ce732f6d9b8"
                }
              },
              {
                "action": "deny",
                "cidr_list": [
                  "0.0.0.0/0"
                ],
                "description": "deny egress by default: deny egress",
                "icmp_code": 0,
                "icmp_type": 0,
                "ports": [],
                "protocol": "all",
                "rule_number": 65501,
                "traffic_type": "egress",
                "uuids": {
                  "all": "396efa27-a791-4938-8a0f-a44f2adf5199"
                }
              }
            ]
          },
          "sensitive_attributes": [],
          "identity_schema_version": 0,
          "private": "bnVsbA==",
          "dependencies": [
            "cloudstack_network_acl.ldapproxy",
            "cloudstack_vpc.infra_vpc"
          ]
        }
      ]
    },
    {
      "module": "module.network_acl_mirror",
      "mode": "managed",
      "type": "cloudstack_network_acl_rule",
      "name": "this",
      "provider": "provider[\"registry.terraform.io/cloudstack/cloudstack\"]",
      "instances": [
        {
          "schema_version": 0,
          "attributes": {
            "acl_id": "14db294d-3ca0-45e9-8f1c-a16ddbb008f5",
            "id": "14db294d-3ca0-45e9-8f1c-a16ddbb008f5",
            "managed": true,
            "parallelism": 2,
            "project": null,
            "rule": [
              {
                "action": "allow",
                "cidr_list": [
                  "0.0.0.0/0"
                ],
                "description": "http mirror: allow ingress",
                "icmp_code": 0,
                "icmp_type": 0,
                "ports": [
                  "80"
                ],
                "protocol": "tcp",
                "rule_number": 30001,
                "traffic_type": "ingress",
                "uuids": {
                  "80": "c4adf129-7a5a-41f0-b7bc-52a5f1e81503"
                }
              },
              {
                "action": "allow",
                "cidr_list": [
                  "0.0.0.0/0"
                ],
                "description": "http: allow egress",
                "icmp_code": 0,
                "icmp_type": 0,
                "ports": [
                  "80"
                ],
                "protocol": "tcp",
                "rule_number": 30003,
                "traffic_type": "egress",
                "uuids": {
                  "80": "84838df9-e010-4ab9-96bf-f8cea70cacda"
                }
              },
              {
                "action": "allow",
                "cidr_list": [
                  "0.0.0.0/0"
                ],
                "description": "https mirror: allow ingress",
                "icmp_code": 0,
                "icmp_type": 0,
                "ports": [
                  "443"
                ],
                "protocol": "tcp",
                "rule_number": 30002,
                "traffic_type": "ingress",
                "uuids": {
                  "443": "7a140efc-4672-46f1-94c8-3fe67b421403"
                }
              },
              {
                "action": "allow",
                "cidr_list": [
                  "0.0.0.0/0"
                ],
                "description": "https: allow egress",
                "icmp_code": 0,
                "icmp_type": 0,
                "ports": [
                  "443"
                ],
                "protocol": "tcp",
                "rule_number": 30004,
                "traffic_type": "egress",
                "uuids": {
                  "443": "6eda7291-ce48-43c0-bd3a-258283dc99f6"
                }
              },
              {
                "action": "allow",
                "cidr_list": [
                  "0.0.0.0/0"
                ],
                "description": "rsync: allow egress",
                "icmp_code": 0,
                "icmp_type": 0,
                "ports": [
                  "873"
                ],
                "protocol": "tcp",
                "rule_number": 30005,
                "traffic_type": "egress",
                "uuids": {
                  "873": "e388ff94-8361-4619-b1f1-4a3d806df3a2"
                }
              },
              {
                "action": "allow",
                "cidr_list": [
                  "10.252.0.0/24"
                ],
                "description": "allow bastion connection to network: allow ingress",
                "icmp_code": 0,
                "icmp_type": 0,
                "ports": [
                  "22"
                ],
                "protocol": "tcp",
                "rule_number": 1001,
                "traffic_type": "ingress",
                "uuids": {
                  "22": "efc4905b-95e5-4fe4-95ea-cfa9112d6a3f"
                }
              },
              {
                "action": "allow",
                "cidr_list": [
                  "10.252.1.0/24"
                ],
                "description": "dns:tcp: allow egress",
                "icmp_code": 0,
                "icmp_type": 0,
                "ports": [
                  "53"
                ],
                "protocol": "tcp",
                "rule_number": 1101,
                "traffic_type": "egress",
                "uuids": {
                  "53": "4e7d8c2a-ef6d-460b-81db-f0b88231e4f4"
                }
              },
              {
                "action": "allow",
                "cidr_list": [
                  "10.252.1.0/24"
                ],
                "description": "dns:udp: allow egress",
                "icmp_code": 0,
                "icmp_type": 0,
                "ports": [
                  "53"
                ],
                "protocol": "udp",
                "rule_number": 1102,
                "traffic_type": "egress",
                "uuids": {
                  "53": "b0a7258c-1f8b-4cc1-a051-0ba1ce1e97b6"
                }
              },
              {
                "action": "allow",
                "cidr_list": [
                  "10.252.2.0/24"
                ],
                "description": "http and https mirror: allow egress",
                "icmp_code": 0,
                "icmp_type": 0,
                "ports": [
                  "443"
                ],
                "protocol": "tcp",
                "rule_number": 1202,
                "traffic_type": "egress",
                "uuids": {
                  "443": "8183fc68-89b7-4db8-998a-ac1dafb6fb13"
                }
              },
              {
                "action": "allow",
                "cidr_list": [
                  "10.252.2.0/24"
                ],
                "description": "http mirror: allow egress",
                "icmp_code": 0,
                "icmp_type": 0,
                "ports": [
                  "80"
                ],
                "protocol": "tcp",
                "rule_number": 1201,
                "traffic_type": "egress",
                "uuids": {
                  "80": "4147f369-bcd6-4dcb-831d-657cc17d44e6"
                }
              },
              {
                "action": "allow",
                "cidr_list": [
                  "10.252.3.0/24"
                ],
                "description": "IPA http: allow egress",
                "icmp_code": 0,
                "icmp_type": 0,
                "ports": [
                  "80"
                ],
                "protocol": "tcp",
                "rule_number": 1301,
                "traffic_type": "egress",
                "uuids": {
                  "80": "70b974cb-86c6-472a-a735-fdb834b1ec22"
                }
              },
              {
                "action": "allow",
                "cidr_list": [
                  "10.252.3.0/24"
                ],
                "description": "IPA https: allow egress",
                "icmp_code": 0,
                "icmp_type": 0,
                "ports": [
                  "443"
                ],
                "protocol": "tcp",
                "rule_number": 1302,
                "traffic_type": "egress",
                "uuids": {
                  "443": "32f36e7a-54f3-4e07-bafd-58c6133bb17a"
                }
              },
              {
                "action": "allow",
                "cidr_list": [
                  "10.252.3.0/24"
                ],
                "description": "IPA ldap: allow egress",
                "icmp_code": 0,
                "icmp_type": 0,
                "ports": [
                  "389"
                ],
                "protocol": "tcp",
                "rule_number": 1303,
                "traffic_type": "egress",
                "uuids": {
                  "389": "95a5c8f5-20fe-4b4f-b797-d93a8a65b780"
                }
              },
              {
                "action": "allow",
                "cidr_list": [
                  "10.252.3.0/24"
                ],
                "description": "IPA ldaps: allow egress",
                "icmp_code": 0,
                "icmp_type": 0,
                "ports": [
                  "636"
                ],
                "protocol": "tcp",
                "rule_number": 1304,
                "traffic_type": "egress",
                "uuids": {
                  "636": "a6caaa47-c1a2-4e1b-9bef-ce743d1d5313"
                }
              },
              {
                "action": "allow",
                "cidr_list": [
                  "10.252.3.0/24"
                ],
                "description": "kerberos tcp: allow egress",
                "icmp_code": 0,
                "icmp_type": 0,
                "ports": [
                  "88"
                ],
                "protocol": "tcp",
                "rule_number": 1307,
                "traffic_type": "egress",
                "uuids": {
                  "88": "81130366-6b86-4956-8d06-69a392095272"
                }
              },
              {
                "action": "allow",
                "cidr_list": [
                  "10.252.3.0/24"
                ],
                "description": "kerberos udp: allow egress",
                "icmp_code": 0,
                "icmp_type": 0,
                "ports": [
                  "88"
                ],
                "protocol": "udp",
                "rule_number": 1305,
                "traffic_type": "egress",
                "uuids": {
                  "88": "ce5536e2-5256-47c1-9732-93c96107ea56"
                }
              },
              {
                "action": "allow",
                "cidr_list": [
                  "10.252.3.0/24"
                ],
                "description": "kpasswd tcp: allow egress",
                "icmp_code": 0,
                "icmp_type": 0,
                "ports": [
                  "464"
                ],
                "protocol": "tcp",
                "rule_number": 1308,
                "traffic_type": "egress",
                "uuids": {
                  "464": "708347c4-2737-4c3e-b009-623843bddb9b"
                }
              },
              {
                "action": "allow",
                "cidr_list": [
                  "10.252.3.0/24"
                ],
                "description": "kpasswd udp: allow egress",
                "icmp_code": 0,
                "icmp_type": 0,
                "ports": [
                  "464"
                ],
                "protocol": "udp",
                "rule_number": 1306,
                "traffic_type": "egress",
                "uuids": {
                  "464": "215b7259-524d-42f3-8677-cea19f15e1bd"
                }
              },
              {
                "action": "allow",
                "cidr_list": [
                  "10.252.4.0/24"
                ],
                "description": "ntp: allow egress",
                "icmp_code": 0,
                "icmp_type": 0,
                "ports": [
                  "123"
                ],
                "protocol": "udp",
                "rule_number": 1401,
                "traffic_type": "egress",
                "uuids": {
                  "123": "dd87a87b-bffc-48bc-b086-2085eecd8ffc"
                }
              },
              {
                "action": "allow",
                "cidr_list": [
                  "10.252.5.11/24"
                ],
                "description": "proxy secureproxy: allow egress",
                "icmp_code": 0,
                "icmp_type": 0,
                "ports": [
                  "8080"
                ],
                "protocol": "tcp",
                "rule_number": 1501,
                "traffic_type": "egress",
                "uuids": {
                  "8080": "976f4e75-174c-49cd-97bd-e9a20c90e39c"
                }
              },
              {
                "action": "deny",
                "cidr_list": [
                  "0.0.0.0/0"
                ],
                "description": "deny egress by default: deny egress",
                "icmp_code": 0,
                "icmp_type": 0,
                "ports": [],
                "protocol": "all",
                "rule_number": 65501,
                "traffic_type": "egress",
                "uuids": {
                  "all": "24078150-d24e-4c7b-a6c7-aeb3a688866e"
                }
              }
            ]
          },
          "sensitive_attributes": [],
          "identity_schema_version": 0,
          "private": "bnVsbA==",
          "dependencies": [
            "cloudstack_network_acl.mirror",
            "cloudstack_vpc.infra_vpc"
          ]
        }
      ]
    },
    {
      "module": "module.network_acl_nfs",
      "mode": "managed",
      "type": "cloudstack_network_acl_rule",
      "name": "this",
      "provider": "provider[\"registry.terraform.io/cloudstack/cloudstack\"]",
      "instances": [
        {
          "schema_version": 0,
          "attributes": {
            "acl_id": "dede0d6c-b348-4967-8e52-19b91ef10e8e",
            "id": "dede0d6c-b348-4967-8e52-19b91ef10e8e",
            "managed": true,
            "parallelism": 2,
            "project": null,
            "rule": [
              {
                "action": "allow",
                "cidr_list": [
                  "0.0.0.0/0"
                ],
                "description": "nfs: allow ingress",
                "icmp_code": 0,
                "icmp_type": 0,
                "ports": [
                  "2049"
                ],
                "protocol": "tcp",
                "rule_number": 30001,
                "traffic_type": "ingress",
                "uuids": {
                  "2049": "ee0d326e-f9a7-4bfe-a9d6-ffc5d0a067e0"
                }
              },
              {
                "action": "allow",
                "cidr_list": [
                  "10.10.100.0/28"
                ],
                "description": "access ceph mon v1: allow egress",
                "icmp_code": 0,
                "icmp_type": 0,
                "ports": [
                  "6789"
                ],
                "protocol": "tcp",
                "rule_number": 40001,
                "traffic_type": "egress",
                "uuids": {
                  "6789": "10e0ee3b-a619-4540-95ee-17cd30e248aa"
                }
              },
              {
                "action": "allow",
                "cidr_list": [
                  "10.10.100.0/28"
                ],
                "description": "access ceph mon v2: allow egress",
                "icmp_code": 0,
                "icmp_type": 0,
                "ports": [
                  "3300"
                ],
                "protocol": "tcp",
                "rule_number": 40002,
                "traffic_type": "egress",
                "uuids": {
                  "3300": "f6281582-9286-4e2a-b345-b203e4e4b952"
                }
              },
              {
                "action": "allow",
                "cidr_list": [
                  "10.10.100.0/28"
                ],
                "description": "access ceph osd and mds: allow egress",
                "icmp_code": 0,
                "icmp_type": 0,
                "ports": [
                  "6800-7568"
                ],
                "protocol": "tcp",
                "rule_number": 40003,
                "traffic_type": "egress",
                "uuids": {
                  "6800-7568": "445af207-6c3a-4e27-9ad1-3eaff922c041"
                }
              },
              {
                "action": "allow",
                "cidr_list": [
                  "10.252.0.0/24"
                ],
                "description": "allow bastion connection to network: allow ingress",
                "icmp_code": 0,
                "icmp_type": 0,
                "ports": [
                  "22"
                ],
                "protocol": "tcp",
                "rule_number": 1001,
                "traffic_type": "ingress",
                "uuids": {
                  "22": "756f944a-2d7f-4625-abfd-6041b7fc0936"
                }
              },
              {
                "action": "allow",
                "cidr_list": [
                  "10.252.1.0/24"
                ],
                "description": "dns:tcp: allow egress",
                "icmp_code": 0,
                "icmp_type": 0,
                "ports": [
                  "53"
                ],
                "protocol": "tcp",
                "rule_number": 1101,
                "traffic_type": "egress",
                "uuids": {
                  "53": "a7052a3b-077e-46aa-bc9b-49e60648a577"
                }
              },
              {
                "action": "allow",
                "cidr_list": [
                  "10.252.1.0/24"
                ],
                "description": "dns:udp: allow egress",
                "icmp_code": 0,
                "icmp_type": 0,
                "ports": [
                  "53"
                ],
                "protocol": "udp",
                "rule_number": 1102,
                "traffic_type": "egress",
                "uuids": {
                  "53": "48eb9f45-b74b-4ea2-977d-7e8760a34cfb"
                }
              },
              {
                "action": "allow",
                "cidr_list": [
                  "10.252.2.0/24"
                ],
                "description": "http and https mirror: allow egress",
                "icmp_code": 0,
                "icmp_type": 0,
                "ports": [
                  "443"
                ],
                "protocol": "tcp",
                "rule_number": 1202,
                "traffic_type": "egress",
                "uuids": {
                  "443": "0008cbc5-4c8d-4748-9b49-9503e71823d6"
                }
              },
              {
                "action": "allow",
                "cidr_list": [
                  "10.252.2.0/24"
                ],
                "description": "http mirror: allow egress",
                "icmp_code": 0,
                "icmp_type": 0,
                "ports": [
                  "80"
                ],
                "protocol": "tcp",
                "rule_number": 1201,
                "traffic_type": "egress",
                "uuids": {
                  "80": "8af96004-b803-4e81-92cf-a82638eb96a2"
                }
              },
              {
                "action": "allow",
                "cidr_list": [
                  "10.252.3.0/24"
                ],
                "description": "IPA http: allow egress",
                "icmp_code": 0,
                "icmp_type": 0,
                "ports": [
                  "80"
                ],
                "protocol": "tcp",
                "rule_number": 1301,
                "traffic_type": "egress",
                "uuids": {
                  "80": "4751c553-52ae-44ca-8cfb-45404e6709a6"
                }
              },
              {
                "action": "allow",
                "cidr_list": [
                  "10.252.3.0/24"
                ],
                "description": "IPA https: allow egress",
                "icmp_code": 0,
                "icmp_type": 0,
                "ports": [
                  "443"
                ],
                "protocol": "tcp",
                "rule_number": 1302,
                "traffic_type": "egress",
                "uuids": {
                  "443": "6901b066-24a4-447d-9065-87b7cbdd9897"
                }
              },
              {
                "action": "allow",
                "cidr_list": [
                  "10.252.3.0/24"
                ],
                "description": "IPA ldap: allow egress",
                "icmp_code": 0,
                "icmp_type": 0,
                "ports": [
                  "389"
                ],
                "protocol": "tcp",
                "rule_number": 1303,
                "traffic_type": "egress",
                "uuids": {
                  "389": "2849619e-4d76-4b64-bd8c-39cd540f9cf9"
                }
              },
              {
                "action": "allow",
                "cidr_list": [
                  "10.252.3.0/24"
                ],
                "description": "IPA ldaps: allow egress",
                "icmp_code": 0,
                "icmp_type": 0,
                "ports": [
                  "636"
                ],
                "protocol": "tcp",
                "rule_number": 1304,
                "traffic_type": "egress",
                "uuids": {
                  "636": "4a2aa7df-dafa-4b20-95fe-754b58aa16ef"
                }
              },
              {
                "action": "allow",
                "cidr_list": [
                  "10.252.3.0/24"
                ],
                "description": "kerberos tcp: allow egress",
                "icmp_code": 0,
                "icmp_type": 0,
                "ports": [
                  "88"
                ],
                "protocol": "tcp",
                "rule_number": 1307,
                "traffic_type": "egress",
                "uuids": {
                  "88": "ebd3b212-e1d8-4896-a1a5-d741e49657fb"
                }
              },
              {
                "action": "allow",
                "cidr_list": [
                  "10.252.3.0/24"
                ],
                "description": "kerberos udp: allow egress",
                "icmp_code": 0,
                "icmp_type": 0,
                "ports": [
                  "88"
                ],
                "protocol": "udp",
                "rule_number": 1305,
                "traffic_type": "egress",
                "uuids": {
                  "88": "cf9ca473-0906-449b-b749-f9b815a82fc9"
                }
              },
              {
                "action": "allow",
                "cidr_list": [
                  "10.252.3.0/24"
                ],
                "description": "kpasswd tcp: allow egress",
                "icmp_code": 0,
                "icmp_type": 0,
                "ports": [
                  "464"
                ],
                "protocol": "tcp",
                "rule_number": 1308,
                "traffic_type": "egress",
                "uuids": {
                  "464": "16ede6a1-fefe-45a2-bb10-9f3b6ae71717"
                }
              },
              {
                "action": "allow",
                "cidr_list": [
                  "10.252.3.0/24"
                ],
                "description": "kpasswd udp: allow egress",
                "icmp_code": 0,
                "icmp_type": 0,
                "ports": [
                  "464"
                ],
                "protocol": "udp",
                "rule_number": 1306,
                "traffic_type": "egress",
                "uuids": {
                  "464": "4a83a86c-2ba6-45d6-b92c-fb32d2eceab0"
                }
              },
              {
                "action": "allow",
                "cidr_list": [
                  "10.252.4.0/24"
                ],
                "description": "ntp: allow egress",
                "icmp_code": 0,
                "icmp_type": 0,
                "ports": [
                  "123"
                ],
                "protocol": "udp",
                "rule_number": 1401,
                "traffic_type": "egress",
                "uuids": {
                  "123": "2e470992-9278-440a-b9f1-c58ddb4ff2df"
                }
              },
              {
                "action": "deny",
                "cidr_list": [
                  "0.0.0.0/0"
                ],
                "description": "deny egress by default: deny egress",
                "icmp_code": 0,
                "icmp_type": 0,
                "ports": [],
                "protocol": "all",
                "rule_number": 65501,
                "traffic_type": "egress",
                "uuids": {
                  "all": "47035229-343e-41d2-9595-46b3b1a8f30b"
                }
              }
            ]
          },
          "sensitive_attributes": [],
          "identity_schema_version": 0,
          "private": "bnVsbA==",
          "dependencies": [
            "cloudstack_network_acl.nfs",
            "cloudstack_vpc.infra_vpc"
          ]
        }
      ]
    },
    {
      "module": "module.network_acl_ntp",
      "mode": "managed",
      "type": "cloudstack_network_acl_rule",
      "name": "this",
      "provider": "provider[\"registry.terraform.io/cloudstack/cloudstack\"]",
      "instances": [
        {
          "schema_version": 0,
          "attributes": {
            "acl_id": "f35bbb0d-bc9d-46f2-a611-d6f12cde193c",
            "id": "f35bbb0d-bc9d-46f2-a611-d6f12cde193c",
            "managed": true,
            "parallelism": 2,
            "project": null,
            "rule": [
              {
                "action": "allow",
                "cidr_list": [
                  "0.0.0.0/0"
                ],
                "description": "ntp: allow egress",
                "icmp_code": 0,
                "icmp_type": 0,
                "ports": [
                  "123"
                ],
                "protocol": "udp",
                "rule_number": 30001,
                "traffic_type": "egress",
                "uuids": {
                  "123": "04b6d837-33fc-40e1-954a-10bf9d670395"
                }
              },
              {
                "action": "allow",
                "cidr_list": [
                  "0.0.0.0/0"
                ],
                "description": "ntp: allow ingress",
                "icmp_code": 0,
                "icmp_type": 0,
                "ports": [
                  "123"
                ],
                "protocol": "udp",
                "rule_number": 30002,
                "traffic_type": "ingress",
                "uuids": {
                  "123": "6be88339-457a-43b9-a2b6-6dd8c66c7e88"
                }
              },
              {
                "action": "allow",
                "cidr_list": [
                  "10.252.0.0/24"
                ],
                "description": "allow bastion connection to network: allow ingress",
                "icmp_code": 0,
                "icmp_type": 0,
                "ports": [
                  "22"
                ],
                "protocol": "tcp",
                "rule_number": 1001,
                "traffic_type": "ingress",
                "uuids": {
                  "22": "03d05939-d5ae-4e2d-9597-ae13c928c6b4"
                }
              },
              {
                "action": "allow",
                "cidr_list": [
                  "10.252.1.0/24"
                ],
                "description": "dns:tcp: allow egress",
                "icmp_code": 0,
                "icmp_type": 0,
                "ports": [
                  "53"
                ],
                "protocol": "tcp",
                "rule_number": 1101,
                "traffic_type": "egress",
                "uuids": {
                  "53": "54da1272-09ce-493a-9721-ba75dfa0a200"
                }
              },
              {
                "action": "allow",
                "cidr_list": [
                  "10.252.1.0/24"
                ],
                "description": "dns:udp: allow egress",
                "icmp_code": 0,
                "icmp_type": 0,
                "ports": [
                  "53"
                ],
                "protocol": "udp",
                "rule_number": 1102,
                "traffic_type": "egress",
                "uuids": {
                  "53": "286c787b-89e1-4621-b48a-101e1acda3db"
                }
              },
              {
                "action": "allow",
                "cidr_list": [
                  "10.252.2.0/24"
                ],
                "description": "http and https mirror: allow egress",
                "icmp_code": 0,
                "icmp_type": 0,
                "ports": [
                  "443"
                ],
                "protocol": "tcp",
                "rule_number": 1202,
                "traffic_type": "egress",
                "uuids": {
                  "443": "10788f77-4aed-4dc4-901c-218836e8f2a6"
                }
              },
              {
                "action": "allow",
                "cidr_list": [
                  "10.252.2.0/24"
                ],
                "description": "http mirror: allow egress",
                "icmp_code": 0,
                "icmp_type": 0,
                "ports": [
                  "80"
                ],
                "protocol": "tcp",
                "rule_number": 1201,
                "traffic_type": "egress",
                "uuids": {
                  "80": "317d753b-1071-41e8-8bf3-5684d0cd63bb"
                }
              },
              {
                "action": "allow",
                "cidr_list": [
                  "10.252.3.0/24"
                ],
                "description": "IPA http: allow egress",
                "icmp_code": 0,
                "icmp_type": 0,
                "ports": [
                  "80"
                ],
                "protocol": "tcp",
                "rule_number": 1301,
                "traffic_type": "egress",
                "uuids": {
                  "80": "84a00739-98b4-4b2e-a8fb-92d6f10bf13f"
                }
              },
              {
                "action": "allow",
                "cidr_list": [
                  "10.252.3.0/24"
                ],
                "description": "IPA https: allow egress",
                "icmp_code": 0,
                "icmp_type": 0,
                "ports": [
                  "443"
                ],
                "protocol": "tcp",
                "rule_number": 1302,
                "traffic_type": "egress",
                "uuids": {
                  "443": "84db9c6f-9406-4b58-bd1e-38914c5da3ab"
                }
              },
              {
                "action": "allow",
                "cidr_list": [
                  "10.252.3.0/24"
                ],
                "description": "IPA ldap: allow egress",
                "icmp_code": 0,
                "icmp_type": 0,
                "ports": [
                  "389"
                ],
                "protocol": "tcp",
                "rule_number": 1303,
                "traffic_type": "egress",
                "uuids": {
                  "389": "7fbbbf8d-8c82-48b4-9087-481c4687975c"
                }
              },
              {
                "action": "allow",
                "cidr_list": [
                  "10.252.3.0/24"
                ],
                "description": "IPA ldaps: allow egress",
                "icmp_code": 0,
                "icmp_type": 0,
                "ports": [
                  "636"
                ],
                "protocol": "tcp",
                "rule_number": 1304,
                "traffic_type": "egress",
                "uuids": {
                  "636": "56129963-5d46-4ba5-a18c-ca759dc48ef6"
                }
              },
              {
                "action": "allow",
                "cidr_list": [
                  "10.252.3.0/24"
                ],
                "description": "kerberos tcp: allow egress",
                "icmp_code": 0,
                "icmp_type": 0,
                "ports": [
                  "88"
                ],
                "protocol": "tcp",
                "rule_number": 1307,
                "traffic_type": "egress",
                "uuids": {
                  "88": "689cf7ae-eb2b-4a1c-9a89-21adc82985a5"
                }
              },
              {
                "action": "allow",
                "cidr_list": [
                  "10.252.3.0/24"
                ],
                "description": "kerberos udp: allow egress",
                "icmp_code": 0,
                "icmp_type": 0,
                "ports": [
                  "88"
                ],
                "protocol": "udp",
                "rule_number": 1305,
                "traffic_type": "egress",
                "uuids": {
                  "88": "ba7284cc-42f6-4452-ad45-ebc4091e54ea"
                }
              },
              {
                "action": "allow",
                "cidr_list": [
                  "10.252.3.0/24"
                ],
                "description": "kpasswd tcp: allow egress",
                "icmp_code": 0,
                "icmp_type": 0,
                "ports": [
                  "464"
                ],
                "protocol": "tcp",
                "rule_number": 1308,
                "traffic_type": "egress",
                "uuids": {
                  "464": "c00034e6-ade9-4cf2-a928-0067d49f8043"
                }
              },
              {
                "action": "allow",
                "cidr_list": [
                  "10.252.3.0/24"
                ],
                "description": "kpasswd udp: allow egress",
                "icmp_code": 0,
                "icmp_type": 0,
                "ports": [
                  "464"
                ],
                "protocol": "udp",
                "rule_number": 1306,
                "traffic_type": "egress",
                "uuids": {
                  "464": "53fe62ce-0577-467b-9567-2ed015e10631"
                }
              },
              {
                "action": "allow",
                "cidr_list": [
                  "10.252.4.0/24"
                ],
                "description": "ntp: allow egress",
                "icmp_code": 0,
                "icmp_type": 0,
                "ports": [
                  "123"
                ],
                "protocol": "udp",
                "rule_number": 1401,
                "traffic_type": "egress",
                "uuids": {
                  "123": "e4b3d8f4-1d87-4741-9116-c4b0c6555c19"
                }
              },
              {
                "action": "deny",
                "cidr_list": [
                  "0.0.0.0/0"
                ],
                "description": "deny egress by default: deny egress",
                "icmp_code": 0,
                "icmp_type": 0,
                "ports": [],
                "protocol": "all",
                "rule_number": 65501,
                "traffic_type": "egress",
                "uuids": {
                  "all": "132727c6-836b-41aa-a15a-5574d89064f4"
                }
              }
            ]
          },
          "sensitive_attributes": [],
          "identity_schema_version": 0,
          "private": "bnVsbA==",
          "dependencies": [
            "cloudstack_network_acl.ntp",
            "cloudstack_vpc.infra_vpc"
          ]
        }
      ]
    },
    {
      "module": "module.network_acl_proxy",
      "mode": "managed",
      "type": "cloudstack_network_acl_rule",
      "name": "this",
      "provider": "provider[\"registry.terraform.io/cloudstack/cloudstack\"]",
      "instances": [
        {
          "schema_version": 0,
          "attributes": {
            "acl_id": "d0307f9b-1a0e-42bc-8018-7596c287c00d",
            "id": "d0307f9b-1a0e-42bc-8018-7596c287c00d",
            "managed": true,
            "parallelism": 2,
            "project": null,
            "rule": [
              {
                "action": "allow",
                "cidr_list": [
                  "0.0.0.0/0"
                ],
                "description": "Allow egress to world on 443: allow egress",
                "icmp_code": 0,
                "icmp_type": 0,
                "ports": [
                  "443"
                ],
                "protocol": "tcp",
                "rule_number": 30003,
                "traffic_type": "egress",
                "uuids": {
                  "443": "88059f73-4e5d-4493-a142-ece3854d95e7"
                }
              },
              {
                "action": "allow",
                "cidr_list": [
                  "0.0.0.0/0"
                ],
                "description": "Allow egress to world on 80: allow egress",
                "icmp_code": 0,
                "icmp_type": 0,
                "ports": [
                  "80"
                ],
                "protocol": "tcp",
                "rule_number": 30002,
                "traffic_type": "egress",
                "uuids": {
                  "80": "26f9c49b-697a-4eb8-8fa4-5d1fbef47c8f"
                }
              },
              {
                "action": "allow",
                "cidr_list": [
                  "0.0.0.0/0"
                ],
                "description": "Allow ingress proxy: allow ingress",
                "icmp_code": 0,
                "icmp_type": 0,
                "ports": [
                  "8080"
                ],
                "protocol": "tcp",
                "rule_number": 30001,
                "traffic_type": "ingress",
                "uuids": {
                  "8080": "fce0ac93-bf3a-4ee6-aff8-2a99808fb52b"
                }
              },
              {
                "action": "allow",
                "cidr_list": [
                  "10.252.0.0/24"
                ],
                "description": "allow bastion connection to network: allow ingress",
                "icmp_code": 0,
                "icmp_type": 0,
                "ports": [
                  "22"
                ],
                "protocol": "tcp",
                "rule_number": 1001,
                "traffic_type": "ingress",
                "uuids": {
                  "22": "ac501c2d-db1c-4596-9489-d606e4e210fc"
                }
              },
              {
                "action": "allow",
                "cidr_list": [
                  "10.252.1.0/24"
                ],
                "description": "dns:tcp: allow egress",
                "icmp_code": 0,
                "icmp_type": 0,
                "ports": [
                  "53"
                ],
                "protocol": "tcp",
                "rule_number": 1101,
                "traffic_type": "egress",
                "uuids": {
                  "53": "f3900073-9fdd-4d7d-a5bd-ad981fb94f59"
                }
              },
              {
                "action": "allow",
                "cidr_list": [
                  "10.252.1.0/24"
                ],
                "description": "dns:udp: allow egress",
                "icmp_code": 0,
                "icmp_type": 0,
                "ports": [
                  "53"
                ],
                "protocol": "udp",
                "rule_number": 1102,
                "traffic_type": "egress",
                "uuids": {
                  "53": "33ff449b-f4c4-4088-9e0b-24d0d990a487"
                }
              },
              {
                "action": "allow",
                "cidr_list": [
                  "10.252.2.0/24"
                ],
                "description": "http and https mirror: allow egress",
                "icmp_code": 0,
                "icmp_type": 0,
                "ports": [
                  "443"
                ],
                "protocol": "tcp",
                "rule_number": 1202,
                "traffic_type": "egress",
                "uuids": {
                  "443": "a7a0cdf8-3a91-4568-9aba-a4b826880587"
                }
              },
              {
                "action": "allow",
                "cidr_list": [
                  "10.252.2.0/24"
                ],
                "description": "http mirror: allow egress",
                "icmp_code": 0,
                "icmp_type": 0,
                "ports": [
                  "80"
                ],
                "protocol": "tcp",
                "rule_number": 1201,
                "traffic_type": "egress",
                "uuids": {
                  "80": "3dd01d96-5bcc-4637-9224-e238ac3bf714"
                }
              },
              {
                "action": "allow",
                "cidr_list": [
                  "10.252.3.0/24"
                ],
                "description": "IPA http: allow egress",
                "icmp_code": 0,
                "icmp_type": 0,
                "ports": [
                  "80"
                ],
                "protocol": "tcp",
                "rule_number": 1301,
                "traffic_type": "egress",
                "uuids": {
                  "80": "1729d5cd-0d73-4297-bf1e-adf681c873d7"
                }
              },
              {
                "action": "allow",
                "cidr_list": [
                  "10.252.3.0/24"
                ],
                "description": "IPA https: allow egress",
                "icmp_code": 0,
                "icmp_type": 0,
                "ports": [
                  "443"
                ],
                "protocol": "tcp",
                "rule_number": 1302,
                "traffic_type": "egress",
                "uuids": {
                  "443": "c059ebca-6041-42bc-90cf-fc928a0dfdc3"
                }
              },
              {
                "action": "allow",
                "cidr_list": [
                  "10.252.3.0/24"
                ],
                "description": "IPA ldap: allow egress",
                "icmp_code": 0,
                "icmp_type": 0,
                "ports": [
                  "389"
                ],
                "protocol": "tcp",
                "rule_number": 1303,
                "traffic_type": "egress",
                "uuids": {
                  "389": "3dec30a4-5b06-404f-8464-78d55c456702"
                }
              },
              {
                "action": "allow",
                "cidr_list": [
                  "10.252.3.0/24"
                ],
                "description": "IPA ldaps: allow egress",
                "icmp_code": 0,
                "icmp_type": 0,
                "ports": [
                  "636"
                ],
                "protocol": "tcp",
                "rule_number": 1304,
                "traffic_type": "egress",
                "uuids": {
                  "636": "77e9568d-20e1-4e1c-99a9-6a45ce79b7cc"
                }
              },
              {
                "action": "allow",
                "cidr_list": [
                  "10.252.3.0/24"
                ],
                "description": "kerberos tcp: allow egress",
                "icmp_code": 0,
                "icmp_type": 0,
                "ports": [
                  "88"
                ],
                "protocol": "tcp",
                "rule_number": 1307,
                "traffic_type": "egress",
                "uuids": {
                  "88": "f8db7aca-589b-4ed7-a8d3-64d3a4c4d4c9"
                }
              },
              {
                "action": "allow",
                "cidr_list": [
                  "10.252.3.0/24"
                ],
                "description": "kerberos udp: allow egress",
                "icmp_code": 0,
                "icmp_type": 0,
                "ports": [
                  "88"
                ],
                "protocol": "udp",
                "rule_number": 1305,
                "traffic_type": "egress",
                "uuids": {
                  "88": "d30ffa53-0ecc-4859-bc6d-8fc005dc2660"
                }
              },
              {
                "action": "allow",
                "cidr_list": [
                  "10.252.3.0/24"
                ],
                "description": "kpasswd tcp: allow egress",
                "icmp_code": 0,
                "icmp_type": 0,
                "ports": [
                  "464"
                ],
                "protocol": "tcp",
                "rule_number": 1308,
                "traffic_type": "egress",
                "uuids": {
                  "464": "4ba1b2c0-43f5-4fbe-9d37-0a5866e8ee72"
                }
              },
              {
                "action": "allow",
                "cidr_list": [
                  "10.252.3.0/24"
                ],
                "description": "kpasswd udp: allow egress",
                "icmp_code": 0,
                "icmp_type": 0,
                "ports": [
                  "464"
                ],
                "protocol": "udp",
                "rule_number": 1306,
                "traffic_type": "egress",
                "uuids": {
                  "464": "eb7308a0-c98d-4adb-9bd0-052d838af463"
                }
              },
              {
                "action": "allow",
                "cidr_list": [
                  "10.252.4.0/24"
                ],
                "description": "ntp: allow egress",
                "icmp_code": 0,
                "icmp_type": 0,
                "ports": [
                  "123"
                ],
                "protocol": "udp",
                "rule_number": 1401,
                "traffic_type": "egress",
                "uuids": {
                  "123": "c3a719c1-c9e7-4f85-a8c0-c674a30117bb"
                }
              },
              {
                "action": "deny",
                "cidr_list": [
                  "0.0.0.0/0"
                ],
                "description": "deny egress by default: deny egress",
                "icmp_code": 0,
                "icmp_type": 0,
                "ports": [],
                "protocol": "all",
                "rule_number": 65501,
                "traffic_type": "egress",
                "uuids": {
                  "all": "43d974aa-db79-4ac3-8606-63d4c274089d"
                }
              }
            ]
          },
          "sensitive_attributes": [],
          "identity_schema_version": 0,
          "private": "bnVsbA==",
          "dependencies": [
            "cloudstack_network_acl.proxy",
            "cloudstack_vpc.infra_vpc"
          ]
        }
      ]
    },
    {
      "module": "module.network_acl_su",
      "mode": "managed",
      "type": "cloudstack_network_acl_rule",
      "name": "this",
      "provider": "provider[\"registry.terraform.io/cloudstack/cloudstack\"]",
      "instances": [
        {
          "schema_version": 0,
          "attributes": {
            "acl_id": "4185ff3d-3df8-43e6-ae6c-57597ec9a177",
            "id": "4185ff3d-3df8-43e6-ae6c-57597ec9a177",
            "managed": true,
            "parallelism": 2,
            "project": null,
            "rule": [
              {
                "action": "allow",
                "cidr_list": [
                  "0.0.0.0/0"
                ],
                "description": "allow public networks to SSH into bastion: allow ingress",
                "icmp_code": 0,
                "icmp_type": 0,
                "ports": [
                  "22"
                ],
                "protocol": "tcp",
                "rule_number": 30002,
                "traffic_type": "ingress",
                "uuids": {
                  "22": "2d8b82c6-b4fc-4d13-ab17-8f6f5c746e0d"
                }
              },
              {
                "action": "allow",
                "cidr_list": [
                  "10.252.0.0/16"
                ],
                "description": "allow bastion connection to network: allow egress",
                "icmp_code": 0,
                "icmp_type": 0,
                "ports": [
                  "22"
                ],
                "protocol": "tcp",
                "rule_number": 30003,
                "traffic_type": "egress",
                "uuids": {
                  "22": "1fed74d1-130a-4045-a488-eb2b8f33fe87"
                }
              },
              {
                "action": "allow",
                "cidr_list": [
                  "10.252.0.0/24"
                ],
                "description": "allow bastion connection to network: allow ingress",
                "icmp_code": 0,
                "icmp_type": 0,
                "ports": [
                  "22"
                ],
                "protocol": "tcp",
                "rule_number": 1001,
                "traffic_type": "ingress",
                "uuids": {
                  "22": "9cf1060d-c18f-408d-b7e8-964cb6302303"
                }
              },
              {
                "action": "allow",
                "cidr_list": [
                  "10.252.1.0/24"
                ],
                "description": "dns:tcp: allow egress",
                "icmp_code": 0,
                "icmp_type": 0,
                "ports": [
                  "53"
                ],
                "protocol": "tcp",
                "rule_number": 1101,
                "traffic_type": "egress",
                "uuids": {
                  "53": "0eb48b7f-0838-46a6-82c8-26d94555a4e1"
                }
              },
              {
                "action": "allow",
                "cidr_list": [
                  "10.252.1.0/24"
                ],
                "description": "dns:udp: allow egress",
                "icmp_code": 0,
                "icmp_type": 0,
                "ports": [
                  "53"
                ],
                "protocol": "udp",
                "rule_number": 1102,
                "traffic_type": "egress",
                "uuids": {
                  "53": "d4b43c14-a3db-4c30-a39f-db72dde4121d"
                }
              },
              {
                "action": "allow",
                "cidr_list": [
                  "10.252.2.0/24"
                ],
                "description": "http and https mirror: allow egress",
                "icmp_code": 0,
                "icmp_type": 0,
                "ports": [
                  "443"
                ],
                "protocol": "tcp",
                "rule_number": 1202,
                "traffic_type": "egress",
                "uuids": {
                  "443": "62323295-f067-4a91-9192-b4ac500e4c61"
                }
              },
              {
                "action": "allow",
                "cidr_list": [
                  "10.252.2.0/24"
                ],
                "description": "http mirror: allow egress",
                "icmp_code": 0,
                "icmp_type": 0,
                "ports": [
                  "80"
                ],
                "protocol": "tcp",
                "rule_number": 1201,
                "traffic_type": "egress",
                "uuids": {
                  "80": "d1107828-76a0-49e6-863c-261d7b4707d6"
                }
              },
              {
                "action": "allow",
                "cidr_list": [
                  "10.252.3.0/24"
                ],
                "description": "IPA http: allow egress",
                "icmp_code": 0,
                "icmp_type": 0,
                "ports": [
                  "80"
                ],
                "protocol": "tcp",
                "rule_number": 1301,
                "traffic_type": "egress",
                "uuids": {
                  "80": "1945f74f-8d0e-4230-80a6-2830fb11f0db"
                }
              },
              {
                "action": "allow",
                "cidr_list": [
                  "10.252.3.0/24"
                ],
                "description": "IPA https: allow egress",
                "icmp_code": 0,
                "icmp_type": 0,
                "ports": [
                  "443"
                ],
                "protocol": "tcp",
                "rule_number": 1302,
                "traffic_type": "egress",
                "uuids": {
                  "443": "1184f6c3-7fa2-4015-9ee4-310d728f61eb"
                }
              },
              {
                "action": "allow",
                "cidr_list": [
                  "10.252.3.0/24"
                ],
                "description": "IPA ldap: allow egress",
                "icmp_code": 0,
                "icmp_type": 0,
                "ports": [
                  "389"
                ],
                "protocol": "tcp",
                "rule_number": 1303,
                "traffic_type": "egress",
                "uuids": {
                  "389": "998fdcfb-aa2a-4cd2-9816-b461eda3fd10"
                }
              },
              {
                "action": "allow",
                "cidr_list": [
                  "10.252.3.0/24"
                ],
                "description": "IPA ldaps: allow egress",
                "icmp_code": 0,
                "icmp_type": 0,
                "ports": [
                  "636"
                ],
                "protocol": "tcp",
                "rule_number": 1304,
                "traffic_type": "egress",
                "uuids": {
                  "636": "0fb74373-4e9e-417a-bd65-65c9838962ae"
                }
              },
              {
                "action": "allow",
                "cidr_list": [
                  "10.252.3.0/24"
                ],
                "description": "kerberos tcp: allow egress",
                "icmp_code": 0,
                "icmp_type": 0,
                "ports": [
                  "88"
                ],
                "protocol": "tcp",
                "rule_number": 1307,
                "traffic_type": "egress",
                "uuids": {
                  "88": "2b04e96b-9e0d-4793-89ec-c211c4f04245"
                }
              },
              {
                "action": "allow",
                "cidr_list": [
                  "10.252.3.0/24"
                ],
                "description": "kerberos udp: allow egress",
                "icmp_code": 0,
                "icmp_type": 0,
                "ports": [
                  "88"
                ],
                "protocol": "udp",
                "rule_number": 1305,
                "traffic_type": "egress",
                "uuids": {
                  "88": "f4e30bb9-0044-40ec-a246-0f8251da30f0"
                }
              },
              {
                "action": "allow",
                "cidr_list": [
                  "10.252.3.0/24"
                ],
                "description": "kpasswd tcp: allow egress",
                "icmp_code": 0,
                "icmp_type": 0,
                "ports": [
                  "464"
                ],
                "protocol": "tcp",
                "rule_number": 1308,
                "traffic_type": "egress",
                "uuids": {
                  "464": "7b9c35ed-073d-49ca-9288-5d2d38280194"
                }
              },
              {
                "action": "allow",
                "cidr_list": [
                  "10.252.3.0/24"
                ],
                "description": "kpasswd udp: allow egress",
                "icmp_code": 0,
                "icmp_type": 0,
                "ports": [
                  "464"
                ],
                "protocol": "udp",
                "rule_number": 1306,
                "traffic_type": "egress",
                "uuids": {
                  "464": "68db4a95-42bc-473e-8f80-d5bdb5eca5f4"
                }
              },
              {
                "action": "allow",
                "cidr_list": [
                  "10.252.4.0/24"
                ],
                "description": "ntp: allow egress",
                "icmp_code": 0,
                "icmp_type": 0,
                "ports": [
                  "123"
                ],
                "protocol": "udp",
                "rule_number": 1401,
                "traffic_type": "egress",
                "uuids": {
                  "123": "35b27e8a-e0a6-43e2-811a-9e6c10c9dc97"
                }
              },
              {
                "action": "deny",
                "cidr_list": [
                  "0.0.0.0/0"
                ],
                "description": "deny egress by default: deny egress",
                "icmp_code": 0,
                "icmp_type": 0,
                "ports": [],
                "protocol": "all",
                "rule_number": 65501,
                "traffic_type": "egress",
                "uuids": {
                  "all": "f737e32f-2b40-4eaf-852f-184a1d3ee0eb"
                }
              },
              {
                "action": "deny",
                "cidr_list": [
                  "10.252.0.0/16"
                ],
                "description": "disallow VPC subnets from SSHing into bastion: deny ingress",
                "icmp_code": 0,
                "icmp_type": 0,
                "ports": [
                  "22"
                ],
                "protocol": "tcp",
                "rule_number": 30001,
                "traffic_type": "ingress",
                "uuids": {
                  "22": "263d9a99-9382-4c89-8d8d-5e00c54d846e"
                }
              }
            ]
          },
          "sensitive_attributes": [],
          "identity_schema_version": 0,
          "private": "bnVsbA==",
          "dependencies": [
            "cloudstack_network_acl.su",
            "cloudstack_vpc.infra_vpc"
          ]
        }
      ]
    }
  ],
  "check_results": null
}
